 NF Environmental Var Creds not set, it will use the NF Creds File in home directory

[0m[1mInitializing the backend...[0m
[0m[1mInitializing modules...[0m

[0m[1mInitializing provider plugins...[0m
- Reusing previous version of hashicorp/random from the dependency lock file
- Reusing previous version of hashicorp/aws from the dependency lock file
- Reusing previous version of hashicorp/template from the dependency lock file
- Using previously-installed hashicorp/random v3.6.2
- Using previously-installed hashicorp/aws v5.62.0
- Using previously-installed hashicorp/template v2.2.0

[0m[1m[32mTerraform has been successfully initialized![0m[32m[0m
[0m[32m
You may now begin working with Terraform. Try running "terraform plan" to see
any changes that are required for your infrastructure. All Terraform commands
should now work.

If you ever set or change modules or backend configuration for Terraform,
rerun this command to reinitialize your working directory. If you forget, other
commands will detect it and remind you to do so if necessary.[0m
[0m[32m[1mCreated and switched to workspace "us-west-2"![0m[32m

You're now on a new, empty workspace. Workspaces isolate their state,
so if you run "terraform plan" Terraform will not see any existing state
for this configuration.[0m
{"id":"07877502-4ce3-4721-99bf-e01f180abf82","ownerIdentityId":"09d7c14a-a1ee-4552-a0fd-63c236648b00","createdBy":"09d7c14a-a1ee-4552-a0fd-63c236648b00","createdAt":"2024-08-10T18:35:46.571705Z","updatedAt":"2024-08-10T18:35:46.571705Z","deletedBy":null,"deletedAt":null,"networkId":"3d22b880-31df-4b5d-949f-e34fec3cd068","zitiId":"9WplLESFq","name":"be-er-1-us-west-2","typeId":"Router","appId":null,"appVersion":null,"branch":null,"revision":null,"type":null,"version":null,"arch":null,"os":null,"osRelease":null,"osVersion":null,"externalId":null,"authPolicyId":"8cce46f6-bfb4-4688-9486-fbc8a78de1c6","disabled":false,"disabledAt":null,"disabledUntil":null,"hasApiSession":false,"hasEdgeRouterConnection":false,"lastOnlineAt":null,"syncId":null,"syncResourceId":null,"attributes":["#bind-services"],"jwtExpiresAt":null,"mfaEnabled":false,"jwt":null,"online":false,"managedBy":"Router","_links":{"self":{"href":"https://gateway.production.netfoundry.io/core/v2/endpoints/07877502-4ce3-4721-99bf-e01f180abf82","title":"be-er-1-us-west-2"},"network":{"href":"https://gateway.production.netfoundry.io/core/v2/networks/3d22b880-31df-4b5d-949f-e34fec3cd068","title":"dariuszdev","profile":"parent"},"auth-policy":{"href":"https://gateway.production.netfoundry.io/core/v2/auth-policies/8cce46f6-bfb4-4688-9486-fbc8a78de1c6","title":"Default"}}}{"id":"0dde511d-a1d6-4268-b161-4b55c600f489","ownerIdentityId":"09d7c14a-a1ee-4552-a0fd-63c236648b00","createdBy":"09d7c14a-a1ee-4552-a0fd-63c236648b00","createdAt":"2024-08-10T18:35:59.365463Z","updatedAt":"2024-08-10T18:35:59.365463Z","deletedBy":null,"deletedAt":null,"networkId":"3d22b880-31df-4b5d-949f-e34fec3cd068","zitiId":"xCHRLESFqE","name":"be-er-2-us-west-2","typeId":"Router","appId":null,"appVersion":null,"branch":null,"revision":null,"type":null,"version":null,"arch":null,"os":null,"osRelease":null,"osVersion":null,"externalId":null,"authPolicyId":"8cce46f6-bfb4-4688-9486-fbc8a78de1c6","disabled":false,"disabledAt":null,"disabledUntil":null,"hasApiSession":false,"hasEdgeRouterConnection":false,"lastOnlineAt":null,"syncId":null,"syncResourceId":null,"attributes":["#bind-services"],"jwtExpiresAt":null,"mfaEnabled":false,"jwt":null,"online":false,"managedBy":"Router","_links":{"auth-policy":{"href":"https://gateway.production.netfoundry.io/core/v2/auth-policies/8cce46f6-bfb4-4688-9486-fbc8a78de1c6","title":"Default"},"self":{"href":"https://gateway.production.netfoundry.io/core/v2/endpoints/0dde511d-a1d6-4268-b161-4b55c600f489","title":"be-er-2-us-west-2"},"network":{"href":"https://gateway.production.netfoundry.io/core/v2/networks/3d22b880-31df-4b5d-949f-e34fec3cd068","title":"dariuszdev","profile":"parent"}}}[0m[1mdata.template_cloudinit_config.config-client[1]: Reading...[0m[0m
[0m[1mdata.template_cloudinit_config.config-client[0]: Reading...[0m[0m
[0m[1mdata.template_cloudinit_config.config-client[0]: Read complete after 0s [id=2171264367][0m
[0m[1mdata.template_cloudinit_config.config-client[1]: Read complete after 0s [id=2171264367][0m

Terraform used the selected providers to generate the following execution
plan. Resource actions are indicated with the following symbols:
  [32m+[0m create[0m
 [36m<=[0m read (data resources)[0m

Terraform will perform the following actions:

[1m  # data.template_cloudinit_config.config-be[0][0m will be read during apply
  # (config refers to values not yet known)
[0m [36m<=[0m[0m data "template_cloudinit_config" "config-be" {
      [32m+[0m[0m base64_encode = true
      [32m+[0m[0m gzip          = true
      [32m+[0m[0m id            = (known after apply)
      [32m+[0m[0m rendered      = (known after apply)

      [32m+[0m[0m part {
          [32m+[0m[0m content      = (known after apply)
          [32m+[0m[0m content_type = "text/cloud-config"
        }
    }

[1m  # data.template_cloudinit_config.config-be[1][0m will be read during apply
  # (config refers to values not yet known)
[0m [36m<=[0m[0m data "template_cloudinit_config" "config-be" {
      [32m+[0m[0m base64_encode = true
      [32m+[0m[0m gzip          = true
      [32m+[0m[0m id            = (known after apply)
      [32m+[0m[0m rendered      = (known after apply)

      [32m+[0m[0m part {
          [32m+[0m[0m content      = (known after apply)
          [32m+[0m[0m content_type = "text/cloud-config"
        }
    }

[1m  # aws_iam_instance_profile.secret_manager_zfw_ec2_profile[0][0m will be created
[0m  [32m+[0m[0m resource "aws_iam_instance_profile" "secret_manager_zfw_ec2_profile" {
      [32m+[0m[0m arn         = (known after apply)
      [32m+[0m[0m create_date = (known after apply)
      [32m+[0m[0m id          = (known after apply)
      [32m+[0m[0m name        = "be-er-1-us-west-2_profile_us-west-2"
      [32m+[0m[0m name_prefix = (known after apply)
      [32m+[0m[0m path        = "/"
      [32m+[0m[0m role        = "glb_test_zfw_ec2_role_us-west-2"
      [32m+[0m[0m tags_all    = (known after apply)
      [32m+[0m[0m unique_id   = (known after apply)
    }

[1m  # aws_iam_instance_profile.secret_manager_zfw_ec2_profile[1][0m will be created
[0m  [32m+[0m[0m resource "aws_iam_instance_profile" "secret_manager_zfw_ec2_profile" {
      [32m+[0m[0m arn         = (known after apply)
      [32m+[0m[0m create_date = (known after apply)
      [32m+[0m[0m id          = (known after apply)
      [32m+[0m[0m name        = "be-er-2-us-west-2_profile_us-west-2"
      [32m+[0m[0m name_prefix = (known after apply)
      [32m+[0m[0m path        = "/"
      [32m+[0m[0m role        = "glb_test_zfw_ec2_role_us-west-2"
      [32m+[0m[0m tags_all    = (known after apply)
      [32m+[0m[0m unique_id   = (known after apply)
    }

[1m  # aws_iam_policy.secret_manager_zfw_policy[0m will be created
[0m  [32m+[0m[0m resource "aws_iam_policy" "secret_manager_zfw_policy" {
      [32m+[0m[0m arn              = (known after apply)
      [32m+[0m[0m attachment_count = (known after apply)
      [32m+[0m[0m description      = "Policy to read secret stored in AWS Secrets Store"
      [32m+[0m[0m id               = (known after apply)
      [32m+[0m[0m name             = "glb_test_zfw_secret_read_policy_us-west-2"
      [32m+[0m[0m name_prefix      = (known after apply)
      [32m+[0m[0m path             = "/"
      [32m+[0m[0m policy           = (known after apply)
      [32m+[0m[0m policy_id        = (known after apply)
      [32m+[0m[0m tags_all         = (known after apply)
    }

[1m  # aws_iam_role.secret_manager_zfw_ec2_role[0m will be created
[0m  [32m+[0m[0m resource "aws_iam_role" "secret_manager_zfw_ec2_role" {
      [32m+[0m[0m arn                   = (known after apply)
      [32m+[0m[0m assume_role_policy    = jsonencode(
            {
              [32m+[0m[0m Statement = [
                  [32m+[0m[0m {
                      [32m+[0m[0m Action    = "sts:AssumeRole"
                      [32m+[0m[0m Effect    = "Allow"
                      [32m+[0m[0m Principal = {
                          [32m+[0m[0m Service = "ec2.amazonaws.com"
                        }
                      [32m+[0m[0m Sid       = ""
                    },
                ]
              [32m+[0m[0m Version   = "2012-10-17"
            }
        )
      [32m+[0m[0m create_date           = (known after apply)
      [32m+[0m[0m force_detach_policies = false
      [32m+[0m[0m id                    = (known after apply)
      [32m+[0m[0m managed_policy_arns   = (known after apply)
      [32m+[0m[0m max_session_duration  = 3600
      [32m+[0m[0m name                  = "glb_test_zfw_ec2_role_us-west-2"
      [32m+[0m[0m name_prefix           = (known after apply)
      [32m+[0m[0m path                  = "/"
      [32m+[0m[0m tags_all              = (known after apply)
      [32m+[0m[0m unique_id             = (known after apply)
    }

[1m  # aws_iam_role_policy_attachment.secret_manager_zfw_policy_attachment[0m will be created
[0m  [32m+[0m[0m resource "aws_iam_role_policy_attachment" "secret_manager_zfw_policy_attachment" {
      [32m+[0m[0m id         = (known after apply)
      [32m+[0m[0m policy_arn = (known after apply)
      [32m+[0m[0m role       = "glb_test_zfw_ec2_role_us-west-2"
    }

[1m  # aws_key_pair.ssh_public_key[0m will be created
[0m  [32m+[0m[0m resource "aws_key_pair" "ssh_public_key" {
      [32m+[0m[0m arn             = (known after apply)
      [32m+[0m[0m fingerprint     = (known after apply)
      [32m+[0m[0m id              = (known after apply)
      [32m+[0m[0m key_name        = "be-test-ssh-key"
      [32m+[0m[0m key_name_prefix = (known after apply)
      [32m+[0m[0m key_pair_id     = (known after apply)
      [32m+[0m[0m key_type        = (known after apply)
      [32m+[0m[0m public_key      = "ssh-rsa AAAAB3NzaC1yc2EAAAADAQABAAABAQCjga67wcolSXaD1bswknLrejRYtZ4W55Y6qfoipYfeDVrwVgtalcWcEGPsrqcs3hd/+xSZ0bC6BakO4wpuX38I3uMH0RVOiZlKzgCkVih5hJoAi2YAMCCpV0FhAvKEWIs9HPXEW0Ke5hRkGybi7lkHIfKWwOBOQZTkHCbTR4HdcjrOo2MdTbJK/6EgsJF6Cy9k+F0z8SSKd0C2S0O2VZ49/iF5OcEHeUuyjurJZWdPl3CutQ9dNTgUkOiVfHWRUco7n4wTa/1I/8V0w8dU2F+rHu2UEo1h3humFfyT0nOfsySgLTG+4h90C+INMSungC0QwoVmpJs/TrPnaWRvZ9dJ DariuszSliwinski@dsliwinski-byod"
      [32m+[0m[0m tags_all        = (known after apply)
    }

[1m  # aws_route.be_resolver_routes[0][0m will be created
[0m  [32m+[0m[0m resource "aws_route" "be_resolver_routes" {
      [32m+[0m[0m destination_cidr_block = "100.64.0.0/13"
      [32m+[0m[0m id                     = (known after apply)
      [32m+[0m[0m instance_id            = (known after apply)
      [32m+[0m[0m instance_owner_id      = (known after apply)
      [32m+[0m[0m network_interface_id   = (known after apply)
      [32m+[0m[0m origin                 = (known after apply)
      [32m+[0m[0m route_table_id         = (known after apply)
      [32m+[0m[0m state                  = (known after apply)
    }

[1m  # aws_route.be_resolver_routes[1][0m will be created
[0m  [32m+[0m[0m resource "aws_route" "be_resolver_routes" {
      [32m+[0m[0m destination_cidr_block = "100.72.0.0/13"
      [32m+[0m[0m id                     = (known after apply)
      [32m+[0m[0m instance_id            = (known after apply)
      [32m+[0m[0m instance_owner_id      = (known after apply)
      [32m+[0m[0m network_interface_id   = (known after apply)
      [32m+[0m[0m origin                 = (known after apply)
      [32m+[0m[0m route_table_id         = (known after apply)
      [32m+[0m[0m state                  = (known after apply)
    }

[1m  # aws_secretsmanager_secret.zfw_secret_pt[0m will be created
[0m  [32m+[0m[0m resource "aws_secretsmanager_secret" "zfw_secret_pt" {
      [32m+[0m[0m arn                            = (known after apply)
      [32m+[0m[0m force_overwrite_replica_secret = false
      [32m+[0m[0m id                             = (known after apply)
      [32m+[0m[0m name                           = (known after apply)
      [32m+[0m[0m name_prefix                    = (known after apply)
      [32m+[0m[0m policy                         = (known after apply)
      [32m+[0m[0m recovery_window_in_days        = 0
      [32m+[0m[0m tags_all                       = (known after apply)
    }

[1m  # aws_secretsmanager_secret_version.zfw_secret_pt[0m will be created
[0m  [32m+[0m[0m resource "aws_secretsmanager_secret_version" "zfw_secret_pt" {
      [32m+[0m[0m arn            = (known after apply)
      [32m+[0m[0m id             = (known after apply)
      [32m+[0m[0m secret_id      = (known after apply)
      [32m+[0m[0m secret_string  = (sensitive value)
      [32m+[0m[0m version_id     = (known after apply)
      [32m+[0m[0m version_stages = (known after apply)
    }

[1m  # random_string.random_secret_name[0m will be created
[0m  [32m+[0m[0m resource "random_string" "random_secret_name" {
      [32m+[0m[0m id          = (known after apply)
      [32m+[0m[0m length      = 20
      [32m+[0m[0m lower       = true
      [32m+[0m[0m min_lower   = 0
      [32m+[0m[0m min_numeric = 0
      [32m+[0m[0m min_special = 0
      [32m+[0m[0m min_upper   = 0
      [32m+[0m[0m number      = false
      [32m+[0m[0m numeric     = false
      [32m+[0m[0m result      = (known after apply)
      [32m+[0m[0m special     = false
      [32m+[0m[0m upper       = false
    }

[1m  # module.compute_backend[0].aws_instance.this[0][0m will be created
[0m  [32m+[0m[0m resource "aws_instance" "this" {
      [32m+[0m[0m ami                                  = "ami-0333611f8a06d64d0"
      [32m+[0m[0m arn                                  = (known after apply)
      [32m+[0m[0m associate_public_ip_address          = true
      [32m+[0m[0m availability_zone                    = "us-west-2a"
      [32m+[0m[0m cpu_core_count                       = (known after apply)
      [32m+[0m[0m cpu_threads_per_core                 = (known after apply)
      [32m+[0m[0m disable_api_stop                     = (known after apply)
      [32m+[0m[0m disable_api_termination              = (known after apply)
      [32m+[0m[0m ebs_optimized                        = (known after apply)
      [32m+[0m[0m get_password_data                    = false
      [32m+[0m[0m host_id                              = (known after apply)
      [32m+[0m[0m host_resource_group_arn              = (known after apply)
      [32m+[0m[0m iam_instance_profile                 = "be-er-1-us-west-2_profile_us-west-2"
      [32m+[0m[0m id                                   = (known after apply)
      [32m+[0m[0m instance_initiated_shutdown_behavior = (known after apply)
      [32m+[0m[0m instance_lifecycle                   = (known after apply)
      [32m+[0m[0m instance_state                       = (known after apply)
      [32m+[0m[0m instance_type                        = "t3.medium"
      [32m+[0m[0m ipv6_address_count                   = (known after apply)
      [32m+[0m[0m ipv6_addresses                       = (known after apply)
      [32m+[0m[0m key_name                             = "be-test-ssh-key"
      [32m+[0m[0m monitoring                           = true
      [32m+[0m[0m outpost_arn                          = (known after apply)
      [32m+[0m[0m password_data                        = (known after apply)
      [32m+[0m[0m placement_group                      = (known after apply)
      [32m+[0m[0m placement_partition_number           = (known after apply)
      [32m+[0m[0m primary_network_interface_id         = (known after apply)
      [32m+[0m[0m private_dns                          = (known after apply)
      [32m+[0m[0m private_ip                           = (known after apply)
      [32m+[0m[0m public_dns                           = (known after apply)
      [32m+[0m[0m public_ip                            = (known after apply)
      [32m+[0m[0m secondary_private_ips                = (known after apply)
      [32m+[0m[0m security_groups                      = (known after apply)
      [32m+[0m[0m source_dest_check                    = false
      [32m+[0m[0m spot_instance_request_id             = (known after apply)
      [32m+[0m[0m subnet_id                            = (known after apply)
      [32m+[0m[0m tags                                 = {
          [32m+[0m[0m "Environment" = "dariusz"
          [32m+[0m[0m "Name"        = "be-er-1-us-west-2"
          [32m+[0m[0m "Terraform"   = "true"
        }
      [32m+[0m[0m tags_all                             = {
          [32m+[0m[0m "Environment" = "dariusz"
          [32m+[0m[0m "Name"        = "be-er-1-us-west-2"
          [32m+[0m[0m "Terraform"   = "true"
        }
      [32m+[0m[0m tenancy                              = (known after apply)
      [32m+[0m[0m user_data                            = (known after apply)
      [32m+[0m[0m user_data_base64                     = (known after apply)
      [32m+[0m[0m user_data_replace_on_change          = false
      [32m+[0m[0m volume_tags                          = {
          [32m+[0m[0m "Name" = "be-er-1-us-west-2"
        }
      [32m+[0m[0m vpc_security_group_ids               = (known after apply)

      [32m+[0m[0m credit_specification {}

      [32m+[0m[0m enclave_options {
          [32m+[0m[0m enabled = (known after apply)
        }

      [32m+[0m[0m metadata_options {
          [32m+[0m[0m http_endpoint               = "enabled"
          [32m+[0m[0m http_protocol_ipv6          = "disabled"
          [32m+[0m[0m http_put_response_hop_limit = 1
          [32m+[0m[0m http_tokens                 = "optional"
          [32m+[0m[0m instance_metadata_tags      = (known after apply)
        }

      [32m+[0m[0m timeouts {}
    }

[1m  # module.compute_backend[1].aws_instance.this[0][0m will be created
[0m  [32m+[0m[0m resource "aws_instance" "this" {
      [32m+[0m[0m ami                                  = "ami-0333611f8a06d64d0"
      [32m+[0m[0m arn                                  = (known after apply)
      [32m+[0m[0m associate_public_ip_address          = true
      [32m+[0m[0m availability_zone                    = "us-west-2b"
      [32m+[0m[0m cpu_core_count                       = (known after apply)
      [32m+[0m[0m cpu_threads_per_core                 = (known after apply)
      [32m+[0m[0m disable_api_stop                     = (known after apply)
      [32m+[0m[0m disable_api_termination              = (known after apply)
      [32m+[0m[0m ebs_optimized                        = (known after apply)
      [32m+[0m[0m get_password_data                    = false
      [32m+[0m[0m host_id                              = (known after apply)
      [32m+[0m[0m host_resource_group_arn              = (known after apply)
      [32m+[0m[0m iam_instance_profile                 = "be-er-2-us-west-2_profile_us-west-2"
      [32m+[0m[0m id                                   = (known after apply)
      [32m+[0m[0m instance_initiated_shutdown_behavior = (known after apply)
      [32m+[0m[0m instance_lifecycle                   = (known after apply)
      [32m+[0m[0m instance_state                       = (known after apply)
      [32m+[0m[0m instance_type                        = "t3.medium"
      [32m+[0m[0m ipv6_address_count                   = (known after apply)
      [32m+[0m[0m ipv6_addresses                       = (known after apply)
      [32m+[0m[0m key_name                             = "be-test-ssh-key"
      [32m+[0m[0m monitoring                           = true
      [32m+[0m[0m outpost_arn                          = (known after apply)
      [32m+[0m[0m password_data                        = (known after apply)
      [32m+[0m[0m placement_group                      = (known after apply)
      [32m+[0m[0m placement_partition_number           = (known after apply)
      [32m+[0m[0m primary_network_interface_id         = (known after apply)
      [32m+[0m[0m private_dns                          = (known after apply)
      [32m+[0m[0m private_ip                           = (known after apply)
      [32m+[0m[0m public_dns                           = (known after apply)
      [32m+[0m[0m public_ip                            = (known after apply)
      [32m+[0m[0m secondary_private_ips                = (known after apply)
      [32m+[0m[0m security_groups                      = (known after apply)
      [32m+[0m[0m source_dest_check                    = false
      [32m+[0m[0m spot_instance_request_id             = (known after apply)
      [32m+[0m[0m subnet_id                            = (known after apply)
      [32m+[0m[0m tags                                 = {
          [32m+[0m[0m "Environment" = "dariusz"
          [32m+[0m[0m "Name"        = "be-er-2-us-west-2"
          [32m+[0m[0m "Terraform"   = "true"
        }
      [32m+[0m[0m tags_all                             = {
          [32m+[0m[0m "Environment" = "dariusz"
          [32m+[0m[0m "Name"        = "be-er-2-us-west-2"
          [32m+[0m[0m "Terraform"   = "true"
        }
      [32m+[0m[0m tenancy                              = (known after apply)
      [32m+[0m[0m user_data                            = (known after apply)
      [32m+[0m[0m user_data_base64                     = (known after apply)
      [32m+[0m[0m user_data_replace_on_change          = false
      [32m+[0m[0m volume_tags                          = {
          [32m+[0m[0m "Name" = "be-er-2-us-west-2"
        }
      [32m+[0m[0m vpc_security_group_ids               = (known after apply)

      [32m+[0m[0m credit_specification {}

      [32m+[0m[0m enclave_options {
          [32m+[0m[0m enabled = (known after apply)
        }

      [32m+[0m[0m metadata_options {
          [32m+[0m[0m http_endpoint               = "enabled"
          [32m+[0m[0m http_protocol_ipv6          = "disabled"
          [32m+[0m[0m http_put_response_hop_limit = 1
          [32m+[0m[0m http_tokens                 = "optional"
          [32m+[0m[0m instance_metadata_tags      = (known after apply)
        }

      [32m+[0m[0m timeouts {}
    }

[1m  # module.compute_client[0].aws_instance.this[0][0m will be created
[0m  [32m+[0m[0m resource "aws_instance" "this" {
      [32m+[0m[0m ami                                  = "ami-0333611f8a06d64d0"
      [32m+[0m[0m arn                                  = (known after apply)
      [32m+[0m[0m associate_public_ip_address          = true
      [32m+[0m[0m availability_zone                    = "us-west-2a"
      [32m+[0m[0m cpu_core_count                       = (known after apply)
      [32m+[0m[0m cpu_threads_per_core                 = (known after apply)
      [32m+[0m[0m disable_api_stop                     = (known after apply)
      [32m+[0m[0m disable_api_termination              = (known after apply)
      [32m+[0m[0m ebs_optimized                        = (known after apply)
      [32m+[0m[0m get_password_data                    = false
      [32m+[0m[0m host_id                              = (known after apply)
      [32m+[0m[0m host_resource_group_arn              = (known after apply)
      [32m+[0m[0m iam_instance_profile                 = (known after apply)
      [32m+[0m[0m id                                   = (known after apply)
      [32m+[0m[0m instance_initiated_shutdown_behavior = (known after apply)
      [32m+[0m[0m instance_lifecycle                   = (known after apply)
      [32m+[0m[0m instance_state                       = (known after apply)
      [32m+[0m[0m instance_type                        = "t3.medium"
      [32m+[0m[0m ipv6_address_count                   = (known after apply)
      [32m+[0m[0m ipv6_addresses                       = (known after apply)
      [32m+[0m[0m key_name                             = "be-test-ssh-key"
      [32m+[0m[0m monitoring                           = true
      [32m+[0m[0m outpost_arn                          = (known after apply)
      [32m+[0m[0m password_data                        = (known after apply)
      [32m+[0m[0m placement_group                      = (known after apply)
      [32m+[0m[0m placement_partition_number           = (known after apply)
      [32m+[0m[0m primary_network_interface_id         = (known after apply)
      [32m+[0m[0m private_dns                          = (known after apply)
      [32m+[0m[0m private_ip                           = (known after apply)
      [32m+[0m[0m public_dns                           = (known after apply)
      [32m+[0m[0m public_ip                            = (known after apply)
      [32m+[0m[0m secondary_private_ips                = (known after apply)
      [32m+[0m[0m security_groups                      = (known after apply)
      [32m+[0m[0m source_dest_check                    = false
      [32m+[0m[0m spot_instance_request_id             = (known after apply)
      [32m+[0m[0m subnet_id                            = (known after apply)
      [32m+[0m[0m tags                                 = {
          [32m+[0m[0m "Environment" = "dariusz"
          [32m+[0m[0m "Name"        = "test_client-us-west-2a"
          [32m+[0m[0m "Terraform"   = "true"
        }
      [32m+[0m[0m tags_all                             = {
          [32m+[0m[0m "Environment" = "dariusz"
          [32m+[0m[0m "Name"        = "test_client-us-west-2a"
          [32m+[0m[0m "Terraform"   = "true"
        }
      [32m+[0m[0m tenancy                              = (known after apply)
      [32m+[0m[0m user_data                            = (known after apply)
      [32m+[0m[0m user_data_base64                     = "H4sIAAAAAAAA/6x6W3OjSrLuuyPWf1CsOTHr4YRtBKa75RM9EQKJmwRuIYtLvUxQVWpAUMASIC5xfvyOAiTLbbfx7L0f2m2jrMyszC+/zCokpkmxT4rb5ybbP05IGRdh5h2LexLWe/z/JjAtE+wdm+9/6qq+FJ52xmJuun/e0L9urf0xD9PkcTK9Y/64+ePm9vZa6I+bi+6jl+Q/98fbZYJSHCb+4+QrDIsrgc54sa+LexSnJb5FafIz9P+40UOyf2PmH9cyN5mHIs/f/7vMsFfsHyc31TEs9v/+Gcb7/PHmdrK/2IRfHm4mE9TbfJz8iWTp4LFSArZC4dpxKfpZBh3hhJKNv5qnmkqMZu8IDGxmDFT0UPSjENj8AbJmBgk6eYlxgqG6Ercagc6m+xzKs0T16dppgGW/f0YsZs0GDFbm/d9crwvLcQG26qrTy8aMp1jhmhgnuJ21SHZrvZkdIKs17lZdrTbpChOpUUV/JTpGjBIQo7j3VV0w/tNi/qBvUs1zzBgRiQHbua+Kc9+zeUb0YwZyZgClWQaJGe/F+UxdzFeiY56wLOVOq1a6OO/06PN0Jdpx6Tlm5tr1Eth1sN9e9GSQxIxnS7nDmjGUJV5VzAzau9JUrMZ1zAyyDyvRsRqo6J39878fWwE6jsEgEpeAy1fiJgoRK1VIllp9sSxdxzysSVxi2WogkXI1rDoZKEsFkqXKdYwGLZYlXbMmdQDtWetuaS6YcD1PNXGr5a5tRUDWK33Lt64zL+layBlBH1M1F/2I5oVBnMAh2eh04WRZX+TJjPUcvXTZ6qyzde1pBRWhAYoRoMW8XidGgES+dW2p6Hy149K16/aVjcQ6QEfIXc6ofrWBbaNYE+OyP5zM2dEYOEYOFBy7rNm6jsDixbJeJ2YMiVRi6hPhT5jE7bVel93Un4ht7JKi0j+Oa+txRoRZM9ZpDBRQ68/qIP/WLmbTZsyul+Bo3Lcgh47xN5SnkUvSj/yr0EKrXKfLe4BlvaRYBY5WunZ1hY2scp15pdtmM+Qwd+3pCbHL0mVnxUuszQYp+ODZfIKS+WB3GmNFO72KLzFSKGsV5M4y2gHYPIOIlF/LUQyCAb/gwzh/O6milkPZKpA8qz3SxwewRicPaE1xQjysKaHjv2DUEcb237isSX0gnjP4kGgHIAcnLFs5an6to2ntOkKAOK3+uJbqACpC5LbzGijqSI6k0RxBedoi1mi9ZFQfxWSFOaH5DCahXBeIEyL3oP09xiGdD3IduI7xt3vJ7buyocsGEVSMA+KEExD7OLnEiGFiNq5dXfNIDAmmNXTQuc5fRn9ejvmbu45xgMqFc97FK2LVS731/GXkrq2179WUy26YsbqjuEZ2TbFSu44+gu3eTyRLAXA+9hNzy1Fe2ESGulvW0i4WnjfWvDLsqtwx0mYdaQtzx+92kaSvI0N/L68uNxanokUOZlArdByKnpdnHighB7KuBsQLrin3VD0GhAiFH9WAdvAUGoNljeRZNegMXdYqsaIFUHyjt+Nljxgf11akLbaSoJuWtqExeOHo3+Wi48sWytPqJW/v4rbESc/nLmfUsMOtUOJEf6//UdkKs0YGE6Fxmw9lY2hrFZSDg8uda/Lss1W4ZFZCTr2Wf1VrY3Xp0VyzGd3jATUjnCSbHSd9iAdidD0IKMJpkKMcmULOjKGiv+4JA86Bo7Vj9YjZtP1M30W2eRjpuwVWujwdYPJrPN/pu0TqMAtlo9IPH/sIE0Br4dBxsN1jhT57n4ukwyd8TXFrjPE75cv6zJdo+yFf/jpzjPCldEAy9VH6uFbpXGabOc352Fx2wYescWP4oGuRXdP6P3PLOf5Tl2Ve7QspZg1lWk9ScMYxYqUAdnP7NKM4edOPHTw+13YYMU7wah6EshSihs9gQnXzwQsPWYWbCLknG9mvcQD2NIQsf0LhK95Kaa16pKazePsxz0o0FhRbL/0jMQLXfhWHArF1hVnrgK7yi2WrdG2eeellr/gldZ/xGMYobmrMme1ncENnb7fnk9/qG/h0fG6huGazwwiP0RqooLysDNlq0MczA+vJWgET2o+vZ0EtgGTWYHn3Pp+ROBrnM4n7RE1XsB2dK/v+wHW98oqjrAaT+ODZ397vEwTT2e1TsxDl05EcURxSHw6Iy0bOfjzbnf044e9r3ANHYz3byGDz+1kAyvSsOqafni0lDn/ubDn0P6lCi+X0Q77u+0+AlHltiL+3v26++dRfYE+J5wjBkLuEzrG052BHOyHZGtbwxf68x0Q4PdF5n/ZMIjHuu5zRzznu85zGa2zOCbxEuD4v/54r5I4rKkQ2v+MK1rXP/Xd+1QN/dwdQV+N3ADyLWJNz2bgEsnXofJR5Fr2bf8BA2cz72jIf1kTiUMMT4GiMZ/P9vl/Zz6LunPkhV3dnr8glZoyHfkXr15NnDHhzl4Aj/VO5kTof6dnxEzNoBRUh6PjqAzypiUFAInBI0doez5taP/dXzsxczjgBMiNdDi5Y0lpITA7I1vGqBhhAY5VsaFzexphyiGLkQz7Yz92xaAdA98CZLRbHYmgQ0Pv0so/tyD5IxgFZal1O//09xkGKRrjpfO6OgOOOnbtf+F4e5/ueE6TIJVKMRmriPGcjdnTO/sxdQoplMNyJCZcZxpOpjzFBicW8PSPSOBp/Y245OpN7shl+Zua6nsm95H989jytmznVGUNHonPTUG/40Ou0pojMKmD3etdk+nA9SwMF09hG47P04LOsBWPniFec/+FMS3VMK0Rm0fpZH7lT6PPgjuRh6Estlq0PZz2K//GzzrAPzgj3H3ENCRiQCDlStIjuQV+c9xKcUGJmINGm+C2PDfsZO6NPW6hIHLCN+qr+Rzhp4OjkE/zycgfQjN4BUH5M6IzwH/HjsZtbFLV6w1/v31m33Rnjur/QM8YrfrNK0M0q+ltOfKuT8w4axXj72x505nDHOHyWw6/mlQqx9efnlaGHdXeFxBjptbjWubH++YI96v/gewo52uNBg53NVSxe7mmBg2vX/vQ9bc/DTtd3uRHO7u9SFKNCb87+796ltICAGnMSrbNfZuoZ49lGC1lwAmR5veaHLUmmNTUXlmQIu5dZ7bSX4xrb8avz8IYBP3YS3mwY/LyxBNtaLM/ccICcRuAFr/FM9FMNyHy7I1YL2ZoFjqbtXr0Lmof687xaH5aN0Tw0xvOu1A875umwa9W3azeIzBjYvKzFtlm9I7fz7GkMOYt5dnQqN9UX80r04xgS4wRkq7l+H9X/o+eAWbmOLMprEXCu3rMp2gly5gLaG6qLuOwsRGRZbthZAW2pBEq+Ei2rBc8p1RV6ismgfv/PXS9cpL4aLX3ExnTGjVW5e//nU07FonCAchzDZNPl4lmelaClejRBVYwMOkIOtkKKFbNSFTNG3MZ32ToDNs/QfPx88XEKI6MA4nymimB4V8gvIDstXJuP9lWqWY4RP4V0r1qD7YfO3o6lnLr5MjzrfVL0X31589kuscpOF7Ubd37lYsKsRAKmkOi+Z/MZFv1MpbFxLvErN7YZXeImBg22efo8E/34/Htp0trh9HS15TWYmLbrqKlGYjp7BFje5aqoZZRHXMeM1bDy9W3lq4SfQluLUSicQCgwwDEYVT6viU8w0cPVJtVQYpUbdhqtI5C7Nm5XYlRubZ6xiNSsRHB5p2nKVu46UWfr/GxtD+85w8o3Opvnd6OVD3p5H8vffMSZAUo2PpaD+Jwzz37wEWsdIMtHqFGz61i5rJS7HF1vxitF9wGpT66zYQ2x8rEoECjPArxwmbUoVKoMcshKjHHYZFe/+zS/OJx/+bGdp1THuhGY1Xb+t7pYVroYrURH9Z8OjA9tifFEfgM5lOrP8/xKR4rEqMsDcMwpIg9n2S3kLJordpWomSp+85GfzUQ/I9jmD1f5T112Gqli9gZ7a1EIEMGtKhUYcWbj2Xyy2gpfKTd0OJHjAEqzaHi/PHvnPXJ6kVv2OaC57N+Z889QtmIkBm/fR4upf5YBtnGChOIs1br6XBq5Z1slFruYkb5m+UVfi+ZX2gss2q8To6Lc/xReZHaISGV3bznIiZap75gggMRsPVk6Aov6b52ws/lC4/+OH/nLusGPJX0Osr7eaI0Chs65G3ZWAhIneyYuKX6wo8U7tsiQBGJEYrJ/Tn2saFPgMJ3On1vK0fGF/57C+fR9+wM3kzgHlhBg2e/woYYz1nXUE5RnSf89BeFnz1N8x4/qec228oGjNeoinanyrF1HdCbmZc+u45UMMihbG9cx07UonFDD/3CmePvM8Lrt1P3fjLE1d9LOPP89NbfWjl+sxXllHDYMza9nu70NcTlTZT6DotDFu/MtFpruPBL6oeloDeRUn/ZaSOISNAKhfjyFaq7KVoPCiMbkjOuV6DAr0TZjQKxG7XzdlRu2PiF2l1LOF21wQqGQdXtbzL+qcuT/WDD+5fsUz7nvbfNjx21+pAEya1Q5zVXFamCHJ6FxbT4BW2GKSN2e5URHi5FjxYgzrV1UdfEGZMqsY6NC3bzspnT+wIrQPoXfTpqjf9HszcmTrQAqZrq2jRTYxhE16mCr8vv7NavZ0T5D63wTaYhY9VoUYpT0NT/g9gk4eAscaUq5cdX3oPLZthhPnkUma1F+ac6fW5amr0Wh9Owq63y3Y9LHch782HbPO86h9n7Nx7k/PYXCAXJWDkShhLRvcVrccbZyjgPtO1bryA/h4G9vaxNTnmQ8m5+CDbVBsTrEj/KKPGtBzxMNtncvseXmQ767HHQ9czP4so7M04ra3fYx+h22xE2cQxaVO0WjsyFZidq5P3/pdHe5ngYe2+Fs6Mv/nf10/0fABrRnNcAxqnWknYASXWORyrz9vo6c+qtmXqsixWGWA/shxY6Wo6bf2/C9pBiFdBbIhrmGjzFzmW3SvoZ/leelfj7apVieMa5d//RsPgKOP2Dgsr40hzVdTLl5uePMACtWu6Gff6AXEatFIq8CW4qAo0E1MmlPD53xNRfsrmNr+yzyKuQMZohRBs4xjA3GpXXOdGv9H8+Mrx/mVVeDG4qT6+855cceO8zqnJOfXf1LrGvHuWtrGZRjZr/t8HRw7fqA7Zr6m7706GDIz7dGX8yz9VW/XimDrf4u62G1rXyd5qirpTc2/q+6iPj1IZrqAxbfi8Ubvuh7r7+TpRaxVqQqOKNc7jog8Ow6cEmce47Jq0o3O/mQdX1t+9CCUKiA078/pvPMr/Irmg+H8en5Fmz/c39MItEe8L/tz+p6boK2lMFwmDH9DgMXzkNkdsJLOg/z0l6mfdOMV2L09V0Os0GBRX7T76EuVy89g/YmaS/HzGqxzPqeSWef79//vJlM0irZHx8nxzQtHumPm8kk84rgcXKfZsV9si9+pmWCj819UBTZnZ/Sz/dHEuZ5mCb54+Qv5ivP/3VzLBNE8OPN7eT/30wm+R5PbsPJX/n9PxbG9vs9/TFlmLsp+/WO5fk7ln+49/+a3O8LdJ83ebEn+P64z9P4tMd3KE1+3kwm92V+vIdhMgigIp4c93nhHYvJsOT2siTfH08h2t9MJqg8xpPb9YR6mz/e3/vpHd6f7nF876fTO5a94+/iMCnrW4/gLw93hXe889vJbTq5L0j2kczNZFJ4x8mt2DsWp8iLJ7d1+/MzK4/kM1L7OkuPxeTH/Fn5/n/oz8cXU/d+SoPxIiU/iXNRWX7/69c83SEPBft7P72FZRjjv66XdKrfrPDTV0Lm09Pz979emaafI/wGEucsXXt476cTkuJJmIRFl4WPhIoQN7/7vPP+ZjJJ0qDM3kXj5Fgmk9tbain04lu8j71m8oVh6LNif/SK/YSd/Gtyf/Kodr9HcJz6E/Zf/5xO/vnm+723t3/c/FcAAAD//6W2XFo+LAAA"
      [32m+[0m[0m user_data_replace_on_change          = false
      [32m+[0m[0m volume_tags                          = {
          [32m+[0m[0m "Name" = "test_client-us-west-2a"
        }
      [32m+[0m[0m vpc_security_group_ids               = (known after apply)

      [32m+[0m[0m credit_specification {}

      [32m+[0m[0m enclave_options {
          [32m+[0m[0m enabled = (known after apply)
        }

      [32m+[0m[0m metadata_options {
          [32m+[0m[0m http_endpoint               = "enabled"
          [32m+[0m[0m http_protocol_ipv6          = "disabled"
          [32m+[0m[0m http_put_response_hop_limit = 1
          [32m+[0m[0m http_tokens                 = "optional"
          [32m+[0m[0m instance_metadata_tags      = (known after apply)
        }

      [32m+[0m[0m timeouts {}
    }

[1m  # module.compute_client[1].aws_instance.this[0][0m will be created
[0m  [32m+[0m[0m resource "aws_instance" "this" {
      [32m+[0m[0m ami                                  = "ami-0333611f8a06d64d0"
      [32m+[0m[0m arn                                  = (known after apply)
      [32m+[0m[0m associate_public_ip_address          = true
      [32m+[0m[0m availability_zone                    = "us-west-2b"
      [32m+[0m[0m cpu_core_count                       = (known after apply)
      [32m+[0m[0m cpu_threads_per_core                 = (known after apply)
      [32m+[0m[0m disable_api_stop                     = (known after apply)
      [32m+[0m[0m disable_api_termination              = (known after apply)
      [32m+[0m[0m ebs_optimized                        = (known after apply)
      [32m+[0m[0m get_password_data                    = false
      [32m+[0m[0m host_id                              = (known after apply)
      [32m+[0m[0m host_resource_group_arn              = (known after apply)
      [32m+[0m[0m iam_instance_profile                 = (known after apply)
      [32m+[0m[0m id                                   = (known after apply)
      [32m+[0m[0m instance_initiated_shutdown_behavior = (known after apply)
      [32m+[0m[0m instance_lifecycle                   = (known after apply)
      [32m+[0m[0m instance_state                       = (known after apply)
      [32m+[0m[0m instance_type                        = "t3.medium"
      [32m+[0m[0m ipv6_address_count                   = (known after apply)
      [32m+[0m[0m ipv6_addresses                       = (known after apply)
      [32m+[0m[0m key_name                             = "be-test-ssh-key"
      [32m+[0m[0m monitoring                           = true
      [32m+[0m[0m outpost_arn                          = (known after apply)
      [32m+[0m[0m password_data                        = (known after apply)
      [32m+[0m[0m placement_group                      = (known after apply)
      [32m+[0m[0m placement_partition_number           = (known after apply)
      [32m+[0m[0m primary_network_interface_id         = (known after apply)
      [32m+[0m[0m private_dns                          = (known after apply)
      [32m+[0m[0m private_ip                           = (known after apply)
      [32m+[0m[0m public_dns                           = (known after apply)
      [32m+[0m[0m public_ip                            = (known after apply)
      [32m+[0m[0m secondary_private_ips                = (known after apply)
      [32m+[0m[0m security_groups                      = (known after apply)
      [32m+[0m[0m source_dest_check                    = false
      [32m+[0m[0m spot_instance_request_id             = (known after apply)
      [32m+[0m[0m subnet_id                            = (known after apply)
      [32m+[0m[0m tags                                 = {
          [32m+[0m[0m "Environment" = "dariusz"
          [32m+[0m[0m "Name"        = "test_client-us-west-2b"
          [32m+[0m[0m "Terraform"   = "true"
        }
      [32m+[0m[0m tags_all                             = {
          [32m+[0m[0m "Environment" = "dariusz"
          [32m+[0m[0m "Name"        = "test_client-us-west-2b"
          [32m+[0m[0m "Terraform"   = "true"
        }
      [32m+[0m[0m tenancy                              = (known after apply)
      [32m+[0m[0m user_data                            = (known after apply)
      [32m+[0m[0m user_data_base64                     = "H4sIAAAAAAAA/6x6W3OjSrLuuyPWf1CsOTHr4YRtBKa75RM9EQKJmwRuIYtLvUxQVWpAUMASIC5xfvyOAiTLbbfx7L0f2m2jrMyszC+/zCokpkmxT4rb5ybbP05IGRdh5h2LexLWe/z/JjAtE+wdm+9/6qq+FJ52xmJuun/e0L9urf0xD9PkcTK9Y/64+ePm9vZa6I+bi+6jl+Q/98fbZYJSHCb+4+QrDIsrgc54sa+LexSnJb5FafIz9P+40UOyf2PmH9cyN5mHIs/f/7vMsFfsHyc31TEs9v/+Gcb7/PHmdrK/2IRfHm4mE9TbfJz8iWTp4LFSArZC4dpxKfpZBh3hhJKNv5qnmkqMZu8IDGxmDFT0UPSjENj8AbJmBgk6eYlxgqG6Ercagc6m+xzKs0T16dppgGW/f0YsZs0GDFbm/d9crwvLcQG26qrTy8aMp1jhmhgnuJ21SHZrvZkdIKs17lZdrTbpChOpUUV/JTpGjBIQo7j3VV0w/tNi/qBvUs1zzBgRiQHbua+Kc9+zeUb0YwZyZgClWQaJGe/F+UxdzFeiY56wLOVOq1a6OO/06PN0Jdpx6Tlm5tr1Eth1sN9e9GSQxIxnS7nDmjGUJV5VzAzau9JUrMZ1zAyyDyvRsRqo6J39878fWwE6jsEgEpeAy1fiJgoRK1VIllp9sSxdxzysSVxi2WogkXI1rDoZKEsFkqXKdYwGLZYlXbMmdQDtWetuaS6YcD1PNXGr5a5tRUDWK33Lt64zL+layBlBH1M1F/2I5oVBnMAh2eh04WRZX+TJjPUcvXTZ6qyzde1pBRWhAYoRoMW8XidGgES+dW2p6Hy149K16/aVjcQ6QEfIXc6ofrWBbaNYE+OyP5zM2dEYOEYOFBy7rNm6jsDixbJeJ2YMiVRi6hPhT5jE7bVel93Un4ht7JKi0j+Oa+txRoRZM9ZpDBRQ68/qIP/WLmbTZsyul+Bo3Lcgh47xN5SnkUvSj/yr0EKrXKfLe4BlvaRYBY5WunZ1hY2scp15pdtmM+Qwd+3pCbHL0mVnxUuszQYp+ODZfIKS+WB3GmNFO72KLzFSKGsV5M4y2gHYPIOIlF/LUQyCAb/gwzh/O6milkPZKpA8qz3SxwewRicPaE1xQjysKaHjv2DUEcb237isSX0gnjP4kGgHIAcnLFs5an6to2ntOkKAOK3+uJbqACpC5LbzGijqSI6k0RxBedoi1mi9ZFQfxWSFOaH5DCahXBeIEyL3oP09xiGdD3IduI7xt3vJ7buyocsGEVSMA+KEExD7OLnEiGFiNq5dXfNIDAmmNXTQuc5fRn9ejvmbu45xgMqFc97FK2LVS731/GXkrq2179WUy26YsbqjuEZ2TbFSu44+gu3eTyRLAXA+9hNzy1Fe2ESGulvW0i4WnjfWvDLsqtwx0mYdaQtzx+92kaSvI0N/L68uNxanokUOZlArdByKnpdnHighB7KuBsQLrin3VD0GhAiFH9WAdvAUGoNljeRZNegMXdYqsaIFUHyjt+Nljxgf11akLbaSoJuWtqExeOHo3+Wi48sWytPqJW/v4rbESc/nLmfUsMOtUOJEf6//UdkKs0YGE6Fxmw9lY2hrFZSDg8uda/Lss1W4ZFZCTr2Wf1VrY3Xp0VyzGd3jATUjnCSbHSd9iAdidD0IKMJpkKMcmULOjKGiv+4JA86Bo7Vj9YjZtP1M30W2eRjpuwVWujwdYPJrPN/pu0TqMAtlo9IPH/sIE0Br4dBxsN1jhT57n4ukwyd8TXFrjPE75cv6zJdo+yFf/jpzjPCldEAy9VH6uFbpXGabOc352Fx2wYescWP4oGuRXdP6P3PLOf5Tl2Ve7QspZg1lWk9ScMYxYqUAdnP7NKM4edOPHTw+13YYMU7wah6EshSihs9gQnXzwQsPWYWbCLknG9mvcQD2NIQsf0LhK95Kaa16pKazePsxz0o0FhRbL/0jMQLXfhWHArF1hVnrgK7yi2WrdG2eeellr/gldZ/xGMYobmrMme1ncENnb7fnk9/qG/h0fG6huGazwwiP0RqooLysDNlq0MczA+vJWgET2o+vZ0EtgGTWYHn3Pp+ROBrnM4n7RE1XsB2dK/v+wHW98oqjrAaT+ODZ397vEwTT2e1TsxDl05EcURxSHw6Iy0bOfjzbnf044e9r3ANHYz3byGDz+1kAyvSsOqafni0lDn/ubDn0P6lCi+X0Q77u+0+AlHltiL+3v26++dRfYE+J5wjBkLuEzrG052BHOyHZGtbwxf68x0Q4PdF5n/ZMIjHuu5zRzznu85zGa2zOCbxEuD4v/54r5I4rKkQ2v+MK1rXP/Xd+1QN/dwdQV+N3ADyLWJNz2bgEsnXofJR5Fr2bf8BA2cz72jIf1kTiUMMT4GiMZ/P9vl/Zz6LunPkhV3dnr8glZoyHfkXr15NnDHhzl4Aj/VO5kTof6dnxEzNoBRUh6PjqAzypiUFAInBI0doez5taP/dXzsxczjgBMiNdDi5Y0lpITA7I1vGqBhhAY5VsaFzexphyiGLkQz7Yz92xaAdA98CZLRbHYmgQ0Pv0so/tyD5IxgFZal1O//09xkGKRrjpfO6OgOOOnbtf+F4e5/ueE6TIJVKMRmriPGcjdnTO/sxdQoplMNyJCZcZxpOpjzFBicW8PSPSOBp/Y245OpN7shl+Zua6nsm95H989jytmznVGUNHonPTUG/40Ou0pojMKmD3etdk+nA9SwMF09hG47P04LOsBWPniFec/+FMS3VMK0Rm0fpZH7lT6PPgjuRh6Estlq0PZz2K//GzzrAPzgj3H3ENCRiQCDlStIjuQV+c9xKcUGJmINGm+C2PDfsZO6NPW6hIHLCN+qr+Rzhp4OjkE/zycgfQjN4BUH5M6IzwH/HjsZtbFLV6w1/v31m33Rnjur/QM8YrfrNK0M0q+ltOfKuT8w4axXj72x505nDHOHyWw6/mlQqx9efnlaGHdXeFxBjptbjWubH++YI96v/gewo52uNBg53NVSxe7mmBg2vX/vQ9bc/DTtd3uRHO7u9SFKNCb87+796ltICAGnMSrbNfZuoZ49lGC1lwAmR5veaHLUmmNTUXlmQIu5dZ7bSX4xrb8avz8IYBP3YS3mwY/LyxBNtaLM/ccICcRuAFr/FM9FMNyHy7I1YL2ZoFjqbtXr0Lmof687xaH5aN0Tw0xvOu1A875umwa9W3azeIzBjYvKzFtlm9I7fz7GkMOYt5dnQqN9UX80r04xgS4wRkq7l+H9X/o+eAWbmOLMprEXCu3rMp2gly5gLaG6qLuOwsRGRZbthZAW2pBEq+Ei2rBc8p1RV6ismgfv/PXS9cpL4aLX3ExnTGjVW5e//nU07FonCAchzDZNPl4lmelaClejRBVYwMOkIOtkKKFbNSFTNG3MZ32ToDNs/QfPx88XEKI6MA4nymimB4V8gvIDstXJuP9lWqWY4RP4V0r1qD7YfO3o6lnLr5MjzrfVL0X31589kuscpOF7Ubd37lYsKsRAKmkOi+Z/MZFv1MpbFxLvErN7YZXeImBg22efo8E/34/Htp0trh9HS15TWYmLbrqKlGYjp7BFje5aqoZZRHXMeM1bDy9W3lq4SfQluLUSicQCgwwDEYVT6viU8w0cPVJtVQYpUbdhqtI5C7Nm5XYlRubZ6xiNSsRHB5p2nKVu46UWfr/GxtD+85w8o3Opvnd6OVD3p5H8vffMSZAUo2PpaD+Jwzz37wEWsdIMtHqFGz61i5rJS7HF1vxitF9wGpT66zYQ2x8rEoECjPArxwmbUoVKoMcshKjHHYZFe/+zS/OJx/+bGdp1THuhGY1Xb+t7pYVroYrURH9Z8OjA9tifFEfgM5lOrP8/xKR4rEqMsDcMwpIg9n2S3kLJordpWomSp+85GfzUQ/I9jmD1f5T112Gqli9gZ7a1EIEMGtKhUYcWbj2Xyy2gpfKTd0OJHjAEqzaHi/PHvnPXJ6kVv2OaC57N+Z889QtmIkBm/fR4upf5YBtnGChOIs1br6XBq5Z1slFruYkb5m+UVfi+ZX2gss2q8To6Lc/xReZHaISGV3bznIiZap75gggMRsPVk6Aov6b52ws/lC4/+OH/nLusGPJX0Osr7eaI0Chs65G3ZWAhIneyYuKX6wo8U7tsiQBGJEYrJ/Tn2saFPgMJ3On1vK0fGF/57C+fR9+wM3kzgHlhBg2e/woYYz1nXUE5RnSf89BeFnz1N8x4/qec228oGjNeoinanyrF1HdCbmZc+u45UMMihbG9cx07UonFDD/3CmePvM8Lrt1P3fjLE1d9LOPP89NbfWjl+sxXllHDYMza9nu70NcTlTZT6DotDFu/MtFpruPBL6oeloDeRUn/ZaSOISNAKhfjyFaq7KVoPCiMbkjOuV6DAr0TZjQKxG7XzdlRu2PiF2l1LOF21wQqGQdXtbzL+qcuT/WDD+5fsUz7nvbfNjx21+pAEya1Q5zVXFamCHJ6FxbT4BW2GKSN2e5URHi5FjxYgzrV1UdfEGZMqsY6NC3bzspnT+wIrQPoXfTpqjf9HszcmTrQAqZrq2jRTYxhE16mCr8vv7NavZ0T5D63wTaYhY9VoUYpT0NT/g9gk4eAscaUq5cdX3oPLZthhPnkUma1F+ac6fW5amr0Wh9Owq63y3Y9LHch782HbPO86h9n7Nx7k/PYXCAXJWDkShhLRvcVrccbZyjgPtO1bryA/h4G9vaxNTnmQ8m5+CDbVBsTrEj/KKPGtBzxMNtncvseXmQ767HHQ9czP4so7M04ra3fYx+h22xE2cQxaVO0WjsyFZidq5P3/pdHe5ngYe2+Fs6Mv/nf10/0fABrRnNcAxqnWknYASXWORyrz9vo6c+qtmXqsixWGWA/shxY6Wo6bf2/C9pBiFdBbIhrmGjzFzmW3SvoZ/leelfj7apVieMa5d//RsPgKOP2Dgsr40hzVdTLl5uePMACtWu6Gff6AXEatFIq8CW4qAo0E1MmlPD53xNRfsrmNr+yzyKuQMZohRBs4xjA3GpXXOdGv9H8+Mrx/mVVeDG4qT6+855cceO8zqnJOfXf1LrGvHuWtrGZRjZr/t8HRw7fqA7Zr6m7706GDIz7dGX8yz9VW/XimDrf4u62G1rXyd5qirpTc2/q+6iPj1IZrqAxbfi8Ubvuh7r7+TpRaxVqQqOKNc7jog8Ow6cEmce47Jq0o3O/mQdX1t+9CCUKiA078/pvPMr/Irmg+H8en5Fmz/c39MItEe8L/tz+p6boK2lMFwmDH9DgMXzkNkdsJLOg/z0l6mfdOMV2L09V0Os0GBRX7T76EuVy89g/YmaS/HzGqxzPqeSWef79//vJlM0irZHx8nxzQtHumPm8kk84rgcXKfZsV9si9+pmWCj819UBTZnZ/Sz/dHEuZ5mCb54+Qv5ivP/3VzLBNE8OPN7eT/30wm+R5PbsPJX/n9PxbG9vs9/TFlmLsp+/WO5fk7ln+49/+a3O8LdJ83ebEn+P64z9P4tMd3KE1+3kwm92V+vIdhMgigIp4c93nhHYvJsOT2siTfH08h2t9MJqg8xpPb9YR6mz/e3/vpHd6f7nF876fTO5a94+/iMCnrW4/gLw93hXe889vJbTq5L0j2kczNZFJ4x8mt2DsWp8iLJ7d1+/MzK4/kM1L7OkuPxeTH/Fn5/n/oz8cXU/d+SoPxIiU/iXNRWX7/69c83SEPBft7P72FZRjjv66XdKrfrPDTV0Lm09Pz979emaafI/wGEucsXXt476cTkuJJmIRFl4WPhIoQN7/7vPP+ZjJJ0qDM3kXj5Fgmk9tbain04lu8j71m8oVh6LNif/SK/YSd/Gtyf/Kodr9HcJz6E/Zf/5xO/vnm+723t3/c/FcAAAD//6W2XFo+LAAA"
      [32m+[0m[0m user_data_replace_on_change          = false
      [32m+[0m[0m volume_tags                          = {
          [32m+[0m[0m "Name" = "test_client-us-west-2b"
        }
      [32m+[0m[0m vpc_security_group_ids               = (known after apply)

      [32m+[0m[0m credit_specification {}

      [32m+[0m[0m enclave_options {
          [32m+[0m[0m enabled = (known after apply)
        }

      [32m+[0m[0m metadata_options {
          [32m+[0m[0m http_endpoint               = "enabled"
          [32m+[0m[0m http_protocol_ipv6          = "disabled"
          [32m+[0m[0m http_put_response_hop_limit = 1
          [32m+[0m[0m http_tokens                 = "optional"
          [32m+[0m[0m instance_metadata_tags      = (known after apply)
        }

      [32m+[0m[0m timeouts {}
    }

[1m  # module.gwlb1.aws_lb.glb[0m will be created
[0m  [32m+[0m[0m resource "aws_lb" "glb" {
      [32m+[0m[0m arn                                                          = (known after apply)
      [32m+[0m[0m arn_suffix                                                   = (known after apply)
      [32m+[0m[0m dns_name                                                     = (known after apply)
      [32m+[0m[0m enable_cross_zone_load_balancing                             = true
      [32m+[0m[0m enable_deletion_protection                                   = false
      [32m+[0m[0m enforce_security_group_inbound_rules_on_private_link_traffic = (known after apply)
      [32m+[0m[0m id                                                           = (known after apply)
      [32m+[0m[0m internal                                                     = (known after apply)
      [32m+[0m[0m ip_address_type                                              = (known after apply)
      [32m+[0m[0m load_balancer_type                                           = "gateway"
      [32m+[0m[0m name                                                         = "nf-lb-01"
      [32m+[0m[0m name_prefix                                                  = (known after apply)
      [32m+[0m[0m security_groups                                              = (known after apply)
      [32m+[0m[0m subnets                                                      = (known after apply)
      [32m+[0m[0m tags_all                                                     = (known after apply)
      [32m+[0m[0m vpc_id                                                       = (known after apply)
      [32m+[0m[0m zone_id                                                      = (known after apply)

      [32m+[0m[0m subnet_mapping {
          [32m+[0m[0m outpost_id           = (known after apply)
          [32m+[0m[0m subnet_id            = (known after apply)
            [90m# (3 unchanged attributes hidden)[0m[0m
        }
      [32m+[0m[0m subnet_mapping {
          [32m+[0m[0m outpost_id           = (known after apply)
          [32m+[0m[0m subnet_id            = (known after apply)
            [90m# (3 unchanged attributes hidden)[0m[0m
        }
    }

[1m  # module.gwlb1.aws_lb_listener.glb_fe[0m will be created
[0m  [32m+[0m[0m resource "aws_lb_listener" "glb_fe" {
      [32m+[0m[0m arn               = (known after apply)
      [32m+[0m[0m id                = (known after apply)
      [32m+[0m[0m load_balancer_arn = (known after apply)
      [32m+[0m[0m protocol          = (known after apply)
      [32m+[0m[0m ssl_policy        = (known after apply)
      [32m+[0m[0m tags_all          = (known after apply)

      [32m+[0m[0m default_action {
          [32m+[0m[0m order            = (known after apply)
          [32m+[0m[0m target_group_arn = (known after apply)
          [32m+[0m[0m type             = "forward"
        }
    }

[1m  # module.gwlb1.aws_lb_target_group.glb_tg[0m will be created
[0m  [32m+[0m[0m resource "aws_lb_target_group" "glb_tg" {
      [32m+[0m[0m arn                                = (known after apply)
      [32m+[0m[0m arn_suffix                         = (known after apply)
      [32m+[0m[0m connection_termination             = (known after apply)
      [32m+[0m[0m deregistration_delay               = "300"
      [32m+[0m[0m id                                 = (known after apply)
      [32m+[0m[0m ip_address_type                    = (known after apply)
      [32m+[0m[0m lambda_multi_value_headers_enabled = false
      [32m+[0m[0m load_balancer_arns                 = (known after apply)
      [32m+[0m[0m load_balancing_algorithm_type      = (known after apply)
      [32m+[0m[0m load_balancing_anomaly_mitigation  = (known after apply)
      [32m+[0m[0m load_balancing_cross_zone_enabled  = (known after apply)
      [32m+[0m[0m name                               = "nf-lb-tg"
      [32m+[0m[0m name_prefix                        = (known after apply)
      [32m+[0m[0m port                               = 6081
      [32m+[0m[0m preserve_client_ip                 = (known after apply)
      [32m+[0m[0m protocol                           = "GENEVE"
      [32m+[0m[0m protocol_version                   = (known after apply)
      [32m+[0m[0m proxy_protocol_v2                  = false
      [32m+[0m[0m slow_start                         = 0
      [32m+[0m[0m tags_all                           = (known after apply)
      [32m+[0m[0m target_type                        = "instance"
      [32m+[0m[0m vpc_id                             = (known after apply)

      [32m+[0m[0m health_check {
          [32m+[0m[0m enabled             = true
          [32m+[0m[0m healthy_threshold   = 2
          [32m+[0m[0m interval            = 5
          [32m+[0m[0m matcher             = "200-399"
          [32m+[0m[0m path                = "/health-checks"
          [32m+[0m[0m port                = "8081"
          [32m+[0m[0m protocol            = "HTTPS"
          [32m+[0m[0m timeout             = 2
          [32m+[0m[0m unhealthy_threshold = 2
        }
    }

[1m  # module.gwlb1.aws_lb_target_group_attachment.glb_tg_attach[0][0m will be created
[0m  [32m+[0m[0m resource "aws_lb_target_group_attachment" "glb_tg_attach" {
      [32m+[0m[0m id               = (known after apply)
      [32m+[0m[0m target_group_arn = (known after apply)
      [32m+[0m[0m target_id        = (known after apply)
    }

[1m  # module.gwlb1.aws_lb_target_group_attachment.glb_tg_attach[1][0m will be created
[0m  [32m+[0m[0m resource "aws_lb_target_group_attachment" "glb_tg_attach" {
      [32m+[0m[0m id               = (known after apply)
      [32m+[0m[0m target_group_arn = (known after apply)
      [32m+[0m[0m target_id        = (known after apply)
    }

[1m  # module.gwlb1.aws_route.glb_routes[0][0m will be created
[0m  [32m+[0m[0m resource "aws_route" "glb_routes" {
      [32m+[0m[0m destination_cidr_block = "100.127.255.254/32"
      [32m+[0m[0m id                     = (known after apply)
      [32m+[0m[0m instance_id            = (known after apply)
      [32m+[0m[0m instance_owner_id      = (known after apply)
      [32m+[0m[0m network_interface_id   = (known after apply)
      [32m+[0m[0m origin                 = (known after apply)
      [32m+[0m[0m route_table_id         = (known after apply)
      [32m+[0m[0m state                  = (known after apply)
      [32m+[0m[0m vpc_endpoint_id        = (known after apply)
    }

[1m  # module.gwlb1.aws_route.glb_routes[1][0m will be created
[0m  [32m+[0m[0m resource "aws_route" "glb_routes" {
      [32m+[0m[0m destination_cidr_block = "100.127.255.254/32"
      [32m+[0m[0m id                     = (known after apply)
      [32m+[0m[0m instance_id            = (known after apply)
      [32m+[0m[0m instance_owner_id      = (known after apply)
      [32m+[0m[0m network_interface_id   = (known after apply)
      [32m+[0m[0m origin                 = (known after apply)
      [32m+[0m[0m route_table_id         = (known after apply)
      [32m+[0m[0m state                  = (known after apply)
      [32m+[0m[0m vpc_endpoint_id        = (known after apply)
    }

[1m  # module.gwlb1.aws_vpc_endpoint.ep[0][0m will be created
[0m  [32m+[0m[0m resource "aws_vpc_endpoint" "ep" {
      [32m+[0m[0m arn                   = (known after apply)
      [32m+[0m[0m cidr_blocks           = (known after apply)
      [32m+[0m[0m dns_entry             = (known after apply)
      [32m+[0m[0m id                    = (known after apply)
      [32m+[0m[0m ip_address_type       = (known after apply)
      [32m+[0m[0m network_interface_ids = (known after apply)
      [32m+[0m[0m owner_id              = (known after apply)
      [32m+[0m[0m policy                = (known after apply)
      [32m+[0m[0m prefix_list_id        = (known after apply)
      [32m+[0m[0m private_dns_enabled   = (known after apply)
      [32m+[0m[0m requester_managed     = (known after apply)
      [32m+[0m[0m route_table_ids       = (known after apply)
      [32m+[0m[0m security_group_ids    = (known after apply)
      [32m+[0m[0m service_name          = (known after apply)
      [32m+[0m[0m state                 = (known after apply)
      [32m+[0m[0m subnet_ids            = (known after apply)
      [32m+[0m[0m tags_all              = (known after apply)
      [32m+[0m[0m vpc_endpoint_type     = (known after apply)
      [32m+[0m[0m vpc_id                = (known after apply)
    }

[1m  # module.gwlb1.aws_vpc_endpoint.ep[1][0m will be created
[0m  [32m+[0m[0m resource "aws_vpc_endpoint" "ep" {
      [32m+[0m[0m arn                   = (known after apply)
      [32m+[0m[0m cidr_blocks           = (known after apply)
      [32m+[0m[0m dns_entry             = (known after apply)
      [32m+[0m[0m id                    = (known after apply)
      [32m+[0m[0m ip_address_type       = (known after apply)
      [32m+[0m[0m network_interface_ids = (known after apply)
      [32m+[0m[0m owner_id              = (known after apply)
      [32m+[0m[0m policy                = (known after apply)
      [32m+[0m[0m prefix_list_id        = (known after apply)
      [32m+[0m[0m private_dns_enabled   = (known after apply)
      [32m+[0m[0m requester_managed     = (known after apply)
      [32m+[0m[0m route_table_ids       = (known after apply)
      [32m+[0m[0m security_group_ids    = (known after apply)
      [32m+[0m[0m service_name          = (known after apply)
      [32m+[0m[0m state                 = (known after apply)
      [32m+[0m[0m subnet_ids            = (known after apply)
      [32m+[0m[0m tags_all              = (known after apply)
      [32m+[0m[0m vpc_endpoint_type     = (known after apply)
      [32m+[0m[0m vpc_id                = (known after apply)
    }

[1m  # module.gwlb1.aws_vpc_endpoint_service.glb_es[0m will be created
[0m  [32m+[0m[0m resource "aws_vpc_endpoint_service" "glb_es" {
      [32m+[0m[0m acceptance_required            = false
      [32m+[0m[0m allowed_principals             = [
          [32m+[0m[0m "arn:aws:iam::aws-account-id:user/*",
        ]
      [32m+[0m[0m arn                            = (known after apply)
      [32m+[0m[0m availability_zones             = (known after apply)
      [32m+[0m[0m base_endpoint_dns_names        = (known after apply)
      [32m+[0m[0m gateway_load_balancer_arns     = (known after apply)
      [32m+[0m[0m id                             = (known after apply)
      [32m+[0m[0m manages_vpc_endpoints          = (known after apply)
      [32m+[0m[0m private_dns_name               = (known after apply)
      [32m+[0m[0m private_dns_name_configuration = (known after apply)
      [32m+[0m[0m service_name                   = (known after apply)
      [32m+[0m[0m service_type                   = (known after apply)
      [32m+[0m[0m state                          = (known after apply)
      [32m+[0m[0m supported_ip_address_types     = (known after apply)
      [32m+[0m[0m tags_all                       = (known after apply)
    }

[1m  # module.sg_be[0].aws_security_group.this_name_prefix[0][0m will be created
[0m  [32m+[0m[0m resource "aws_security_group" "this_name_prefix" {
      [32m+[0m[0m arn                    = (known after apply)
      [32m+[0m[0m description            = "Security group for backend er of glb with custom ports open within VPC"
      [32m+[0m[0m egress                 = (known after apply)
      [32m+[0m[0m id                     = (known after apply)
      [32m+[0m[0m ingress                = (known after apply)
      [32m+[0m[0m name                   = (known after apply)
      [32m+[0m[0m name_prefix            = "be-er-1-us-west-2-sg-"
      [32m+[0m[0m owner_id               = (known after apply)
      [32m+[0m[0m revoke_rules_on_delete = false
      [32m+[0m[0m tags                   = {
          [32m+[0m[0m "Environment" = "dariusz"
          [32m+[0m[0m "Name"        = "be-er-1-us-west-2-sg"
          [32m+[0m[0m "Terraform"   = "true"
        }
      [32m+[0m[0m tags_all               = {
          [32m+[0m[0m "Environment" = "dariusz"
          [32m+[0m[0m "Name"        = "be-er-1-us-west-2-sg"
          [32m+[0m[0m "Terraform"   = "true"
        }
      [32m+[0m[0m vpc_id                 = (known after apply)

      [32m+[0m[0m timeouts {
          [32m+[0m[0m create = "10m"
          [32m+[0m[0m delete = "15m"
        }
    }

[1m  # module.sg_be[0].aws_security_group_rule.egress_with_cidr_blocks[0][0m will be created
[0m  [32m+[0m[0m resource "aws_security_group_rule" "egress_with_cidr_blocks" {
      [32m+[0m[0m cidr_blocks              = [
          [32m+[0m[0m "0.0.0.0/0",
        ]
      [32m+[0m[0m description              = "Egress Rule"
      [32m+[0m[0m from_port                = -1
      [32m+[0m[0m id                       = (known after apply)
      [32m+[0m[0m prefix_list_ids          = []
      [32m+[0m[0m protocol                 = "-1"
      [32m+[0m[0m security_group_id        = (known after apply)
      [32m+[0m[0m security_group_rule_id   = (known after apply)
      [32m+[0m[0m self                     = false
      [32m+[0m[0m source_security_group_id = (known after apply)
      [32m+[0m[0m to_port                  = -1
      [32m+[0m[0m type                     = "egress"
    }

[1m  # module.sg_be[0].aws_security_group_rule.ingress_with_cidr_blocks[0][0m will be created
[0m  [32m+[0m[0m resource "aws_security_group_rule" "ingress_with_cidr_blocks" {
      [32m+[0m[0m cidr_blocks              = [
          [32m+[0m[0m "10.0.0.0/8",
        ]
      [32m+[0m[0m description              = "Ingress Rule"
      [32m+[0m[0m from_port                = -1
      [32m+[0m[0m id                       = (known after apply)
      [32m+[0m[0m prefix_list_ids          = []
      [32m+[0m[0m protocol                 = "-1"
      [32m+[0m[0m security_group_id        = (known after apply)
      [32m+[0m[0m security_group_rule_id   = (known after apply)
      [32m+[0m[0m self                     = false
      [32m+[0m[0m source_security_group_id = (known after apply)
      [32m+[0m[0m to_port                  = -1
      [32m+[0m[0m type                     = "ingress"
    }

[1m  # module.sg_be[0].aws_security_group_rule.ingress_with_cidr_blocks[1][0m will be created
[0m  [32m+[0m[0m resource "aws_security_group_rule" "ingress_with_cidr_blocks" {
      [32m+[0m[0m cidr_blocks              = [
          [32m+[0m[0m "0.0.0.0/0",
        ]
      [32m+[0m[0m description              = "Ingress Rule"
      [32m+[0m[0m from_port                = 22
      [32m+[0m[0m id                       = (known after apply)
      [32m+[0m[0m prefix_list_ids          = []
      [32m+[0m[0m protocol                 = "tcp"
      [32m+[0m[0m security_group_id        = (known after apply)
      [32m+[0m[0m security_group_rule_id   = (known after apply)
      [32m+[0m[0m self                     = false
      [32m+[0m[0m source_security_group_id = (known after apply)
      [32m+[0m[0m to_port                  = 22
      [32m+[0m[0m type                     = "ingress"
    }

[1m  # module.sg_be[1].aws_security_group.this_name_prefix[0][0m will be created
[0m  [32m+[0m[0m resource "aws_security_group" "this_name_prefix" {
      [32m+[0m[0m arn                    = (known after apply)
      [32m+[0m[0m description            = "Security group for backend er of glb with custom ports open within VPC"
      [32m+[0m[0m egress                 = (known after apply)
      [32m+[0m[0m id                     = (known after apply)
      [32m+[0m[0m ingress                = (known after apply)
      [32m+[0m[0m name                   = (known after apply)
      [32m+[0m[0m name_prefix            = "be-er-2-us-west-2-sg-"
      [32m+[0m[0m owner_id               = (known after apply)
      [32m+[0m[0m revoke_rules_on_delete = false
      [32m+[0m[0m tags                   = {
          [32m+[0m[0m "Environment" = "dariusz"
          [32m+[0m[0m "Name"        = "be-er-2-us-west-2-sg"
          [32m+[0m[0m "Terraform"   = "true"
        }
      [32m+[0m[0m tags_all               = {
          [32m+[0m[0m "Environment" = "dariusz"
          [32m+[0m[0m "Name"        = "be-er-2-us-west-2-sg"
          [32m+[0m[0m "Terraform"   = "true"
        }
      [32m+[0m[0m vpc_id                 = (known after apply)

      [32m+[0m[0m timeouts {
          [32m+[0m[0m create = "10m"
          [32m+[0m[0m delete = "15m"
        }
    }

[1m  # module.sg_be[1].aws_security_group_rule.egress_with_cidr_blocks[0][0m will be created
[0m  [32m+[0m[0m resource "aws_security_group_rule" "egress_with_cidr_blocks" {
      [32m+[0m[0m cidr_blocks              = [
          [32m+[0m[0m "0.0.0.0/0",
        ]
      [32m+[0m[0m description              = "Egress Rule"
      [32m+[0m[0m from_port                = -1
      [32m+[0m[0m id                       = (known after apply)
      [32m+[0m[0m prefix_list_ids          = []
      [32m+[0m[0m protocol                 = "-1"
      [32m+[0m[0m security_group_id        = (known after apply)
      [32m+[0m[0m security_group_rule_id   = (known after apply)
      [32m+[0m[0m self                     = false
      [32m+[0m[0m source_security_group_id = (known after apply)
      [32m+[0m[0m to_port                  = -1
      [32m+[0m[0m type                     = "egress"
    }

[1m  # module.sg_be[1].aws_security_group_rule.ingress_with_cidr_blocks[0][0m will be created
[0m  [32m+[0m[0m resource "aws_security_group_rule" "ingress_with_cidr_blocks" {
      [32m+[0m[0m cidr_blocks              = [
          [32m+[0m[0m "10.0.0.0/8",
        ]
      [32m+[0m[0m description              = "Ingress Rule"
      [32m+[0m[0m from_port                = -1
      [32m+[0m[0m id                       = (known after apply)
      [32m+[0m[0m prefix_list_ids          = []
      [32m+[0m[0m protocol                 = "-1"
      [32m+[0m[0m security_group_id        = (known after apply)
      [32m+[0m[0m security_group_rule_id   = (known after apply)
      [32m+[0m[0m self                     = false
      [32m+[0m[0m source_security_group_id = (known after apply)
      [32m+[0m[0m to_port                  = -1
      [32m+[0m[0m type                     = "ingress"
    }

[1m  # module.sg_be[1].aws_security_group_rule.ingress_with_cidr_blocks[1][0m will be created
[0m  [32m+[0m[0m resource "aws_security_group_rule" "ingress_with_cidr_blocks" {
      [32m+[0m[0m cidr_blocks              = [
          [32m+[0m[0m "0.0.0.0/0",
        ]
      [32m+[0m[0m description              = "Ingress Rule"
      [32m+[0m[0m from_port                = 22
      [32m+[0m[0m id                       = (known after apply)
      [32m+[0m[0m prefix_list_ids          = []
      [32m+[0m[0m protocol                 = "tcp"
      [32m+[0m[0m security_group_id        = (known after apply)
      [32m+[0m[0m security_group_rule_id   = (known after apply)
      [32m+[0m[0m self                     = false
      [32m+[0m[0m source_security_group_id = (known after apply)
      [32m+[0m[0m to_port                  = 22
      [32m+[0m[0m type                     = "ingress"
    }

[1m  # module.sg_client.aws_security_group.this_name_prefix[0][0m will be created
[0m  [32m+[0m[0m resource "aws_security_group" "this_name_prefix" {
      [32m+[0m[0m arn                    = (known after apply)
      [32m+[0m[0m description            = "Security group for clients with custom ports open within VPC"
      [32m+[0m[0m egress                 = (known after apply)
      [32m+[0m[0m id                     = (known after apply)
      [32m+[0m[0m ingress                = (known after apply)
      [32m+[0m[0m name                   = (known after apply)
      [32m+[0m[0m name_prefix            = "test_client-sg-"
      [32m+[0m[0m owner_id               = (known after apply)
      [32m+[0m[0m revoke_rules_on_delete = false
      [32m+[0m[0m tags                   = {
          [32m+[0m[0m "Environment" = "dariusz"
          [32m+[0m[0m "Name"        = "test_client-sg"
          [32m+[0m[0m "Terraform"   = "true"
        }
      [32m+[0m[0m tags_all               = {
          [32m+[0m[0m "Environment" = "dariusz"
          [32m+[0m[0m "Name"        = "test_client-sg"
          [32m+[0m[0m "Terraform"   = "true"
        }
      [32m+[0m[0m vpc_id                 = (known after apply)

      [32m+[0m[0m timeouts {
          [32m+[0m[0m create = "10m"
          [32m+[0m[0m delete = "15m"
        }
    }

[1m  # module.sg_client.aws_security_group_rule.egress_with_cidr_blocks[0][0m will be created
[0m  [32m+[0m[0m resource "aws_security_group_rule" "egress_with_cidr_blocks" {
      [32m+[0m[0m cidr_blocks              = [
          [32m+[0m[0m "0.0.0.0/0",
        ]
      [32m+[0m[0m description              = "Egress Rule"
      [32m+[0m[0m from_port                = -1
      [32m+[0m[0m id                       = (known after apply)
      [32m+[0m[0m prefix_list_ids          = []
      [32m+[0m[0m protocol                 = "-1"
      [32m+[0m[0m security_group_id        = (known after apply)
      [32m+[0m[0m security_group_rule_id   = (known after apply)
      [32m+[0m[0m self                     = false
      [32m+[0m[0m source_security_group_id = (known after apply)
      [32m+[0m[0m to_port                  = -1
      [32m+[0m[0m type                     = "egress"
    }

[1m  # module.sg_client.aws_security_group_rule.ingress_with_cidr_blocks[0][0m will be created
[0m  [32m+[0m[0m resource "aws_security_group_rule" "ingress_with_cidr_blocks" {
      [32m+[0m[0m cidr_blocks              = [
          [32m+[0m[0m "10.0.0.0/8",
        ]
      [32m+[0m[0m description              = "Ingress Rule"
      [32m+[0m[0m from_port                = -1
      [32m+[0m[0m id                       = (known after apply)
      [32m+[0m[0m prefix_list_ids          = []
      [32m+[0m[0m protocol                 = "-1"
      [32m+[0m[0m security_group_id        = (known after apply)
      [32m+[0m[0m security_group_rule_id   = (known after apply)
      [32m+[0m[0m self                     = false
      [32m+[0m[0m source_security_group_id = (known after apply)
      [32m+[0m[0m to_port                  = -1
      [32m+[0m[0m type                     = "ingress"
    }

[1m  # module.sg_client.aws_security_group_rule.ingress_with_cidr_blocks[1][0m will be created
[0m  [32m+[0m[0m resource "aws_security_group_rule" "ingress_with_cidr_blocks" {
      [32m+[0m[0m cidr_blocks              = [
          [32m+[0m[0m "0.0.0.0/0",
        ]
      [32m+[0m[0m description              = "Ingress Rule"
      [32m+[0m[0m from_port                = 22
      [32m+[0m[0m id                       = (known after apply)
      [32m+[0m[0m prefix_list_ids          = []
      [32m+[0m[0m protocol                 = "tcp"
      [32m+[0m[0m security_group_id        = (known after apply)
      [32m+[0m[0m security_group_rule_id   = (known after apply)
      [32m+[0m[0m self                     = false
      [32m+[0m[0m source_security_group_id = (known after apply)
      [32m+[0m[0m to_port                  = 22
      [32m+[0m[0m type                     = "ingress"
    }

[1m  # module.vpc1.aws_default_network_acl.this[0][0m will be created
[0m  [32m+[0m[0m resource "aws_default_network_acl" "this" {
      [32m+[0m[0m arn                    = (known after apply)
      [32m+[0m[0m default_network_acl_id = (known after apply)
      [32m+[0m[0m id                     = (known after apply)
      [32m+[0m[0m owner_id               = (known after apply)
      [32m+[0m[0m tags                   = {
          [32m+[0m[0m "Environment" = "dariusz"
          [32m+[0m[0m "Name"        = "nf-lb-vpc-default"
          [32m+[0m[0m "Terraform"   = "true"
        }
      [32m+[0m[0m tags_all               = {
          [32m+[0m[0m "Environment" = "dariusz"
          [32m+[0m[0m "Name"        = "nf-lb-vpc-default"
          [32m+[0m[0m "Terraform"   = "true"
        }
      [32m+[0m[0m vpc_id                 = (known after apply)

      [32m+[0m[0m egress {
          [32m+[0m[0m action          = "allow"
          [32m+[0m[0m from_port       = 0
          [32m+[0m[0m ipv6_cidr_block = "::/0"
          [32m+[0m[0m protocol        = "-1"
          [32m+[0m[0m rule_no         = 101
          [32m+[0m[0m to_port         = 0
            [90m# (1 unchanged attribute hidden)[0m[0m
        }
      [32m+[0m[0m egress {
          [32m+[0m[0m action          = "allow"
          [32m+[0m[0m cidr_block      = "0.0.0.0/0"
          [32m+[0m[0m from_port       = 0
          [32m+[0m[0m protocol        = "-1"
          [32m+[0m[0m rule_no         = 100
          [32m+[0m[0m to_port         = 0
            [90m# (1 unchanged attribute hidden)[0m[0m
        }

      [32m+[0m[0m ingress {
          [32m+[0m[0m action          = "allow"
          [32m+[0m[0m from_port       = 0
          [32m+[0m[0m ipv6_cidr_block = "::/0"
          [32m+[0m[0m protocol        = "-1"
          [32m+[0m[0m rule_no         = 101
          [32m+[0m[0m to_port         = 0
            [90m# (1 unchanged attribute hidden)[0m[0m
        }
      [32m+[0m[0m ingress {
          [32m+[0m[0m action          = "allow"
          [32m+[0m[0m cidr_block      = "0.0.0.0/0"
          [32m+[0m[0m from_port       = 0
          [32m+[0m[0m protocol        = "-1"
          [32m+[0m[0m rule_no         = 100
          [32m+[0m[0m to_port         = 0
            [90m# (1 unchanged attribute hidden)[0m[0m
        }
    }

[1m  # module.vpc1.aws_default_route_table.default[0][0m will be created
[0m  [32m+[0m[0m resource "aws_default_route_table" "default" {
      [32m+[0m[0m arn                    = (known after apply)
      [32m+[0m[0m default_route_table_id = (known after apply)
      [32m+[0m[0m id                     = (known after apply)
      [32m+[0m[0m owner_id               = (known after apply)
      [32m+[0m[0m route                  = (known after apply)
      [32m+[0m[0m tags                   = {
          [32m+[0m[0m "Environment" = "dariusz"
          [32m+[0m[0m "Name"        = "nf-lb-vpc-default"
          [32m+[0m[0m "Terraform"   = "true"
        }
      [32m+[0m[0m tags_all               = {
          [32m+[0m[0m "Environment" = "dariusz"
          [32m+[0m[0m "Name"        = "nf-lb-vpc-default"
          [32m+[0m[0m "Terraform"   = "true"
        }
      [32m+[0m[0m vpc_id                 = (known after apply)

      [32m+[0m[0m timeouts {
          [32m+[0m[0m create = "5m"
          [32m+[0m[0m update = "5m"
        }
    }

[1m  # module.vpc1.aws_default_security_group.this[0][0m will be created
[0m  [32m+[0m[0m resource "aws_default_security_group" "this" {
      [32m+[0m[0m arn                    = (known after apply)
      [32m+[0m[0m description            = (known after apply)
      [32m+[0m[0m egress                 = (known after apply)
      [32m+[0m[0m id                     = (known after apply)
      [32m+[0m[0m ingress                = (known after apply)
      [32m+[0m[0m name                   = (known after apply)
      [32m+[0m[0m name_prefix            = (known after apply)
      [32m+[0m[0m owner_id               = (known after apply)
      [32m+[0m[0m revoke_rules_on_delete = false
      [32m+[0m[0m tags                   = {
          [32m+[0m[0m "Environment" = "dariusz"
          [32m+[0m[0m "Name"        = "nf-lb-vpc-default"
          [32m+[0m[0m "Terraform"   = "true"
        }
      [32m+[0m[0m tags_all               = {
          [32m+[0m[0m "Environment" = "dariusz"
          [32m+[0m[0m "Name"        = "nf-lb-vpc-default"
          [32m+[0m[0m "Terraform"   = "true"
        }
      [32m+[0m[0m vpc_id                 = (known after apply)
    }

[1m  # module.vpc1.aws_internet_gateway.this[0][0m will be created
[0m  [32m+[0m[0m resource "aws_internet_gateway" "this" {
      [32m+[0m[0m arn      = (known after apply)
      [32m+[0m[0m id       = (known after apply)
      [32m+[0m[0m owner_id = (known after apply)
      [32m+[0m[0m tags     = {
          [32m+[0m[0m "Environment" = "dariusz"
          [32m+[0m[0m "Name"        = "nf-lb-vpc"
          [32m+[0m[0m "Terraform"   = "true"
        }
      [32m+[0m[0m tags_all = {
          [32m+[0m[0m "Environment" = "dariusz"
          [32m+[0m[0m "Name"        = "nf-lb-vpc"
          [32m+[0m[0m "Terraform"   = "true"
        }
      [32m+[0m[0m vpc_id   = (known after apply)
    }

[1m  # module.vpc1.aws_route.public_internet_gateway[0][0m will be created
[0m  [32m+[0m[0m resource "aws_route" "public_internet_gateway" {
      [32m+[0m[0m destination_cidr_block = "0.0.0.0/0"
      [32m+[0m[0m gateway_id             = (known after apply)
      [32m+[0m[0m id                     = (known after apply)
      [32m+[0m[0m instance_id            = (known after apply)
      [32m+[0m[0m instance_owner_id      = (known after apply)
      [32m+[0m[0m network_interface_id   = (known after apply)
      [32m+[0m[0m origin                 = (known after apply)
      [32m+[0m[0m route_table_id         = (known after apply)
      [32m+[0m[0m state                  = (known after apply)

      [32m+[0m[0m timeouts {
          [32m+[0m[0m create = "5m"
        }
    }

[1m  # module.vpc1.aws_route_table.public[0][0m will be created
[0m  [32m+[0m[0m resource "aws_route_table" "public" {
      [32m+[0m[0m arn              = (known after apply)
      [32m+[0m[0m id               = (known after apply)
      [32m+[0m[0m owner_id         = (known after apply)
      [32m+[0m[0m propagating_vgws = (known after apply)
      [32m+[0m[0m route            = (known after apply)
      [32m+[0m[0m tags             = {
          [32m+[0m[0m "Environment" = "dariusz"
          [32m+[0m[0m "Name"        = "nf-lb-vpc-public"
          [32m+[0m[0m "Terraform"   = "true"
        }
      [32m+[0m[0m tags_all         = {
          [32m+[0m[0m "Environment" = "dariusz"
          [32m+[0m[0m "Name"        = "nf-lb-vpc-public"
          [32m+[0m[0m "Terraform"   = "true"
        }
      [32m+[0m[0m vpc_id           = (known after apply)
    }

[1m  # module.vpc1.aws_route_table_association.public[0][0m will be created
[0m  [32m+[0m[0m resource "aws_route_table_association" "public" {
      [32m+[0m[0m id             = (known after apply)
      [32m+[0m[0m route_table_id = (known after apply)
      [32m+[0m[0m subnet_id      = (known after apply)
    }

[1m  # module.vpc1.aws_route_table_association.public[1][0m will be created
[0m  [32m+[0m[0m resource "aws_route_table_association" "public" {
      [32m+[0m[0m id             = (known after apply)
      [32m+[0m[0m route_table_id = (known after apply)
      [32m+[0m[0m subnet_id      = (known after apply)
    }

[1m  # module.vpc1.aws_subnet.public[0][0m will be created
[0m  [32m+[0m[0m resource "aws_subnet" "public" {
      [32m+[0m[0m arn                                            = (known after apply)
      [32m+[0m[0m assign_ipv6_address_on_creation                = false
      [32m+[0m[0m availability_zone                              = "us-west-2a"
      [32m+[0m[0m availability_zone_id                           = (known after apply)
      [32m+[0m[0m cidr_block                                     = "10.40.101.0/24"
      [32m+[0m[0m enable_dns64                                   = false
      [32m+[0m[0m enable_resource_name_dns_a_record_on_launch    = false
      [32m+[0m[0m enable_resource_name_dns_aaaa_record_on_launch = false
      [32m+[0m[0m id                                             = (known after apply)
      [32m+[0m[0m ipv6_cidr_block_association_id                 = (known after apply)
      [32m+[0m[0m ipv6_native                                    = false
      [32m+[0m[0m map_public_ip_on_launch                        = true
      [32m+[0m[0m owner_id                                       = (known after apply)
      [32m+[0m[0m private_dns_hostname_type_on_launch            = (known after apply)
      [32m+[0m[0m tags                                           = {
          [32m+[0m[0m "Environment" = "dariusz"
          [32m+[0m[0m "Name"        = "nf-lb-vpc-public-us-west-2a"
          [32m+[0m[0m "Terraform"   = "true"
        }
      [32m+[0m[0m tags_all                                       = {
          [32m+[0m[0m "Environment" = "dariusz"
          [32m+[0m[0m "Name"        = "nf-lb-vpc-public-us-west-2a"
          [32m+[0m[0m "Terraform"   = "true"
        }
      [32m+[0m[0m vpc_id                                         = (known after apply)
    }

[1m  # module.vpc1.aws_subnet.public[1][0m will be created
[0m  [32m+[0m[0m resource "aws_subnet" "public" {
      [32m+[0m[0m arn                                            = (known after apply)
      [32m+[0m[0m assign_ipv6_address_on_creation                = false
      [32m+[0m[0m availability_zone                              = "us-west-2b"
      [32m+[0m[0m availability_zone_id                           = (known after apply)
      [32m+[0m[0m cidr_block                                     = "10.40.102.0/24"
      [32m+[0m[0m enable_dns64                                   = false
      [32m+[0m[0m enable_resource_name_dns_a_record_on_launch    = false
      [32m+[0m[0m enable_resource_name_dns_aaaa_record_on_launch = false
      [32m+[0m[0m id                                             = (known after apply)
      [32m+[0m[0m ipv6_cidr_block_association_id                 = (known after apply)
      [32m+[0m[0m ipv6_native                                    = false
      [32m+[0m[0m map_public_ip_on_launch                        = true
      [32m+[0m[0m owner_id                                       = (known after apply)
      [32m+[0m[0m private_dns_hostname_type_on_launch            = (known after apply)
      [32m+[0m[0m tags                                           = {
          [32m+[0m[0m "Environment" = "dariusz"
          [32m+[0m[0m "Name"        = "nf-lb-vpc-public-us-west-2b"
          [32m+[0m[0m "Terraform"   = "true"
        }
      [32m+[0m[0m tags_all                                       = {
          [32m+[0m[0m "Environment" = "dariusz"
          [32m+[0m[0m "Name"        = "nf-lb-vpc-public-us-west-2b"
          [32m+[0m[0m "Terraform"   = "true"
        }
      [32m+[0m[0m vpc_id                                         = (known after apply)
    }

[1m  # module.vpc1.aws_vpc.this[0][0m will be created
[0m  [32m+[0m[0m resource "aws_vpc" "this" {
      [32m+[0m[0m arn                                  = (known after apply)
      [32m+[0m[0m cidr_block                           = "10.40.0.0/16"
      [32m+[0m[0m default_network_acl_id               = (known after apply)
      [32m+[0m[0m default_route_table_id               = (known after apply)
      [32m+[0m[0m default_security_group_id            = (known after apply)
      [32m+[0m[0m dhcp_options_id                      = (known after apply)
      [32m+[0m[0m enable_dns_hostnames                 = true
      [32m+[0m[0m enable_dns_support                   = true
      [32m+[0m[0m enable_network_address_usage_metrics = (known after apply)
      [32m+[0m[0m id                                   = (known after apply)
      [32m+[0m[0m instance_tenancy                     = "default"
      [32m+[0m[0m ipv6_association_id                  = (known after apply)
      [32m+[0m[0m ipv6_cidr_block                      = (known after apply)
      [32m+[0m[0m ipv6_cidr_block_network_border_group = (known after apply)
      [32m+[0m[0m main_route_table_id                  = (known after apply)
      [32m+[0m[0m owner_id                             = (known after apply)
      [32m+[0m[0m tags                                 = {
          [32m+[0m[0m "Environment" = "dariusz"
          [32m+[0m[0m "Name"        = "nf-lb-vpc"
          [32m+[0m[0m "Terraform"   = "true"
        }
      [32m+[0m[0m tags_all                             = {
          [32m+[0m[0m "Environment" = "dariusz"
          [32m+[0m[0m "Name"        = "nf-lb-vpc"
          [32m+[0m[0m "Terraform"   = "true"
        }
    }

[1m  # module.vpc1.aws_vpn_gateway.this[0][0m will be created
[0m  [32m+[0m[0m resource "aws_vpn_gateway" "this" {
      [32m+[0m[0m amazon_side_asn = "64512"
      [32m+[0m[0m arn             = (known after apply)
      [32m+[0m[0m id              = (known after apply)
      [32m+[0m[0m tags            = {
          [32m+[0m[0m "Environment" = "dariusz"
          [32m+[0m[0m "Name"        = "nf-lb-vpc"
          [32m+[0m[0m "Terraform"   = "true"
        }
      [32m+[0m[0m tags_all        = {
          [32m+[0m[0m "Environment" = "dariusz"
          [32m+[0m[0m "Name"        = "nf-lb-vpc"
          [32m+[0m[0m "Terraform"   = "true"
        }
      [32m+[0m[0m vpc_id          = (known after apply)
    }

[1mPlan:[0m 49 to add, 0 to change, 0 to destroy.
[0m
Changes to Outputs:
  [32m+[0m[0m backend_public_ips = [
      [32m+[0m[0m (known after apply),
      [32m+[0m[0m (known after apply),
    ]
  [32m+[0m[0m client_public_ips  = [
      [32m+[0m[0m (known after apply),
      [32m+[0m[0m (known after apply),
    ]
  [32m+[0m[0m endpoint_ids       = [
      [32m+[0m[0m (known after apply),
      [32m+[0m[0m (known after apply),
    ]
  [32m+[0m[0m route_table_ids    = [
      [32m+[0m[0m (known after apply),
    ]
  [32m+[0m[0m subnets            = [
      [32m+[0m[0m (known after apply),
      [32m+[0m[0m (known after apply),
    ]
[0m[1mrandom_string.random_secret_name: Creating...[0m[0m
[0m[1mrandom_string.random_secret_name: Creation complete after 0s [id=tfrkajwhhawcfptimoav][0m
[0m[1mdata.template_cloudinit_config.config-be[0]: Reading...[0m[0m
[0m[1mdata.template_cloudinit_config.config-be[0]: Read complete after 0s [id=1326914152][0m
[0m[1mdata.template_cloudinit_config.config-be[1]: Reading...[0m[0m
[0m[1mdata.template_cloudinit_config.config-be[1]: Read complete after 0s [id=1182857392][0m
[0m[1maws_secretsmanager_secret.zfw_secret_pt: Creating...[0m[0m
[0m[1maws_key_pair.ssh_public_key: Creating...[0m[0m
[0m[1mmodule.vpc1.aws_vpc.this[0]: Creating...[0m[0m
[0m[1maws_iam_role.secret_manager_zfw_ec2_role: Creating...[0m[0m
[0m[1maws_iam_role.secret_manager_zfw_ec2_role: Creation complete after 1s [id=glb_test_zfw_ec2_role_us-west-2][0m
[0m[1maws_iam_instance_profile.secret_manager_zfw_ec2_profile[1]: Creating...[0m[0m
[0m[1maws_iam_instance_profile.secret_manager_zfw_ec2_profile[0]: Creating...[0m[0m
[0m[1maws_secretsmanager_secret.zfw_secret_pt: Creation complete after 1s [id=arn:aws:secretsmanager:us-west-2:925908137963:secret:tfrkajwhhawcfptimoav-6BJBJ3][0m
[0m[1maws_secretsmanager_secret_version.zfw_secret_pt: Creating...[0m[0m
[0m[1maws_key_pair.ssh_public_key: Creation complete after 1s [id=be-test-ssh-key][0m
[0m[1maws_secretsmanager_secret_version.zfw_secret_pt: Creation complete after 0s [id=arn:aws:secretsmanager:us-west-2:925908137963:secret:tfrkajwhhawcfptimoav-6BJBJ3|terraform-20240810183618874700000002][0m
[0m[1maws_iam_instance_profile.secret_manager_zfw_ec2_profile[1]: Creation complete after 0s [id=be-er-2-us-west-2_profile_us-west-2][0m
[0m[1maws_iam_policy.secret_manager_zfw_policy: Creating...[0m[0m
[0m[1maws_iam_instance_profile.secret_manager_zfw_ec2_profile[0]: Creation complete after 0s [id=be-er-1-us-west-2_profile_us-west-2][0m
[0m[1maws_iam_policy.secret_manager_zfw_policy: Creation complete after 0s [id=arn:aws:iam::925908137963:policy/glb_test_zfw_secret_read_policy_us-west-2][0m
[0m[1maws_iam_role_policy_attachment.secret_manager_zfw_policy_attachment: Creating...[0m[0m
[0m[1maws_iam_role_policy_attachment.secret_manager_zfw_policy_attachment: Creation complete after 1s [id=glb_test_zfw_ec2_role_us-west-2-20240810183619590800000003][0m
[0m[1mmodule.vpc1.aws_vpc.this[0]: Still creating... [10s elapsed][0m[0m
[0m[1mmodule.vpc1.aws_vpc.this[0]: Creation complete after 13s [id=vpc-0133c8ce1ca7e843a][0m
[0m[1mmodule.vpc1.aws_default_security_group.this[0]: Creating...[0m[0m
[0m[1mmodule.sg_be[1].aws_security_group.this_name_prefix[0]: Creating...[0m[0m
[0m[1mmodule.vpc1.aws_subnet.public[0]: Creating...[0m[0m
[0m[1mmodule.vpc1.aws_internet_gateway.this[0]: Creating...[0m[0m
[0m[1mmodule.sg_be[0].aws_security_group.this_name_prefix[0]: Creating...[0m[0m
[0m[1mmodule.vpc1.aws_subnet.public[1]: Creating...[0m[0m
[0m[1mmodule.vpc1.aws_route_table.public[0]: Creating...[0m[0m
[0m[1mmodule.vpc1.aws_default_route_table.default[0]: Creating...[0m[0m
[0m[1mmodule.vpc1.aws_vpn_gateway.this[0]: Creating...[0m[0m
[0m[1mmodule.vpc1.aws_default_network_acl.this[0]: Creating...[0m[0m
[0m[1mmodule.vpc1.aws_internet_gateway.this[0]: Creation complete after 1s [id=igw-024e9e9de8efc1e43][0m
[0m[1mmodule.vpc1.aws_default_route_table.default[0]: Creation complete after 1s [id=rtb-069199e9112eed3eb][0m
[0m[1mmodule.gwlb1.aws_lb_target_group.glb_tg: Creating...[0m[0m
[0m[1mmodule.sg_client.aws_security_group.this_name_prefix[0]: Creating...[0m[0m
[0m[1mmodule.vpc1.aws_route_table.public[0]: Creation complete after 1s [id=rtb-0c8c702472a66097a][0m
[0m[1mmodule.vpc1.aws_route.public_internet_gateway[0]: Creating...[0m[0m
[0m[1mmodule.vpc1.aws_default_security_group.this[0]: Creation complete after 2s [id=sg-09fed8f5ae40abddb][0m
[0m[1mmodule.vpc1.aws_default_network_acl.this[0]: Creation complete after 2s [id=acl-0e1609c394015e054][0m
[0m[1mmodule.vpc1.aws_route.public_internet_gateway[0]: Creation complete after 1s [id=r-rtb-0c8c702472a66097a1080289494][0m
[0m[1mmodule.sg_be[1].aws_security_group.this_name_prefix[0]: Creation complete after 2s [id=sg-072e42940d99a996a][0m
[0m[1mmodule.sg_be[0].aws_security_group.this_name_prefix[0]: Creation complete after 2s [id=sg-0178fb2fa899a45b0][0m
[0m[1mmodule.sg_be[0].aws_security_group_rule.ingress_with_cidr_blocks[1]: Creating...[0m[0m
[0m[1mmodule.sg_be[0].aws_security_group_rule.ingress_with_cidr_blocks[0]: Creating...[0m[0m
[0m[1mmodule.sg_be[0].aws_security_group_rule.egress_with_cidr_blocks[0]: Creating...[0m[0m
[0m[1mmodule.sg_be[1].aws_security_group_rule.egress_with_cidr_blocks[0]: Creating...[0m[0m
[0m[1mmodule.sg_be[1].aws_security_group_rule.ingress_with_cidr_blocks[0]: Creating...[0m[0m
[0m[1mmodule.gwlb1.aws_lb_target_group.glb_tg: Creation complete after 2s [id=arn:aws:elasticloadbalancing:us-west-2:925908137963:targetgroup/nf-lb-tg/0071c1060b41b94fb6][0m
[0m[1mmodule.sg_be[1].aws_security_group_rule.ingress_with_cidr_blocks[1]: Creating...[0m[0m
[0m[1mmodule.sg_client.aws_security_group.this_name_prefix[0]: Creation complete after 2s [id=sg-0f390fc4107bf6611][0m
[0m[1mmodule.sg_client.aws_security_group_rule.egress_with_cidr_blocks[0]: Creating...[0m[0m
[0m[1mmodule.sg_be[0].aws_security_group_rule.egress_with_cidr_blocks[0]: Creation complete after 1s [id=sgrule-2707562964][0m
[0m[1mmodule.sg_be[1].aws_security_group_rule.ingress_with_cidr_blocks[0]: Creation complete after 1s [id=sgrule-3468074547][0m
[0m[1mmodule.sg_client.aws_security_group_rule.ingress_with_cidr_blocks[0]: Creating...[0m[0m
[0m[1mmodule.sg_client.aws_security_group_rule.ingress_with_cidr_blocks[1]: Creating...[0m[0m
[0m[1mmodule.sg_client.aws_security_group_rule.egress_with_cidr_blocks[0]: Creation complete after 1s [id=sgrule-3005834504][0m
[0m[1mmodule.sg_be[1].aws_security_group_rule.egress_with_cidr_blocks[0]: Creation complete after 2s [id=sgrule-1588266135][0m
[0m[1mmodule.sg_be[0].aws_security_group_rule.ingress_with_cidr_blocks[0]: Creation complete after 2s [id=sgrule-1592174971][0m
[0m[1mmodule.sg_be[1].aws_security_group_rule.ingress_with_cidr_blocks[1]: Creation complete after 2s [id=sgrule-1757090034][0m
[0m[1mmodule.sg_be[0].aws_security_group_rule.ingress_with_cidr_blocks[1]: Creation complete after 3s [id=sgrule-2930723639][0m
[0m[1mmodule.sg_client.aws_security_group_rule.ingress_with_cidr_blocks[0]: Creation complete after 2s [id=sgrule-47887530][0m
[0m[1mmodule.sg_client.aws_security_group_rule.ingress_with_cidr_blocks[1]: Creation complete after 2s [id=sgrule-820397891][0m
[0m[1mmodule.vpc1.aws_subnet.public[0]: Still creating... [10s elapsed][0m[0m
[0m[1mmodule.vpc1.aws_subnet.public[1]: Still creating... [10s elapsed][0m[0m
[0m[1mmodule.vpc1.aws_vpn_gateway.this[0]: Still creating... [10s elapsed][0m[0m
[0m[1mmodule.vpc1.aws_subnet.public[1]: Creation complete after 12s [id=subnet-05bede58868061e02][0m
[0m[1mmodule.vpc1.aws_subnet.public[0]: Creation complete after 12s [id=subnet-0f791c2d58107868c][0m
[0m[1mmodule.vpc1.aws_route_table_association.public[1]: Creating...[0m[0m
[0m[1mmodule.vpc1.aws_route_table_association.public[0]: Creating...[0m[0m
[0m[1mmodule.gwlb1.aws_lb.glb: Creating...[0m[0m
[0m[1mmodule.compute_client[0].aws_instance.this[0]: Creating...[0m[0m
[0m[1mmodule.compute_backend[0].aws_instance.this[0]: Creating...[0m[0m
[0m[1mmodule.compute_backend[1].aws_instance.this[0]: Creating...[0m[0m
[0m[1mmodule.compute_client[1].aws_instance.this[0]: Creating...[0m[0m
[0m[1mmodule.vpc1.aws_route_table_association.public[0]: Creation complete after 1s [id=rtbassoc-04d541edfc4538228][0m
[0m[1mmodule.vpc1.aws_route_table_association.public[1]: Creation complete after 1s [id=rtbassoc-02f84dc95ceceb6df][0m
[0m[1mmodule.vpc1.aws_vpn_gateway.this[0]: Still creating... [20s elapsed][0m[0m
[0m[1mmodule.gwlb1.aws_lb.glb: Still creating... [10s elapsed][0m[0m
[0m[1mmodule.compute_client[0].aws_instance.this[0]: Still creating... [10s elapsed][0m[0m
[0m[1mmodule.compute_backend[0].aws_instance.this[0]: Still creating... [10s elapsed][0m[0m
[0m[1mmodule.compute_backend[1].aws_instance.this[0]: Still creating... [10s elapsed][0m[0m
[0m[1mmodule.compute_client[1].aws_instance.this[0]: Still creating... [10s elapsed][0m[0m
[0m[1mmodule.compute_backend[0].aws_instance.this[0]: Creation complete after 14s [id=i-04856c0933899ba53][0m
[0m[1mmodule.compute_client[0].aws_instance.this[0]: Creation complete after 15s [id=i-02643779548d51974][0m
[0m[1mmodule.compute_client[1].aws_instance.this[0]: Creation complete after 15s [id=i-06eec35c6df92da48][0m
[0m[1mmodule.compute_backend[1].aws_instance.this[0]: Creation complete after 15s [id=i-0df2976d721f24276][0m
[0m[1mmodule.gwlb1.aws_lb_target_group_attachment.glb_tg_attach[1]: Creating...[0m[0m
[0m[1mmodule.gwlb1.aws_lb_target_group_attachment.glb_tg_attach[0]: Creating...[0m[0m
[0m[1maws_route.be_resolver_routes[0]: Creating...[0m[0m
[0m[1maws_route.be_resolver_routes[1]: Creating...[0m[0m
[0m[1mmodule.gwlb1.aws_lb_target_group_attachment.glb_tg_attach[0]: Creation complete after 0s [id=arn:aws:elasticloadbalancing:us-west-2:925908137963:targetgroup/nf-lb-tg/0071c1060b41b94fb6-2024081018365787960000000c][0m
[0m[1mmodule.gwlb1.aws_lb_target_group_attachment.glb_tg_attach[1]: Creation complete after 0s [id=arn:aws:elasticloadbalancing:us-west-2:925908137963:targetgroup/nf-lb-tg/0071c1060b41b94fb6-2024081018365822480000000d][0m
[0m[1maws_route.be_resolver_routes[0]: Creation complete after 1s [id=r-rtb-0c8c702472a66097a3143537501][0m
[0m[1maws_route.be_resolver_routes[1]: Creation complete after 1s [id=r-rtb-0c8c702472a66097a1783271065][0m
[0m[1mmodule.vpc1.aws_vpn_gateway.this[0]: Still creating... [30s elapsed][0m[0m
[0m[1mmodule.gwlb1.aws_lb.glb: Still creating... [20s elapsed][0m[0m
[0m[1mmodule.vpc1.aws_vpn_gateway.this[0]: Still creating... [40s elapsed][0m[0m
[0m[1mmodule.gwlb1.aws_lb.glb: Still creating... [30s elapsed][0m[0m
[0m[1mmodule.vpc1.aws_vpn_gateway.this[0]: Creation complete after 45s [id=vgw-092ec85d7bee4c9c9][0m
[0m[1mmodule.gwlb1.aws_lb.glb: Still creating... [40s elapsed][0m[0m
[0m[1mmodule.gwlb1.aws_lb.glb: Still creating... [50s elapsed][0m[0m
[0m[1mmodule.gwlb1.aws_lb.glb: Still creating... [1m0s elapsed][0m[0m
[0m[1mmodule.gwlb1.aws_lb.glb: Still creating... [1m10s elapsed][0m[0m
[0m[1mmodule.gwlb1.aws_lb.glb: Still creating... [1m20s elapsed][0m[0m
[0m[1mmodule.gwlb1.aws_lb.glb: Still creating... [1m30s elapsed][0m[0m
[0m[1mmodule.gwlb1.aws_lb.glb: Still creating... [1m40s elapsed][0m[0m
[0m[1mmodule.gwlb1.aws_lb.glb: Still creating... [1m50s elapsed][0m[0m
[0m[1mmodule.gwlb1.aws_lb.glb: Still creating... [2m0s elapsed][0m[0m
[0m[1mmodule.gwlb1.aws_lb.glb: Still creating... [2m10s elapsed][0m[0m
[0m[1mmodule.gwlb1.aws_lb.glb: Still creating... [2m20s elapsed][0m[0m
[0m[1mmodule.gwlb1.aws_lb.glb: Still creating... [2m30s elapsed][0m[0m
[0m[1mmodule.gwlb1.aws_lb.glb: Creation complete after 2m33s [id=arn:aws:elasticloadbalancing:us-west-2:925908137963:loadbalancer/gwy/nf-lb-01/de265818aabd210d][0m
[0m[1mmodule.gwlb1.aws_vpc_endpoint_service.glb_es: Creating...[0m[0m
[0m[1mmodule.gwlb1.aws_lb_listener.glb_fe: Creating...[0m[0m
[0m[1mmodule.gwlb1.aws_lb_listener.glb_fe: Creation complete after 0s [id=arn:aws:elasticloadbalancing:us-west-2:925908137963:listener/gwy/nf-lb-01/de265818aabd210d/584d389cda38f53c][0m
[0m[1mmodule.gwlb1.aws_vpc_endpoint_service.glb_es: Creation complete after 6s [id=vpce-svc-0571a0cf4044dea06][0m
[0m[1mmodule.gwlb1.aws_vpc_endpoint.ep[0]: Creating...[0m[0m
[0m[1mmodule.gwlb1.aws_vpc_endpoint.ep[1]: Creating...[0m[0m
[0m[1mmodule.gwlb1.aws_vpc_endpoint.ep[1]: Still creating... [10s elapsed][0m[0m
[0m[1mmodule.gwlb1.aws_vpc_endpoint.ep[0]: Still creating... [10s elapsed][0m[0m
[0m[1mmodule.gwlb1.aws_vpc_endpoint.ep[0]: Still creating... [20s elapsed][0m[0m
[0m[1mmodule.gwlb1.aws_vpc_endpoint.ep[1]: Still creating... [20s elapsed][0m[0m
[0m[1mmodule.gwlb1.aws_vpc_endpoint.ep[0]: Still creating... [30s elapsed][0m[0m
[0m[1mmodule.gwlb1.aws_vpc_endpoint.ep[1]: Still creating... [30s elapsed][0m[0m
[0m[1mmodule.gwlb1.aws_vpc_endpoint.ep[1]: Still creating... [40s elapsed][0m[0m
[0m[1mmodule.gwlb1.aws_vpc_endpoint.ep[0]: Still creating... [40s elapsed][0m[0m
[0m[1mmodule.gwlb1.aws_vpc_endpoint.ep[0]: Still creating... [50s elapsed][0m[0m
[0m[1mmodule.gwlb1.aws_vpc_endpoint.ep[1]: Still creating... [50s elapsed][0m[0m
[0m[1mmodule.gwlb1.aws_vpc_endpoint.ep[0]: Still creating... [1m0s elapsed][0m[0m
[0m[1mmodule.gwlb1.aws_vpc_endpoint.ep[1]: Still creating... [1m0s elapsed][0m[0m
[0m[1mmodule.gwlb1.aws_vpc_endpoint.ep[0]: Still creating... [1m10s elapsed][0m[0m
[0m[1mmodule.gwlb1.aws_vpc_endpoint.ep[1]: Still creating... [1m10s elapsed][0m[0m
[0m[1mmodule.gwlb1.aws_vpc_endpoint.ep[1]: Still creating... [1m20s elapsed][0m[0m
[0m[1mmodule.gwlb1.aws_vpc_endpoint.ep[0]: Still creating... [1m20s elapsed][0m[0m
[0m[1mmodule.gwlb1.aws_vpc_endpoint.ep[1]: Still creating... [1m30s elapsed][0m[0m
[0m[1mmodule.gwlb1.aws_vpc_endpoint.ep[0]: Still creating... [1m30s elapsed][0m[0m
[0m[1mmodule.gwlb1.aws_vpc_endpoint.ep[0]: Creation complete after 1m33s [id=vpce-04c5c8f7e0d93744b][0m
[0m[1mmodule.gwlb1.aws_vpc_endpoint.ep[1]: Still creating... [1m40s elapsed][0m[0m
[0m[1mmodule.gwlb1.aws_vpc_endpoint.ep[1]: Creation complete after 1m43s [id=vpce-083644133bdd5c0ed][0m
[0m[1mmodule.gwlb1.aws_route.glb_routes[1]: Creating...[0m[0m
[0m[1mmodule.gwlb1.aws_route.glb_routes[0]: Creating...[0m[0m
[0m[1mmodule.gwlb1.aws_route.glb_routes[0]: Creation complete after 1s [id=r-rtb-0c8c702472a66097a3117404284][0m
[0m[1mmodule.gwlb1.aws_route.glb_routes[1]: Creation complete after 1s [id=r-rtb-069199e9112eed3eb3117404284][0m
[0m[1m[32m
Apply complete! Resources: 49 added, 0 changed, 0 destroyed.
[0m[0m[1m[32m
Outputs:

[0mbackend_public_ips = [
  "35.92.225.246",
  "35.88.136.235",
]
client_public_ips = [
  "34.211.103.5",
  "52.13.1.81",
]
endpoint_ids = [
  "vpce-04c5c8f7e0d93744b",
  "vpce-083644133bdd5c0ed",
]
route_table_ids = [
  "rtb-0c8c702472a66097a",
]
subnets = [
  "subnet-0f791c2d58107868c",
  "subnet-05bede58868061e02",
]
[0m[32m[1mCreated and switched to workspace "us-east-2"![0m[32m

You're now on a new, empty workspace. Workspaces isolate their state,
so if you run "terraform plan" Terraform will not see any existing state
for this configuration.[0m
{"id":"388d4b48-eb14-4f2f-b572-c70f0667ae6f","ownerIdentityId":"09d7c14a-a1ee-4552-a0fd-63c236648b00","createdBy":"09d7c14a-a1ee-4552-a0fd-63c236648b00","createdAt":"2024-08-10T18:41:17.756233Z","updatedAt":"2024-08-10T18:41:17.756233Z","deletedBy":null,"deletedAt":null,"networkId":"3d22b880-31df-4b5d-949f-e34fec3cd068","zitiId":"SGtbsnAFq","name":"be-er-1-us-east-2","typeId":"Router","appId":null,"appVersion":null,"branch":null,"revision":null,"type":null,"version":null,"arch":null,"os":null,"osRelease":null,"osVersion":null,"externalId":null,"authPolicyId":"8cce46f6-bfb4-4688-9486-fbc8a78de1c6","disabled":false,"disabledAt":null,"disabledUntil":null,"hasApiSession":false,"hasEdgeRouterConnection":false,"lastOnlineAt":null,"syncId":null,"syncResourceId":null,"attributes":["#novis"],"jwtExpiresAt":null,"mfaEnabled":false,"jwt":null,"online":false,"managedBy":"Router","_links":{"auth-policy":{"href":"https://gateway.production.netfoundry.io/core/v2/auth-policies/8cce46f6-bfb4-4688-9486-fbc8a78de1c6","title":"Default"},"self":{"href":"https://gateway.production.netfoundry.io/core/v2/endpoints/388d4b48-eb14-4f2f-b572-c70f0667ae6f","title":"be-er-1-us-east-2"},"network":{"href":"https://gateway.production.netfoundry.io/core/v2/networks/3d22b880-31df-4b5d-949f-e34fec3cd068","title":"dariuszdev","profile":"parent"}}}{"id":"bee3cc2c-bcdd-4f69-9fbb-2d8d2bc1096c","ownerIdentityId":"09d7c14a-a1ee-4552-a0fd-63c236648b00","createdBy":"09d7c14a-a1ee-4552-a0fd-63c236648b00","createdAt":"2024-08-10T18:41:25.226761Z","updatedAt":"2024-08-10T18:41:25.226761Z","deletedBy":null,"deletedAt":null,"networkId":"3d22b880-31df-4b5d-949f-e34fec3cd068","zitiId":"p9wrsnAFqE","name":"be-er-2-us-east-2","typeId":"Router","appId":null,"appVersion":null,"branch":null,"revision":null,"type":null,"version":null,"arch":null,"os":null,"osRelease":null,"osVersion":null,"externalId":null,"authPolicyId":"8cce46f6-bfb4-4688-9486-fbc8a78de1c6","disabled":false,"disabledAt":null,"disabledUntil":null,"hasApiSession":false,"hasEdgeRouterConnection":false,"lastOnlineAt":null,"syncId":null,"syncResourceId":null,"attributes":["#novis"],"jwtExpiresAt":null,"mfaEnabled":false,"jwt":null,"online":false,"managedBy":"Router","_links":{"auth-policy":{"href":"https://gateway.production.netfoundry.io/core/v2/auth-policies/8cce46f6-bfb4-4688-9486-fbc8a78de1c6","title":"Default"},"self":{"href":"https://gateway.production.netfoundry.io/core/v2/endpoints/bee3cc2c-bcdd-4f69-9fbb-2d8d2bc1096c","title":"be-er-2-us-east-2"},"network":{"href":"https://gateway.production.netfoundry.io/core/v2/networks/3d22b880-31df-4b5d-949f-e34fec3cd068","title":"dariuszdev","profile":"parent"}}}[0m[1mdata.template_cloudinit_config.config-client[1]: Reading...[0m[0m
[0m[1mdata.template_cloudinit_config.config-client[0]: Reading...[0m[0m
[0m[1mdata.template_cloudinit_config.config-client[0]: Read complete after 0s [id=2171264367][0m
[0m[1mdata.template_cloudinit_config.config-client[1]: Read complete after 0s [id=2171264367][0m

Terraform used the selected providers to generate the following execution
plan. Resource actions are indicated with the following symbols:
  [32m+[0m create[0m
 [36m<=[0m read (data resources)[0m

Terraform will perform the following actions:

[1m  # data.template_cloudinit_config.config-be[0][0m will be read during apply
  # (config refers to values not yet known)
[0m [36m<=[0m[0m data "template_cloudinit_config" "config-be" {
      [32m+[0m[0m base64_encode = true
      [32m+[0m[0m gzip          = true
      [32m+[0m[0m id            = (known after apply)
      [32m+[0m[0m rendered      = (known after apply)

      [32m+[0m[0m part {
          [32m+[0m[0m content      = (known after apply)
          [32m+[0m[0m content_type = "text/cloud-config"
        }
    }

[1m  # data.template_cloudinit_config.config-be[1][0m will be read during apply
  # (config refers to values not yet known)
[0m [36m<=[0m[0m data "template_cloudinit_config" "config-be" {
      [32m+[0m[0m base64_encode = true
      [32m+[0m[0m gzip          = true
      [32m+[0m[0m id            = (known after apply)
      [32m+[0m[0m rendered      = (known after apply)

      [32m+[0m[0m part {
          [32m+[0m[0m content      = (known after apply)
          [32m+[0m[0m content_type = "text/cloud-config"
        }
    }

[1m  # aws_iam_instance_profile.secret_manager_zfw_ec2_profile[0][0m will be created
[0m  [32m+[0m[0m resource "aws_iam_instance_profile" "secret_manager_zfw_ec2_profile" {
      [32m+[0m[0m arn         = (known after apply)
      [32m+[0m[0m create_date = (known after apply)
      [32m+[0m[0m id          = (known after apply)
      [32m+[0m[0m name        = "be-er-1-us-east-2_profile_us-east-2"
      [32m+[0m[0m name_prefix = (known after apply)
      [32m+[0m[0m path        = "/"
      [32m+[0m[0m role        = "glb_test_zfw_ec2_role_us-east-2"
      [32m+[0m[0m tags_all    = (known after apply)
      [32m+[0m[0m unique_id   = (known after apply)
    }

[1m  # aws_iam_instance_profile.secret_manager_zfw_ec2_profile[1][0m will be created
[0m  [32m+[0m[0m resource "aws_iam_instance_profile" "secret_manager_zfw_ec2_profile" {
      [32m+[0m[0m arn         = (known after apply)
      [32m+[0m[0m create_date = (known after apply)
      [32m+[0m[0m id          = (known after apply)
      [32m+[0m[0m name        = "be-er-2-us-east-2_profile_us-east-2"
      [32m+[0m[0m name_prefix = (known after apply)
      [32m+[0m[0m path        = "/"
      [32m+[0m[0m role        = "glb_test_zfw_ec2_role_us-east-2"
      [32m+[0m[0m tags_all    = (known after apply)
      [32m+[0m[0m unique_id   = (known after apply)
    }

[1m  # aws_iam_policy.secret_manager_zfw_policy[0m will be created
[0m  [32m+[0m[0m resource "aws_iam_policy" "secret_manager_zfw_policy" {
      [32m+[0m[0m arn              = (known after apply)
      [32m+[0m[0m attachment_count = (known after apply)
      [32m+[0m[0m description      = "Policy to read secret stored in AWS Secrets Store"
      [32m+[0m[0m id               = (known after apply)
      [32m+[0m[0m name             = "glb_test_zfw_secret_read_policy_us-east-2"
      [32m+[0m[0m name_prefix      = (known after apply)
      [32m+[0m[0m path             = "/"
      [32m+[0m[0m policy           = (known after apply)
      [32m+[0m[0m policy_id        = (known after apply)
      [32m+[0m[0m tags_all         = (known after apply)
    }

[1m  # aws_iam_role.secret_manager_zfw_ec2_role[0m will be created
[0m  [32m+[0m[0m resource "aws_iam_role" "secret_manager_zfw_ec2_role" {
      [32m+[0m[0m arn                   = (known after apply)
      [32m+[0m[0m assume_role_policy    = jsonencode(
            {
              [32m+[0m[0m Statement = [
                  [32m+[0m[0m {
                      [32m+[0m[0m Action    = "sts:AssumeRole"
                      [32m+[0m[0m Effect    = "Allow"
                      [32m+[0m[0m Principal = {
                          [32m+[0m[0m Service = "ec2.amazonaws.com"
                        }
                      [32m+[0m[0m Sid       = ""
                    },
                ]
              [32m+[0m[0m Version   = "2012-10-17"
            }
        )
      [32m+[0m[0m create_date           = (known after apply)
      [32m+[0m[0m force_detach_policies = false
      [32m+[0m[0m id                    = (known after apply)
      [32m+[0m[0m managed_policy_arns   = (known after apply)
      [32m+[0m[0m max_session_duration  = 3600
      [32m+[0m[0m name                  = "glb_test_zfw_ec2_role_us-east-2"
      [32m+[0m[0m name_prefix           = (known after apply)
      [32m+[0m[0m path                  = "/"
      [32m+[0m[0m tags_all              = (known after apply)
      [32m+[0m[0m unique_id             = (known after apply)
    }

[1m  # aws_iam_role_policy_attachment.secret_manager_zfw_policy_attachment[0m will be created
[0m  [32m+[0m[0m resource "aws_iam_role_policy_attachment" "secret_manager_zfw_policy_attachment" {
      [32m+[0m[0m id         = (known after apply)
      [32m+[0m[0m policy_arn = (known after apply)
      [32m+[0m[0m role       = "glb_test_zfw_ec2_role_us-east-2"
    }

[1m  # aws_key_pair.ssh_public_key[0m will be created
[0m  [32m+[0m[0m resource "aws_key_pair" "ssh_public_key" {
      [32m+[0m[0m arn             = (known after apply)
      [32m+[0m[0m fingerprint     = (known after apply)
      [32m+[0m[0m id              = (known after apply)
      [32m+[0m[0m key_name        = "be-test-ssh-key"
      [32m+[0m[0m key_name_prefix = (known after apply)
      [32m+[0m[0m key_pair_id     = (known after apply)
      [32m+[0m[0m key_type        = (known after apply)
      [32m+[0m[0m public_key      = "ssh-rsa AAAAB3NzaC1yc2EAAAADAQABAAABAQCjga67wcolSXaD1bswknLrejRYtZ4W55Y6qfoipYfeDVrwVgtalcWcEGPsrqcs3hd/+xSZ0bC6BakO4wpuX38I3uMH0RVOiZlKzgCkVih5hJoAi2YAMCCpV0FhAvKEWIs9HPXEW0Ke5hRkGybi7lkHIfKWwOBOQZTkHCbTR4HdcjrOo2MdTbJK/6EgsJF6Cy9k+F0z8SSKd0C2S0O2VZ49/iF5OcEHeUuyjurJZWdPl3CutQ9dNTgUkOiVfHWRUco7n4wTa/1I/8V0w8dU2F+rHu2UEo1h3humFfyT0nOfsySgLTG+4h90C+INMSungC0QwoVmpJs/TrPnaWRvZ9dJ DariuszSliwinski@dsliwinski-byod"
      [32m+[0m[0m tags_all        = (known after apply)
    }

[1m  # aws_route.be_resolver_routes[0][0m will be created
[0m  [32m+[0m[0m resource "aws_route" "be_resolver_routes" {
      [32m+[0m[0m destination_cidr_block = "100.64.0.0/13"
      [32m+[0m[0m id                     = (known after apply)
      [32m+[0m[0m instance_id            = (known after apply)
      [32m+[0m[0m instance_owner_id      = (known after apply)
      [32m+[0m[0m network_interface_id   = (known after apply)
      [32m+[0m[0m origin                 = (known after apply)
      [32m+[0m[0m route_table_id         = (known after apply)
      [32m+[0m[0m state                  = (known after apply)
    }

[1m  # aws_route.be_resolver_routes[1][0m will be created
[0m  [32m+[0m[0m resource "aws_route" "be_resolver_routes" {
      [32m+[0m[0m destination_cidr_block = "100.72.0.0/13"
      [32m+[0m[0m id                     = (known after apply)
      [32m+[0m[0m instance_id            = (known after apply)
      [32m+[0m[0m instance_owner_id      = (known after apply)
      [32m+[0m[0m network_interface_id   = (known after apply)
      [32m+[0m[0m origin                 = (known after apply)
      [32m+[0m[0m route_table_id         = (known after apply)
      [32m+[0m[0m state                  = (known after apply)
    }

[1m  # aws_secretsmanager_secret.zfw_secret_pt[0m will be created
[0m  [32m+[0m[0m resource "aws_secretsmanager_secret" "zfw_secret_pt" {
      [32m+[0m[0m arn                            = (known after apply)
      [32m+[0m[0m force_overwrite_replica_secret = false
      [32m+[0m[0m id                             = (known after apply)
      [32m+[0m[0m name                           = (known after apply)
      [32m+[0m[0m name_prefix                    = (known after apply)
      [32m+[0m[0m policy                         = (known after apply)
      [32m+[0m[0m recovery_window_in_days        = 0
      [32m+[0m[0m tags_all                       = (known after apply)
    }

[1m  # aws_secretsmanager_secret_version.zfw_secret_pt[0m will be created
[0m  [32m+[0m[0m resource "aws_secretsmanager_secret_version" "zfw_secret_pt" {
      [32m+[0m[0m arn            = (known after apply)
      [32m+[0m[0m id             = (known after apply)
      [32m+[0m[0m secret_id      = (known after apply)
      [32m+[0m[0m secret_string  = (sensitive value)
      [32m+[0m[0m version_id     = (known after apply)
      [32m+[0m[0m version_stages = (known after apply)
    }

[1m  # random_string.random_secret_name[0m will be created
[0m  [32m+[0m[0m resource "random_string" "random_secret_name" {
      [32m+[0m[0m id          = (known after apply)
      [32m+[0m[0m length      = 20
      [32m+[0m[0m lower       = true
      [32m+[0m[0m min_lower   = 0
      [32m+[0m[0m min_numeric = 0
      [32m+[0m[0m min_special = 0
      [32m+[0m[0m min_upper   = 0
      [32m+[0m[0m number      = false
      [32m+[0m[0m numeric     = false
      [32m+[0m[0m result      = (known after apply)
      [32m+[0m[0m special     = false
      [32m+[0m[0m upper       = false
    }

[1m  # module.compute_backend[0].aws_instance.this[0][0m will be created
[0m  [32m+[0m[0m resource "aws_instance" "this" {
      [32m+[0m[0m ami                                  = "ami-0b30ef8bf8f331e78"
      [32m+[0m[0m arn                                  = (known after apply)
      [32m+[0m[0m associate_public_ip_address          = true
      [32m+[0m[0m availability_zone                    = "us-east-2a"
      [32m+[0m[0m cpu_core_count                       = (known after apply)
      [32m+[0m[0m cpu_threads_per_core                 = (known after apply)
      [32m+[0m[0m disable_api_stop                     = (known after apply)
      [32m+[0m[0m disable_api_termination              = (known after apply)
      [32m+[0m[0m ebs_optimized                        = (known after apply)
      [32m+[0m[0m get_password_data                    = false
      [32m+[0m[0m host_id                              = (known after apply)
      [32m+[0m[0m host_resource_group_arn              = (known after apply)
      [32m+[0m[0m iam_instance_profile                 = "be-er-1-us-east-2_profile_us-east-2"
      [32m+[0m[0m id                                   = (known after apply)
      [32m+[0m[0m instance_initiated_shutdown_behavior = (known after apply)
      [32m+[0m[0m instance_lifecycle                   = (known after apply)
      [32m+[0m[0m instance_state                       = (known after apply)
      [32m+[0m[0m instance_type                        = "t3.medium"
      [32m+[0m[0m ipv6_address_count                   = (known after apply)
      [32m+[0m[0m ipv6_addresses                       = (known after apply)
      [32m+[0m[0m key_name                             = "be-test-ssh-key"
      [32m+[0m[0m monitoring                           = true
      [32m+[0m[0m outpost_arn                          = (known after apply)
      [32m+[0m[0m password_data                        = (known after apply)
      [32m+[0m[0m placement_group                      = (known after apply)
      [32m+[0m[0m placement_partition_number           = (known after apply)
      [32m+[0m[0m primary_network_interface_id         = (known after apply)
      [32m+[0m[0m private_dns                          = (known after apply)
      [32m+[0m[0m private_ip                           = (known after apply)
      [32m+[0m[0m public_dns                           = (known after apply)
      [32m+[0m[0m public_ip                            = (known after apply)
      [32m+[0m[0m secondary_private_ips                = (known after apply)
      [32m+[0m[0m security_groups                      = (known after apply)
      [32m+[0m[0m source_dest_check                    = false
      [32m+[0m[0m spot_instance_request_id             = (known after apply)
      [32m+[0m[0m subnet_id                            = (known after apply)
      [32m+[0m[0m tags                                 = {
          [32m+[0m[0m "Environment" = "dariusz"
          [32m+[0m[0m "Name"        = "be-er-1-us-east-2"
          [32m+[0m[0m "Terraform"   = "true"
        }
      [32m+[0m[0m tags_all                             = {
          [32m+[0m[0m "Environment" = "dariusz"
          [32m+[0m[0m "Name"        = "be-er-1-us-east-2"
          [32m+[0m[0m "Terraform"   = "true"
        }
      [32m+[0m[0m tenancy                              = (known after apply)
      [32m+[0m[0m user_data                            = (known after apply)
      [32m+[0m[0m user_data_base64                     = (known after apply)
      [32m+[0m[0m user_data_replace_on_change          = false
      [32m+[0m[0m volume_tags                          = {
          [32m+[0m[0m "Name" = "be-er-1-us-east-2"
        }
      [32m+[0m[0m vpc_security_group_ids               = (known after apply)

      [32m+[0m[0m credit_specification {}

      [32m+[0m[0m enclave_options {
          [32m+[0m[0m enabled = (known after apply)
        }

      [32m+[0m[0m metadata_options {
          [32m+[0m[0m http_endpoint               = "enabled"
          [32m+[0m[0m http_protocol_ipv6          = "disabled"
          [32m+[0m[0m http_put_response_hop_limit = 1
          [32m+[0m[0m http_tokens                 = "optional"
          [32m+[0m[0m instance_metadata_tags      = (known after apply)
        }

      [32m+[0m[0m timeouts {}
    }

[1m  # module.compute_backend[1].aws_instance.this[0][0m will be created
[0m  [32m+[0m[0m resource "aws_instance" "this" {
      [32m+[0m[0m ami                                  = "ami-0b30ef8bf8f331e78"
      [32m+[0m[0m arn                                  = (known after apply)
      [32m+[0m[0m associate_public_ip_address          = true
      [32m+[0m[0m availability_zone                    = "us-east-2b"
      [32m+[0m[0m cpu_core_count                       = (known after apply)
      [32m+[0m[0m cpu_threads_per_core                 = (known after apply)
      [32m+[0m[0m disable_api_stop                     = (known after apply)
      [32m+[0m[0m disable_api_termination              = (known after apply)
      [32m+[0m[0m ebs_optimized                        = (known after apply)
      [32m+[0m[0m get_password_data                    = false
      [32m+[0m[0m host_id                              = (known after apply)
      [32m+[0m[0m host_resource_group_arn              = (known after apply)
      [32m+[0m[0m iam_instance_profile                 = "be-er-2-us-east-2_profile_us-east-2"
      [32m+[0m[0m id                                   = (known after apply)
      [32m+[0m[0m instance_initiated_shutdown_behavior = (known after apply)
      [32m+[0m[0m instance_lifecycle                   = (known after apply)
      [32m+[0m[0m instance_state                       = (known after apply)
      [32m+[0m[0m instance_type                        = "t3.medium"
      [32m+[0m[0m ipv6_address_count                   = (known after apply)
      [32m+[0m[0m ipv6_addresses                       = (known after apply)
      [32m+[0m[0m key_name                             = "be-test-ssh-key"
      [32m+[0m[0m monitoring                           = true
      [32m+[0m[0m outpost_arn                          = (known after apply)
      [32m+[0m[0m password_data                        = (known after apply)
      [32m+[0m[0m placement_group                      = (known after apply)
      [32m+[0m[0m placement_partition_number           = (known after apply)
      [32m+[0m[0m primary_network_interface_id         = (known after apply)
      [32m+[0m[0m private_dns                          = (known after apply)
      [32m+[0m[0m private_ip                           = (known after apply)
      [32m+[0m[0m public_dns                           = (known after apply)
      [32m+[0m[0m public_ip                            = (known after apply)
      [32m+[0m[0m secondary_private_ips                = (known after apply)
      [32m+[0m[0m security_groups                      = (known after apply)
      [32m+[0m[0m source_dest_check                    = false
      [32m+[0m[0m spot_instance_request_id             = (known after apply)
      [32m+[0m[0m subnet_id                            = (known after apply)
      [32m+[0m[0m tags                                 = {
          [32m+[0m[0m "Environment" = "dariusz"
          [32m+[0m[0m "Name"        = "be-er-2-us-east-2"
          [32m+[0m[0m "Terraform"   = "true"
        }
      [32m+[0m[0m tags_all                             = {
          [32m+[0m[0m "Environment" = "dariusz"
          [32m+[0m[0m "Name"        = "be-er-2-us-east-2"
          [32m+[0m[0m "Terraform"   = "true"
        }
      [32m+[0m[0m tenancy                              = (known after apply)
      [32m+[0m[0m user_data                            = (known after apply)
      [32m+[0m[0m user_data_base64                     = (known after apply)
      [32m+[0m[0m user_data_replace_on_change          = false
      [32m+[0m[0m volume_tags                          = {
          [32m+[0m[0m "Name" = "be-er-2-us-east-2"
        }
      [32m+[0m[0m vpc_security_group_ids               = (known after apply)

      [32m+[0m[0m credit_specification {}

      [32m+[0m[0m enclave_options {
          [32m+[0m[0m enabled = (known after apply)
        }

      [32m+[0m[0m metadata_options {
          [32m+[0m[0m http_endpoint               = "enabled"
          [32m+[0m[0m http_protocol_ipv6          = "disabled"
          [32m+[0m[0m http_put_response_hop_limit = 1
          [32m+[0m[0m http_tokens                 = "optional"
          [32m+[0m[0m instance_metadata_tags      = (known after apply)
        }

      [32m+[0m[0m timeouts {}
    }

[1m  # module.compute_client[0].aws_instance.this[0][0m will be created
[0m  [32m+[0m[0m resource "aws_instance" "this" {
      [32m+[0m[0m ami                                  = "ami-0b30ef8bf8f331e78"
      [32m+[0m[0m arn                                  = (known after apply)
      [32m+[0m[0m associate_public_ip_address          = true
      [32m+[0m[0m availability_zone                    = "us-east-2a"
      [32m+[0m[0m cpu_core_count                       = (known after apply)
      [32m+[0m[0m cpu_threads_per_core                 = (known after apply)
      [32m+[0m[0m disable_api_stop                     = (known after apply)
      [32m+[0m[0m disable_api_termination              = (known after apply)
      [32m+[0m[0m ebs_optimized                        = (known after apply)
      [32m+[0m[0m get_password_data                    = false
      [32m+[0m[0m host_id                              = (known after apply)
      [32m+[0m[0m host_resource_group_arn              = (known after apply)
      [32m+[0m[0m iam_instance_profile                 = (known after apply)
      [32m+[0m[0m id                                   = (known after apply)
      [32m+[0m[0m instance_initiated_shutdown_behavior = (known after apply)
      [32m+[0m[0m instance_lifecycle                   = (known after apply)
      [32m+[0m[0m instance_state                       = (known after apply)
      [32m+[0m[0m instance_type                        = "t3.medium"
      [32m+[0m[0m ipv6_address_count                   = (known after apply)
      [32m+[0m[0m ipv6_addresses                       = (known after apply)
      [32m+[0m[0m key_name                             = "be-test-ssh-key"
      [32m+[0m[0m monitoring                           = true
      [32m+[0m[0m outpost_arn                          = (known after apply)
      [32m+[0m[0m password_data                        = (known after apply)
      [32m+[0m[0m placement_group                      = (known after apply)
      [32m+[0m[0m placement_partition_number           = (known after apply)
      [32m+[0m[0m primary_network_interface_id         = (known after apply)
      [32m+[0m[0m private_dns                          = (known after apply)
      [32m+[0m[0m private_ip                           = (known after apply)
      [32m+[0m[0m public_dns                           = (known after apply)
      [32m+[0m[0m public_ip                            = (known after apply)
      [32m+[0m[0m secondary_private_ips                = (known after apply)
      [32m+[0m[0m security_groups                      = (known after apply)
      [32m+[0m[0m source_dest_check                    = false
      [32m+[0m[0m spot_instance_request_id             = (known after apply)
      [32m+[0m[0m subnet_id                            = (known after apply)
      [32m+[0m[0m tags                                 = {
          [32m+[0m[0m "Environment" = "dariusz"
          [32m+[0m[0m "Name"        = "test_client-us-east-2a"
          [32m+[0m[0m "Terraform"   = "true"
        }
      [32m+[0m[0m tags_all                             = {
          [32m+[0m[0m "Environment" = "dariusz"
          [32m+[0m[0m "Name"        = "test_client-us-east-2a"
          [32m+[0m[0m "Terraform"   = "true"
        }
      [32m+[0m[0m tenancy                              = (known after apply)
      [32m+[0m[0m user_data                            = (known after apply)
      [32m+[0m[0m user_data_base64                     = "H4sIAAAAAAAA/6x6W3OjSrLuuyPWf1CsOTHr4YRtBKa75RM9EQKJmwRuIYtLvUxQVWpAUMASIC5xfvyOAiTLbbfx7L0f2m2jrMyszC+/zCokpkmxT4rb5ybbP05IGRdh5h2LexLWe/z/JjAtE+wdm+9/6qq+FJ52xmJuun/e0L9urf0xD9PkcTK9Y/64+ePm9vZa6I+bi+6jl+Q/98fbZYJSHCb+4+QrDIsrgc54sa+LexSnJb5FafIz9P+40UOyf2PmH9cyN5mHIs/f/7vMsFfsHyc31TEs9v/+Gcb7/PHmdrK/2IRfHm4mE9TbfJz8iWTp4LFSArZC4dpxKfpZBh3hhJKNv5qnmkqMZu8IDGxmDFT0UPSjENj8AbJmBgk6eYlxgqG6Ercagc6m+xzKs0T16dppgGW/f0YsZs0GDFbm/d9crwvLcQG26qrTy8aMp1jhmhgnuJ21SHZrvZkdIKs17lZdrTbpChOpUUV/JTpGjBIQo7j3VV0w/tNi/qBvUs1zzBgRiQHbua+Kc9+zeUb0YwZyZgClWQaJGe/F+UxdzFeiY56wLOVOq1a6OO/06PN0Jdpx6Tlm5tr1Eth1sN9e9GSQxIxnS7nDmjGUJV5VzAzau9JUrMZ1zAyyDyvRsRqo6J39878fWwE6jsEgEpeAy1fiJgoRK1VIllp9sSxdxzysSVxi2WogkXI1rDoZKEsFkqXKdYwGLZYlXbMmdQDtWetuaS6YcD1PNXGr5a5tRUDWK33Lt64zL+layBlBH1M1F/2I5oVBnMAh2eh04WRZX+TJjPUcvXTZ6qyzde1pBRWhAYoRoMW8XidGgES+dW2p6Hy149K16/aVjcQ6QEfIXc6ofrWBbaNYE+OyP5zM2dEYOEYOFBy7rNm6jsDixbJeJ2YMiVRi6hPhT5jE7bVel93Un4ht7JKi0j+Oa+txRoRZM9ZpDBRQ68/qIP/WLmbTZsyul+Bo3Lcgh47xN5SnkUvSj/yr0EKrXKfLe4BlvaRYBY5WunZ1hY2scp15pdtmM+Qwd+3pCbHL0mVnxUuszQYp+ODZfIKS+WB3GmNFO72KLzFSKGsV5M4y2gHYPIOIlF/LUQyCAb/gwzh/O6milkPZKpA8qz3SxwewRicPaE1xQjysKaHjv2DUEcb237isSX0gnjP4kGgHIAcnLFs5an6to2ntOkKAOK3+uJbqACpC5LbzGijqSI6k0RxBedoi1mi9ZFQfxWSFOaH5DCahXBeIEyL3oP09xiGdD3IduI7xt3vJ7buyocsGEVSMA+KEExD7OLnEiGFiNq5dXfNIDAmmNXTQuc5fRn9ejvmbu45xgMqFc97FK2LVS731/GXkrq2179WUy26YsbqjuEZ2TbFSu44+gu3eTyRLAXA+9hNzy1Fe2ESGulvW0i4WnjfWvDLsqtwx0mYdaQtzx+92kaSvI0N/L68uNxanokUOZlArdByKnpdnHighB7KuBsQLrin3VD0GhAiFH9WAdvAUGoNljeRZNegMXdYqsaIFUHyjt+Nljxgf11akLbaSoJuWtqExeOHo3+Wi48sWytPqJW/v4rbESc/nLmfUsMOtUOJEf6//UdkKs0YGE6Fxmw9lY2hrFZSDg8uda/Lss1W4ZFZCTr2Wf1VrY3Xp0VyzGd3jATUjnCSbHSd9iAdidD0IKMJpkKMcmULOjKGiv+4JA86Bo7Vj9YjZtP1M30W2eRjpuwVWujwdYPJrPN/pu0TqMAtlo9IPH/sIE0Br4dBxsN1jhT57n4ukwyd8TXFrjPE75cv6zJdo+yFf/jpzjPCldEAy9VH6uFbpXGabOc352Fx2wYescWP4oGuRXdP6P3PLOf5Tl2Ve7QspZg1lWk9ScMYxYqUAdnP7NKM4edOPHTw+13YYMU7wah6EshSihs9gQnXzwQsPWYWbCLknG9mvcQD2NIQsf0LhK95Kaa16pKazePsxz0o0FhRbL/0jMQLXfhWHArF1hVnrgK7yi2WrdG2eeellr/gldZ/xGMYobmrMme1ncENnb7fnk9/qG/h0fG6huGazwwiP0RqooLysDNlq0MczA+vJWgET2o+vZ0EtgGTWYHn3Pp+ROBrnM4n7RE1XsB2dK/v+wHW98oqjrAaT+ODZ397vEwTT2e1TsxDl05EcURxSHw6Iy0bOfjzbnf044e9r3ANHYz3byGDz+1kAyvSsOqafni0lDn/ubDn0P6lCi+X0Q77u+0+AlHltiL+3v26++dRfYE+J5wjBkLuEzrG052BHOyHZGtbwxf68x0Q4PdF5n/ZMIjHuu5zRzznu85zGa2zOCbxEuD4v/54r5I4rKkQ2v+MK1rXP/Xd+1QN/dwdQV+N3ADyLWJNz2bgEsnXofJR5Fr2bf8BA2cz72jIf1kTiUMMT4GiMZ/P9vl/Zz6LunPkhV3dnr8glZoyHfkXr15NnDHhzl4Aj/VO5kTof6dnxEzNoBRUh6PjqAzypiUFAInBI0doez5taP/dXzsxczjgBMiNdDi5Y0lpITA7I1vGqBhhAY5VsaFzexphyiGLkQz7Yz92xaAdA98CZLRbHYmgQ0Pv0so/tyD5IxgFZal1O//09xkGKRrjpfO6OgOOOnbtf+F4e5/ueE6TIJVKMRmriPGcjdnTO/sxdQoplMNyJCZcZxpOpjzFBicW8PSPSOBp/Y245OpN7shl+Zua6nsm95H989jytmznVGUNHonPTUG/40Ou0pojMKmD3etdk+nA9SwMF09hG47P04LOsBWPniFec/+FMS3VMK0Rm0fpZH7lT6PPgjuRh6Estlq0PZz2K//GzzrAPzgj3H3ENCRiQCDlStIjuQV+c9xKcUGJmINGm+C2PDfsZO6NPW6hIHLCN+qr+Rzhp4OjkE/zycgfQjN4BUH5M6IzwH/HjsZtbFLV6w1/v31m33Rnjur/QM8YrfrNK0M0q+ltOfKuT8w4axXj72x505nDHOHyWw6/mlQqx9efnlaGHdXeFxBjptbjWubH++YI96v/gewo52uNBg53NVSxe7mmBg2vX/vQ9bc/DTtd3uRHO7u9SFKNCb87+796ltICAGnMSrbNfZuoZ49lGC1lwAmR5veaHLUmmNTUXlmQIu5dZ7bSX4xrb8avz8IYBP3YS3mwY/LyxBNtaLM/ccICcRuAFr/FM9FMNyHy7I1YL2ZoFjqbtXr0Lmof687xaH5aN0Tw0xvOu1A875umwa9W3azeIzBjYvKzFtlm9I7fz7GkMOYt5dnQqN9UX80r04xgS4wRkq7l+H9X/o+eAWbmOLMprEXCu3rMp2gly5gLaG6qLuOwsRGRZbthZAW2pBEq+Ei2rBc8p1RV6ismgfv/PXS9cpL4aLX3ExnTGjVW5e//nU07FonCAchzDZNPl4lmelaClejRBVYwMOkIOtkKKFbNSFTNG3MZ32ToDNs/QfPx88XEKI6MA4nymimB4V8gvIDstXJuP9lWqWY4RP4V0r1qD7YfO3o6lnLr5MjzrfVL0X31589kuscpOF7Ubd37lYsKsRAKmkOi+Z/MZFv1MpbFxLvErN7YZXeImBg22efo8E/34/Htp0trh9HS15TWYmLbrqKlGYjp7BFje5aqoZZRHXMeM1bDy9W3lq4SfQluLUSicQCgwwDEYVT6viU8w0cPVJtVQYpUbdhqtI5C7Nm5XYlRubZ6xiNSsRHB5p2nKVu46UWfr/GxtD+85w8o3Opvnd6OVD3p5H8vffMSZAUo2PpaD+Jwzz37wEWsdIMtHqFGz61i5rJS7HF1vxitF9wGpT66zYQ2x8rEoECjPArxwmbUoVKoMcshKjHHYZFe/+zS/OJx/+bGdp1THuhGY1Xb+t7pYVroYrURH9Z8OjA9tifFEfgM5lOrP8/xKR4rEqMsDcMwpIg9n2S3kLJordpWomSp+85GfzUQ/I9jmD1f5T112Gqli9gZ7a1EIEMGtKhUYcWbj2Xyy2gpfKTd0OJHjAEqzaHi/PHvnPXJ6kVv2OaC57N+Z889QtmIkBm/fR4upf5YBtnGChOIs1br6XBq5Z1slFruYkb5m+UVfi+ZX2gss2q8To6Lc/xReZHaISGV3bznIiZap75gggMRsPVk6Aov6b52ws/lC4/+OH/nLusGPJX0Osr7eaI0Chs65G3ZWAhIneyYuKX6wo8U7tsiQBGJEYrJ/Tn2saFPgMJ3On1vK0fGF/57C+fR9+wM3kzgHlhBg2e/woYYz1nXUE5RnSf89BeFnz1N8x4/qec228oGjNeoinanyrF1HdCbmZc+u45UMMihbG9cx07UonFDD/3CmePvM8Lrt1P3fjLE1d9LOPP89NbfWjl+sxXllHDYMza9nu70NcTlTZT6DotDFu/MtFpruPBL6oeloDeRUn/ZaSOISNAKhfjyFaq7KVoPCiMbkjOuV6DAr0TZjQKxG7XzdlRu2PiF2l1LOF21wQqGQdXtbzL+qcuT/WDD+5fsUz7nvbfNjx21+pAEya1Q5zVXFamCHJ6FxbT4BW2GKSN2e5URHi5FjxYgzrV1UdfEGZMqsY6NC3bzspnT+wIrQPoXfTpqjf9HszcmTrQAqZrq2jRTYxhE16mCr8vv7NavZ0T5D63wTaYhY9VoUYpT0NT/g9gk4eAscaUq5cdX3oPLZthhPnkUma1F+ac6fW5amr0Wh9Owq63y3Y9LHch782HbPO86h9n7Nx7k/PYXCAXJWDkShhLRvcVrccbZyjgPtO1bryA/h4G9vaxNTnmQ8m5+CDbVBsTrEj/KKPGtBzxMNtncvseXmQ767HHQ9czP4so7M04ra3fYx+h22xE2cQxaVO0WjsyFZidq5P3/pdHe5ngYe2+Fs6Mv/nf10/0fABrRnNcAxqnWknYASXWORyrz9vo6c+qtmXqsixWGWA/shxY6Wo6bf2/C9pBiFdBbIhrmGjzFzmW3SvoZ/leelfj7apVieMa5d//RsPgKOP2Dgsr40hzVdTLl5uePMACtWu6Gff6AXEatFIq8CW4qAo0E1MmlPD53xNRfsrmNr+yzyKuQMZohRBs4xjA3GpXXOdGv9H8+Mrx/mVVeDG4qT6+855cceO8zqnJOfXf1LrGvHuWtrGZRjZr/t8HRw7fqA7Zr6m7706GDIz7dGX8yz9VW/XimDrf4u62G1rXyd5qirpTc2/q+6iPj1IZrqAxbfi8Ubvuh7r7+TpRaxVqQqOKNc7jog8Ow6cEmce47Jq0o3O/mQdX1t+9CCUKiA078/pvPMr/Irmg+H8en5Fmz/c39MItEe8L/tz+p6boK2lMFwmDH9DgMXzkNkdsJLOg/z0l6mfdOMV2L09V0Os0GBRX7T76EuVy89g/YmaS/HzGqxzPqeSWef79//vJlM0irZHx8nxzQtHumPm8kk84rgcXKfZsV9si9+pmWCj819UBTZnZ/Sz/dHEuZ5mCb54+Qv5ivP/3VzLBNE8OPN7eT/30wm+R5PbsPJX/n9PxbG9vs9/TFlmLsp+/WO5fk7ln+49/+a3O8LdJ83ebEn+P64z9P4tMd3KE1+3kwm92V+vIdhMgigIp4c93nhHYvJsOT2siTfH08h2t9MJqg8xpPb9YR6mz/e3/vpHd6f7nF876fTO5a94+/iMCnrW4/gLw93hXe889vJbTq5L0j2kczNZFJ4x8mt2DsWp8iLJ7d1+/MzK4/kM1L7OkuPxeTH/Fn5/n/oz8cXU/d+SoPxIiU/iXNRWX7/69c83SEPBft7P72FZRjjv66XdKrfrPDTV0Lm09Pz979emaafI/wGEucsXXt476cTkuJJmIRFl4WPhIoQN7/7vPP+ZjJJ0qDM3kXj5Fgmk9tbain04lu8j71m8oVh6LNif/SK/YSd/Gtyf/Kodr9HcJz6E/Zf/5xO/vnm+723t3/c/FcAAAD//6W2XFo+LAAA"
      [32m+[0m[0m user_data_replace_on_change          = false
      [32m+[0m[0m volume_tags                          = {
          [32m+[0m[0m "Name" = "test_client-us-east-2a"
        }
      [32m+[0m[0m vpc_security_group_ids               = (known after apply)

      [32m+[0m[0m credit_specification {}

      [32m+[0m[0m enclave_options {
          [32m+[0m[0m enabled = (known after apply)
        }

      [32m+[0m[0m metadata_options {
          [32m+[0m[0m http_endpoint               = "enabled"
          [32m+[0m[0m http_protocol_ipv6          = "disabled"
          [32m+[0m[0m http_put_response_hop_limit = 1
          [32m+[0m[0m http_tokens                 = "optional"
          [32m+[0m[0m instance_metadata_tags      = (known after apply)
        }

      [32m+[0m[0m timeouts {}
    }

[1m  # module.compute_client[1].aws_instance.this[0][0m will be created
[0m  [32m+[0m[0m resource "aws_instance" "this" {
      [32m+[0m[0m ami                                  = "ami-0b30ef8bf8f331e78"
      [32m+[0m[0m arn                                  = (known after apply)
      [32m+[0m[0m associate_public_ip_address          = true
      [32m+[0m[0m availability_zone                    = "us-east-2b"
      [32m+[0m[0m cpu_core_count                       = (known after apply)
      [32m+[0m[0m cpu_threads_per_core                 = (known after apply)
      [32m+[0m[0m disable_api_stop                     = (known after apply)
      [32m+[0m[0m disable_api_termination              = (known after apply)
      [32m+[0m[0m ebs_optimized                        = (known after apply)
      [32m+[0m[0m get_password_data                    = false
      [32m+[0m[0m host_id                              = (known after apply)
      [32m+[0m[0m host_resource_group_arn              = (known after apply)
      [32m+[0m[0m iam_instance_profile                 = (known after apply)
      [32m+[0m[0m id                                   = (known after apply)
      [32m+[0m[0m instance_initiated_shutdown_behavior = (known after apply)
      [32m+[0m[0m instance_lifecycle                   = (known after apply)
      [32m+[0m[0m instance_state                       = (known after apply)
      [32m+[0m[0m instance_type                        = "t3.medium"
      [32m+[0m[0m ipv6_address_count                   = (known after apply)
      [32m+[0m[0m ipv6_addresses                       = (known after apply)
      [32m+[0m[0m key_name                             = "be-test-ssh-key"
      [32m+[0m[0m monitoring                           = true
      [32m+[0m[0m outpost_arn                          = (known after apply)
      [32m+[0m[0m password_data                        = (known after apply)
      [32m+[0m[0m placement_group                      = (known after apply)
      [32m+[0m[0m placement_partition_number           = (known after apply)
      [32m+[0m[0m primary_network_interface_id         = (known after apply)
      [32m+[0m[0m private_dns                          = (known after apply)
      [32m+[0m[0m private_ip                           = (known after apply)
      [32m+[0m[0m public_dns                           = (known after apply)
      [32m+[0m[0m public_ip                            = (known after apply)
      [32m+[0m[0m secondary_private_ips                = (known after apply)
      [32m+[0m[0m security_groups                      = (known after apply)
      [32m+[0m[0m source_dest_check                    = false
      [32m+[0m[0m spot_instance_request_id             = (known after apply)
      [32m+[0m[0m subnet_id                            = (known after apply)
      [32m+[0m[0m tags                                 = {
          [32m+[0m[0m "Environment" = "dariusz"
          [32m+[0m[0m "Name"        = "test_client-us-east-2b"
          [32m+[0m[0m "Terraform"   = "true"
        }
      [32m+[0m[0m tags_all                             = {
          [32m+[0m[0m "Environment" = "dariusz"
          [32m+[0m[0m "Name"        = "test_client-us-east-2b"
          [32m+[0m[0m "Terraform"   = "true"
        }
      [32m+[0m[0m tenancy                              = (known after apply)
      [32m+[0m[0m user_data                            = (known after apply)
      [32m+[0m[0m user_data_base64                     = "H4sIAAAAAAAA/6x6W3OjSrLuuyPWf1CsOTHr4YRtBKa75RM9EQKJmwRuIYtLvUxQVWpAUMASIC5xfvyOAiTLbbfx7L0f2m2jrMyszC+/zCokpkmxT4rb5ybbP05IGRdh5h2LexLWe/z/JjAtE+wdm+9/6qq+FJ52xmJuun/e0L9urf0xD9PkcTK9Y/64+ePm9vZa6I+bi+6jl+Q/98fbZYJSHCb+4+QrDIsrgc54sa+LexSnJb5FafIz9P+40UOyf2PmH9cyN5mHIs/f/7vMsFfsHyc31TEs9v/+Gcb7/PHmdrK/2IRfHm4mE9TbfJz8iWTp4LFSArZC4dpxKfpZBh3hhJKNv5qnmkqMZu8IDGxmDFT0UPSjENj8AbJmBgk6eYlxgqG6Ercagc6m+xzKs0T16dppgGW/f0YsZs0GDFbm/d9crwvLcQG26qrTy8aMp1jhmhgnuJ21SHZrvZkdIKs17lZdrTbpChOpUUV/JTpGjBIQo7j3VV0w/tNi/qBvUs1zzBgRiQHbua+Kc9+zeUb0YwZyZgClWQaJGe/F+UxdzFeiY56wLOVOq1a6OO/06PN0Jdpx6Tlm5tr1Eth1sN9e9GSQxIxnS7nDmjGUJV5VzAzau9JUrMZ1zAyyDyvRsRqo6J39878fWwE6jsEgEpeAy1fiJgoRK1VIllp9sSxdxzysSVxi2WogkXI1rDoZKEsFkqXKdYwGLZYlXbMmdQDtWetuaS6YcD1PNXGr5a5tRUDWK33Lt64zL+layBlBH1M1F/2I5oVBnMAh2eh04WRZX+TJjPUcvXTZ6qyzde1pBRWhAYoRoMW8XidGgES+dW2p6Hy149K16/aVjcQ6QEfIXc6ofrWBbaNYE+OyP5zM2dEYOEYOFBy7rNm6jsDixbJeJ2YMiVRi6hPhT5jE7bVel93Un4ht7JKi0j+Oa+txRoRZM9ZpDBRQ68/qIP/WLmbTZsyul+Bo3Lcgh47xN5SnkUvSj/yr0EKrXKfLe4BlvaRYBY5WunZ1hY2scp15pdtmM+Qwd+3pCbHL0mVnxUuszQYp+ODZfIKS+WB3GmNFO72KLzFSKGsV5M4y2gHYPIOIlF/LUQyCAb/gwzh/O6milkPZKpA8qz3SxwewRicPaE1xQjysKaHjv2DUEcb237isSX0gnjP4kGgHIAcnLFs5an6to2ntOkKAOK3+uJbqACpC5LbzGijqSI6k0RxBedoi1mi9ZFQfxWSFOaH5DCahXBeIEyL3oP09xiGdD3IduI7xt3vJ7buyocsGEVSMA+KEExD7OLnEiGFiNq5dXfNIDAmmNXTQuc5fRn9ejvmbu45xgMqFc97FK2LVS731/GXkrq2179WUy26YsbqjuEZ2TbFSu44+gu3eTyRLAXA+9hNzy1Fe2ESGulvW0i4WnjfWvDLsqtwx0mYdaQtzx+92kaSvI0N/L68uNxanokUOZlArdByKnpdnHighB7KuBsQLrin3VD0GhAiFH9WAdvAUGoNljeRZNegMXdYqsaIFUHyjt+Nljxgf11akLbaSoJuWtqExeOHo3+Wi48sWytPqJW/v4rbESc/nLmfUsMOtUOJEf6//UdkKs0YGE6Fxmw9lY2hrFZSDg8uda/Lss1W4ZFZCTr2Wf1VrY3Xp0VyzGd3jATUjnCSbHSd9iAdidD0IKMJpkKMcmULOjKGiv+4JA86Bo7Vj9YjZtP1M30W2eRjpuwVWujwdYPJrPN/pu0TqMAtlo9IPH/sIE0Br4dBxsN1jhT57n4ukwyd8TXFrjPE75cv6zJdo+yFf/jpzjPCldEAy9VH6uFbpXGabOc352Fx2wYescWP4oGuRXdP6P3PLOf5Tl2Ve7QspZg1lWk9ScMYxYqUAdnP7NKM4edOPHTw+13YYMU7wah6EshSihs9gQnXzwQsPWYWbCLknG9mvcQD2NIQsf0LhK95Kaa16pKazePsxz0o0FhRbL/0jMQLXfhWHArF1hVnrgK7yi2WrdG2eeellr/gldZ/xGMYobmrMme1ncENnb7fnk9/qG/h0fG6huGazwwiP0RqooLysDNlq0MczA+vJWgET2o+vZ0EtgGTWYHn3Pp+ROBrnM4n7RE1XsB2dK/v+wHW98oqjrAaT+ODZ397vEwTT2e1TsxDl05EcURxSHw6Iy0bOfjzbnf044e9r3ANHYz3byGDz+1kAyvSsOqafni0lDn/ubDn0P6lCi+X0Q77u+0+AlHltiL+3v26++dRfYE+J5wjBkLuEzrG052BHOyHZGtbwxf68x0Q4PdF5n/ZMIjHuu5zRzznu85zGa2zOCbxEuD4v/54r5I4rKkQ2v+MK1rXP/Xd+1QN/dwdQV+N3ADyLWJNz2bgEsnXofJR5Fr2bf8BA2cz72jIf1kTiUMMT4GiMZ/P9vl/Zz6LunPkhV3dnr8glZoyHfkXr15NnDHhzl4Aj/VO5kTof6dnxEzNoBRUh6PjqAzypiUFAInBI0doez5taP/dXzsxczjgBMiNdDi5Y0lpITA7I1vGqBhhAY5VsaFzexphyiGLkQz7Yz92xaAdA98CZLRbHYmgQ0Pv0so/tyD5IxgFZal1O//09xkGKRrjpfO6OgOOOnbtf+F4e5/ueE6TIJVKMRmriPGcjdnTO/sxdQoplMNyJCZcZxpOpjzFBicW8PSPSOBp/Y245OpN7shl+Zua6nsm95H989jytmznVGUNHonPTUG/40Ou0pojMKmD3etdk+nA9SwMF09hG47P04LOsBWPniFec/+FMS3VMK0Rm0fpZH7lT6PPgjuRh6Estlq0PZz2K//GzzrAPzgj3H3ENCRiQCDlStIjuQV+c9xKcUGJmINGm+C2PDfsZO6NPW6hIHLCN+qr+Rzhp4OjkE/zycgfQjN4BUH5M6IzwH/HjsZtbFLV6w1/v31m33Rnjur/QM8YrfrNK0M0q+ltOfKuT8w4axXj72x505nDHOHyWw6/mlQqx9efnlaGHdXeFxBjptbjWubH++YI96v/gewo52uNBg53NVSxe7mmBg2vX/vQ9bc/DTtd3uRHO7u9SFKNCb87+796ltICAGnMSrbNfZuoZ49lGC1lwAmR5veaHLUmmNTUXlmQIu5dZ7bSX4xrb8avz8IYBP3YS3mwY/LyxBNtaLM/ccICcRuAFr/FM9FMNyHy7I1YL2ZoFjqbtXr0Lmof687xaH5aN0Tw0xvOu1A875umwa9W3azeIzBjYvKzFtlm9I7fz7GkMOYt5dnQqN9UX80r04xgS4wRkq7l+H9X/o+eAWbmOLMprEXCu3rMp2gly5gLaG6qLuOwsRGRZbthZAW2pBEq+Ei2rBc8p1RV6ismgfv/PXS9cpL4aLX3ExnTGjVW5e//nU07FonCAchzDZNPl4lmelaClejRBVYwMOkIOtkKKFbNSFTNG3MZ32ToDNs/QfPx88XEKI6MA4nymimB4V8gvIDstXJuP9lWqWY4RP4V0r1qD7YfO3o6lnLr5MjzrfVL0X31589kuscpOF7Ubd37lYsKsRAKmkOi+Z/MZFv1MpbFxLvErN7YZXeImBg22efo8E/34/Htp0trh9HS15TWYmLbrqKlGYjp7BFje5aqoZZRHXMeM1bDy9W3lq4SfQluLUSicQCgwwDEYVT6viU8w0cPVJtVQYpUbdhqtI5C7Nm5XYlRubZ6xiNSsRHB5p2nKVu46UWfr/GxtD+85w8o3Opvnd6OVD3p5H8vffMSZAUo2PpaD+Jwzz37wEWsdIMtHqFGz61i5rJS7HF1vxitF9wGpT66zYQ2x8rEoECjPArxwmbUoVKoMcshKjHHYZFe/+zS/OJx/+bGdp1THuhGY1Xb+t7pYVroYrURH9Z8OjA9tifFEfgM5lOrP8/xKR4rEqMsDcMwpIg9n2S3kLJordpWomSp+85GfzUQ/I9jmD1f5T112Gqli9gZ7a1EIEMGtKhUYcWbj2Xyy2gpfKTd0OJHjAEqzaHi/PHvnPXJ6kVv2OaC57N+Z889QtmIkBm/fR4upf5YBtnGChOIs1br6XBq5Z1slFruYkb5m+UVfi+ZX2gss2q8To6Lc/xReZHaISGV3bznIiZap75gggMRsPVk6Aov6b52ws/lC4/+OH/nLusGPJX0Osr7eaI0Chs65G3ZWAhIneyYuKX6wo8U7tsiQBGJEYrJ/Tn2saFPgMJ3On1vK0fGF/57C+fR9+wM3kzgHlhBg2e/woYYz1nXUE5RnSf89BeFnz1N8x4/qec228oGjNeoinanyrF1HdCbmZc+u45UMMihbG9cx07UonFDD/3CmePvM8Lrt1P3fjLE1d9LOPP89NbfWjl+sxXllHDYMza9nu70NcTlTZT6DotDFu/MtFpruPBL6oeloDeRUn/ZaSOISNAKhfjyFaq7KVoPCiMbkjOuV6DAr0TZjQKxG7XzdlRu2PiF2l1LOF21wQqGQdXtbzL+qcuT/WDD+5fsUz7nvbfNjx21+pAEya1Q5zVXFamCHJ6FxbT4BW2GKSN2e5URHi5FjxYgzrV1UdfEGZMqsY6NC3bzspnT+wIrQPoXfTpqjf9HszcmTrQAqZrq2jRTYxhE16mCr8vv7NavZ0T5D63wTaYhY9VoUYpT0NT/g9gk4eAscaUq5cdX3oPLZthhPnkUma1F+ac6fW5amr0Wh9Owq63y3Y9LHch782HbPO86h9n7Nx7k/PYXCAXJWDkShhLRvcVrccbZyjgPtO1bryA/h4G9vaxNTnmQ8m5+CDbVBsTrEj/KKPGtBzxMNtncvseXmQ767HHQ9czP4so7M04ra3fYx+h22xE2cQxaVO0WjsyFZidq5P3/pdHe5ngYe2+Fs6Mv/nf10/0fABrRnNcAxqnWknYASXWORyrz9vo6c+qtmXqsixWGWA/shxY6Wo6bf2/C9pBiFdBbIhrmGjzFzmW3SvoZ/leelfj7apVieMa5d//RsPgKOP2Dgsr40hzVdTLl5uePMACtWu6Gff6AXEatFIq8CW4qAo0E1MmlPD53xNRfsrmNr+yzyKuQMZohRBs4xjA3GpXXOdGv9H8+Mrx/mVVeDG4qT6+855cceO8zqnJOfXf1LrGvHuWtrGZRjZr/t8HRw7fqA7Zr6m7706GDIz7dGX8yz9VW/XimDrf4u62G1rXyd5qirpTc2/q+6iPj1IZrqAxbfi8Ubvuh7r7+TpRaxVqQqOKNc7jog8Ow6cEmce47Jq0o3O/mQdX1t+9CCUKiA078/pvPMr/Irmg+H8en5Fmz/c39MItEe8L/tz+p6boK2lMFwmDH9DgMXzkNkdsJLOg/z0l6mfdOMV2L09V0Os0GBRX7T76EuVy89g/YmaS/HzGqxzPqeSWef79//vJlM0irZHx8nxzQtHumPm8kk84rgcXKfZsV9si9+pmWCj819UBTZnZ/Sz/dHEuZ5mCb54+Qv5ivP/3VzLBNE8OPN7eT/30wm+R5PbsPJX/n9PxbG9vs9/TFlmLsp+/WO5fk7ln+49/+a3O8LdJ83ebEn+P64z9P4tMd3KE1+3kwm92V+vIdhMgigIp4c93nhHYvJsOT2siTfH08h2t9MJqg8xpPb9YR6mz/e3/vpHd6f7nF876fTO5a94+/iMCnrW4/gLw93hXe889vJbTq5L0j2kczNZFJ4x8mt2DsWp8iLJ7d1+/MzK4/kM1L7OkuPxeTH/Fn5/n/oz8cXU/d+SoPxIiU/iXNRWX7/69c83SEPBft7P72FZRjjv66XdKrfrPDTV0Lm09Pz979emaafI/wGEucsXXt476cTkuJJmIRFl4WPhIoQN7/7vPP+ZjJJ0qDM3kXj5Fgmk9tbain04lu8j71m8oVh6LNif/SK/YSd/Gtyf/Kodr9HcJz6E/Zf/5xO/vnm+723t3/c/FcAAAD//6W2XFo+LAAA"
      [32m+[0m[0m user_data_replace_on_change          = false
      [32m+[0m[0m volume_tags                          = {
          [32m+[0m[0m "Name" = "test_client-us-east-2b"
        }
      [32m+[0m[0m vpc_security_group_ids               = (known after apply)

      [32m+[0m[0m credit_specification {}

      [32m+[0m[0m enclave_options {
          [32m+[0m[0m enabled = (known after apply)
        }

      [32m+[0m[0m metadata_options {
          [32m+[0m[0m http_endpoint               = "enabled"
          [32m+[0m[0m http_protocol_ipv6          = "disabled"
          [32m+[0m[0m http_put_response_hop_limit = 1
          [32m+[0m[0m http_tokens                 = "optional"
          [32m+[0m[0m instance_metadata_tags      = (known after apply)
        }

      [32m+[0m[0m timeouts {}
    }

[1m  # module.gwlb1.aws_lb.glb[0m will be created
[0m  [32m+[0m[0m resource "aws_lb" "glb" {
      [32m+[0m[0m arn                                                          = (known after apply)
      [32m+[0m[0m arn_suffix                                                   = (known after apply)
      [32m+[0m[0m dns_name                                                     = (known after apply)
      [32m+[0m[0m enable_cross_zone_load_balancing                             = true
      [32m+[0m[0m enable_deletion_protection                                   = false
      [32m+[0m[0m enforce_security_group_inbound_rules_on_private_link_traffic = (known after apply)
      [32m+[0m[0m id                                                           = (known after apply)
      [32m+[0m[0m internal                                                     = (known after apply)
      [32m+[0m[0m ip_address_type                                              = (known after apply)
      [32m+[0m[0m load_balancer_type                                           = "gateway"
      [32m+[0m[0m name                                                         = "nf-lb-01"
      [32m+[0m[0m name_prefix                                                  = (known after apply)
      [32m+[0m[0m security_groups                                              = (known after apply)
      [32m+[0m[0m subnets                                                      = (known after apply)
      [32m+[0m[0m tags_all                                                     = (known after apply)
      [32m+[0m[0m vpc_id                                                       = (known after apply)
      [32m+[0m[0m zone_id                                                      = (known after apply)

      [32m+[0m[0m subnet_mapping {
          [32m+[0m[0m outpost_id           = (known after apply)
          [32m+[0m[0m subnet_id            = (known after apply)
            [90m# (3 unchanged attributes hidden)[0m[0m
        }
      [32m+[0m[0m subnet_mapping {
          [32m+[0m[0m outpost_id           = (known after apply)
          [32m+[0m[0m subnet_id            = (known after apply)
            [90m# (3 unchanged attributes hidden)[0m[0m
        }
    }

[1m  # module.gwlb1.aws_lb_listener.glb_fe[0m will be created
[0m  [32m+[0m[0m resource "aws_lb_listener" "glb_fe" {
      [32m+[0m[0m arn               = (known after apply)
      [32m+[0m[0m id                = (known after apply)
      [32m+[0m[0m load_balancer_arn = (known after apply)
      [32m+[0m[0m protocol          = (known after apply)
      [32m+[0m[0m ssl_policy        = (known after apply)
      [32m+[0m[0m tags_all          = (known after apply)

      [32m+[0m[0m default_action {
          [32m+[0m[0m order            = (known after apply)
          [32m+[0m[0m target_group_arn = (known after apply)
          [32m+[0m[0m type             = "forward"
        }
    }

[1m  # module.gwlb1.aws_lb_target_group.glb_tg[0m will be created
[0m  [32m+[0m[0m resource "aws_lb_target_group" "glb_tg" {
      [32m+[0m[0m arn                                = (known after apply)
      [32m+[0m[0m arn_suffix                         = (known after apply)
      [32m+[0m[0m connection_termination             = (known after apply)
      [32m+[0m[0m deregistration_delay               = "300"
      [32m+[0m[0m id                                 = (known after apply)
      [32m+[0m[0m ip_address_type                    = (known after apply)
      [32m+[0m[0m lambda_multi_value_headers_enabled = false
      [32m+[0m[0m load_balancer_arns                 = (known after apply)
      [32m+[0m[0m load_balancing_algorithm_type      = (known after apply)
      [32m+[0m[0m load_balancing_anomaly_mitigation  = (known after apply)
      [32m+[0m[0m load_balancing_cross_zone_enabled  = (known after apply)
      [32m+[0m[0m name                               = "nf-lb-tg"
      [32m+[0m[0m name_prefix                        = (known after apply)
      [32m+[0m[0m port                               = 6081
      [32m+[0m[0m preserve_client_ip                 = (known after apply)
      [32m+[0m[0m protocol                           = "GENEVE"
      [32m+[0m[0m protocol_version                   = (known after apply)
      [32m+[0m[0m proxy_protocol_v2                  = false
      [32m+[0m[0m slow_start                         = 0
      [32m+[0m[0m tags_all                           = (known after apply)
      [32m+[0m[0m target_type                        = "instance"
      [32m+[0m[0m vpc_id                             = (known after apply)

      [32m+[0m[0m health_check {
          [32m+[0m[0m enabled             = true
          [32m+[0m[0m healthy_threshold   = 2
          [32m+[0m[0m interval            = 5
          [32m+[0m[0m matcher             = "200-399"
          [32m+[0m[0m path                = "/health-checks"
          [32m+[0m[0m port                = "8081"
          [32m+[0m[0m protocol            = "HTTPS"
          [32m+[0m[0m timeout             = 2
          [32m+[0m[0m unhealthy_threshold = 2
        }
    }

[1m  # module.gwlb1.aws_lb_target_group_attachment.glb_tg_attach[0][0m will be created
[0m  [32m+[0m[0m resource "aws_lb_target_group_attachment" "glb_tg_attach" {
      [32m+[0m[0m id               = (known after apply)
      [32m+[0m[0m target_group_arn = (known after apply)
      [32m+[0m[0m target_id        = (known after apply)
    }

[1m  # module.gwlb1.aws_lb_target_group_attachment.glb_tg_attach[1][0m will be created
[0m  [32m+[0m[0m resource "aws_lb_target_group_attachment" "glb_tg_attach" {
      [32m+[0m[0m id               = (known after apply)
      [32m+[0m[0m target_group_arn = (known after apply)
      [32m+[0m[0m target_id        = (known after apply)
    }

[1m  # module.gwlb1.aws_route.glb_routes[0][0m will be created
[0m  [32m+[0m[0m resource "aws_route" "glb_routes" {
      [32m+[0m[0m destination_cidr_block = "100.127.255.254/32"
      [32m+[0m[0m id                     = (known after apply)
      [32m+[0m[0m instance_id            = (known after apply)
      [32m+[0m[0m instance_owner_id      = (known after apply)
      [32m+[0m[0m network_interface_id   = (known after apply)
      [32m+[0m[0m origin                 = (known after apply)
      [32m+[0m[0m route_table_id         = (known after apply)
      [32m+[0m[0m state                  = (known after apply)
      [32m+[0m[0m vpc_endpoint_id        = (known after apply)
    }

[1m  # module.gwlb1.aws_route.glb_routes[1][0m will be created
[0m  [32m+[0m[0m resource "aws_route" "glb_routes" {
      [32m+[0m[0m destination_cidr_block = "100.127.255.254/32"
      [32m+[0m[0m id                     = (known after apply)
      [32m+[0m[0m instance_id            = (known after apply)
      [32m+[0m[0m instance_owner_id      = (known after apply)
      [32m+[0m[0m network_interface_id   = (known after apply)
      [32m+[0m[0m origin                 = (known after apply)
      [32m+[0m[0m route_table_id         = (known after apply)
      [32m+[0m[0m state                  = (known after apply)
      [32m+[0m[0m vpc_endpoint_id        = (known after apply)
    }

[1m  # module.gwlb1.aws_vpc_endpoint.ep[0][0m will be created
[0m  [32m+[0m[0m resource "aws_vpc_endpoint" "ep" {
      [32m+[0m[0m arn                   = (known after apply)
      [32m+[0m[0m cidr_blocks           = (known after apply)
      [32m+[0m[0m dns_entry             = (known after apply)
      [32m+[0m[0m id                    = (known after apply)
      [32m+[0m[0m ip_address_type       = (known after apply)
      [32m+[0m[0m network_interface_ids = (known after apply)
      [32m+[0m[0m owner_id              = (known after apply)
      [32m+[0m[0m policy                = (known after apply)
      [32m+[0m[0m prefix_list_id        = (known after apply)
      [32m+[0m[0m private_dns_enabled   = (known after apply)
      [32m+[0m[0m requester_managed     = (known after apply)
      [32m+[0m[0m route_table_ids       = (known after apply)
      [32m+[0m[0m security_group_ids    = (known after apply)
      [32m+[0m[0m service_name          = (known after apply)
      [32m+[0m[0m state                 = (known after apply)
      [32m+[0m[0m subnet_ids            = (known after apply)
      [32m+[0m[0m tags_all              = (known after apply)
      [32m+[0m[0m vpc_endpoint_type     = (known after apply)
      [32m+[0m[0m vpc_id                = (known after apply)
    }

[1m  # module.gwlb1.aws_vpc_endpoint.ep[1][0m will be created
[0m  [32m+[0m[0m resource "aws_vpc_endpoint" "ep" {
      [32m+[0m[0m arn                   = (known after apply)
      [32m+[0m[0m cidr_blocks           = (known after apply)
      [32m+[0m[0m dns_entry             = (known after apply)
      [32m+[0m[0m id                    = (known after apply)
      [32m+[0m[0m ip_address_type       = (known after apply)
      [32m+[0m[0m network_interface_ids = (known after apply)
      [32m+[0m[0m owner_id              = (known after apply)
      [32m+[0m[0m policy                = (known after apply)
      [32m+[0m[0m prefix_list_id        = (known after apply)
      [32m+[0m[0m private_dns_enabled   = (known after apply)
      [32m+[0m[0m requester_managed     = (known after apply)
      [32m+[0m[0m route_table_ids       = (known after apply)
      [32m+[0m[0m security_group_ids    = (known after apply)
      [32m+[0m[0m service_name          = (known after apply)
      [32m+[0m[0m state                 = (known after apply)
      [32m+[0m[0m subnet_ids            = (known after apply)
      [32m+[0m[0m tags_all              = (known after apply)
      [32m+[0m[0m vpc_endpoint_type     = (known after apply)
      [32m+[0m[0m vpc_id                = (known after apply)
    }

[1m  # module.gwlb1.aws_vpc_endpoint_service.glb_es[0m will be created
[0m  [32m+[0m[0m resource "aws_vpc_endpoint_service" "glb_es" {
      [32m+[0m[0m acceptance_required            = false
      [32m+[0m[0m allowed_principals             = [
          [32m+[0m[0m "arn:aws:iam::aws-account-id:user/*",
        ]
      [32m+[0m[0m arn                            = (known after apply)
      [32m+[0m[0m availability_zones             = (known after apply)
      [32m+[0m[0m base_endpoint_dns_names        = (known after apply)
      [32m+[0m[0m gateway_load_balancer_arns     = (known after apply)
      [32m+[0m[0m id                             = (known after apply)
      [32m+[0m[0m manages_vpc_endpoints          = (known after apply)
      [32m+[0m[0m private_dns_name               = (known after apply)
      [32m+[0m[0m private_dns_name_configuration = (known after apply)
      [32m+[0m[0m service_name                   = (known after apply)
      [32m+[0m[0m service_type                   = (known after apply)
      [32m+[0m[0m state                          = (known after apply)
      [32m+[0m[0m supported_ip_address_types     = (known after apply)
      [32m+[0m[0m tags_all                       = (known after apply)
    }

[1m  # module.sg_be[0].aws_security_group.this_name_prefix[0][0m will be created
[0m  [32m+[0m[0m resource "aws_security_group" "this_name_prefix" {
      [32m+[0m[0m arn                    = (known after apply)
      [32m+[0m[0m description            = "Security group for backend er of glb with custom ports open within VPC"
      [32m+[0m[0m egress                 = (known after apply)
      [32m+[0m[0m id                     = (known after apply)
      [32m+[0m[0m ingress                = (known after apply)
      [32m+[0m[0m name                   = (known after apply)
      [32m+[0m[0m name_prefix            = "be-er-1-us-east-2-sg-"
      [32m+[0m[0m owner_id               = (known after apply)
      [32m+[0m[0m revoke_rules_on_delete = false
      [32m+[0m[0m tags                   = {
          [32m+[0m[0m "Environment" = "dariusz"
          [32m+[0m[0m "Name"        = "be-er-1-us-east-2-sg"
          [32m+[0m[0m "Terraform"   = "true"
        }
      [32m+[0m[0m tags_all               = {
          [32m+[0m[0m "Environment" = "dariusz"
          [32m+[0m[0m "Name"        = "be-er-1-us-east-2-sg"
          [32m+[0m[0m "Terraform"   = "true"
        }
      [32m+[0m[0m vpc_id                 = (known after apply)

      [32m+[0m[0m timeouts {
          [32m+[0m[0m create = "10m"
          [32m+[0m[0m delete = "15m"
        }
    }

[1m  # module.sg_be[0].aws_security_group_rule.egress_with_cidr_blocks[0][0m will be created
[0m  [32m+[0m[0m resource "aws_security_group_rule" "egress_with_cidr_blocks" {
      [32m+[0m[0m cidr_blocks              = [
          [32m+[0m[0m "0.0.0.0/0",
        ]
      [32m+[0m[0m description              = "Egress Rule"
      [32m+[0m[0m from_port                = -1
      [32m+[0m[0m id                       = (known after apply)
      [32m+[0m[0m prefix_list_ids          = []
      [32m+[0m[0m protocol                 = "-1"
      [32m+[0m[0m security_group_id        = (known after apply)
      [32m+[0m[0m security_group_rule_id   = (known after apply)
      [32m+[0m[0m self                     = false
      [32m+[0m[0m source_security_group_id = (known after apply)
      [32m+[0m[0m to_port                  = -1
      [32m+[0m[0m type                     = "egress"
    }

[1m  # module.sg_be[0].aws_security_group_rule.ingress_with_cidr_blocks[0][0m will be created
[0m  [32m+[0m[0m resource "aws_security_group_rule" "ingress_with_cidr_blocks" {
      [32m+[0m[0m cidr_blocks              = [
          [32m+[0m[0m "10.0.0.0/8",
        ]
      [32m+[0m[0m description              = "Ingress Rule"
      [32m+[0m[0m from_port                = -1
      [32m+[0m[0m id                       = (known after apply)
      [32m+[0m[0m prefix_list_ids          = []
      [32m+[0m[0m protocol                 = "-1"
      [32m+[0m[0m security_group_id        = (known after apply)
      [32m+[0m[0m security_group_rule_id   = (known after apply)
      [32m+[0m[0m self                     = false
      [32m+[0m[0m source_security_group_id = (known after apply)
      [32m+[0m[0m to_port                  = -1
      [32m+[0m[0m type                     = "ingress"
    }

[1m  # module.sg_be[0].aws_security_group_rule.ingress_with_cidr_blocks[1][0m will be created
[0m  [32m+[0m[0m resource "aws_security_group_rule" "ingress_with_cidr_blocks" {
      [32m+[0m[0m cidr_blocks              = [
          [32m+[0m[0m "0.0.0.0/0",
        ]
      [32m+[0m[0m description              = "Ingress Rule"
      [32m+[0m[0m from_port                = 22
      [32m+[0m[0m id                       = (known after apply)
      [32m+[0m[0m prefix_list_ids          = []
      [32m+[0m[0m protocol                 = "tcp"
      [32m+[0m[0m security_group_id        = (known after apply)
      [32m+[0m[0m security_group_rule_id   = (known after apply)
      [32m+[0m[0m self                     = false
      [32m+[0m[0m source_security_group_id = (known after apply)
      [32m+[0m[0m to_port                  = 22
      [32m+[0m[0m type                     = "ingress"
    }

[1m  # module.sg_be[1].aws_security_group.this_name_prefix[0][0m will be created
[0m  [32m+[0m[0m resource "aws_security_group" "this_name_prefix" {
      [32m+[0m[0m arn                    = (known after apply)
      [32m+[0m[0m description            = "Security group for backend er of glb with custom ports open within VPC"
      [32m+[0m[0m egress                 = (known after apply)
      [32m+[0m[0m id                     = (known after apply)
      [32m+[0m[0m ingress                = (known after apply)
      [32m+[0m[0m name                   = (known after apply)
      [32m+[0m[0m name_prefix            = "be-er-2-us-east-2-sg-"
      [32m+[0m[0m owner_id               = (known after apply)
      [32m+[0m[0m revoke_rules_on_delete = false
      [32m+[0m[0m tags                   = {
          [32m+[0m[0m "Environment" = "dariusz"
          [32m+[0m[0m "Name"        = "be-er-2-us-east-2-sg"
          [32m+[0m[0m "Terraform"   = "true"
        }
      [32m+[0m[0m tags_all               = {
          [32m+[0m[0m "Environment" = "dariusz"
          [32m+[0m[0m "Name"        = "be-er-2-us-east-2-sg"
          [32m+[0m[0m "Terraform"   = "true"
        }
      [32m+[0m[0m vpc_id                 = (known after apply)

      [32m+[0m[0m timeouts {
          [32m+[0m[0m create = "10m"
          [32m+[0m[0m delete = "15m"
        }
    }

[1m  # module.sg_be[1].aws_security_group_rule.egress_with_cidr_blocks[0][0m will be created
[0m  [32m+[0m[0m resource "aws_security_group_rule" "egress_with_cidr_blocks" {
      [32m+[0m[0m cidr_blocks              = [
          [32m+[0m[0m "0.0.0.0/0",
        ]
      [32m+[0m[0m description              = "Egress Rule"
      [32m+[0m[0m from_port                = -1
      [32m+[0m[0m id                       = (known after apply)
      [32m+[0m[0m prefix_list_ids          = []
      [32m+[0m[0m protocol                 = "-1"
      [32m+[0m[0m security_group_id        = (known after apply)
      [32m+[0m[0m security_group_rule_id   = (known after apply)
      [32m+[0m[0m self                     = false
      [32m+[0m[0m source_security_group_id = (known after apply)
      [32m+[0m[0m to_port                  = -1
      [32m+[0m[0m type                     = "egress"
    }

[1m  # module.sg_be[1].aws_security_group_rule.ingress_with_cidr_blocks[0][0m will be created
[0m  [32m+[0m[0m resource "aws_security_group_rule" "ingress_with_cidr_blocks" {
      [32m+[0m[0m cidr_blocks              = [
          [32m+[0m[0m "10.0.0.0/8",
        ]
      [32m+[0m[0m description              = "Ingress Rule"
      [32m+[0m[0m from_port                = -1
      [32m+[0m[0m id                       = (known after apply)
      [32m+[0m[0m prefix_list_ids          = []
      [32m+[0m[0m protocol                 = "-1"
      [32m+[0m[0m security_group_id        = (known after apply)
      [32m+[0m[0m security_group_rule_id   = (known after apply)
      [32m+[0m[0m self                     = false
      [32m+[0m[0m source_security_group_id = (known after apply)
      [32m+[0m[0m to_port                  = -1
      [32m+[0m[0m type                     = "ingress"
    }

[1m  # module.sg_be[1].aws_security_group_rule.ingress_with_cidr_blocks[1][0m will be created
[0m  [32m+[0m[0m resource "aws_security_group_rule" "ingress_with_cidr_blocks" {
      [32m+[0m[0m cidr_blocks              = [
          [32m+[0m[0m "0.0.0.0/0",
        ]
      [32m+[0m[0m description              = "Ingress Rule"
      [32m+[0m[0m from_port                = 22
      [32m+[0m[0m id                       = (known after apply)
      [32m+[0m[0m prefix_list_ids          = []
      [32m+[0m[0m protocol                 = "tcp"
      [32m+[0m[0m security_group_id        = (known after apply)
      [32m+[0m[0m security_group_rule_id   = (known after apply)
      [32m+[0m[0m self                     = false
      [32m+[0m[0m source_security_group_id = (known after apply)
      [32m+[0m[0m to_port                  = 22
      [32m+[0m[0m type                     = "ingress"
    }

[1m  # module.sg_client.aws_security_group.this_name_prefix[0][0m will be created
[0m  [32m+[0m[0m resource "aws_security_group" "this_name_prefix" {
      [32m+[0m[0m arn                    = (known after apply)
      [32m+[0m[0m description            = "Security group for clients with custom ports open within VPC"
      [32m+[0m[0m egress                 = (known after apply)
      [32m+[0m[0m id                     = (known after apply)
      [32m+[0m[0m ingress                = (known after apply)
      [32m+[0m[0m name                   = (known after apply)
      [32m+[0m[0m name_prefix            = "test_client-sg-"
      [32m+[0m[0m owner_id               = (known after apply)
      [32m+[0m[0m revoke_rules_on_delete = false
      [32m+[0m[0m tags                   = {
          [32m+[0m[0m "Environment" = "dariusz"
          [32m+[0m[0m "Name"        = "test_client-sg"
          [32m+[0m[0m "Terraform"   = "true"
        }
      [32m+[0m[0m tags_all               = {
          [32m+[0m[0m "Environment" = "dariusz"
          [32m+[0m[0m "Name"        = "test_client-sg"
          [32m+[0m[0m "Terraform"   = "true"
        }
      [32m+[0m[0m vpc_id                 = (known after apply)

      [32m+[0m[0m timeouts {
          [32m+[0m[0m create = "10m"
          [32m+[0m[0m delete = "15m"
        }
    }

[1m  # module.sg_client.aws_security_group_rule.egress_with_cidr_blocks[0][0m will be created
[0m  [32m+[0m[0m resource "aws_security_group_rule" "egress_with_cidr_blocks" {
      [32m+[0m[0m cidr_blocks              = [
          [32m+[0m[0m "0.0.0.0/0",
        ]
      [32m+[0m[0m description              = "Egress Rule"
      [32m+[0m[0m from_port                = -1
      [32m+[0m[0m id                       = (known after apply)
      [32m+[0m[0m prefix_list_ids          = []
      [32m+[0m[0m protocol                 = "-1"
      [32m+[0m[0m security_group_id        = (known after apply)
      [32m+[0m[0m security_group_rule_id   = (known after apply)
      [32m+[0m[0m self                     = false
      [32m+[0m[0m source_security_group_id = (known after apply)
      [32m+[0m[0m to_port                  = -1
      [32m+[0m[0m type                     = "egress"
    }

[1m  # module.sg_client.aws_security_group_rule.ingress_with_cidr_blocks[0][0m will be created
[0m  [32m+[0m[0m resource "aws_security_group_rule" "ingress_with_cidr_blocks" {
      [32m+[0m[0m cidr_blocks              = [
          [32m+[0m[0m "10.0.0.0/8",
        ]
      [32m+[0m[0m description              = "Ingress Rule"
      [32m+[0m[0m from_port                = -1
      [32m+[0m[0m id                       = (known after apply)
      [32m+[0m[0m prefix_list_ids          = []
      [32m+[0m[0m protocol                 = "-1"
      [32m+[0m[0m security_group_id        = (known after apply)
      [32m+[0m[0m security_group_rule_id   = (known after apply)
      [32m+[0m[0m self                     = false
      [32m+[0m[0m source_security_group_id = (known after apply)
      [32m+[0m[0m to_port                  = -1
      [32m+[0m[0m type                     = "ingress"
    }

[1m  # module.sg_client.aws_security_group_rule.ingress_with_cidr_blocks[1][0m will be created
[0m  [32m+[0m[0m resource "aws_security_group_rule" "ingress_with_cidr_blocks" {
      [32m+[0m[0m cidr_blocks              = [
          [32m+[0m[0m "0.0.0.0/0",
        ]
      [32m+[0m[0m description              = "Ingress Rule"
      [32m+[0m[0m from_port                = 22
      [32m+[0m[0m id                       = (known after apply)
      [32m+[0m[0m prefix_list_ids          = []
      [32m+[0m[0m protocol                 = "tcp"
      [32m+[0m[0m security_group_id        = (known after apply)
      [32m+[0m[0m security_group_rule_id   = (known after apply)
      [32m+[0m[0m self                     = false
      [32m+[0m[0m source_security_group_id = (known after apply)
      [32m+[0m[0m to_port                  = 22
      [32m+[0m[0m type                     = "ingress"
    }

[1m  # module.vpc1.aws_default_network_acl.this[0][0m will be created
[0m  [32m+[0m[0m resource "aws_default_network_acl" "this" {
      [32m+[0m[0m arn                    = (known after apply)
      [32m+[0m[0m default_network_acl_id = (known after apply)
      [32m+[0m[0m id                     = (known after apply)
      [32m+[0m[0m owner_id               = (known after apply)
      [32m+[0m[0m tags                   = {
          [32m+[0m[0m "Environment" = "dariusz"
          [32m+[0m[0m "Name"        = "nf-lb-vpc-default"
          [32m+[0m[0m "Terraform"   = "true"
        }
      [32m+[0m[0m tags_all               = {
          [32m+[0m[0m "Environment" = "dariusz"
          [32m+[0m[0m "Name"        = "nf-lb-vpc-default"
          [32m+[0m[0m "Terraform"   = "true"
        }
      [32m+[0m[0m vpc_id                 = (known after apply)

      [32m+[0m[0m egress {
          [32m+[0m[0m action          = "allow"
          [32m+[0m[0m from_port       = 0
          [32m+[0m[0m ipv6_cidr_block = "::/0"
          [32m+[0m[0m protocol        = "-1"
          [32m+[0m[0m rule_no         = 101
          [32m+[0m[0m to_port         = 0
            [90m# (1 unchanged attribute hidden)[0m[0m
        }
      [32m+[0m[0m egress {
          [32m+[0m[0m action          = "allow"
          [32m+[0m[0m cidr_block      = "0.0.0.0/0"
          [32m+[0m[0m from_port       = 0
          [32m+[0m[0m protocol        = "-1"
          [32m+[0m[0m rule_no         = 100
          [32m+[0m[0m to_port         = 0
            [90m# (1 unchanged attribute hidden)[0m[0m
        }

      [32m+[0m[0m ingress {
          [32m+[0m[0m action          = "allow"
          [32m+[0m[0m from_port       = 0
          [32m+[0m[0m ipv6_cidr_block = "::/0"
          [32m+[0m[0m protocol        = "-1"
          [32m+[0m[0m rule_no         = 101
          [32m+[0m[0m to_port         = 0
            [90m# (1 unchanged attribute hidden)[0m[0m
        }
      [32m+[0m[0m ingress {
          [32m+[0m[0m action          = "allow"
          [32m+[0m[0m cidr_block      = "0.0.0.0/0"
          [32m+[0m[0m from_port       = 0
          [32m+[0m[0m protocol        = "-1"
          [32m+[0m[0m rule_no         = 100
          [32m+[0m[0m to_port         = 0
            [90m# (1 unchanged attribute hidden)[0m[0m
        }
    }

[1m  # module.vpc1.aws_default_route_table.default[0][0m will be created
[0m  [32m+[0m[0m resource "aws_default_route_table" "default" {
      [32m+[0m[0m arn                    = (known after apply)
      [32m+[0m[0m default_route_table_id = (known after apply)
      [32m+[0m[0m id                     = (known after apply)
      [32m+[0m[0m owner_id               = (known after apply)
      [32m+[0m[0m route                  = (known after apply)
      [32m+[0m[0m tags                   = {
          [32m+[0m[0m "Environment" = "dariusz"
          [32m+[0m[0m "Name"        = "nf-lb-vpc-default"
          [32m+[0m[0m "Terraform"   = "true"
        }
      [32m+[0m[0m tags_all               = {
          [32m+[0m[0m "Environment" = "dariusz"
          [32m+[0m[0m "Name"        = "nf-lb-vpc-default"
          [32m+[0m[0m "Terraform"   = "true"
        }
      [32m+[0m[0m vpc_id                 = (known after apply)

      [32m+[0m[0m timeouts {
          [32m+[0m[0m create = "5m"
          [32m+[0m[0m update = "5m"
        }
    }

[1m  # module.vpc1.aws_default_security_group.this[0][0m will be created
[0m  [32m+[0m[0m resource "aws_default_security_group" "this" {
      [32m+[0m[0m arn                    = (known after apply)
      [32m+[0m[0m description            = (known after apply)
      [32m+[0m[0m egress                 = (known after apply)
      [32m+[0m[0m id                     = (known after apply)
      [32m+[0m[0m ingress                = (known after apply)
      [32m+[0m[0m name                   = (known after apply)
      [32m+[0m[0m name_prefix            = (known after apply)
      [32m+[0m[0m owner_id               = (known after apply)
      [32m+[0m[0m revoke_rules_on_delete = false
      [32m+[0m[0m tags                   = {
          [32m+[0m[0m "Environment" = "dariusz"
          [32m+[0m[0m "Name"        = "nf-lb-vpc-default"
          [32m+[0m[0m "Terraform"   = "true"
        }
      [32m+[0m[0m tags_all               = {
          [32m+[0m[0m "Environment" = "dariusz"
          [32m+[0m[0m "Name"        = "nf-lb-vpc-default"
          [32m+[0m[0m "Terraform"   = "true"
        }
      [32m+[0m[0m vpc_id                 = (known after apply)
    }

[1m  # module.vpc1.aws_internet_gateway.this[0][0m will be created
[0m  [32m+[0m[0m resource "aws_internet_gateway" "this" {
      [32m+[0m[0m arn      = (known after apply)
      [32m+[0m[0m id       = (known after apply)
      [32m+[0m[0m owner_id = (known after apply)
      [32m+[0m[0m tags     = {
          [32m+[0m[0m "Environment" = "dariusz"
          [32m+[0m[0m "Name"        = "nf-lb-vpc"
          [32m+[0m[0m "Terraform"   = "true"
        }
      [32m+[0m[0m tags_all = {
          [32m+[0m[0m "Environment" = "dariusz"
          [32m+[0m[0m "Name"        = "nf-lb-vpc"
          [32m+[0m[0m "Terraform"   = "true"
        }
      [32m+[0m[0m vpc_id   = (known after apply)
    }

[1m  # module.vpc1.aws_route.public_internet_gateway[0][0m will be created
[0m  [32m+[0m[0m resource "aws_route" "public_internet_gateway" {
      [32m+[0m[0m destination_cidr_block = "0.0.0.0/0"
      [32m+[0m[0m gateway_id             = (known after apply)
      [32m+[0m[0m id                     = (known after apply)
      [32m+[0m[0m instance_id            = (known after apply)
      [32m+[0m[0m instance_owner_id      = (known after apply)
      [32m+[0m[0m network_interface_id   = (known after apply)
      [32m+[0m[0m origin                 = (known after apply)
      [32m+[0m[0m route_table_id         = (known after apply)
      [32m+[0m[0m state                  = (known after apply)

      [32m+[0m[0m timeouts {
          [32m+[0m[0m create = "5m"
        }
    }

[1m  # module.vpc1.aws_route_table.public[0][0m will be created
[0m  [32m+[0m[0m resource "aws_route_table" "public" {
      [32m+[0m[0m arn              = (known after apply)
      [32m+[0m[0m id               = (known after apply)
      [32m+[0m[0m owner_id         = (known after apply)
      [32m+[0m[0m propagating_vgws = (known after apply)
      [32m+[0m[0m route            = (known after apply)
      [32m+[0m[0m tags             = {
          [32m+[0m[0m "Environment" = "dariusz"
          [32m+[0m[0m "Name"        = "nf-lb-vpc-public"
          [32m+[0m[0m "Terraform"   = "true"
        }
      [32m+[0m[0m tags_all         = {
          [32m+[0m[0m "Environment" = "dariusz"
          [32m+[0m[0m "Name"        = "nf-lb-vpc-public"
          [32m+[0m[0m "Terraform"   = "true"
        }
      [32m+[0m[0m vpc_id           = (known after apply)
    }

[1m  # module.vpc1.aws_route_table_association.public[0][0m will be created
[0m  [32m+[0m[0m resource "aws_route_table_association" "public" {
      [32m+[0m[0m id             = (known after apply)
      [32m+[0m[0m route_table_id = (known after apply)
      [32m+[0m[0m subnet_id      = (known after apply)
    }

[1m  # module.vpc1.aws_route_table_association.public[1][0m will be created
[0m  [32m+[0m[0m resource "aws_route_table_association" "public" {
      [32m+[0m[0m id             = (known after apply)
      [32m+[0m[0m route_table_id = (known after apply)
      [32m+[0m[0m subnet_id      = (known after apply)
    }

[1m  # module.vpc1.aws_subnet.public[0][0m will be created
[0m  [32m+[0m[0m resource "aws_subnet" "public" {
      [32m+[0m[0m arn                                            = (known after apply)
      [32m+[0m[0m assign_ipv6_address_on_creation                = false
      [32m+[0m[0m availability_zone                              = "us-east-2a"
      [32m+[0m[0m availability_zone_id                           = (known after apply)
      [32m+[0m[0m cidr_block                                     = "10.40.101.0/24"
      [32m+[0m[0m enable_dns64                                   = false
      [32m+[0m[0m enable_resource_name_dns_a_record_on_launch    = false
      [32m+[0m[0m enable_resource_name_dns_aaaa_record_on_launch = false
      [32m+[0m[0m id                                             = (known after apply)
      [32m+[0m[0m ipv6_cidr_block_association_id                 = (known after apply)
      [32m+[0m[0m ipv6_native                                    = false
      [32m+[0m[0m map_public_ip_on_launch                        = true
      [32m+[0m[0m owner_id                                       = (known after apply)
      [32m+[0m[0m private_dns_hostname_type_on_launch            = (known after apply)
      [32m+[0m[0m tags                                           = {
          [32m+[0m[0m "Environment" = "dariusz"
          [32m+[0m[0m "Name"        = "nf-lb-vpc-public-us-east-2a"
          [32m+[0m[0m "Terraform"   = "true"
        }
      [32m+[0m[0m tags_all                                       = {
          [32m+[0m[0m "Environment" = "dariusz"
          [32m+[0m[0m "Name"        = "nf-lb-vpc-public-us-east-2a"
          [32m+[0m[0m "Terraform"   = "true"
        }
      [32m+[0m[0m vpc_id                                         = (known after apply)
    }

[1m  # module.vpc1.aws_subnet.public[1][0m will be created
[0m  [32m+[0m[0m resource "aws_subnet" "public" {
      [32m+[0m[0m arn                                            = (known after apply)
      [32m+[0m[0m assign_ipv6_address_on_creation                = false
      [32m+[0m[0m availability_zone                              = "us-east-2b"
      [32m+[0m[0m availability_zone_id                           = (known after apply)
      [32m+[0m[0m cidr_block                                     = "10.40.102.0/24"
      [32m+[0m[0m enable_dns64                                   = false
      [32m+[0m[0m enable_resource_name_dns_a_record_on_launch    = false
      [32m+[0m[0m enable_resource_name_dns_aaaa_record_on_launch = false
      [32m+[0m[0m id                                             = (known after apply)
      [32m+[0m[0m ipv6_cidr_block_association_id                 = (known after apply)
      [32m+[0m[0m ipv6_native                                    = false
      [32m+[0m[0m map_public_ip_on_launch                        = true
      [32m+[0m[0m owner_id                                       = (known after apply)
      [32m+[0m[0m private_dns_hostname_type_on_launch            = (known after apply)
      [32m+[0m[0m tags                                           = {
          [32m+[0m[0m "Environment" = "dariusz"
          [32m+[0m[0m "Name"        = "nf-lb-vpc-public-us-east-2b"
          [32m+[0m[0m "Terraform"   = "true"
        }
      [32m+[0m[0m tags_all                                       = {
          [32m+[0m[0m "Environment" = "dariusz"
          [32m+[0m[0m "Name"        = "nf-lb-vpc-public-us-east-2b"
          [32m+[0m[0m "Terraform"   = "true"
        }
      [32m+[0m[0m vpc_id                                         = (known after apply)
    }

[1m  # module.vpc1.aws_vpc.this[0][0m will be created
[0m  [32m+[0m[0m resource "aws_vpc" "this" {
      [32m+[0m[0m arn                                  = (known after apply)
      [32m+[0m[0m cidr_block                           = "10.40.0.0/16"
      [32m+[0m[0m default_network_acl_id               = (known after apply)
      [32m+[0m[0m default_route_table_id               = (known after apply)
      [32m+[0m[0m default_security_group_id            = (known after apply)
      [32m+[0m[0m dhcp_options_id                      = (known after apply)
      [32m+[0m[0m enable_dns_hostnames                 = true
      [32m+[0m[0m enable_dns_support                   = true
      [32m+[0m[0m enable_network_address_usage_metrics = (known after apply)
      [32m+[0m[0m id                                   = (known after apply)
      [32m+[0m[0m instance_tenancy                     = "default"
      [32m+[0m[0m ipv6_association_id                  = (known after apply)
      [32m+[0m[0m ipv6_cidr_block                      = (known after apply)
      [32m+[0m[0m ipv6_cidr_block_network_border_group = (known after apply)
      [32m+[0m[0m main_route_table_id                  = (known after apply)
      [32m+[0m[0m owner_id                             = (known after apply)
      [32m+[0m[0m tags                                 = {
          [32m+[0m[0m "Environment" = "dariusz"
          [32m+[0m[0m "Name"        = "nf-lb-vpc"
          [32m+[0m[0m "Terraform"   = "true"
        }
      [32m+[0m[0m tags_all                             = {
          [32m+[0m[0m "Environment" = "dariusz"
          [32m+[0m[0m "Name"        = "nf-lb-vpc"
          [32m+[0m[0m "Terraform"   = "true"
        }
    }

[1m  # module.vpc1.aws_vpn_gateway.this[0][0m will be created
[0m  [32m+[0m[0m resource "aws_vpn_gateway" "this" {
      [32m+[0m[0m amazon_side_asn = "64512"
      [32m+[0m[0m arn             = (known after apply)
      [32m+[0m[0m id              = (known after apply)
      [32m+[0m[0m tags            = {
          [32m+[0m[0m "Environment" = "dariusz"
          [32m+[0m[0m "Name"        = "nf-lb-vpc"
          [32m+[0m[0m "Terraform"   = "true"
        }
      [32m+[0m[0m tags_all        = {
          [32m+[0m[0m "Environment" = "dariusz"
          [32m+[0m[0m "Name"        = "nf-lb-vpc"
          [32m+[0m[0m "Terraform"   = "true"
        }
      [32m+[0m[0m vpc_id          = (known after apply)
    }

[1mPlan:[0m 49 to add, 0 to change, 0 to destroy.
[0m
Changes to Outputs:
  [32m+[0m[0m backend_public_ips = [
      [32m+[0m[0m (known after apply),
      [32m+[0m[0m (known after apply),
    ]
  [32m+[0m[0m client_public_ips  = [
      [32m+[0m[0m (known after apply),
      [32m+[0m[0m (known after apply),
    ]
  [32m+[0m[0m endpoint_ids       = [
      [32m+[0m[0m (known after apply),
      [32m+[0m[0m (known after apply),
    ]
  [32m+[0m[0m route_table_ids    = [
      [32m+[0m[0m (known after apply),
    ]
  [32m+[0m[0m subnets            = [
      [32m+[0m[0m (known after apply),
      [32m+[0m[0m (known after apply),
    ]
[0m[1mrandom_string.random_secret_name: Creating...[0m[0m
[0m[1mrandom_string.random_secret_name: Creation complete after 0s [id=aabtoshyzkarfropdiqu][0m
[0m[1mdata.template_cloudinit_config.config-be[0]: Reading...[0m[0m
[0m[1mdata.template_cloudinit_config.config-be[1]: Reading...[0m[0m
[0m[1mdata.template_cloudinit_config.config-be[1]: Read complete after 0s [id=3215328315][0m
[0m[1mdata.template_cloudinit_config.config-be[0]: Read complete after 0s [id=1546897140][0m
[0m[1mmodule.vpc1.aws_vpc.this[0]: Creating...[0m[0m
[0m[1maws_iam_role.secret_manager_zfw_ec2_role: Creating...[0m[0m
[0m[1maws_secretsmanager_secret.zfw_secret_pt: Creating...[0m[0m
[0m[1maws_key_pair.ssh_public_key: Creating...[0m[0m
[0m[1maws_secretsmanager_secret.zfw_secret_pt: Creation complete after 0s [id=arn:aws:secretsmanager:us-east-2:925908137963:secret:aabtoshyzkarfropdiqu-RMhBQP][0m
[0m[1maws_secretsmanager_secret_version.zfw_secret_pt: Creating...[0m[0m
[0m[1maws_iam_role.secret_manager_zfw_ec2_role: Creation complete after 0s [id=glb_test_zfw_ec2_role_us-east-2][0m
[0m[1maws_iam_instance_profile.secret_manager_zfw_ec2_profile[0]: Creating...[0m[0m
[0m[1maws_iam_instance_profile.secret_manager_zfw_ec2_profile[1]: Creating...[0m[0m
[0m[1maws_secretsmanager_secret_version.zfw_secret_pt: Creation complete after 0s [id=arn:aws:secretsmanager:us-east-2:925908137963:secret:aabtoshyzkarfropdiqu-RMhBQP|terraform-20240810184144258200000002][0m
[0m[1maws_iam_policy.secret_manager_zfw_policy: Creating...[0m[0m
[0m[1maws_key_pair.ssh_public_key: Creation complete after 1s [id=be-test-ssh-key][0m
[0m[1maws_iam_policy.secret_manager_zfw_policy: Creation complete after 1s [id=arn:aws:iam::925908137963:policy/glb_test_zfw_secret_read_policy_us-east-2][0m
[0m[1maws_iam_role_policy_attachment.secret_manager_zfw_policy_attachment: Creating...[0m[0m
[0m[1maws_iam_instance_profile.secret_manager_zfw_ec2_profile[1]: Creation complete after 1s [id=be-er-2-us-east-2_profile_us-east-2][0m
[0m[1maws_iam_instance_profile.secret_manager_zfw_ec2_profile[0]: Creation complete after 1s [id=be-er-1-us-east-2_profile_us-east-2][0m
[0m[1maws_iam_role_policy_attachment.secret_manager_zfw_policy_attachment: Creation complete after 0s [id=glb_test_zfw_ec2_role_us-east-2-20240810184144896600000003][0m
[0m[1mmodule.vpc1.aws_vpc.this[0]: Still creating... [10s elapsed][0m[0m
[0m[1mmodule.vpc1.aws_vpc.this[0]: Creation complete after 12s [id=vpc-0d53507dd9ea780ad][0m
[0m[1mmodule.sg_client.aws_security_group.this_name_prefix[0]: Creating...[0m[0m
[0m[1mmodule.vpc1.aws_route_table.public[0]: Creating...[0m[0m
[0m[1mmodule.gwlb1.aws_lb_target_group.glb_tg: Creating...[0m[0m
[0m[1mmodule.vpc1.aws_default_security_group.this[0]: Creating...[0m[0m
[0m[1mmodule.vpc1.aws_internet_gateway.this[0]: Creating...[0m[0m
[0m[1mmodule.sg_be[0].aws_security_group.this_name_prefix[0]: Creating...[0m[0m
[0m[1mmodule.sg_be[1].aws_security_group.this_name_prefix[0]: Creating...[0m[0m
[0m[1mmodule.vpc1.aws_subnet.public[0]: Creating...[0m[0m
[0m[1mmodule.vpc1.aws_default_route_table.default[0]: Creating...[0m[0m
[0m[1mmodule.vpc1.aws_default_network_acl.this[0]: Creating...[0m[0m
[0m[1mmodule.vpc1.aws_default_route_table.default[0]: Creation complete after 1s [id=rtb-0361dba25ae5c0f72][0m
[0m[1mmodule.vpc1.aws_subnet.public[1]: Creating...[0m[0m
[0m[1mmodule.vpc1.aws_internet_gateway.this[0]: Creation complete after 1s [id=igw-0c270102296fb1db9][0m
[0m[1mmodule.vpc1.aws_vpn_gateway.this[0]: Creating...[0m[0m
[0m[1mmodule.vpc1.aws_route_table.public[0]: Creation complete after 1s [id=rtb-007ff03930c5d3043][0m
[0m[1mmodule.vpc1.aws_route.public_internet_gateway[0]: Creating...[0m[0m
[0m[1mmodule.vpc1.aws_default_network_acl.this[0]: Creation complete after 1s [id=acl-0ebc2528a8d8d69d2][0m
[0m[1mmodule.vpc1.aws_route.public_internet_gateway[0]: Creation complete after 0s [id=r-rtb-007ff03930c5d30431080289494][0m
[0m[1mmodule.gwlb1.aws_lb_target_group.glb_tg: Creation complete after 2s [id=arn:aws:elasticloadbalancing:us-east-2:925908137963:targetgroup/nf-lb-tg/004ac76f247f3d1e18][0m
[0m[1mmodule.vpc1.aws_default_security_group.this[0]: Creation complete after 2s [id=sg-031a58d4581e7730b][0m
[0m[1mmodule.sg_be[0].aws_security_group.this_name_prefix[0]: Creation complete after 2s [id=sg-01a7bc10de1cde663][0m
[0m[1mmodule.sg_client.aws_security_group.this_name_prefix[0]: Creation complete after 2s [id=sg-0854851da77548f6a][0m
[0m[1mmodule.sg_client.aws_security_group_rule.egress_with_cidr_blocks[0]: Creating...[0m[0m
[0m[1mmodule.sg_client.aws_security_group_rule.ingress_with_cidr_blocks[0]: Creating...[0m[0m
[0m[1mmodule.sg_client.aws_security_group_rule.ingress_with_cidr_blocks[1]: Creating...[0m[0m
[0m[1mmodule.sg_be[1].aws_security_group.this_name_prefix[0]: Creation complete after 2s [id=sg-0b330e3835b3f6c7a][0m
[0m[1mmodule.sg_be[0].aws_security_group_rule.ingress_with_cidr_blocks[0]: Creating...[0m[0m
[0m[1mmodule.sg_be[0].aws_security_group_rule.ingress_with_cidr_blocks[1]: Creating...[0m[0m
[0m[1mmodule.sg_be[1].aws_security_group_rule.egress_with_cidr_blocks[0]: Creating...[0m[0m
[0m[1mmodule.sg_be[1].aws_security_group_rule.ingress_with_cidr_blocks[1]: Creating...[0m[0m
[0m[1mmodule.sg_client.aws_security_group_rule.ingress_with_cidr_blocks[1]: Creation complete after 0s [id=sgrule-3621221961][0m
[0m[1mmodule.sg_be[1].aws_security_group_rule.ingress_with_cidr_blocks[0]: Creating...[0m[0m
[0m[1mmodule.sg_be[1].aws_security_group_rule.egress_with_cidr_blocks[0]: Creation complete after 1s [id=sgrule-3165628134][0m
[0m[1mmodule.sg_be[0].aws_security_group_rule.egress_with_cidr_blocks[0]: Creating...[0m[0m
[0m[1mmodule.sg_be[0].aws_security_group_rule.ingress_with_cidr_blocks[0]: Creation complete after 1s [id=sgrule-2742049659][0m
[0m[1mmodule.sg_client.aws_security_group_rule.egress_with_cidr_blocks[0]: Creation complete after 1s [id=sgrule-2004002574][0m
[0m[1mmodule.sg_be[1].aws_security_group_rule.ingress_with_cidr_blocks[1]: Creation complete after 1s [id=sgrule-300979474][0m
[0m[1mmodule.sg_be[0].aws_security_group_rule.ingress_with_cidr_blocks[1]: Creation complete after 1s [id=sgrule-3110868721][0m
[0m[1mmodule.sg_be[1].aws_security_group_rule.ingress_with_cidr_blocks[0]: Creation complete after 2s [id=sgrule-3226138180][0m
[0m[1mmodule.sg_client.aws_security_group_rule.ingress_with_cidr_blocks[0]: Creation complete after 2s [id=sgrule-569013483][0m
[0m[1mmodule.sg_be[0].aws_security_group_rule.egress_with_cidr_blocks[0]: Creation complete after 1s [id=sgrule-2125294274][0m
[0m[1mmodule.vpc1.aws_subnet.public[0]: Still creating... [10s elapsed][0m[0m
[0m[1mmodule.vpc1.aws_subnet.public[1]: Still creating... [10s elapsed][0m[0m
[0m[1mmodule.vpc1.aws_vpn_gateway.this[0]: Still creating... [10s elapsed][0m[0m
[0m[1mmodule.vpc1.aws_subnet.public[0]: Creation complete after 11s [id=subnet-00863a8360c0b5156][0m
[0m[1mmodule.vpc1.aws_subnet.public[1]: Creation complete after 11s [id=subnet-095bb6acf06bc4b7f][0m
[0m[1mmodule.vpc1.aws_route_table_association.public[1]: Creating...[0m[0m
[0m[1mmodule.vpc1.aws_route_table_association.public[0]: Creating...[0m[0m
[0m[1mmodule.gwlb1.aws_lb.glb: Creating...[0m[0m
[0m[1mmodule.compute_backend[1].aws_instance.this[0]: Creating...[0m[0m
[0m[1mmodule.compute_client[1].aws_instance.this[0]: Creating...[0m[0m
[0m[1mmodule.compute_backend[0].aws_instance.this[0]: Creating...[0m[0m
[0m[1mmodule.compute_client[0].aws_instance.this[0]: Creating...[0m[0m
[0m[1mmodule.vpc1.aws_route_table_association.public[0]: Creation complete after 0s [id=rtbassoc-0a7a2747ea7d5e3d6][0m
[0m[1mmodule.vpc1.aws_route_table_association.public[1]: Creation complete after 0s [id=rtbassoc-0ed7bed904fc07240][0m
[0m[1mmodule.vpc1.aws_vpn_gateway.this[0]: Still creating... [20s elapsed][0m[0m
[0m[1mmodule.gwlb1.aws_lb.glb: Still creating... [10s elapsed][0m[0m
[0m[1mmodule.compute_backend[1].aws_instance.this[0]: Still creating... [10s elapsed][0m[0m
[0m[1mmodule.compute_client[0].aws_instance.this[0]: Still creating... [10s elapsed][0m[0m
[0m[1mmodule.compute_client[1].aws_instance.this[0]: Still creating... [10s elapsed][0m[0m
[0m[1mmodule.compute_backend[0].aws_instance.this[0]: Still creating... [10s elapsed][0m[0m
[0m[1mmodule.compute_client[0].aws_instance.this[0]: Creation complete after 13s [id=i-0cc9558acb0cbb606][0m
[0m[1mmodule.compute_backend[0].aws_instance.this[0]: Creation complete after 13s [id=i-073f81c5dd272ce09][0m
[0m[1mmodule.compute_backend[1].aws_instance.this[0]: Creation complete after 13s [id=i-0927ea736a85857a5][0m
[0m[1mmodule.compute_client[1].aws_instance.this[0]: Creation complete after 13s [id=i-0c7e71d6287eae7cd][0m
[0m[1mmodule.gwlb1.aws_lb_target_group_attachment.glb_tg_attach[1]: Creating...[0m[0m
[0m[1mmodule.gwlb1.aws_lb_target_group_attachment.glb_tg_attach[0]: Creating...[0m[0m
[0m[1maws_route.be_resolver_routes[1]: Creating...[0m[0m
[0m[1maws_route.be_resolver_routes[0]: Creating...[0m[0m
[0m[1mmodule.gwlb1.aws_lb_target_group_attachment.glb_tg_attach[1]: Creation complete after 1s [id=arn:aws:elasticloadbalancing:us-east-2:925908137963:targetgroup/nf-lb-tg/004ac76f247f3d1e18-2024081018422152850000000c][0m
[0m[1mmodule.gwlb1.aws_lb_target_group_attachment.glb_tg_attach[0]: Creation complete after 1s [id=arn:aws:elasticloadbalancing:us-east-2:925908137963:targetgroup/nf-lb-tg/004ac76f247f3d1e18-2024081018422170850000000d][0m
[0m[1maws_route.be_resolver_routes[1]: Creation complete after 1s [id=r-rtb-007ff03930c5d30431783271065][0m
[0m[1maws_route.be_resolver_routes[0]: Creation complete after 1s [id=r-rtb-007ff03930c5d30433143537501][0m
[0m[1mmodule.vpc1.aws_vpn_gateway.this[0]: Still creating... [30s elapsed][0m[0m
[0m[1mmodule.gwlb1.aws_lb.glb: Still creating... [20s elapsed][0m[0m
[0m[1mmodule.vpc1.aws_vpn_gateway.this[0]: Creation complete after 34s [id=vgw-09ed25be266e7a51c][0m
[0m[1mmodule.gwlb1.aws_lb.glb: Still creating... [30s elapsed][0m[0m
[0m[1mmodule.gwlb1.aws_lb.glb: Still creating... [40s elapsed][0m[0m
[0m[1mmodule.gwlb1.aws_lb.glb: Still creating... [50s elapsed][0m[0m
[0m[1mmodule.gwlb1.aws_lb.glb: Still creating... [1m0s elapsed][0m[0m
[0m[1mmodule.gwlb1.aws_lb.glb: Still creating... [1m10s elapsed][0m[0m
[0m[1mmodule.gwlb1.aws_lb.glb: Still creating... [1m20s elapsed][0m[0m
[0m[1mmodule.gwlb1.aws_lb.glb: Still creating... [1m30s elapsed][0m[0m
[0m[1mmodule.gwlb1.aws_lb.glb: Still creating... [1m40s elapsed][0m[0m
[0m[1mmodule.gwlb1.aws_lb.glb: Still creating... [1m50s elapsed][0m[0m
[0m[1mmodule.gwlb1.aws_lb.glb: Still creating... [2m0s elapsed][0m[0m
[0m[1mmodule.gwlb1.aws_lb.glb: Still creating... [2m10s elapsed][0m[0m
[0m[1mmodule.gwlb1.aws_lb.glb: Still creating... [2m20s elapsed][0m[0m
[0m[1mmodule.gwlb1.aws_lb.glb: Still creating... [2m30s elapsed][0m[0m
[0m[1mmodule.gwlb1.aws_lb.glb: Still creating... [2m40s elapsed][0m[0m
[0m[1mmodule.gwlb1.aws_lb.glb: Creation complete after 2m42s [id=arn:aws:elasticloadbalancing:us-east-2:925908137963:loadbalancer/gwy/nf-lb-01/41365b27abc4863b][0m
[0m[1mmodule.gwlb1.aws_vpc_endpoint_service.glb_es: Creating...[0m[0m
[0m[1mmodule.gwlb1.aws_lb_listener.glb_fe: Creating...[0m[0m
[0m[1mmodule.gwlb1.aws_lb_listener.glb_fe: Creation complete after 1s [id=arn:aws:elasticloadbalancing:us-east-2:925908137963:listener/gwy/nf-lb-01/41365b27abc4863b/5e3c94d5000e5e89][0m
[0m[1mmodule.gwlb1.aws_vpc_endpoint_service.glb_es: Creation complete after 6s [id=vpce-svc-083cf8db8492edbef][0m
[0m[1mmodule.gwlb1.aws_vpc_endpoint.ep[1]: Creating...[0m[0m
[0m[1mmodule.gwlb1.aws_vpc_endpoint.ep[0]: Creating...[0m[0m
[0m[1mmodule.gwlb1.aws_vpc_endpoint.ep[1]: Still creating... [10s elapsed][0m[0m
[0m[1mmodule.gwlb1.aws_vpc_endpoint.ep[0]: Still creating... [10s elapsed][0m[0m
[0m[1mmodule.gwlb1.aws_vpc_endpoint.ep[1]: Still creating... [20s elapsed][0m[0m
[0m[1mmodule.gwlb1.aws_vpc_endpoint.ep[0]: Still creating... [20s elapsed][0m[0m
[0m[1mmodule.gwlb1.aws_vpc_endpoint.ep[1]: Still creating... [30s elapsed][0m[0m
[0m[1mmodule.gwlb1.aws_vpc_endpoint.ep[0]: Still creating... [30s elapsed][0m[0m
[0m[1mmodule.gwlb1.aws_vpc_endpoint.ep[1]: Still creating... [40s elapsed][0m[0m
[0m[1mmodule.gwlb1.aws_vpc_endpoint.ep[0]: Still creating... [40s elapsed][0m[0m
[0m[1mmodule.gwlb1.aws_vpc_endpoint.ep[1]: Still creating... [50s elapsed][0m[0m
[0m[1mmodule.gwlb1.aws_vpc_endpoint.ep[0]: Still creating... [50s elapsed][0m[0m
[0m[1mmodule.gwlb1.aws_vpc_endpoint.ep[1]: Still creating... [1m0s elapsed][0m[0m
[0m[1mmodule.gwlb1.aws_vpc_endpoint.ep[0]: Still creating... [1m0s elapsed][0m[0m
[0m[1mmodule.gwlb1.aws_vpc_endpoint.ep[1]: Still creating... [1m10s elapsed][0m[0m
[0m[1mmodule.gwlb1.aws_vpc_endpoint.ep[0]: Still creating... [1m10s elapsed][0m[0m
[0m[1mmodule.gwlb1.aws_vpc_endpoint.ep[1]: Still creating... [1m20s elapsed][0m[0m
[0m[1mmodule.gwlb1.aws_vpc_endpoint.ep[0]: Still creating... [1m20s elapsed][0m[0m
[0m[1mmodule.gwlb1.aws_vpc_endpoint.ep[1]: Still creating... [1m30s elapsed][0m[0m
[0m[1mmodule.gwlb1.aws_vpc_endpoint.ep[0]: Still creating... [1m30s elapsed][0m[0m
[0m[1mmodule.gwlb1.aws_vpc_endpoint.ep[1]: Still creating... [1m40s elapsed][0m[0m
[0m[1mmodule.gwlb1.aws_vpc_endpoint.ep[0]: Still creating... [1m40s elapsed][0m[0m
[0m[1mmodule.gwlb1.aws_vpc_endpoint.ep[1]: Still creating... [1m50s elapsed][0m[0m
[0m[1mmodule.gwlb1.aws_vpc_endpoint.ep[0]: Still creating... [1m50s elapsed][0m[0m
[0m[1mmodule.gwlb1.aws_vpc_endpoint.ep[1]: Still creating... [2m0s elapsed][0m[0m
[0m[1mmodule.gwlb1.aws_vpc_endpoint.ep[0]: Still creating... [2m0s elapsed][0m[0m
[0m[1mmodule.gwlb1.aws_vpc_endpoint.ep[1]: Still creating... [2m10s elapsed][0m[0m
[0m[1mmodule.gwlb1.aws_vpc_endpoint.ep[0]: Still creating... [2m10s elapsed][0m[0m
[0m[1mmodule.gwlb1.aws_vpc_endpoint.ep[1]: Still creating... [2m20s elapsed][0m[0m
[0m[1mmodule.gwlb1.aws_vpc_endpoint.ep[0]: Still creating... [2m20s elapsed][0m[0m
[0m[1mmodule.gwlb1.aws_vpc_endpoint.ep[1]: Creation complete after 2m22s [id=vpce-0f00ef97c87d2befd][0m
[0m[1mmodule.gwlb1.aws_vpc_endpoint.ep[0]: Creation complete after 2m23s [id=vpce-06d0fe496f7853a0d][0m
[0m[1mmodule.gwlb1.aws_route.glb_routes[0]: Creating...[0m[0m
[0m[1mmodule.gwlb1.aws_route.glb_routes[1]: Creating...[0m[0m
[0m[1mmodule.gwlb1.aws_route.glb_routes[1]: Creation complete after 1s [id=r-rtb-0361dba25ae5c0f723117404284][0m
[0m[1mmodule.gwlb1.aws_route.glb_routes[0]: Creation complete after 1s [id=r-rtb-007ff03930c5d30433117404284][0m
[0m[1m[32m
Apply complete! Resources: 49 added, 0 changed, 0 destroyed.
[0m[0m[1m[32m
Outputs:

[0mbackend_public_ips = [
  "3.12.76.187",
  "18.222.131.82",
]
client_public_ips = [
  "13.59.89.216",
  "3.129.62.165",
]
endpoint_ids = [
  "vpce-06d0fe496f7853a0d",
  "vpce-0f00ef97c87d2befd",
]
route_table_ids = [
  "rtb-007ff03930c5d3043",
]
subnets = [
  "subnet-00863a8360c0b5156",
  "subnet-095bb6acf06bc4b7f",
]
