
[0m[1mInitializing the backend...[0m
[0m[1mInitializing modules...[0m

[0m[1mInitializing provider plugins...[0m
- Reusing previous version of hashicorp/template from the dependency lock file
- Reusing previous version of hashicorp/aws from the dependency lock file
- Using previously-installed hashicorp/template v2.2.0
- Using previously-installed hashicorp/aws v5.59.0

[0m[1m[32mTerraform has been successfully initialized![0m[32m[0m
[0m[32m
You may now begin working with Terraform. Try running "terraform plan" to see
any changes that are required for your infrastructure. All Terraform commands
should now work.

If you ever set or change modules or backend configuration for Terraform,
rerun this command to reinitialize your working directory. If you forget, other
commands will detect it and remind you to do so if necessary.[0m
[0m[32m[1mCreated and switched to workspace "us-west-2"![0m[32m

You're now on a new, empty workspace. Workspaces isolate their state,
so if you run "terraform plan" Terraform will not see any existing state
for this configuration.[0m
{"id":"f9e58886-39c6-4e13-8f5a-d247a5fd624c","ownerIdentityId":"09d7c14a-a1ee-4552-a0fd-63c236648b00","createdBy":"09d7c14a-a1ee-4552-a0fd-63c236648b00","createdAt":"2024-08-05T19:49:04.398982Z","updatedAt":"2024-08-05T19:49:04.398982Z","deletedBy":null,"deletedAt":null,"networkId":"3d22b880-31df-4b5d-949f-e34fec3cd068","zitiId":"qkV4M7FC1X","name":"nf-be-er01-uswest2","typeId":"Router","appId":null,"appVersion":null,"branch":null,"revision":null,"type":null,"version":null,"arch":null,"os":null,"osRelease":null,"osVersion":null,"externalId":null,"authPolicyId":"8cce46f6-bfb4-4688-9486-fbc8a78de1c6","disabled":false,"disabledAt":null,"disabledUntil":null,"hasApiSession":false,"hasEdgeRouterConnection":false,"lastOnlineAt":null,"syncId":null,"syncResourceId":null,"attributes":["#bind-services"],"interceptConflicts":[],"loopbackConflicts":[],"jwtExpiresAt":null,"mfaEnabled":false,"jwt":null,"managedBy":"Router","online":false,"_links":{"auth-policy":{"href":"https://gateway.production.netfoundry.io/core/v2/auth-policies/8cce46f6-bfb4-4688-9486-fbc8a78de1c6","title":"Default"},"self":{"href":"https://gateway.production.netfoundry.io/core/v2/endpoints/f9e58886-39c6-4e13-8f5a-d247a5fd624c","title":"nf-be-er01-uswest2"},"network":{"href":"https://gateway.production.netfoundry.io/core/v2/networks/3d22b880-31df-4b5d-949f-e34fec3cd068","title":"dariuszdev","profile":"parent"}}}{"id":"265e915c-8318-46d8-8b44-f8e1f1731c8a","ownerIdentityId":"09d7c14a-a1ee-4552-a0fd-63c236648b00","createdBy":"09d7c14a-a1ee-4552-a0fd-63c236648b00","createdAt":"2024-08-05T19:49:10.483620Z","updatedAt":"2024-08-05T19:49:10.483620Z","deletedBy":null,"deletedAt":null,"networkId":"3d22b880-31df-4b5d-949f-e34fec3cd068","zitiId":"v7t4A9BCEX","name":"nf-be-er02-uswest2","typeId":"Router","appId":null,"appVersion":null,"branch":null,"revision":null,"type":null,"version":null,"arch":null,"os":null,"osRelease":null,"osVersion":null,"externalId":null,"authPolicyId":"8cce46f6-bfb4-4688-9486-fbc8a78de1c6","disabled":false,"disabledAt":null,"disabledUntil":null,"hasApiSession":false,"hasEdgeRouterConnection":false,"lastOnlineAt":null,"syncId":null,"syncResourceId":null,"attributes":["#bind-services"],"interceptConflicts":[],"loopbackConflicts":[],"jwtExpiresAt":null,"managedBy":"Router","online":false,"mfaEnabled":false,"jwt":null,"_links":{"network":{"href":"https://gateway.production.netfoundry.io/core/v2/networks/3d22b880-31df-4b5d-949f-e34fec3cd068","title":"dariuszdev","profile":"parent"},"self":{"href":"https://gateway.production.netfoundry.io/core/v2/endpoints/265e915c-8318-46d8-8b44-f8e1f1731c8a","title":"nf-be-er02-uswest2"},"auth-policy":{"href":"https://gateway.production.netfoundry.io/core/v2/auth-policies/8cce46f6-bfb4-4688-9486-fbc8a78de1c6","title":"Default"}}}[0m[1mdata.template_cloudinit_config.config-be[0]: Reading...[0m[0m
[0m[1mdata.template_cloudinit_config.config-client[0]: Reading...[0m[0m
[0m[1mdata.template_cloudinit_config.config-be[1]: Reading...[0m[0m
[0m[1mdata.template_cloudinit_config.config-client[1]: Reading...[0m[0m
[0m[1mdata.template_cloudinit_config.config-be[0]: Read complete after 0s [id=3462381650][0m
[0m[1mdata.template_cloudinit_config.config-client[0]: Read complete after 0s [id=44391035][0m
[0m[1mdata.template_cloudinit_config.config-be[1]: Read complete after 0s [id=181481336][0m
[0m[1mdata.template_cloudinit_config.config-client[1]: Read complete after 0s [id=44391035][0m

Terraform used the selected providers to generate the following execution
plan. Resource actions are indicated with the following symbols:
  [32m+[0m create[0m

Terraform will perform the following actions:

[1m  # aws_iam_instance_profile.secret_manager_zfw_ec2_profile[0m will be created
[0m  [32m+[0m[0m resource "aws_iam_instance_profile" "secret_manager_zfw_ec2_profile" {
      [32m+[0m[0m arn         = (known after apply)
      [32m+[0m[0m create_date = (known after apply)
      [32m+[0m[0m id          = (known after apply)
      [32m+[0m[0m name        = "glb_test_zfw_ec2_profile_us-west-2"
      [32m+[0m[0m name_prefix = (known after apply)
      [32m+[0m[0m path        = "/"
      [32m+[0m[0m role        = "glb_test_zfw_ec2_role_us-west-2"
      [32m+[0m[0m tags_all    = (known after apply)
      [32m+[0m[0m unique_id   = (known after apply)
    }

[1m  # aws_iam_policy.secret_manager_zfw_policy[0m will be created
[0m  [32m+[0m[0m resource "aws_iam_policy" "secret_manager_zfw_policy" {
      [32m+[0m[0m arn              = (known after apply)
      [32m+[0m[0m attachment_count = (known after apply)
      [32m+[0m[0m description      = "Policy to read secret stored in AWS Secrets Store"
      [32m+[0m[0m id               = (known after apply)
      [32m+[0m[0m name             = "glb_test_zfw_secret_read_policy_us-west-2"
      [32m+[0m[0m name_prefix      = (known after apply)
      [32m+[0m[0m path             = "/"
      [32m+[0m[0m policy           = (known after apply)
      [32m+[0m[0m policy_id        = (known after apply)
      [32m+[0m[0m tags_all         = (known after apply)
    }

[1m  # aws_iam_role.secret_manager_zfw_ec2_role[0m will be created
[0m  [32m+[0m[0m resource "aws_iam_role" "secret_manager_zfw_ec2_role" {
      [32m+[0m[0m arn                   = (known after apply)
      [32m+[0m[0m assume_role_policy    = jsonencode(
            {
              [32m+[0m[0m Statement = [
                  [32m+[0m[0m {
                      [32m+[0m[0m Action    = "sts:AssumeRole"
                      [32m+[0m[0m Effect    = "Allow"
                      [32m+[0m[0m Principal = {
                          [32m+[0m[0m Service = "ec2.amazonaws.com"
                        }
                      [32m+[0m[0m Sid       = ""
                    },
                ]
              [32m+[0m[0m Version   = "2012-10-17"
            }
        )
      [32m+[0m[0m create_date           = (known after apply)
      [32m+[0m[0m force_detach_policies = false
      [32m+[0m[0m id                    = (known after apply)
      [32m+[0m[0m managed_policy_arns   = (known after apply)
      [32m+[0m[0m max_session_duration  = 3600
      [32m+[0m[0m name                  = "glb_test_zfw_ec2_role_us-west-2"
      [32m+[0m[0m name_prefix           = (known after apply)
      [32m+[0m[0m path                  = "/"
      [32m+[0m[0m tags_all              = (known after apply)
      [32m+[0m[0m unique_id             = (known after apply)
    }

[1m  # aws_iam_role_policy_attachment.secret_manager_zfw_policy_attachment[0m will be created
[0m  [32m+[0m[0m resource "aws_iam_role_policy_attachment" "secret_manager_zfw_policy_attachment" {
      [32m+[0m[0m id         = (known after apply)
      [32m+[0m[0m policy_arn = (known after apply)
      [32m+[0m[0m role       = "glb_test_zfw_ec2_role_us-west-2"
    }

[1m  # aws_route.be_resolver_routes[0][0m will be created
[0m  [32m+[0m[0m resource "aws_route" "be_resolver_routes" {
      [32m+[0m[0m destination_cidr_block = "100.64.0.0/13"
      [32m+[0m[0m id                     = (known after apply)
      [32m+[0m[0m instance_id            = (known after apply)
      [32m+[0m[0m instance_owner_id      = (known after apply)
      [32m+[0m[0m network_interface_id   = (known after apply)
      [32m+[0m[0m origin                 = (known after apply)
      [32m+[0m[0m route_table_id         = (known after apply)
      [32m+[0m[0m state                  = (known after apply)
    }

[1m  # aws_route.be_resolver_routes[1][0m will be created
[0m  [32m+[0m[0m resource "aws_route" "be_resolver_routes" {
      [32m+[0m[0m destination_cidr_block = "100.72.0.0/13"
      [32m+[0m[0m id                     = (known after apply)
      [32m+[0m[0m instance_id            = (known after apply)
      [32m+[0m[0m instance_owner_id      = (known after apply)
      [32m+[0m[0m network_interface_id   = (known after apply)
      [32m+[0m[0m origin                 = (known after apply)
      [32m+[0m[0m route_table_id         = (known after apply)
      [32m+[0m[0m state                  = (known after apply)
    }

[1m  # aws_secretsmanager_secret.zfw_secret_pt[0m will be created
[0m  [32m+[0m[0m resource "aws_secretsmanager_secret" "zfw_secret_pt" {
      [32m+[0m[0m arn                            = (known after apply)
      [32m+[0m[0m force_overwrite_replica_secret = false
      [32m+[0m[0m id                             = (known after apply)
      [32m+[0m[0m name                           = "glb_test_zfw_repo"
      [32m+[0m[0m name_prefix                    = (known after apply)
      [32m+[0m[0m policy                         = (known after apply)
      [32m+[0m[0m recovery_window_in_days        = 0
      [32m+[0m[0m tags_all                       = (known after apply)
    }

[1m  # aws_secretsmanager_secret_version.zfw_secret_pt[0m will be created
[0m  [32m+[0m[0m resource "aws_secretsmanager_secret_version" "zfw_secret_pt" {
      [32m+[0m[0m arn            = (known after apply)
      [32m+[0m[0m id             = (known after apply)
      [32m+[0m[0m secret_id      = (known after apply)
      [32m+[0m[0m secret_string  = (sensitive value)
      [32m+[0m[0m version_id     = (known after apply)
      [32m+[0m[0m version_stages = (known after apply)
    }

[1m  # module.compute_backend[0].aws_instance.this[0][0m will be created
[0m  [32m+[0m[0m resource "aws_instance" "this" {
      [32m+[0m[0m ami                                  = "ami-0333611f8a06d64d0"
      [32m+[0m[0m arn                                  = (known after apply)
      [32m+[0m[0m associate_public_ip_address          = true
      [32m+[0m[0m availability_zone                    = "us-west-2a"
      [32m+[0m[0m cpu_core_count                       = (known after apply)
      [32m+[0m[0m cpu_threads_per_core                 = (known after apply)
      [32m+[0m[0m disable_api_stop                     = (known after apply)
      [32m+[0m[0m disable_api_termination              = (known after apply)
      [32m+[0m[0m ebs_optimized                        = (known after apply)
      [32m+[0m[0m get_password_data                    = false
      [32m+[0m[0m host_id                              = (known after apply)
      [32m+[0m[0m host_resource_group_arn              = (known after apply)
      [32m+[0m[0m iam_instance_profile                 = "glb_test_zfw_ec2_profile_us-west-2"
      [32m+[0m[0m id                                   = (known after apply)
      [32m+[0m[0m instance_initiated_shutdown_behavior = (known after apply)
      [32m+[0m[0m instance_lifecycle                   = (known after apply)
      [32m+[0m[0m instance_state                       = (known after apply)
      [32m+[0m[0m instance_type                        = "t3.medium"
      [32m+[0m[0m ipv6_address_count                   = (known after apply)
      [32m+[0m[0m ipv6_addresses                       = (known after apply)
      [32m+[0m[0m key_name                             = "dariuszKey"
      [32m+[0m[0m monitoring                           = true
      [32m+[0m[0m outpost_arn                          = (known after apply)
      [32m+[0m[0m password_data                        = (known after apply)
      [32m+[0m[0m placement_group                      = (known after apply)
      [32m+[0m[0m placement_partition_number           = (known after apply)
      [32m+[0m[0m primary_network_interface_id         = (known after apply)
      [32m+[0m[0m private_dns                          = (known after apply)
      [32m+[0m[0m private_ip                           = (known after apply)
      [32m+[0m[0m public_dns                           = (known after apply)
      [32m+[0m[0m public_ip                            = (known after apply)
      [32m+[0m[0m secondary_private_ips                = (known after apply)
      [32m+[0m[0m security_groups                      = (known after apply)
      [32m+[0m[0m source_dest_check                    = false
      [32m+[0m[0m spot_instance_request_id             = (known after apply)
      [32m+[0m[0m subnet_id                            = (known after apply)
      [32m+[0m[0m tags                                 = {
          [32m+[0m[0m "Environment" = "dariusz"
          [32m+[0m[0m "Name"        = "nf-be-er-us-west-2a"
          [32m+[0m[0m "Terraform"   = "true"
        }
      [32m+[0m[0m tags_all                             = {
          [32m+[0m[0m "Environment" = "dariusz"
          [32m+[0m[0m "Name"        = "nf-be-er-us-west-2a"
          [32m+[0m[0m "Terraform"   = "true"
        }
      [32m+[0m[0m tenancy                              = (known after apply)
      [32m+[0m[0m user_data                            = (known after apply)
      [32m+[0m[0m user_data_base64                     = "H4sIAAAAAAAA/7RaW5ObyJJ+74j5D4TPRMw5sSGbi+QxPjEPQLdQIUS3oMWlNjYcUIVKiOKy4iKhnf3vGwWoW3LbnjOzuw9tSVCVlZWVmd+XWdaKvI7zevLclfFnLmtonZThof6QJacY/5OLiibH4aH77d0KrB7Ux411r9jBuzv2a+LGhyop8s+c8J7/6e6nu8nketBPdy+yD2FebePD5CFHBU5y8pn7NUrqqwH94nV8qj8gWjR4gop8m5Cf7lZJFr9Z5m/XY+7KEKUhib80JQ5rJuXQxJeH1ec7jptwaRyXIU3aGPc/yY7rP8uu3hW5NCmT8u54SOr4yzahbM6Ei18UjT5O7zgODYp+5t6B7qENMtqYorFDIllquUWxptRwXSyfXWrYez5davJ5GEOPQBNaoJ/KKKsIEnct7lQBLU47LFbE6Nazp2c+cV0lAYv6iDLaYE1JV/taNqRTAb15CjT+tFyXlreh6ydnXZiSlYTetA19hQSenYKFVUQSIiCxf+3XTzYft47xKfDxAWgoXT3zMshoA/312zW6dKllNAPzioBkfQKJIj85ShJ58zPW3Q4kKn7sVD7U3UZLFAI09SPMETE3KTG9FTG0HQ3EXQs0u9cPjPsyN0FudogY0tV6Pp8vHaWOHOW8SpQ66pSjuVealTZlNmrAvUJM70ge75XpylHqUFOmq3tyAprA9+98hWDdOmqZW4VeQLxOSYz7hwTc8zLQjCTwrAP2lQTM+V/Bwi6gN10CTSFgUWa4U2pbU+qgU9Kl7u5D/RMxHgTouArZ6nMpZO8T1BqdkseS2oXejAfa+rR1UAk0oQb3q64/x/tBX3PPdJ2SlabU0aueBbgnx8f7B2L66/4d0lQ+kJQl9E5nuC4I0wd6VhF1ShJlnwjO5lXorUngGzn2BBrla4L0+RmJbgpImYXr4rd3dxxXHPP48Jk7FEX9mf1zx3FlWO8+cx+Ksv6Qx/WWRemh+9AeDuWXvKiTbfe+2rFh8SFLKhY91WfuF/7X2eyXH3o3FE9tkM0rX7QpzFckPg5aD5a09iijRzyXBSS6HViUJRTx7PI5eIgy7nK2C7IT9aWXOWfoWQLKKB+vS1nLYYdydYtEqwt9lQcLvIuovA/Z6XTqr9eyXsZooI0klTfFGcU6bLE3S1GettA3ikBknlhTlMyOsV8k1/PZaULfEAPvSFY3+zFKJG7Iilw90+Eu0o+3zxbuGfqAxBnNoZRePpfbdSmi3Dj6Im2QZO+izKJgDg3//HBrN502LJpgNt9DR6VRrhzRebN8ea+pYugbPPbmlS8ZLfZtiqhcQk0RVutrOVYBPevgS24TetYOSfYWScb+eq94YewCsb6ya3W1ztXftb1vbMJf69VEkl3CnG5fMsJ3zgDnRofm8jg+bZBIyFUW6SJR5sHCaCNp/U35MJsL0WJNQCK3aLFuo8zlYSYLUWZ3sSOPdp61WKdZ7MzOoaa+Rvwgl6BMbrFSyj+OmLhGH17x4Orre4Ynb0Pm43T645B5AwjJirjZvAu9eRLp7llLrdWz4D74Qmm4D3TrPMiW/cwnpigfsSY30LezSHIbuDBmgJRPmwf38TtjW6S7TZxRPnTA0kvpxnFl8MwL8ycHpDH/jXV8vv1q/P3zQyozsLiev3Xkj6Fvl4CU8zVVdZ83jOc9nxiL+q0+Pt/vF5BiCTr1IfQhRblNUaIKSLd3WN8QmLtNINllJE4J1j8RrO8o0E87rLtnrKki9I1z6MmNltklztyOuYkvuUeoz3nokHJwW7WEiRp5LGlrL/rePz9QGWh8zeYhkbZRon4CuiX0IKwZIkiUGiZKt3SUfwMaOJp7IJl7kIC58DWY7VBmFU+eKkTZvIYMnDxlOYZsD4qGPu8CkZCnZ56AnEwt+km0NED856rfU/SSJkZZjrGLvDUbM8qB5bhWgjJZYmnTF+0Wi7MqEuepL7lddC+QgH0ywOjUAi/sIzoXrSnOj6Ezy0PfLrAHmkCUa1MyKNLl89fhF2dQYu8i3d0h0T2b4outPwG9PDF7MZAB434u+zJ9QIxutkOSRfHCinxH/QQWFpOzxxopzGy2i7wN2WoqD32LX2pGF0kuD32QLJ2UBN4sBRppBvuxuTZF0roY5ZdLJ22C3GixZLGUlkYSbiJd3kEGIdkxD5TBfi/754/E0Nka+Ax9Ywt1WYqyUxt49hb7RgXup8SU7BppMiMiDdTdMdWrZ+zZLdDtYygiYnrp98Z1kaO0WBeOpsSIwSyF3nhWC0uA+ifCbAk0wb6Ru7BmSLJp5Fl8pKkds0XgGzyDPqynNcpkgfkwm/MtsHc2M/35XBDoGUeYqPvAmzUsZQXZhsHTGevzKtLd1NSYf94+G9cgV/5eok7t56+0aWd10zPQ5Q7ouxKKO4qSab9XmDGIKvbg4TXGgO42gWdU0FEz7M32WKdtRMr0JYapTKOM5a1NsXQGGGbQhhfu+clTU6TXOdCE80CqhIsvkNV+2kLdFU1xJkT6ibB5PUkTKhJcCNeC2cwWUKeO5FTQDaGOHnPrGHgWfaQCXkpH+SsSxm8dTEaSV0a5xQfeqWLE1HeUzBjyA4v31N4Ya5vKmrOZtkxnlNvb3t5UvujZoEVKfPdrgjicu/HgapsHuF2n9NGUhvP1RTdBOtxeztfM1dmf8YtX0oy3kS7nvkjPvjhndhfhs0CQRBlE1oFkV0CnZ9Mb3zk90a7ZHCjSBnYzFg9i6Fn0EjPMT33x1EJBLpFwOTc3ffLUc+xbPPSEPdaPJPRX9YWOQe2P5V7ODST2t/V2wJAPM9oEnsUz3+nP421O/JaNmF93+Ad6jDZj5PcP9Bl92VtfioA09K1xn+DtOTMqKblp1N3a52Kb0aerSMR56M1yM7coymEZiJubXN7Ht3PBidG3efpop58+Ap35S0CiTOYZ7etpoc70ORKUuw3QX2PR9C94p/JRp776tk55M0HLwQalzPiEo7u7aGEX4GGggCzmNi8U70XOa0wnvcw+l0TsnW/xYMFi3GKYvLyhzFS+4PZLzF9sbmgkjUfsX/MnY+sotem/yGG4sMf+mpjeOsEJIKYXkFWSkqdESVhuemTF3Td8I/CNfXgvEOwN+GJ6AhnPvcd8oNk9no7nOn28h1trv35b3L3I4pPAE1I25mv/+QH+yIHOSpIjMf0VCRc2jxarj2Yn75CeNlCkfLhwEzOz2siRO+irLepu+ZopuikUNy/53/R2NPBOfKgJA7UW3e7/AZd/gLez7/MMDV9svO+xVBPOz5qS/sA+7BwHrBTdLtRffK9hMWxm+ONtLrR3KFGncRZcsJeibPdqh5y9n+VxotTrTknX/OnJ3djbax76BqN/sO4PcfamJFTPgWSUaLEmgThvhtg06NfxOXDU62fqwIlf44bl0iG275VmtSfNylFblKhF6OGC6QeYf7M8kfOsDtiDTrUCj36b566/ibvfi83lj8uaNjx8oEk0tM8+4KSND3V8+FET4KWC+f2O4zjub9ZLG4FTMI4xt01o3L/6dzuuCtrG/9H/urec3wSefy+Iv74XZ7P34mz6JzTjhclrv+J/U3Jh3+pM0SijRD7Gvl1E4vSskbKMWJjmjFrJfHReLWFutJGjJpFkt4Eod9CZ0Vi3KFqw8mR2BjqtkS4zSLqPdEqj3J6j3GjRtSzfyJE+75C4WWqZTWGi5tC3t0h09yhz+aU+76C0Kh/H9HZ57otDentyWHmAzwxSAsmgeC43gSdcoK6DHma6bMcyRAaDvAZlbs7KpFHO8hJu0Lf68gnc85d9Niy9DPRw9nx5v9TSEaasKvTcBmuKzNIIknp3bgLxVEJvxi+Vmy7PCHvuoM8zn1/2g0RhF2XzHPogN2/mGBSytemwryf/9vdl7HJdjJTL7uLn4roTcGNPX4K7aOFSn5U7ktpGuUX7vY76mhmmY0epY/NwNq+wtymuOyH933y09wNNn/xv2V656DWkEX+3hwxSH0Z7Pbgdyhi1np+Bvvl421UKCHRmjPIdmR9Bt8ptn5UuIPfdKl+LcgodjAcIww70rRb7xh5uZi1+GEo3e1yPnZVxLt50atCCUd51AahdQIfRy7kAe+qyfvExoAGy7NQXW4w+dGDPscj0nrVYUwfI0kB526U7MbilZv5qZ6/Dg/8nGHsdvo9EmxoC31M+g6fN0LO0nYsuf3UPYIF3qKc9cBfpNAW6LfRU6FwkpqbS5U3na+j5/gl7Gxe5GwaNnkBZ6v3Luuq7HdSudF2weJ7X6P9G1wd2dvGol53Ny2jhdtBBH9/482Ioi5aasWHUDmXuCXsuKyFSFre9f2usvJzmWFMT6KjpRTbzGexbZZShAeoWahdJsIRs7kNtbTr1AP30I0iOBDrpdWzSSKcZ0DcsH52RLrNcExn8EBuGIEQGb7VQ3+S+098f5M7QcW0C7/R8ofWX/T9ed1YH+eMdAUnW3pRBNxtHItFiNKVjejPoZZQGZ3QPHfUcejZ9TEAF9M2lvUKjhUVvZa/I5pK3ehie7aDISmCb2WmGFva5p5LOJXbWZMwjt3bq+/HyPvTmvQ0dXngGD5blHG/XsnX3CL1ZykoHoMsNWDBKYDNaMNr75XykwF+RwFHPmPlbhgjbb8DKKd+YmZraRtlpxmRAR21h0reszozeh55bwcWKYJFW0XC+x0hShZ7iezed1RImSn7Z/0aymd/kBou35I9z7TfOiOUWAWVTAkU25yWXioF3EqAr3/j6m3UF/taf3pzVX19jPdqNrXEdL8O9ljzkQ1fejrG29UVhF3qzrd9d4ks9Br7Rd/hHnB5+OzMVZViIGA7M1R1i5WCyS6E/3miwMmvPJxvmXxmlONv0Z3rxpZF3qK7wHT9MxhhbXGTPdlC3t1d3QQVI+PpyTuZQKrF80+elkGHsvbBBuUtNTS2gdzo+OUNeGMuD0Xc2r1jxr6458o6rNVPowR32TvyTYwioE2jgW7z5DJKv1167+PmFDyRKAXU3C3y3wvcFwX0rYn7GGt8tnQsWDdyI4fvAsfo2S6+fL/Y8qLjk10t+vvEPbdfPXzrpn7srI3H9JTxWX6oYHeL6fdn9heuyt71/WUASGJ/hAuhzAeuERLqch96UmI4ghb5dmL7dhqLbgPvjpydtfdKy/tKPHy543TNK5P6SF4qEBL5aAu079Wffw5R3Q699djbFeYd1mgWexaNOqU2P1ZiABQgfepCNO3vduvMdpenrZp2K0H1T9yXLdXFNsC/14gp1CgGJPdSlGugPxdwQAtL5PhDdIzvkwFePkU73gd/3/1uczVIzwyXWd0KQzMRVV/8nEuUGDMFaO5qSrH2XD3W5C/1yNwRWQdaZu0OZ2wGtv5hmtmuxbx/7fsM37k6u927mZYmUmz0IEXvG9PW+M79Tvnm19Wq7dRNn9Hh7xlf95m/JlK77pMZ2SeXxfqDvO/85h8X0S3iok22I6urLeXv8fnF3aHKU4c93k762K5OSS/KqDinloqIupDuOMxULzH979/PfP1RRkn9ISm5ScDTJU67aFUeuKX8Pjyn3y8/yb7+92zy94/6rPCR5zf0s/vO/f/l9F4eYmwi/1wdugrl3n9/9g+3jQ1MdPozCQowPcVWxT+6rWvGDJHI4bjlacBUqypjbFRXb89e7PRRNHR8mh5gkVX0I66TIuckE5xV4ssOcxL3cj9P3/Hv+gyBxk0nd5HlMvyTl1ytykwkNc7Dlfu53zWlTx3F8aaPzbNkfFc7/wglwP//9DxMLN5kM3yd5mMUcodGXOq5qJuHLIS4LbtJvs8iH9001OcZVPRH/wQnXdq26qo4zVFPuEFd1eKi5c1Ink8FQ76v40CYo/vGEq9vOy/iv/9fOZPLT3f8EAAD//8e1agsUJAAA"
      [32m+[0m[0m user_data_replace_on_change          = false
      [32m+[0m[0m volume_tags                          = {
          [32m+[0m[0m "Name" = "nf-be-er-us-west-2a"
        }
      [32m+[0m[0m vpc_security_group_ids               = (known after apply)

      [32m+[0m[0m credit_specification {}

      [32m+[0m[0m enclave_options {
          [32m+[0m[0m enabled = (known after apply)
        }

      [32m+[0m[0m metadata_options {
          [32m+[0m[0m http_endpoint               = "enabled"
          [32m+[0m[0m http_protocol_ipv6          = "disabled"
          [32m+[0m[0m http_put_response_hop_limit = 1
          [32m+[0m[0m http_tokens                 = "optional"
          [32m+[0m[0m instance_metadata_tags      = (known after apply)
        }

      [32m+[0m[0m timeouts {}
    }

[1m  # module.compute_backend[1].aws_instance.this[0][0m will be created
[0m  [32m+[0m[0m resource "aws_instance" "this" {
      [32m+[0m[0m ami                                  = "ami-0333611f8a06d64d0"
      [32m+[0m[0m arn                                  = (known after apply)
      [32m+[0m[0m associate_public_ip_address          = true
      [32m+[0m[0m availability_zone                    = "us-west-2b"
      [32m+[0m[0m cpu_core_count                       = (known after apply)
      [32m+[0m[0m cpu_threads_per_core                 = (known after apply)
      [32m+[0m[0m disable_api_stop                     = (known after apply)
      [32m+[0m[0m disable_api_termination              = (known after apply)
      [32m+[0m[0m ebs_optimized                        = (known after apply)
      [32m+[0m[0m get_password_data                    = false
      [32m+[0m[0m host_id                              = (known after apply)
      [32m+[0m[0m host_resource_group_arn              = (known after apply)
      [32m+[0m[0m iam_instance_profile                 = "glb_test_zfw_ec2_profile_us-west-2"
      [32m+[0m[0m id                                   = (known after apply)
      [32m+[0m[0m instance_initiated_shutdown_behavior = (known after apply)
      [32m+[0m[0m instance_lifecycle                   = (known after apply)
      [32m+[0m[0m instance_state                       = (known after apply)
      [32m+[0m[0m instance_type                        = "t3.medium"
      [32m+[0m[0m ipv6_address_count                   = (known after apply)
      [32m+[0m[0m ipv6_addresses                       = (known after apply)
      [32m+[0m[0m key_name                             = "dariuszKey"
      [32m+[0m[0m monitoring                           = true
      [32m+[0m[0m outpost_arn                          = (known after apply)
      [32m+[0m[0m password_data                        = (known after apply)
      [32m+[0m[0m placement_group                      = (known after apply)
      [32m+[0m[0m placement_partition_number           = (known after apply)
      [32m+[0m[0m primary_network_interface_id         = (known after apply)
      [32m+[0m[0m private_dns                          = (known after apply)
      [32m+[0m[0m private_ip                           = (known after apply)
      [32m+[0m[0m public_dns                           = (known after apply)
      [32m+[0m[0m public_ip                            = (known after apply)
      [32m+[0m[0m secondary_private_ips                = (known after apply)
      [32m+[0m[0m security_groups                      = (known after apply)
      [32m+[0m[0m source_dest_check                    = false
      [32m+[0m[0m spot_instance_request_id             = (known after apply)
      [32m+[0m[0m subnet_id                            = (known after apply)
      [32m+[0m[0m tags                                 = {
          [32m+[0m[0m "Environment" = "dariusz"
          [32m+[0m[0m "Name"        = "nf-be-er-us-west-2b"
          [32m+[0m[0m "Terraform"   = "true"
        }
      [32m+[0m[0m tags_all                             = {
          [32m+[0m[0m "Environment" = "dariusz"
          [32m+[0m[0m "Name"        = "nf-be-er-us-west-2b"
          [32m+[0m[0m "Terraform"   = "true"
        }
      [32m+[0m[0m tenancy                              = (known after apply)
      [32m+[0m[0m user_data                            = (known after apply)
      [32m+[0m[0m user_data_base64                     = "H4sIAAAAAAAA/7RaW5ObyJJ+74j5D4TPRMw5sSE3l5ZtfMIPQLdQIUS3oMWlNjYcUIVKiOKy4iKhnf3vGwWoW3LbnjOzuw9tSVCVlZWVmd+XWdaKvI7zevLclfFnLmtonZThvr7NkmOM/8lFRZPjcN99ebcEywf1cW3dK3bw7ob9mrjxvkqK/DMnvOd/ufnlZjK5HPTLzYvsfZhXm3g/echRgZOcfOY+Rkl9MaBfvI6P9S2iRYMnqMg3CfnlZplk8Ztl/nY55qYMURqS+GtT4rBmUvZNfH5Yfb7huAmXxnEZ0qSNcf+TbLn+s+zqbZFLkzIpbw77pI6/bhLK5ky4+EXR6MPdDcehQdHP3DvQPbRBRhtTNLZIJAsttyjWlBquisWzSw17x6cLTT4NY+gBaEIL9GMZZRVB4rbFnSqg+XGLxYoY3Wr69MwnrqskYF4fUEYbrCnpclfLhnQsoDdLgcYfF6vS8tZ09eSsClOyktC7a0NfIYFnp2BuFZGECEjsj/36yfrDxjE+BT7eAw2ly2deBhltoL96u0aXLrSMZmBWEZCsjiBR5CdHSSJvdsK624FExY+dyoe622iJQoCmfoA5IuY6Jaa3JIa2pYG4bYFm9/qBcV/mOsjNDhFDuljP5/OFo9SRo5yWiVJHnXIwd0qz1O6YjRpwrxDTO5DHe+Vu6Sh1qCl3y3tyBJrA9+98hWDdOmiZW4VeQLxOSYz7hwTc8zLQjCTwrD32lQTM+I9gbhfQu1sATSFgXma4U2pbU+qgU9KF7u5C/RMxHgTouArZ6DMpZO8T1BqdkseS2oXelAfa6rhxUAk0oQb3y64/x/tBX3PHdL0jS02po1c9C3BPDo/3D8T0V/07pKl8ICkL6B1PcFUQpg/0rCLqlCTKPhGczarQW5HAN3LsCTTKVwTpsxMS3RSQMgtXxZd3NxxXHPJ4/5nbF0X9mf1zw3FlWG8/c7dFWd/mcb1hUbrvbtv9vvyaF3Wy6d5XWzYs3mdJxaKn+sz9xn+cTn/7qXdD8dgG2azyRZvCfEniw6D1YElrhzJ6wDNZQKLbgXlZQhFPz5+DhyjjLqfbIDtSX3qZc4KeJaCM8vGqlLUcdihXN0i0utBXeTDH24jKu5CdTqd+vJT1MkYDbSSpvClOKdZhi71pivK0hb5RBCLzxJqiZHqI/SK5nM9OE/qGGHgHsrzaj1EicU2W5OKZDreRfrh+NndP0AckzmgOpfT8udisShHlxsEXaYMkextlFgUzaPinh2u76bRh0QSz2Q46Ko1y5YBO68XLe00VQ9/gsTerfMlosW9TROUSaoqwXF3KsQroWXtfcpvQs7ZIsjdIMnaXe8VzYxuI9YVdq4t1Lv4u7X1lE/5SryaS7BLmdPOSEX5wBjg3OjSTx/Fpg0RCLrJIF4kyD+ZGG0mr78qH2UyI5isCErlF81UbZS4PM1mIMruLHXm087TFOs1iZ3oKNfU14ge5BGVyi5VS/nnExDW6fcWDi6/vGZ68DZkPd3c/D5k3gJAsiZvNutCbJZHunrTUWj4L7oMvlIb7QDfOg2zZz3xiivIBa3IDfTuLJLeBc2MKSPm0fnAffzC2RbrbxBnlQwcsvJSuHVcGz7wwe3JAGvPfWcfn22/G3z8/pDIDi8v5G0f+EPp2CUg5W1FV93nDeN7xiTGv3+rj8/1+ASkWoFMfQh9SlNsUJaqAdHuL9TWBudsEkl1G4h3B+ieC9S0F+nGLdfeENVWEvnEKPbnRMrvEmdsxN/El9wD1GQ8dUg5uq5YwUSOPJW3tRd/75wcqA42v2Twk0jZK1E9At4QehDVDBIlSw0TpFo7yb0ADB3MHJHMHEjATvgWzLcqs4slThSib1ZCBk6csxpDtQdHQZ10gEvL0zBOQkzuLfhItDRD/uer3FL2kiVGWY2wjb8XGjHJgOa6VoEyWWNr0RbvF4rSKxFnqS24X3QskYJ8MMDq1wHP7gE5Fa4qzQ+hM89C3C+yBJhDl2pQMinT59G34xRmU2LtId7dIdE+m+GLrT0Avj8xeDGTAuJ/zvkwfEKObbpFkUTy3It9RP4G5xeTssEYKM5tuI29NNprKQ9/iF5rRRZLLQx8kCyclgTdNgUaawX5srk2RtCpG+eXCSZsgN1osWSylpZGEm0iXt5BBSHbIA2Ww38v++QMxdLYGPkHf2EBdlqLs2AaevcG+UYH7O2JKdo00mRGRBurumOrVE/bsFuj2IRQRMb30R+O6yFFarAsHU2LEYJpCbzyruSVA/RNhtgSaYF/JnVtTJNk08iw+0tSO2SLwDZ5BH9bTGmWywHyYzfke2Dvrqf58Kgj0jANM1F3gTRuWsoJszeDphPVZFeluamrMP6+fjWuQC38vUaf285faXWd1dyegyx3QtyUUtxQld/1eYcYgqtiBh9cYA7rbBJ5RQUfNsDfdYZ22ESnTlximMo0ylrfWxcIZYJhBG567pydPTZFe50ATTgOpEs6+QJa7uxbqrmiKUyHSj4TN60maUJHgTLjmzGa2gDp1JKeCbgh19Jhbh8Cz6CMV8EI6yN+QMH7jYDKSvDLKLT7wjhUjpr6jZMaQH1i8p/baWNlU1pz1Xct0Rrm96e1N5bOeDZqnxHe/JYjDuRsPrrZ+gJtVSh9NaThfX3QTpMPN+XzNXJ3+Gb94Jc14E+ly7ov05IszZncRPgsESZRBZB1IdgV0ejK98Z3TE+2azYEibWA3ZfEghp5FzzHD/NQXjy0U5BIJ53Nz0ydPPcW+xUNP2GH9QEJ/WZ/pGNT+WO753EBif19vBwz5MKNN4Fk8853+PN7mxO/ZiPl1h3+ix2gzRn7/QJ/Rl73VuQhIQ98a9wnenjOjkpKbRt21fc62GX26ikSch940N3OLohyWgbi+yuV9fDtnnBh9m6ePdvrpA9CZvwQkymSe0b6eFupMnwNBudsA/TUWTf+Mdyofdeqrb+uUNxO0GGxQyoxPOLq7jeZ2AR4GCshibv1C8V7kvMZ00svsc0nE3vkWD+Ysxi2GyYsrykzlM26/xPzZ5oZG0njE/hV/NDaOUpv+ixyGCzvsr4jprRKcAGJ6AVkmKXlKlITlpkdW3H3HNwLf2IX3AsHegC+mJ5Dx3HvMB5rd4+l4rneP93Bj7VZvi7sXWXwSeELKxnzrPz/BHznQWUlyIKa/JOHc5tF8+cHs5C3S0waKlA/nbmJmVhs5cgd9tUXdNV8zRTeF4vol/5velgbekQ81YaDWotv9P+DyT/B2+mOeoeGzjXc9lmrC6VlT0p/Yh53jgJWi24X6i+81LIbNDH+4zoX2FiXqXZwFZ+ylKNu+2iFn76d5nCj1qlPSFX98ctf25pKHvsHon6z7U5y9KgnVUyAZJZqvSCDOmiE2DfptfA4c9fKZOnDi17hhuXSI7XulWe5Is3TUFiVqEXq4YPoB5t8sT+Q8qwN2oFOtwKPf57mr7+Luj2Jz8fOypg33tzSJhvbZLU7aeF/H+581AV4qmN9vOI7j/ma9tBE4BeMYc5uExv2rf7fjqqBt/B/9r3vL+SLw/HtB/PhenE7fi9O7P6EZL0xe+xX/m5IL+1ZnikYZJfIh9u0iEu9OGinLiIVpzqiVzEen5QLmRhs5ahJJdhuIcgedKY11i6I5K0+mJ6DTGukyg6T7SKc0yu0Zyo0WXcryjRzpsw6J64WW2RQmag59e4NEd4cyl1/osw5Ky/JxTG/n5744pLcnh5UH+MQgJZAMimdyE3jCGeo66GGmy2YsQ2QwyGtQ5uasTBrlLM7hBn2rL5/APX/eZ8PSy0APp8/n9wstHWHKqkLPbbCmyCyNIKl35yYQjyX0pvxCueryjLDnDvo88/l5P0gUtlE2y6EPcvNqjkEhW5sO+3ryr3+fxy5WxUi57C5+Li47AVf29CW4jeYu9Vm5I6ltlFu03+uor5lhOnaUOjYPZ7MKe+vishPS/81Gez/Q9Mn/nu2Vs15DGvG3O8gg9WG014PboYxR69kJ6OsP112lgEBnyijfgfkRdKvc9lnpAnLfrfKVKKfQwXiAMOxA32qxb+zgetrih6F0s8f12FkZp+JNpwbNGeVdFYDaBXQYvZwJsKcuqxcfAxogi059scXoQ3v2HItM72mLNXWALA2U1126I4NbauavdvY6PPh/grHX4ftItKkh8D3lM3jaDD1L2znr8lf3AOZ4i3raA7eRTlOg20JPhU5FYmoqXVx1voae75+wt3GWu2bQ6AmUpd6/rKu+3ULtQtc5i+dZjf5vdH1gZxePetnZrIzmbgcd9OGNP8+HsmihGWtG7VDmHrHnshIiZXHb+7fGysu7HGtqAh01PctmPoN9q4wyNEDdXO0iCZaQzX2orXWn7qGffgDJgUAnvYxNGuk0A/qa5aMT0mWWayKDH2LDEITI4K0W6uvcd/r7g9wZOq5N4B2fz7T+vP/Hy87qIH+8IyDJyrtj0M3GkUi0GE3pmN4MehmlwRndQUc9hZ5NHxNQAX19bq/QaG7Ra9lLsj7nrR6Gp1soshLYZnaaorl96qmkc46dFRnzyLWd+n68vAu9WW9DhxeewYNlOYfrtWzdPUBvmrLSAehyA+aMEtiMFoz2fjkfKfCXJHDUE2b+liHC9huwcso3pqamtlF2nDIZ0FFbmPQtqxOj96HnVnC+JFikVTSc7yGSVKGn+N5VZ7WEiZKf97+WbOY3ucHiLfnjXPudM2K5RUDZHYEim/OSS8XAOwrQla98/c26An/tT2/O6q+vsRrtxta4jJfhXkse8qErb8ZY2/iisA296cbvzvGlHgLf6Dv8I04Pv52pijIsRAwHZuoWsXIw2abQH280WJm145M186+MUpyt+zM9+9LIO1RX+IEfJmOMzc+yp1uo25uLu6ACJHx9PidzKJVYvunzUsgw9l5Yo9ylpqYW0DsenpwhL4zlweg761es+FfXHHnHxZop9OAWe0f+yTEE1Ak08C3efAbJt2uvXPz8wgcSpYC6mwW+W+H7guC+FTE7YY3vFs4ZiwZuxPB94Fh9m6XXzxd7HlSc8+s5P1/5h7bt5y+c9M/dlZG4/hoeqq9VjPZx/b7s/sJ12dvevywgCYzPcAH0mYB1QiJdzkPvjpiOIIW+XZi+3Yai24D7w6cnbXXUsv7Sjx8ueN0TSuT+kheKhAS+WgLtB/Vn38OUt0OvfXoyxVmHdZoFnsWjTqlNj9WYgAUIH3qQjTt53arzHaXp62aditB9U/cli1VxSbDP9eISdQoBiT3UpRroD8VcEwLS2S4Q3QM75MBXD5FOd4Hf9/9bnE1TM8Ml1rdCkEzFZVf/JxLlBgzBWjuakqx8lw91uQv9cjsEVkFWmbtFmdsBrb+YZrZrsW8f+n7Dd+5OLvdu5mWJlKs9CBF7xvT1fjC/U757tfVqu1UTZ/RwfcYX/ebvyZQu+6TGZkHl8X6g7zv/OYfF9Gu4r5NNiOrq62lz+HFxt29ylOHPN5O+tiuTkkvyqg4p5aKiLqQbjjMVC8y+vPv177dVlOS3SclNCo4mecpV2+LANeXv4SHlfvtV/vLl3frpHfdf5T7Ja+5X8Z///dvv2zjE3ET4vd5zE8y9+/zuH2wft021vx2FhRjv46pin9w3teKtJHI4bjlacBUqypjbFhXb87e73RdNHe8n+5gkVb0P66TIuckE5xV4ssOcxL3cj+J7/j1/K0jcZFI3eR7Tr0n57YrcZELDHGy4X/tdc/by49Kf6jII2LI/K5z/hRPgfv37HyYWbjIZvk/yMIs5QqOvdVzVTMLXfVwW3KTfZpEP75tqcoireiL+gxMu7Vp1VR1nqKbcPq7qcF9zp6ROJoOh3lfxvk1Q/PMJF7ed5/Hf/q+dyeSXm/8JAAD//yh3OQAUJAAA"
      [32m+[0m[0m user_data_replace_on_change          = false
      [32m+[0m[0m volume_tags                          = {
          [32m+[0m[0m "Name" = "nf-be-er-us-west-2b"
        }
      [32m+[0m[0m vpc_security_group_ids               = (known after apply)

      [32m+[0m[0m credit_specification {}

      [32m+[0m[0m enclave_options {
          [32m+[0m[0m enabled = (known after apply)
        }

      [32m+[0m[0m metadata_options {
          [32m+[0m[0m http_endpoint               = "enabled"
          [32m+[0m[0m http_protocol_ipv6          = "disabled"
          [32m+[0m[0m http_put_response_hop_limit = 1
          [32m+[0m[0m http_tokens                 = "optional"
          [32m+[0m[0m instance_metadata_tags      = (known after apply)
        }

      [32m+[0m[0m timeouts {}
    }

[1m  # module.compute_client[0].aws_instance.this[0][0m will be created
[0m  [32m+[0m[0m resource "aws_instance" "this" {
      [32m+[0m[0m ami                                  = "ami-0333611f8a06d64d0"
      [32m+[0m[0m arn                                  = (known after apply)
      [32m+[0m[0m associate_public_ip_address          = true
      [32m+[0m[0m availability_zone                    = "us-west-2a"
      [32m+[0m[0m cpu_core_count                       = (known after apply)
      [32m+[0m[0m cpu_threads_per_core                 = (known after apply)
      [32m+[0m[0m disable_api_stop                     = (known after apply)
      [32m+[0m[0m disable_api_termination              = (known after apply)
      [32m+[0m[0m ebs_optimized                        = (known after apply)
      [32m+[0m[0m get_password_data                    = false
      [32m+[0m[0m host_id                              = (known after apply)
      [32m+[0m[0m host_resource_group_arn              = (known after apply)
      [32m+[0m[0m iam_instance_profile                 = (known after apply)
      [32m+[0m[0m id                                   = (known after apply)
      [32m+[0m[0m instance_initiated_shutdown_behavior = (known after apply)
      [32m+[0m[0m instance_lifecycle                   = (known after apply)
      [32m+[0m[0m instance_state                       = (known after apply)
      [32m+[0m[0m instance_type                        = "t3.medium"
      [32m+[0m[0m ipv6_address_count                   = (known after apply)
      [32m+[0m[0m ipv6_addresses                       = (known after apply)
      [32m+[0m[0m key_name                             = "dariuszKey"
      [32m+[0m[0m monitoring                           = true
      [32m+[0m[0m outpost_arn                          = (known after apply)
      [32m+[0m[0m password_data                        = (known after apply)
      [32m+[0m[0m placement_group                      = (known after apply)
      [32m+[0m[0m placement_partition_number           = (known after apply)
      [32m+[0m[0m primary_network_interface_id         = (known after apply)
      [32m+[0m[0m private_dns                          = (known after apply)
      [32m+[0m[0m private_ip                           = (known after apply)
      [32m+[0m[0m public_dns                           = (known after apply)
      [32m+[0m[0m public_ip                            = (known after apply)
      [32m+[0m[0m secondary_private_ips                = (known after apply)
      [32m+[0m[0m security_groups                      = (known after apply)
      [32m+[0m[0m source_dest_check                    = false
      [32m+[0m[0m spot_instance_request_id             = (known after apply)
      [32m+[0m[0m subnet_id                            = (known after apply)
      [32m+[0m[0m tags                                 = {
          [32m+[0m[0m "Environment" = "dariusz"
          [32m+[0m[0m "Name"        = "test_client-us-west-2a"
          [32m+[0m[0m "Terraform"   = "true"
        }
      [32m+[0m[0m tags_all                             = {
          [32m+[0m[0m "Environment" = "dariusz"
          [32m+[0m[0m "Name"        = "test_client-us-west-2a"
          [32m+[0m[0m "Terraform"   = "true"
        }
      [32m+[0m[0m tenancy                              = (known after apply)
      [32m+[0m[0m user_data                            = (known after apply)
      [32m+[0m[0m user_data_base64                     = "H4sIAAAAAAAA/6x6W3OjSrLuuyPWf1CsOTHr4YRtBKa75RM9EQKJmwRuIYtLvUxQVWpAUMASIC5xfvyOAiTLbbfx7L0f2m2jrMyszC+/zCokpkmxT4rb5ybbP05IGRdh5h2LexLWe/z/JjAtE+wdm+9/6qq+FJ52xmJuun/e0L9urf0xD9PkcTK9Y/64+ePm9vZa6I+bi+6jl+Q/98fbZYJSHCb+4+QrDIsrgc54sa+LexSnJb5FafIz9P+40UOyf2PmH9cyN5mHIs/f/7vMsFfsHyc31TEs9v/+Gcb7/PHmdrK/2IRfHm4mE9TbfJz8iWTp4LFSArZC4dpxKfpZBh3hhJKNv5qnmkqMZu8IDGxmDFT0UPSjENj8AbJmBgk6eYlxgqG6Ercagc6m+xzKs0T16dppgGW/f0YsZs0GDFbm/d9crwvLcQG26qrTy8aMp1jhmhgnuJ21SHZrvZkdIKs17lZdrTbpChOpUUV/JTpGjBIQo7j3VV0w/tNi/qBvUs1zzBgRiQHbua+Kc9+zeUb0YwZyZgClWQaJGe/F+UxdzFeiY56wLOVOq1a6OO/06PN0Jdpx6Tlm5tr1Eth1sN9e9GSQxIxnS7nDmjGUJV5VzAzau9JUrMZ1zAyyDyvRsRqo6J39878fWwE6jsEgEpeAy1fiJgoRK1VIllp9sSxdxzysSVxi2WogkXI1rDoZKEsFkqXKdYwGLZYlXbMmdQDtWetuaS6YcD1PNXGr5a5tRUDWK33Lt64zL+layBlBH1M1F/2I5oVBnMAh2eh04WRZX+TJjPUcvXTZ6qyzde1pBRWhAYoRoMW8XidGgES+dW2p6Hy149K16/aVjcQ6QEfIXc6ofrWBbaNYE+OyP5zM2dEYOEYOFBy7rNm6jsDixbJeJ2YMiVRi6hPhT5jE7bVel93Un4ht7JKi0j+Oa+txRoRZM9ZpDBRQ68/qIP/WLmbTZsyul+Bo3Lcgh47xN5SnkUvSj/yr0EKrXKfLe4BlvaRYBY5WunZ1hY2scp15pdtmM+Qwd+3pCbHL0mVnxUuszQYp+ODZfIKS+WB3GmNFO72KLzFSKGsV5M4y2gHYPIOIlF/LUQyCAb/gwzh/O6milkPZKpA8qz3SxwewRicPaE1xQjysKaHjv2DUEcb237isSX0gnjP4kGgHIAcnLFs5an6to2ntOkKAOK3+uJbqACpC5LbzGijqSI6k0RxBedoi1mi9ZFQfxWSFOaH5DCahXBeIEyL3oP09xiGdD3IduI7xt3vJ7buyocsGEVSMA+KEExD7OLnEiGFiNq5dXfNIDAmmNXTQuc5fRn9ejvmbu45xgMqFc97FK2LVS731/GXkrq2179WUy26YsbqjuEZ2TbFSu44+gu3eTyRLAXA+9hNzy1Fe2ESGulvW0i4WnjfWvDLsqtwx0mYdaQtzx+92kaSvI0N/L68uNxanokUOZlArdByKnpdnHighB7KuBsQLrin3VD0GhAiFH9WAdvAUGoNljeRZNegMXdYqsaIFUHyjt+Nljxgf11akLbaSoJuWtqExeOHo3+Wi48sWytPqJW/v4rbESc/nLmfUsMOtUOJEf6//UdkKs0YGE6Fxmw9lY2hrFZSDg8uda/Lss1W4ZFZCTr2Wf1VrY3Xp0VyzGd3jATUjnCSbHSd9iAdidD0IKMJpkKMcmULOjKGiv+4JA86Bo7Vj9YjZtP1M30W2eRjpuwVWujwdYPJrPN/pu0TqMAtlo9IPH/sIE0Br4dBxsN1jhT57n4ukwyd8TXFrjPE75cv6zJdo+yFf/jpzjPCldEAy9VH6uFbpXGabOc352Fx2wYescWP4oGuRXdP6P3PLOf5Tl2Ve7QspZg1lWk9ScMYxYqUAdnP7NKM4edOPHTw+13YYMU7wah6EshSihs9gQnXzwQsPWYWbCLknG9mvcQD2NIQsf0LhK95Kaa16pKazePsxz0o0FhRbL/0jMQLXfhWHArF1hVnrgK7yi2WrdG2eeellr/gldZ/xGMYobmrMme1ncENnb7fnk9/qG/h0fG6huGazwwiP0RqooLysDNlq0MczA+vJWgET2o+vZ0EtgGTWYHn3Pp+ROBrnM4n7RE1XsB2dK/v+wHW98oqjrAaT+ODZ397vEwTT2e1TsxDl05EcURxSHw6Iy0bOfjzbnf044e9r3ANHYz3byGDz+1kAyvSsOqafni0lDn/ubDn0P6lCi+X0Q77u+0+AlHltiL+3v26++dRfYE+J5wjBkLuEzrG052BHOyHZGtbwxf68x0Q4PdF5n/ZMIjHuu5zRzznu85zGa2zOCbxEuD4v/54r5I4rKkQ2v+MK1rXP/Xd+1QN/dwdQV+N3ADyLWJNz2bgEsnXofJR5Fr2bf8BA2cz72jIf1kTiUMMT4GiMZ/P9vl/Zz6LunPkhV3dnr8glZoyHfkXr15NnDHhzl4Aj/VO5kTof6dnxEzNoBRUh6PjqAzypiUFAInBI0doez5taP/dXzsxczjgBMiNdDi5Y0lpITA7I1vGqBhhAY5VsaFzexphyiGLkQz7Yz92xaAdA98CZLRbHYmgQ0Pv0so/tyD5IxgFZal1O//09xkGKRrjpfO6OgOOOnbtf+F4e5/ueE6TIJVKMRmriPGcjdnTO/sxdQoplMNyJCZcZxpOpjzFBicW8PSPSOBp/Y245OpN7shl+Zua6nsm95H989jytmznVGUNHonPTUG/40Ou0pojMKmD3etdk+nA9SwMF09hG47P04LOsBWPniFec/+FMS3VMK0Rm0fpZH7lT6PPgjuRh6Estlq0PZz2K//GzzrAPzgj3H3ENCRiQCDlStIjuQV+c9xKcUGJmINGm+C2PDfsZO6NPW6hIHLCN+qr+Rzhp4OjkE/zycgfQjN4BUH5M6IzwH/HjsZtbFLV6w1/v31m33Rnjur/QM8YrfrNK0M0q+ltOfKuT8w4axXj72x505nDHOHyWw6/mlQqx9efnlaGHdXeFxBjptbjWubH++YI96v/gewo52uNBg53NVSxe7mmBg2vX/vQ9bc/DTtd3uRHO7u9SFKNCb87+796ltICAGnMSrbNfZuoZ49lGC1lwAmR5veaHLUmmNTUXlmQIu5dZ7bSX4xrb8avz8IYBP3YS3mwY/LyxBNtaLM/ccICcRuAFr/FM9FMNyHy7I1YL2ZoFjqbtXr0Lmof687xaH5aN0Tw0xvOu1A875umwa9W3azeIzBjYvKzFtlm9I7fz7GkMOYt5dnQqN9UX80r04xgS4wRkq7l+H9X/o+eAWbmOLMprEXCu3rMp2gly5gLaG6qLuOwsRGRZbthZAW2pBEq+Ei2rBc8p1RV6ismgfv/PXS9cpL4aLX3ExnTGjVW5e//nU07FonCAchzDZNPl4lmelaClejRBVYwMOkIOtkKKFbNSFTNG3MZ32ToDNs/QfPx88XEKI6MA4nymimB4V8gvIDstXJuP9lWqWY4RP4V0r1qD7YfO3o6lnLr5MjzrfVL0X31589kuscpOF7Ubd37lYsKsRAKmkOi+Z/MZFv1MpbFxLvErN7YZXeImBg22efo8E/34/Htp0trh9HS15TWYmLbrqKlGYjp7BFje5aqoZZRHXMeM1bDy9W3lq4SfQluLUSicQCgwwDEYVT6viU8w0cPVJtVQYpUbdhqtI5C7Nm5XYlRubZ6xiNSsRHB5p2nKVu46UWfr/GxtD+85w8o3Opvnd6OVD3p5H8vffMSZAUo2PpaD+Jwzz37wEWsdIMtHqFGz61i5rJS7HF1vxitF9wGpT66zYQ2x8rEoECjPArxwmbUoVKoMcshKjHHYZFe/+zS/OJx/+bGdp1THuhGY1Xb+t7pYVroYrURH9Z8OjA9tifFEfgM5lOrP8/xKR4rEqMsDcMwpIg9n2S3kLJordpWomSp+85GfzUQ/I9jmD1f5T112Gqli9gZ7a1EIEMGtKhUYcWbj2Xyy2gpfKTd0OJHjAEqzaHi/PHvnPXJ6kVv2OaC57N+Z889QtmIkBm/fR4upf5YBtnGChOIs1br6XBq5Z1slFruYkb5m+UVfi+ZX2gss2q8To6Lc/xReZHaISGV3bznIiZap75gggMRsPVk6Aov6b52ws/lC4/+OH/nLusGPJX0Osr7eaI0Chs65G3ZWAhIneyYuKX6wo8U7tsiQBGJEYrJ/Tn2saFPgMJ3On1vK0fGF/57C+fR9+wM3kzgHlhBg2e/woYYz1nXUE5RnSf89BeFnz1N8x4/qec228oGjNeoinanyrF1HdCbmZc+u45UMMihbG9cx07UonFDD/3CmePvM8Lrt1P3fjLE1d9LOPP89NbfWjl+sxXllHDYMza9nu70NcTlTZT6DotDFu/MtFpruPBL6oeloDeRUn/ZaSOISNAKhfjyFaq7KVoPCiMbkjOuV6DAr0TZjQKxG7XzdlRu2PiF2l1LOF21wQqGQdXtbzL+qcuT/WDD+5fsUz7nvbfNjx21+pAEya1Q5zVXFamCHJ6FxbT4BW2GKSN2e5URHi5FjxYgzrV1UdfEGZMqsY6NC3bzspnT+wIrQPoXfTpqjf9HszcmTrQAqZrq2jRTYxhE16mCr8vv7NavZ0T5D63wTaYhY9VoUYpT0NT/g9gk4eAscaUq5cdX3oPLZthhPnkUma1F+ac6fW5amr0Wh9Owq63y3Y9LHch782HbPO86h9n7Nx7k/PYXCAXJWDkShhLRvcVrccbZyjgPtO1bryA/h4G9vaxNTnmQ8m5+CDbVBsTrEj/KKPGtBzxMNtncvseXmQ767HHQ9czP4so7M04ra3fYx+h22xE2cQxaVO0WjsyFZidq5P3/pdHe5ngYe2+Fs6Mv/nf10/0fABrRnNcAxqnWknYASXWORyrz9vo6c+qtmXqsixWGWA/shxY6Wo6bf2/C9pBiFdBbIhrmGjzFzmW3SvoZ/leelfj7apVieMa5d//RsPgKOP2Dgsr40hzVdTLl5uePMACtWu6Gff6AXEatFIq8CW4qAo0E1MmlPD53xNRfsrmNr+yzyKuQMZohRBs4xjA3GpXXOdGv9H8+Mrx/mVVeDG4qT6+855cceO8zqnJOfXf1LrGvHuWtrGZRjZr/t8HRw7fqA7Zr6m7706GDIz7dGX8yz9VW/XimDrf4u62G1rXyd5qirpTc2/q+6iPj1IZrqAxbfi8Ubvuh7r7+TpRaxVqQqOKNc7jog8Ow6cEmce47Jq0o3O/mQdX1t+9CCUKiA078/pvPMr/Irmg+H8en5Fmz/c39MItEe8L/tz+p6boK2lMFwmDH9DgMXzkNkdsJLOg/z0l6mfdOMV2L09V0Os0GBRX7T76EuVy89g/YmaS/HzGqxzPqeSWef79//vJlM0irZHx8nxzQtHumPm8kk84rgcXKfZsV9si9+pmWCj819UBTZnZ/Sz/dHEuZ5mCb54+Qv5ivP/3VzLBNE8OPN7eT/30wm+R5PbsPJX/n9PxbG9vs9/TFlmLsp+/WO5fk7ln+49/+a3O8LdJ83ebEn+P64z9P4tMd3KE1+3kwm92V+vIdhMgigIp4c93nhHYvJsOT2siTfH08h2t9MJqg8xpPb9YR6mz/e3/vpHd6f7nF876fTO5a94+/iMCnrW4/gLw93hXe889vJbTq5L0j2kczNZFJ4x8mt2DsWp8iLJ7d1+/MzK4/kM1L7OkuPxeTH/Fn5/n/oz8cXU/d+SoPxIiU/iXNRWX7/69c83SEPBft7P72FZRjjv66XdKrfrPDTV0Lm09Pz979emaafI/wGEucsXXt476cTkuJJmIRFl4WPhIoQN7/7vPP+ZjJJ0qDM3kXj5Fgmk9tbain04lu8j71m8oVh6LNif/SK/YRlmMm/Jvcnj+r3ewzHqT9h//XP6eSfb77he3v7x81/BQAA///96vh5QCwAAA=="
      [32m+[0m[0m user_data_replace_on_change          = false
      [32m+[0m[0m volume_tags                          = {
          [32m+[0m[0m "Name" = "test_client-us-west-2a"
        }
      [32m+[0m[0m vpc_security_group_ids               = (known after apply)

      [32m+[0m[0m credit_specification {}

      [32m+[0m[0m enclave_options {
          [32m+[0m[0m enabled = (known after apply)
        }

      [32m+[0m[0m metadata_options {
          [32m+[0m[0m http_endpoint               = "enabled"
          [32m+[0m[0m http_protocol_ipv6          = "disabled"
          [32m+[0m[0m http_put_response_hop_limit = 1
          [32m+[0m[0m http_tokens                 = "optional"
          [32m+[0m[0m instance_metadata_tags      = (known after apply)
        }

      [32m+[0m[0m timeouts {}
    }

[1m  # module.compute_client[1].aws_instance.this[0][0m will be created
[0m  [32m+[0m[0m resource "aws_instance" "this" {
      [32m+[0m[0m ami                                  = "ami-0333611f8a06d64d0"
      [32m+[0m[0m arn                                  = (known after apply)
      [32m+[0m[0m associate_public_ip_address          = true
      [32m+[0m[0m availability_zone                    = "us-west-2b"
      [32m+[0m[0m cpu_core_count                       = (known after apply)
      [32m+[0m[0m cpu_threads_per_core                 = (known after apply)
      [32m+[0m[0m disable_api_stop                     = (known after apply)
      [32m+[0m[0m disable_api_termination              = (known after apply)
      [32m+[0m[0m ebs_optimized                        = (known after apply)
      [32m+[0m[0m get_password_data                    = false
      [32m+[0m[0m host_id                              = (known after apply)
      [32m+[0m[0m host_resource_group_arn              = (known after apply)
      [32m+[0m[0m iam_instance_profile                 = (known after apply)
      [32m+[0m[0m id                                   = (known after apply)
      [32m+[0m[0m instance_initiated_shutdown_behavior = (known after apply)
      [32m+[0m[0m instance_lifecycle                   = (known after apply)
      [32m+[0m[0m instance_state                       = (known after apply)
      [32m+[0m[0m instance_type                        = "t3.medium"
      [32m+[0m[0m ipv6_address_count                   = (known after apply)
      [32m+[0m[0m ipv6_addresses                       = (known after apply)
      [32m+[0m[0m key_name                             = "dariuszKey"
      [32m+[0m[0m monitoring                           = true
      [32m+[0m[0m outpost_arn                          = (known after apply)
      [32m+[0m[0m password_data                        = (known after apply)
      [32m+[0m[0m placement_group                      = (known after apply)
      [32m+[0m[0m placement_partition_number           = (known after apply)
      [32m+[0m[0m primary_network_interface_id         = (known after apply)
      [32m+[0m[0m private_dns                          = (known after apply)
      [32m+[0m[0m private_ip                           = (known after apply)
      [32m+[0m[0m public_dns                           = (known after apply)
      [32m+[0m[0m public_ip                            = (known after apply)
      [32m+[0m[0m secondary_private_ips                = (known after apply)
      [32m+[0m[0m security_groups                      = (known after apply)
      [32m+[0m[0m source_dest_check                    = false
      [32m+[0m[0m spot_instance_request_id             = (known after apply)
      [32m+[0m[0m subnet_id                            = (known after apply)
      [32m+[0m[0m tags                                 = {
          [32m+[0m[0m "Environment" = "dariusz"
          [32m+[0m[0m "Name"        = "test_client-us-west-2b"
          [32m+[0m[0m "Terraform"   = "true"
        }
      [32m+[0m[0m tags_all                             = {
          [32m+[0m[0m "Environment" = "dariusz"
          [32m+[0m[0m "Name"        = "test_client-us-west-2b"
          [32m+[0m[0m "Terraform"   = "true"
        }
      [32m+[0m[0m tenancy                              = (known after apply)
      [32m+[0m[0m user_data                            = (known after apply)
      [32m+[0m[0m user_data_base64                     = "H4sIAAAAAAAA/6x6W3OjSrLuuyPWf1CsOTHr4YRtBKa75RM9EQKJmwRuIYtLvUxQVWpAUMASIC5xfvyOAiTLbbfx7L0f2m2jrMyszC+/zCokpkmxT4rb5ybbP05IGRdh5h2LexLWe/z/JjAtE+wdm+9/6qq+FJ52xmJuun/e0L9urf0xD9PkcTK9Y/64+ePm9vZa6I+bi+6jl+Q/98fbZYJSHCb+4+QrDIsrgc54sa+LexSnJb5FafIz9P+40UOyf2PmH9cyN5mHIs/f/7vMsFfsHyc31TEs9v/+Gcb7/PHmdrK/2IRfHm4mE9TbfJz8iWTp4LFSArZC4dpxKfpZBh3hhJKNv5qnmkqMZu8IDGxmDFT0UPSjENj8AbJmBgk6eYlxgqG6Ercagc6m+xzKs0T16dppgGW/f0YsZs0GDFbm/d9crwvLcQG26qrTy8aMp1jhmhgnuJ21SHZrvZkdIKs17lZdrTbpChOpUUV/JTpGjBIQo7j3VV0w/tNi/qBvUs1zzBgRiQHbua+Kc9+zeUb0YwZyZgClWQaJGe/F+UxdzFeiY56wLOVOq1a6OO/06PN0Jdpx6Tlm5tr1Eth1sN9e9GSQxIxnS7nDmjGUJV5VzAzau9JUrMZ1zAyyDyvRsRqo6J39878fWwE6jsEgEpeAy1fiJgoRK1VIllp9sSxdxzysSVxi2WogkXI1rDoZKEsFkqXKdYwGLZYlXbMmdQDtWetuaS6YcD1PNXGr5a5tRUDWK33Lt64zL+layBlBH1M1F/2I5oVBnMAh2eh04WRZX+TJjPUcvXTZ6qyzde1pBRWhAYoRoMW8XidGgES+dW2p6Hy149K16/aVjcQ6QEfIXc6ofrWBbaNYE+OyP5zM2dEYOEYOFBy7rNm6jsDixbJeJ2YMiVRi6hPhT5jE7bVel93Un4ht7JKi0j+Oa+txRoRZM9ZpDBRQ68/qIP/WLmbTZsyul+Bo3Lcgh47xN5SnkUvSj/yr0EKrXKfLe4BlvaRYBY5WunZ1hY2scp15pdtmM+Qwd+3pCbHL0mVnxUuszQYp+ODZfIKS+WB3GmNFO72KLzFSKGsV5M4y2gHYPIOIlF/LUQyCAb/gwzh/O6milkPZKpA8qz3SxwewRicPaE1xQjysKaHjv2DUEcb237isSX0gnjP4kGgHIAcnLFs5an6to2ntOkKAOK3+uJbqACpC5LbzGijqSI6k0RxBedoi1mi9ZFQfxWSFOaH5DCahXBeIEyL3oP09xiGdD3IduI7xt3vJ7buyocsGEVSMA+KEExD7OLnEiGFiNq5dXfNIDAmmNXTQuc5fRn9ejvmbu45xgMqFc97FK2LVS731/GXkrq2179WUy26YsbqjuEZ2TbFSu44+gu3eTyRLAXA+9hNzy1Fe2ESGulvW0i4WnjfWvDLsqtwx0mYdaQtzx+92kaSvI0N/L68uNxanokUOZlArdByKnpdnHighB7KuBsQLrin3VD0GhAiFH9WAdvAUGoNljeRZNegMXdYqsaIFUHyjt+Nljxgf11akLbaSoJuWtqExeOHo3+Wi48sWytPqJW/v4rbESc/nLmfUsMOtUOJEf6//UdkKs0YGE6Fxmw9lY2hrFZSDg8uda/Lss1W4ZFZCTr2Wf1VrY3Xp0VyzGd3jATUjnCSbHSd9iAdidD0IKMJpkKMcmULOjKGiv+4JA86Bo7Vj9YjZtP1M30W2eRjpuwVWujwdYPJrPN/pu0TqMAtlo9IPH/sIE0Br4dBxsN1jhT57n4ukwyd8TXFrjPE75cv6zJdo+yFf/jpzjPCldEAy9VH6uFbpXGabOc352Fx2wYescWP4oGuRXdP6P3PLOf5Tl2Ve7QspZg1lWk9ScMYxYqUAdnP7NKM4edOPHTw+13YYMU7wah6EshSihs9gQnXzwQsPWYWbCLknG9mvcQD2NIQsf0LhK95Kaa16pKazePsxz0o0FhRbL/0jMQLXfhWHArF1hVnrgK7yi2WrdG2eeellr/gldZ/xGMYobmrMme1ncENnb7fnk9/qG/h0fG6huGazwwiP0RqooLysDNlq0MczA+vJWgET2o+vZ0EtgGTWYHn3Pp+ROBrnM4n7RE1XsB2dK/v+wHW98oqjrAaT+ODZ397vEwTT2e1TsxDl05EcURxSHw6Iy0bOfjzbnf044e9r3ANHYz3byGDz+1kAyvSsOqafni0lDn/ubDn0P6lCi+X0Q77u+0+AlHltiL+3v26++dRfYE+J5wjBkLuEzrG052BHOyHZGtbwxf68x0Q4PdF5n/ZMIjHuu5zRzznu85zGa2zOCbxEuD4v/54r5I4rKkQ2v+MK1rXP/Xd+1QN/dwdQV+N3ADyLWJNz2bgEsnXofJR5Fr2bf8BA2cz72jIf1kTiUMMT4GiMZ/P9vl/Zz6LunPkhV3dnr8glZoyHfkXr15NnDHhzl4Aj/VO5kTof6dnxEzNoBRUh6PjqAzypiUFAInBI0doez5taP/dXzsxczjgBMiNdDi5Y0lpITA7I1vGqBhhAY5VsaFzexphyiGLkQz7Yz92xaAdA98CZLRbHYmgQ0Pv0so/tyD5IxgFZal1O//09xkGKRrjpfO6OgOOOnbtf+F4e5/ueE6TIJVKMRmriPGcjdnTO/sxdQoplMNyJCZcZxpOpjzFBicW8PSPSOBp/Y245OpN7shl+Zua6nsm95H989jytmznVGUNHonPTUG/40Ou0pojMKmD3etdk+nA9SwMF09hG47P04LOsBWPniFec/+FMS3VMK0Rm0fpZH7lT6PPgjuRh6Estlq0PZz2K//GzzrAPzgj3H3ENCRiQCDlStIjuQV+c9xKcUGJmINGm+C2PDfsZO6NPW6hIHLCN+qr+Rzhp4OjkE/zycgfQjN4BUH5M6IzwH/HjsZtbFLV6w1/v31m33Rnjur/QM8YrfrNK0M0q+ltOfKuT8w4axXj72x505nDHOHyWw6/mlQqx9efnlaGHdXeFxBjptbjWubH++YI96v/gewo52uNBg53NVSxe7mmBg2vX/vQ9bc/DTtd3uRHO7u9SFKNCb87+796ltICAGnMSrbNfZuoZ49lGC1lwAmR5veaHLUmmNTUXlmQIu5dZ7bSX4xrb8avz8IYBP3YS3mwY/LyxBNtaLM/ccICcRuAFr/FM9FMNyHy7I1YL2ZoFjqbtXr0Lmof687xaH5aN0Tw0xvOu1A875umwa9W3azeIzBjYvKzFtlm9I7fz7GkMOYt5dnQqN9UX80r04xgS4wRkq7l+H9X/o+eAWbmOLMprEXCu3rMp2gly5gLaG6qLuOwsRGRZbthZAW2pBEq+Ei2rBc8p1RV6ismgfv/PXS9cpL4aLX3ExnTGjVW5e//nU07FonCAchzDZNPl4lmelaClejRBVYwMOkIOtkKKFbNSFTNG3MZ32ToDNs/QfPx88XEKI6MA4nymimB4V8gvIDstXJuP9lWqWY4RP4V0r1qD7YfO3o6lnLr5MjzrfVL0X31589kuscpOF7Ubd37lYsKsRAKmkOi+Z/MZFv1MpbFxLvErN7YZXeImBg22efo8E/34/Htp0trh9HS15TWYmLbrqKlGYjp7BFje5aqoZZRHXMeM1bDy9W3lq4SfQluLUSicQCgwwDEYVT6viU8w0cPVJtVQYpUbdhqtI5C7Nm5XYlRubZ6xiNSsRHB5p2nKVu46UWfr/GxtD+85w8o3Opvnd6OVD3p5H8vffMSZAUo2PpaD+Jwzz37wEWsdIMtHqFGz61i5rJS7HF1vxitF9wGpT66zYQ2x8rEoECjPArxwmbUoVKoMcshKjHHYZFe/+zS/OJx/+bGdp1THuhGY1Xb+t7pYVroYrURH9Z8OjA9tifFEfgM5lOrP8/xKR4rEqMsDcMwpIg9n2S3kLJordpWomSp+85GfzUQ/I9jmD1f5T112Gqli9gZ7a1EIEMGtKhUYcWbj2Xyy2gpfKTd0OJHjAEqzaHi/PHvnPXJ6kVv2OaC57N+Z889QtmIkBm/fR4upf5YBtnGChOIs1br6XBq5Z1slFruYkb5m+UVfi+ZX2gss2q8To6Lc/xReZHaISGV3bznIiZap75gggMRsPVk6Aov6b52ws/lC4/+OH/nLusGPJX0Osr7eaI0Chs65G3ZWAhIneyYuKX6wo8U7tsiQBGJEYrJ/Tn2saFPgMJ3On1vK0fGF/57C+fR9+wM3kzgHlhBg2e/woYYz1nXUE5RnSf89BeFnz1N8x4/qec228oGjNeoinanyrF1HdCbmZc+u45UMMihbG9cx07UonFDD/3CmePvM8Lrt1P3fjLE1d9LOPP89NbfWjl+sxXllHDYMza9nu70NcTlTZT6DotDFu/MtFpruPBL6oeloDeRUn/ZaSOISNAKhfjyFaq7KVoPCiMbkjOuV6DAr0TZjQKxG7XzdlRu2PiF2l1LOF21wQqGQdXtbzL+qcuT/WDD+5fsUz7nvbfNjx21+pAEya1Q5zVXFamCHJ6FxbT4BW2GKSN2e5URHi5FjxYgzrV1UdfEGZMqsY6NC3bzspnT+wIrQPoXfTpqjf9HszcmTrQAqZrq2jRTYxhE16mCr8vv7NavZ0T5D63wTaYhY9VoUYpT0NT/g9gk4eAscaUq5cdX3oPLZthhPnkUma1F+ac6fW5amr0Wh9Owq63y3Y9LHch782HbPO86h9n7Nx7k/PYXCAXJWDkShhLRvcVrccbZyjgPtO1bryA/h4G9vaxNTnmQ8m5+CDbVBsTrEj/KKPGtBzxMNtncvseXmQ767HHQ9czP4so7M04ra3fYx+h22xE2cQxaVO0WjsyFZidq5P3/pdHe5ngYe2+Fs6Mv/nf10/0fABrRnNcAxqnWknYASXWORyrz9vo6c+qtmXqsixWGWA/shxY6Wo6bf2/C9pBiFdBbIhrmGjzFzmW3SvoZ/leelfj7apVieMa5d//RsPgKOP2Dgsr40hzVdTLl5uePMACtWu6Gff6AXEatFIq8CW4qAo0E1MmlPD53xNRfsrmNr+yzyKuQMZohRBs4xjA3GpXXOdGv9H8+Mrx/mVVeDG4qT6+855cceO8zqnJOfXf1LrGvHuWtrGZRjZr/t8HRw7fqA7Zr6m7706GDIz7dGX8yz9VW/XimDrf4u62G1rXyd5qirpTc2/q+6iPj1IZrqAxbfi8Ubvuh7r7+TpRaxVqQqOKNc7jog8Ow6cEmce47Jq0o3O/mQdX1t+9CCUKiA078/pvPMr/Irmg+H8en5Fmz/c39MItEe8L/tz+p6boK2lMFwmDH9DgMXzkNkdsJLOg/z0l6mfdOMV2L09V0Os0GBRX7T76EuVy89g/YmaS/HzGqxzPqeSWef79//vJlM0irZHx8nxzQtHumPm8kk84rgcXKfZsV9si9+pmWCj819UBTZnZ/Sz/dHEuZ5mCb54+Qv5ivP/3VzLBNE8OPN7eT/30wm+R5PbsPJX/n9PxbG9vs9/TFlmLsp+/WO5fk7ln+49/+a3O8LdJ83ebEn+P64z9P4tMd3KE1+3kwm92V+vIdhMgigIp4c93nhHYvJsOT2siTfH08h2t9MJqg8xpPb9YR6mz/e3/vpHd6f7nF876fTO5a94+/iMCnrW4/gLw93hXe889vJbTq5L0j2kczNZFJ4x8mt2DsWp8iLJ7d1+/MzK4/kM1L7OkuPxeTH/Fn5/n/oz8cXU/d+SoPxIiU/iXNRWX7/69c83SEPBft7P72FZRjjv66XdKrfrPDTV0Lm09Pz979emaafI/wGEucsXXt476cTkuJJmIRFl4WPhIoQN7/7vPP+ZjJJ0qDM3kXj5Fgmk9tbain04lu8j71m8oVh6LNif/SK/YRlmMm/Jvcnj+r3ewzHqT9h//XP6eSfb77he3v7x81/BQAA///96vh5QCwAAA=="
      [32m+[0m[0m user_data_replace_on_change          = false
      [32m+[0m[0m volume_tags                          = {
          [32m+[0m[0m "Name" = "test_client-us-west-2b"
        }
      [32m+[0m[0m vpc_security_group_ids               = (known after apply)

      [32m+[0m[0m credit_specification {}

      [32m+[0m[0m enclave_options {
          [32m+[0m[0m enabled = (known after apply)
        }

      [32m+[0m[0m metadata_options {
          [32m+[0m[0m http_endpoint               = "enabled"
          [32m+[0m[0m http_protocol_ipv6          = "disabled"
          [32m+[0m[0m http_put_response_hop_limit = 1
          [32m+[0m[0m http_tokens                 = "optional"
          [32m+[0m[0m instance_metadata_tags      = (known after apply)
        }

      [32m+[0m[0m timeouts {}
    }

[1m  # module.gwlb1.aws_lb.glb[0m will be created
[0m  [32m+[0m[0m resource "aws_lb" "glb" {
      [32m+[0m[0m arn                                                          = (known after apply)
      [32m+[0m[0m arn_suffix                                                   = (known after apply)
      [32m+[0m[0m dns_name                                                     = (known after apply)
      [32m+[0m[0m enable_cross_zone_load_balancing                             = true
      [32m+[0m[0m enable_deletion_protection                                   = false
      [32m+[0m[0m enforce_security_group_inbound_rules_on_private_link_traffic = (known after apply)
      [32m+[0m[0m id                                                           = (known after apply)
      [32m+[0m[0m internal                                                     = (known after apply)
      [32m+[0m[0m ip_address_type                                              = (known after apply)
      [32m+[0m[0m load_balancer_type                                           = "gateway"
      [32m+[0m[0m name                                                         = "nf-lb-01"
      [32m+[0m[0m name_prefix                                                  = (known after apply)
      [32m+[0m[0m security_groups                                              = (known after apply)
      [32m+[0m[0m subnets                                                      = (known after apply)
      [32m+[0m[0m tags_all                                                     = (known after apply)
      [32m+[0m[0m vpc_id                                                       = (known after apply)
      [32m+[0m[0m zone_id                                                      = (known after apply)

      [32m+[0m[0m subnet_mapping {
          [32m+[0m[0m outpost_id           = (known after apply)
          [32m+[0m[0m subnet_id            = (known after apply)
            [90m# (3 unchanged attributes hidden)[0m[0m
        }
      [32m+[0m[0m subnet_mapping {
          [32m+[0m[0m outpost_id           = (known after apply)
          [32m+[0m[0m subnet_id            = (known after apply)
            [90m# (3 unchanged attributes hidden)[0m[0m
        }
    }

[1m  # module.gwlb1.aws_lb_listener.glb_fe[0m will be created
[0m  [32m+[0m[0m resource "aws_lb_listener" "glb_fe" {
      [32m+[0m[0m arn               = (known after apply)
      [32m+[0m[0m id                = (known after apply)
      [32m+[0m[0m load_balancer_arn = (known after apply)
      [32m+[0m[0m protocol          = (known after apply)
      [32m+[0m[0m ssl_policy        = (known after apply)
      [32m+[0m[0m tags_all          = (known after apply)

      [32m+[0m[0m default_action {
          [32m+[0m[0m order            = (known after apply)
          [32m+[0m[0m target_group_arn = (known after apply)
          [32m+[0m[0m type             = "forward"
        }
    }

[1m  # module.gwlb1.aws_lb_target_group.glb_tg[0m will be created
[0m  [32m+[0m[0m resource "aws_lb_target_group" "glb_tg" {
      [32m+[0m[0m arn                                = (known after apply)
      [32m+[0m[0m arn_suffix                         = (known after apply)
      [32m+[0m[0m connection_termination             = (known after apply)
      [32m+[0m[0m deregistration_delay               = "300"
      [32m+[0m[0m id                                 = (known after apply)
      [32m+[0m[0m ip_address_type                    = (known after apply)
      [32m+[0m[0m lambda_multi_value_headers_enabled = false
      [32m+[0m[0m load_balancer_arns                 = (known after apply)
      [32m+[0m[0m load_balancing_algorithm_type      = (known after apply)
      [32m+[0m[0m load_balancing_anomaly_mitigation  = (known after apply)
      [32m+[0m[0m load_balancing_cross_zone_enabled  = (known after apply)
      [32m+[0m[0m name                               = "nf-lb-tg"
      [32m+[0m[0m name_prefix                        = (known after apply)
      [32m+[0m[0m port                               = 6081
      [32m+[0m[0m preserve_client_ip                 = (known after apply)
      [32m+[0m[0m protocol                           = "GENEVE"
      [32m+[0m[0m protocol_version                   = (known after apply)
      [32m+[0m[0m proxy_protocol_v2                  = false
      [32m+[0m[0m slow_start                         = 0
      [32m+[0m[0m tags_all                           = (known after apply)
      [32m+[0m[0m target_type                        = "instance"
      [32m+[0m[0m vpc_id                             = (known after apply)

      [32m+[0m[0m health_check {
          [32m+[0m[0m enabled             = true
          [32m+[0m[0m healthy_threshold   = 2
          [32m+[0m[0m interval            = 5
          [32m+[0m[0m matcher             = "200-399"
          [32m+[0m[0m path                = "/health-checks"
          [32m+[0m[0m port                = "8081"
          [32m+[0m[0m protocol            = "HTTPS"
          [32m+[0m[0m timeout             = 2
          [32m+[0m[0m unhealthy_threshold = 2
        }
    }

[1m  # module.gwlb1.aws_lb_target_group_attachment.glb_tg_attach[0][0m will be created
[0m  [32m+[0m[0m resource "aws_lb_target_group_attachment" "glb_tg_attach" {
      [32m+[0m[0m id               = (known after apply)
      [32m+[0m[0m target_group_arn = (known after apply)
      [32m+[0m[0m target_id        = (known after apply)
    }

[1m  # module.gwlb1.aws_lb_target_group_attachment.glb_tg_attach[1][0m will be created
[0m  [32m+[0m[0m resource "aws_lb_target_group_attachment" "glb_tg_attach" {
      [32m+[0m[0m id               = (known after apply)
      [32m+[0m[0m target_group_arn = (known after apply)
      [32m+[0m[0m target_id        = (known after apply)
    }

[1m  # module.gwlb1.aws_route.glb_routes[0][0m will be created
[0m  [32m+[0m[0m resource "aws_route" "glb_routes" {
      [32m+[0m[0m destination_cidr_block = "100.127.255.254/32"
      [32m+[0m[0m id                     = (known after apply)
      [32m+[0m[0m instance_id            = (known after apply)
      [32m+[0m[0m instance_owner_id      = (known after apply)
      [32m+[0m[0m network_interface_id   = (known after apply)
      [32m+[0m[0m origin                 = (known after apply)
      [32m+[0m[0m route_table_id         = (known after apply)
      [32m+[0m[0m state                  = (known after apply)
      [32m+[0m[0m vpc_endpoint_id        = (known after apply)
    }

[1m  # module.gwlb1.aws_route.glb_routes[1][0m will be created
[0m  [32m+[0m[0m resource "aws_route" "glb_routes" {
      [32m+[0m[0m destination_cidr_block = "100.127.255.254/32"
      [32m+[0m[0m id                     = (known after apply)
      [32m+[0m[0m instance_id            = (known after apply)
      [32m+[0m[0m instance_owner_id      = (known after apply)
      [32m+[0m[0m network_interface_id   = (known after apply)
      [32m+[0m[0m origin                 = (known after apply)
      [32m+[0m[0m route_table_id         = (known after apply)
      [32m+[0m[0m state                  = (known after apply)
      [32m+[0m[0m vpc_endpoint_id        = (known after apply)
    }

[1m  # module.gwlb1.aws_vpc_endpoint.ep[0][0m will be created
[0m  [32m+[0m[0m resource "aws_vpc_endpoint" "ep" {
      [32m+[0m[0m arn                   = (known after apply)
      [32m+[0m[0m cidr_blocks           = (known after apply)
      [32m+[0m[0m dns_entry             = (known after apply)
      [32m+[0m[0m id                    = (known after apply)
      [32m+[0m[0m ip_address_type       = (known after apply)
      [32m+[0m[0m network_interface_ids = (known after apply)
      [32m+[0m[0m owner_id              = (known after apply)
      [32m+[0m[0m policy                = (known after apply)
      [32m+[0m[0m prefix_list_id        = (known after apply)
      [32m+[0m[0m private_dns_enabled   = (known after apply)
      [32m+[0m[0m requester_managed     = (known after apply)
      [32m+[0m[0m route_table_ids       = (known after apply)
      [32m+[0m[0m security_group_ids    = (known after apply)
      [32m+[0m[0m service_name          = (known after apply)
      [32m+[0m[0m state                 = (known after apply)
      [32m+[0m[0m subnet_ids            = (known after apply)
      [32m+[0m[0m tags_all              = (known after apply)
      [32m+[0m[0m vpc_endpoint_type     = (known after apply)
      [32m+[0m[0m vpc_id                = (known after apply)
    }

[1m  # module.gwlb1.aws_vpc_endpoint.ep[1][0m will be created
[0m  [32m+[0m[0m resource "aws_vpc_endpoint" "ep" {
      [32m+[0m[0m arn                   = (known after apply)
      [32m+[0m[0m cidr_blocks           = (known after apply)
      [32m+[0m[0m dns_entry             = (known after apply)
      [32m+[0m[0m id                    = (known after apply)
      [32m+[0m[0m ip_address_type       = (known after apply)
      [32m+[0m[0m network_interface_ids = (known after apply)
      [32m+[0m[0m owner_id              = (known after apply)
      [32m+[0m[0m policy                = (known after apply)
      [32m+[0m[0m prefix_list_id        = (known after apply)
      [32m+[0m[0m private_dns_enabled   = (known after apply)
      [32m+[0m[0m requester_managed     = (known after apply)
      [32m+[0m[0m route_table_ids       = (known after apply)
      [32m+[0m[0m security_group_ids    = (known after apply)
      [32m+[0m[0m service_name          = (known after apply)
      [32m+[0m[0m state                 = (known after apply)
      [32m+[0m[0m subnet_ids            = (known after apply)
      [32m+[0m[0m tags_all              = (known after apply)
      [32m+[0m[0m vpc_endpoint_type     = (known after apply)
      [32m+[0m[0m vpc_id                = (known after apply)
    }

[1m  # module.gwlb1.aws_vpc_endpoint_service.glb_es[0m will be created
[0m  [32m+[0m[0m resource "aws_vpc_endpoint_service" "glb_es" {
      [32m+[0m[0m acceptance_required            = false
      [32m+[0m[0m allowed_principals             = [
          [32m+[0m[0m "arn:aws:iam::aws-account-id:user/*",
        ]
      [32m+[0m[0m arn                            = (known after apply)
      [32m+[0m[0m availability_zones             = (known after apply)
      [32m+[0m[0m base_endpoint_dns_names        = (known after apply)
      [32m+[0m[0m gateway_load_balancer_arns     = (known after apply)
      [32m+[0m[0m id                             = (known after apply)
      [32m+[0m[0m manages_vpc_endpoints          = (known after apply)
      [32m+[0m[0m private_dns_name               = (known after apply)
      [32m+[0m[0m private_dns_name_configuration = (known after apply)
      [32m+[0m[0m service_name                   = (known after apply)
      [32m+[0m[0m service_type                   = (known after apply)
      [32m+[0m[0m state                          = (known after apply)
      [32m+[0m[0m supported_ip_address_types     = (known after apply)
      [32m+[0m[0m tags_all                       = (known after apply)
    }

[1m  # module.sg_be.aws_security_group.this_name_prefix[0][0m will be created
[0m  [32m+[0m[0m resource "aws_security_group" "this_name_prefix" {
      [32m+[0m[0m arn                    = (known after apply)
      [32m+[0m[0m description            = "Security group for backend er of glb with custom ports open within VPC"
      [32m+[0m[0m egress                 = (known after apply)
      [32m+[0m[0m id                     = (known after apply)
      [32m+[0m[0m ingress                = (known after apply)
      [32m+[0m[0m name                   = (known after apply)
      [32m+[0m[0m name_prefix            = "nf-be-er-sg-"
      [32m+[0m[0m owner_id               = (known after apply)
      [32m+[0m[0m revoke_rules_on_delete = false
      [32m+[0m[0m tags                   = {
          [32m+[0m[0m "Environment" = "dariusz"
          [32m+[0m[0m "Name"        = "nf-be-er-sg"
          [32m+[0m[0m "Terraform"   = "true"
        }
      [32m+[0m[0m tags_all               = {
          [32m+[0m[0m "Environment" = "dariusz"
          [32m+[0m[0m "Name"        = "nf-be-er-sg"
          [32m+[0m[0m "Terraform"   = "true"
        }
      [32m+[0m[0m vpc_id                 = (known after apply)

      [32m+[0m[0m timeouts {
          [32m+[0m[0m create = "10m"
          [32m+[0m[0m delete = "15m"
        }
    }

[1m  # module.sg_be.aws_security_group_rule.egress_with_cidr_blocks[0][0m will be created
[0m  [32m+[0m[0m resource "aws_security_group_rule" "egress_with_cidr_blocks" {
      [32m+[0m[0m cidr_blocks              = [
          [32m+[0m[0m "0.0.0.0/0",
        ]
      [32m+[0m[0m description              = "Egress Rule"
      [32m+[0m[0m from_port                = -1
      [32m+[0m[0m id                       = (known after apply)
      [32m+[0m[0m prefix_list_ids          = []
      [32m+[0m[0m protocol                 = "-1"
      [32m+[0m[0m security_group_id        = (known after apply)
      [32m+[0m[0m security_group_rule_id   = (known after apply)
      [32m+[0m[0m self                     = false
      [32m+[0m[0m source_security_group_id = (known after apply)
      [32m+[0m[0m to_port                  = -1
      [32m+[0m[0m type                     = "egress"
    }

[1m  # module.sg_be.aws_security_group_rule.ingress_with_cidr_blocks[0][0m will be created
[0m  [32m+[0m[0m resource "aws_security_group_rule" "ingress_with_cidr_blocks" {
      [32m+[0m[0m cidr_blocks              = [
          [32m+[0m[0m "10.0.0.0/8",
        ]
      [32m+[0m[0m description              = "Ingress Rule"
      [32m+[0m[0m from_port                = -1
      [32m+[0m[0m id                       = (known after apply)
      [32m+[0m[0m prefix_list_ids          = []
      [32m+[0m[0m protocol                 = "-1"
      [32m+[0m[0m security_group_id        = (known after apply)
      [32m+[0m[0m security_group_rule_id   = (known after apply)
      [32m+[0m[0m self                     = false
      [32m+[0m[0m source_security_group_id = (known after apply)
      [32m+[0m[0m to_port                  = -1
      [32m+[0m[0m type                     = "ingress"
    }

[1m  # module.sg_be.aws_security_group_rule.ingress_with_cidr_blocks[1][0m will be created
[0m  [32m+[0m[0m resource "aws_security_group_rule" "ingress_with_cidr_blocks" {
      [32m+[0m[0m cidr_blocks              = [
          [32m+[0m[0m "0.0.0.0/0",
        ]
      [32m+[0m[0m description              = "Ingress Rule"
      [32m+[0m[0m from_port                = 22
      [32m+[0m[0m id                       = (known after apply)
      [32m+[0m[0m prefix_list_ids          = []
      [32m+[0m[0m protocol                 = "tcp"
      [32m+[0m[0m security_group_id        = (known after apply)
      [32m+[0m[0m security_group_rule_id   = (known after apply)
      [32m+[0m[0m self                     = false
      [32m+[0m[0m source_security_group_id = (known after apply)
      [32m+[0m[0m to_port                  = 22
      [32m+[0m[0m type                     = "ingress"
    }

[1m  # module.sg_client.aws_security_group.this_name_prefix[0][0m will be created
[0m  [32m+[0m[0m resource "aws_security_group" "this_name_prefix" {
      [32m+[0m[0m arn                    = (known after apply)
      [32m+[0m[0m description            = "Security group for clients with custom ports open within VPC"
      [32m+[0m[0m egress                 = (known after apply)
      [32m+[0m[0m id                     = (known after apply)
      [32m+[0m[0m ingress                = (known after apply)
      [32m+[0m[0m name                   = (known after apply)
      [32m+[0m[0m name_prefix            = "test_client-sg-"
      [32m+[0m[0m owner_id               = (known after apply)
      [32m+[0m[0m revoke_rules_on_delete = false
      [32m+[0m[0m tags                   = {
          [32m+[0m[0m "Environment" = "dariusz"
          [32m+[0m[0m "Name"        = "test_client-sg"
          [32m+[0m[0m "Terraform"   = "true"
        }
      [32m+[0m[0m tags_all               = {
          [32m+[0m[0m "Environment" = "dariusz"
          [32m+[0m[0m "Name"        = "test_client-sg"
          [32m+[0m[0m "Terraform"   = "true"
        }
      [32m+[0m[0m vpc_id                 = (known after apply)

      [32m+[0m[0m timeouts {
          [32m+[0m[0m create = "10m"
          [32m+[0m[0m delete = "15m"
        }
    }

[1m  # module.sg_client.aws_security_group_rule.egress_with_cidr_blocks[0][0m will be created
[0m  [32m+[0m[0m resource "aws_security_group_rule" "egress_with_cidr_blocks" {
      [32m+[0m[0m cidr_blocks              = [
          [32m+[0m[0m "0.0.0.0/0",
        ]
      [32m+[0m[0m description              = "Egress Rule"
      [32m+[0m[0m from_port                = -1
      [32m+[0m[0m id                       = (known after apply)
      [32m+[0m[0m prefix_list_ids          = []
      [32m+[0m[0m protocol                 = "-1"
      [32m+[0m[0m security_group_id        = (known after apply)
      [32m+[0m[0m security_group_rule_id   = (known after apply)
      [32m+[0m[0m self                     = false
      [32m+[0m[0m source_security_group_id = (known after apply)
      [32m+[0m[0m to_port                  = -1
      [32m+[0m[0m type                     = "egress"
    }

[1m  # module.sg_client.aws_security_group_rule.ingress_with_cidr_blocks[0][0m will be created
[0m  [32m+[0m[0m resource "aws_security_group_rule" "ingress_with_cidr_blocks" {
      [32m+[0m[0m cidr_blocks              = [
          [32m+[0m[0m "10.0.0.0/8",
        ]
      [32m+[0m[0m description              = "Ingress Rule"
      [32m+[0m[0m from_port                = -1
      [32m+[0m[0m id                       = (known after apply)
      [32m+[0m[0m prefix_list_ids          = []
      [32m+[0m[0m protocol                 = "-1"
      [32m+[0m[0m security_group_id        = (known after apply)
      [32m+[0m[0m security_group_rule_id   = (known after apply)
      [32m+[0m[0m self                     = false
      [32m+[0m[0m source_security_group_id = (known after apply)
      [32m+[0m[0m to_port                  = -1
      [32m+[0m[0m type                     = "ingress"
    }

[1m  # module.sg_client.aws_security_group_rule.ingress_with_cidr_blocks[1][0m will be created
[0m  [32m+[0m[0m resource "aws_security_group_rule" "ingress_with_cidr_blocks" {
      [32m+[0m[0m cidr_blocks              = [
          [32m+[0m[0m "0.0.0.0/0",
        ]
      [32m+[0m[0m description              = "Ingress Rule"
      [32m+[0m[0m from_port                = 22
      [32m+[0m[0m id                       = (known after apply)
      [32m+[0m[0m prefix_list_ids          = []
      [32m+[0m[0m protocol                 = "tcp"
      [32m+[0m[0m security_group_id        = (known after apply)
      [32m+[0m[0m security_group_rule_id   = (known after apply)
      [32m+[0m[0m self                     = false
      [32m+[0m[0m source_security_group_id = (known after apply)
      [32m+[0m[0m to_port                  = 22
      [32m+[0m[0m type                     = "ingress"
    }

[1m  # module.vpc1.aws_default_network_acl.this[0][0m will be created
[0m  [32m+[0m[0m resource "aws_default_network_acl" "this" {
      [32m+[0m[0m arn                    = (known after apply)
      [32m+[0m[0m default_network_acl_id = (known after apply)
      [32m+[0m[0m id                     = (known after apply)
      [32m+[0m[0m owner_id               = (known after apply)
      [32m+[0m[0m tags                   = {
          [32m+[0m[0m "Environment" = "dariusz"
          [32m+[0m[0m "Name"        = "nf-lb-vpc-default"
          [32m+[0m[0m "Terraform"   = "true"
        }
      [32m+[0m[0m tags_all               = {
          [32m+[0m[0m "Environment" = "dariusz"
          [32m+[0m[0m "Name"        = "nf-lb-vpc-default"
          [32m+[0m[0m "Terraform"   = "true"
        }
      [32m+[0m[0m vpc_id                 = (known after apply)

      [32m+[0m[0m egress {
          [32m+[0m[0m action          = "allow"
          [32m+[0m[0m from_port       = 0
          [32m+[0m[0m ipv6_cidr_block = "::/0"
          [32m+[0m[0m protocol        = "-1"
          [32m+[0m[0m rule_no         = 101
          [32m+[0m[0m to_port         = 0
            [90m# (1 unchanged attribute hidden)[0m[0m
        }
      [32m+[0m[0m egress {
          [32m+[0m[0m action          = "allow"
          [32m+[0m[0m cidr_block      = "0.0.0.0/0"
          [32m+[0m[0m from_port       = 0
          [32m+[0m[0m protocol        = "-1"
          [32m+[0m[0m rule_no         = 100
          [32m+[0m[0m to_port         = 0
            [90m# (1 unchanged attribute hidden)[0m[0m
        }

      [32m+[0m[0m ingress {
          [32m+[0m[0m action          = "allow"
          [32m+[0m[0m from_port       = 0
          [32m+[0m[0m ipv6_cidr_block = "::/0"
          [32m+[0m[0m protocol        = "-1"
          [32m+[0m[0m rule_no         = 101
          [32m+[0m[0m to_port         = 0
            [90m# (1 unchanged attribute hidden)[0m[0m
        }
      [32m+[0m[0m ingress {
          [32m+[0m[0m action          = "allow"
          [32m+[0m[0m cidr_block      = "0.0.0.0/0"
          [32m+[0m[0m from_port       = 0
          [32m+[0m[0m protocol        = "-1"
          [32m+[0m[0m rule_no         = 100
          [32m+[0m[0m to_port         = 0
            [90m# (1 unchanged attribute hidden)[0m[0m
        }
    }

[1m  # module.vpc1.aws_default_route_table.default[0][0m will be created
[0m  [32m+[0m[0m resource "aws_default_route_table" "default" {
      [32m+[0m[0m arn                    = (known after apply)
      [32m+[0m[0m default_route_table_id = (known after apply)
      [32m+[0m[0m id                     = (known after apply)
      [32m+[0m[0m owner_id               = (known after apply)
      [32m+[0m[0m route                  = (known after apply)
      [32m+[0m[0m tags                   = {
          [32m+[0m[0m "Environment" = "dariusz"
          [32m+[0m[0m "Name"        = "nf-lb-vpc-default"
          [32m+[0m[0m "Terraform"   = "true"
        }
      [32m+[0m[0m tags_all               = {
          [32m+[0m[0m "Environment" = "dariusz"
          [32m+[0m[0m "Name"        = "nf-lb-vpc-default"
          [32m+[0m[0m "Terraform"   = "true"
        }
      [32m+[0m[0m vpc_id                 = (known after apply)

      [32m+[0m[0m timeouts {
          [32m+[0m[0m create = "5m"
          [32m+[0m[0m update = "5m"
        }
    }

[1m  # module.vpc1.aws_default_security_group.this[0][0m will be created
[0m  [32m+[0m[0m resource "aws_default_security_group" "this" {
      [32m+[0m[0m arn                    = (known after apply)
      [32m+[0m[0m description            = (known after apply)
      [32m+[0m[0m egress                 = (known after apply)
      [32m+[0m[0m id                     = (known after apply)
      [32m+[0m[0m ingress                = (known after apply)
      [32m+[0m[0m name                   = (known after apply)
      [32m+[0m[0m name_prefix            = (known after apply)
      [32m+[0m[0m owner_id               = (known after apply)
      [32m+[0m[0m revoke_rules_on_delete = false
      [32m+[0m[0m tags                   = {
          [32m+[0m[0m "Environment" = "dariusz"
          [32m+[0m[0m "Name"        = "nf-lb-vpc-default"
          [32m+[0m[0m "Terraform"   = "true"
        }
      [32m+[0m[0m tags_all               = {
          [32m+[0m[0m "Environment" = "dariusz"
          [32m+[0m[0m "Name"        = "nf-lb-vpc-default"
          [32m+[0m[0m "Terraform"   = "true"
        }
      [32m+[0m[0m vpc_id                 = (known after apply)
    }

[1m  # module.vpc1.aws_internet_gateway.this[0][0m will be created
[0m  [32m+[0m[0m resource "aws_internet_gateway" "this" {
      [32m+[0m[0m arn      = (known after apply)
      [32m+[0m[0m id       = (known after apply)
      [32m+[0m[0m owner_id = (known after apply)
      [32m+[0m[0m tags     = {
          [32m+[0m[0m "Environment" = "dariusz"
          [32m+[0m[0m "Name"        = "nf-lb-vpc"
          [32m+[0m[0m "Terraform"   = "true"
        }
      [32m+[0m[0m tags_all = {
          [32m+[0m[0m "Environment" = "dariusz"
          [32m+[0m[0m "Name"        = "nf-lb-vpc"
          [32m+[0m[0m "Terraform"   = "true"
        }
      [32m+[0m[0m vpc_id   = (known after apply)
    }

[1m  # module.vpc1.aws_route.public_internet_gateway[0][0m will be created
[0m  [32m+[0m[0m resource "aws_route" "public_internet_gateway" {
      [32m+[0m[0m destination_cidr_block = "0.0.0.0/0"
      [32m+[0m[0m gateway_id             = (known after apply)
      [32m+[0m[0m id                     = (known after apply)
      [32m+[0m[0m instance_id            = (known after apply)
      [32m+[0m[0m instance_owner_id      = (known after apply)
      [32m+[0m[0m network_interface_id   = (known after apply)
      [32m+[0m[0m origin                 = (known after apply)
      [32m+[0m[0m route_table_id         = (known after apply)
      [32m+[0m[0m state                  = (known after apply)

      [32m+[0m[0m timeouts {
          [32m+[0m[0m create = "5m"
        }
    }

[1m  # module.vpc1.aws_route_table.public[0][0m will be created
[0m  [32m+[0m[0m resource "aws_route_table" "public" {
      [32m+[0m[0m arn              = (known after apply)
      [32m+[0m[0m id               = (known after apply)
      [32m+[0m[0m owner_id         = (known after apply)
      [32m+[0m[0m propagating_vgws = (known after apply)
      [32m+[0m[0m route            = (known after apply)
      [32m+[0m[0m tags             = {
          [32m+[0m[0m "Environment" = "dariusz"
          [32m+[0m[0m "Name"        = "nf-lb-vpc-public"
          [32m+[0m[0m "Terraform"   = "true"
        }
      [32m+[0m[0m tags_all         = {
          [32m+[0m[0m "Environment" = "dariusz"
          [32m+[0m[0m "Name"        = "nf-lb-vpc-public"
          [32m+[0m[0m "Terraform"   = "true"
        }
      [32m+[0m[0m vpc_id           = (known after apply)
    }

[1m  # module.vpc1.aws_route_table_association.public[0][0m will be created
[0m  [32m+[0m[0m resource "aws_route_table_association" "public" {
      [32m+[0m[0m id             = (known after apply)
      [32m+[0m[0m route_table_id = (known after apply)
      [32m+[0m[0m subnet_id      = (known after apply)
    }

[1m  # module.vpc1.aws_route_table_association.public[1][0m will be created
[0m  [32m+[0m[0m resource "aws_route_table_association" "public" {
      [32m+[0m[0m id             = (known after apply)
      [32m+[0m[0m route_table_id = (known after apply)
      [32m+[0m[0m subnet_id      = (known after apply)
    }

[1m  # module.vpc1.aws_subnet.public[0][0m will be created
[0m  [32m+[0m[0m resource "aws_subnet" "public" {
      [32m+[0m[0m arn                                            = (known after apply)
      [32m+[0m[0m assign_ipv6_address_on_creation                = false
      [32m+[0m[0m availability_zone                              = "us-west-2a"
      [32m+[0m[0m availability_zone_id                           = (known after apply)
      [32m+[0m[0m cidr_block                                     = "10.40.101.0/24"
      [32m+[0m[0m enable_dns64                                   = false
      [32m+[0m[0m enable_resource_name_dns_a_record_on_launch    = false
      [32m+[0m[0m enable_resource_name_dns_aaaa_record_on_launch = false
      [32m+[0m[0m id                                             = (known after apply)
      [32m+[0m[0m ipv6_cidr_block_association_id                 = (known after apply)
      [32m+[0m[0m ipv6_native                                    = false
      [32m+[0m[0m map_public_ip_on_launch                        = true
      [32m+[0m[0m owner_id                                       = (known after apply)
      [32m+[0m[0m private_dns_hostname_type_on_launch            = (known after apply)
      [32m+[0m[0m tags                                           = {
          [32m+[0m[0m "Environment" = "dariusz"
          [32m+[0m[0m "Name"        = "nf-lb-vpc-public-us-west-2a"
          [32m+[0m[0m "Terraform"   = "true"
        }
      [32m+[0m[0m tags_all                                       = {
          [32m+[0m[0m "Environment" = "dariusz"
          [32m+[0m[0m "Name"        = "nf-lb-vpc-public-us-west-2a"
          [32m+[0m[0m "Terraform"   = "true"
        }
      [32m+[0m[0m vpc_id                                         = (known after apply)
    }

[1m  # module.vpc1.aws_subnet.public[1][0m will be created
[0m  [32m+[0m[0m resource "aws_subnet" "public" {
      [32m+[0m[0m arn                                            = (known after apply)
      [32m+[0m[0m assign_ipv6_address_on_creation                = false
      [32m+[0m[0m availability_zone                              = "us-west-2b"
      [32m+[0m[0m availability_zone_id                           = (known after apply)
      [32m+[0m[0m cidr_block                                     = "10.40.102.0/24"
      [32m+[0m[0m enable_dns64                                   = false
      [32m+[0m[0m enable_resource_name_dns_a_record_on_launch    = false
      [32m+[0m[0m enable_resource_name_dns_aaaa_record_on_launch = false
      [32m+[0m[0m id                                             = (known after apply)
      [32m+[0m[0m ipv6_cidr_block_association_id                 = (known after apply)
      [32m+[0m[0m ipv6_native                                    = false
      [32m+[0m[0m map_public_ip_on_launch                        = true
      [32m+[0m[0m owner_id                                       = (known after apply)
      [32m+[0m[0m private_dns_hostname_type_on_launch            = (known after apply)
      [32m+[0m[0m tags                                           = {
          [32m+[0m[0m "Environment" = "dariusz"
          [32m+[0m[0m "Name"        = "nf-lb-vpc-public-us-west-2b"
          [32m+[0m[0m "Terraform"   = "true"
        }
      [32m+[0m[0m tags_all                                       = {
          [32m+[0m[0m "Environment" = "dariusz"
          [32m+[0m[0m "Name"        = "nf-lb-vpc-public-us-west-2b"
          [32m+[0m[0m "Terraform"   = "true"
        }
      [32m+[0m[0m vpc_id                                         = (known after apply)
    }

[1m  # module.vpc1.aws_vpc.this[0][0m will be created
[0m  [32m+[0m[0m resource "aws_vpc" "this" {
      [32m+[0m[0m arn                                  = (known after apply)
      [32m+[0m[0m cidr_block                           = "10.40.0.0/16"
      [32m+[0m[0m default_network_acl_id               = (known after apply)
      [32m+[0m[0m default_route_table_id               = (known after apply)
      [32m+[0m[0m default_security_group_id            = (known after apply)
      [32m+[0m[0m dhcp_options_id                      = (known after apply)
      [32m+[0m[0m enable_dns_hostnames                 = true
      [32m+[0m[0m enable_dns_support                   = true
      [32m+[0m[0m enable_network_address_usage_metrics = (known after apply)
      [32m+[0m[0m id                                   = (known after apply)
      [32m+[0m[0m instance_tenancy                     = "default"
      [32m+[0m[0m ipv6_association_id                  = (known after apply)
      [32m+[0m[0m ipv6_cidr_block                      = (known after apply)
      [32m+[0m[0m ipv6_cidr_block_network_border_group = (known after apply)
      [32m+[0m[0m main_route_table_id                  = (known after apply)
      [32m+[0m[0m owner_id                             = (known after apply)
      [32m+[0m[0m tags                                 = {
          [32m+[0m[0m "Environment" = "dariusz"
          [32m+[0m[0m "Name"        = "nf-lb-vpc"
          [32m+[0m[0m "Terraform"   = "true"
        }
      [32m+[0m[0m tags_all                             = {
          [32m+[0m[0m "Environment" = "dariusz"
          [32m+[0m[0m "Name"        = "nf-lb-vpc"
          [32m+[0m[0m "Terraform"   = "true"
        }
    }

[1m  # module.vpc1.aws_vpn_gateway.this[0][0m will be created
[0m  [32m+[0m[0m resource "aws_vpn_gateway" "this" {
      [32m+[0m[0m amazon_side_asn = "64512"
      [32m+[0m[0m arn             = (known after apply)
      [32m+[0m[0m id              = (known after apply)
      [32m+[0m[0m tags            = {
          [32m+[0m[0m "Environment" = "dariusz"
          [32m+[0m[0m "Name"        = "nf-lb-vpc"
          [32m+[0m[0m "Terraform"   = "true"
        }
      [32m+[0m[0m tags_all        = {
          [32m+[0m[0m "Environment" = "dariusz"
          [32m+[0m[0m "Name"        = "nf-lb-vpc"
          [32m+[0m[0m "Terraform"   = "true"
        }
      [32m+[0m[0m vpc_id          = (known after apply)
    }

[1mPlan:[0m 42 to add, 0 to change, 0 to destroy.
[0m
Changes to Outputs:
  [32m+[0m[0m backend_public_ips = [
      [32m+[0m[0m (known after apply),
      [32m+[0m[0m (known after apply),
    ]
  [32m+[0m[0m client_public_ips  = [
      [32m+[0m[0m (known after apply),
      [32m+[0m[0m (known after apply),
    ]
  [32m+[0m[0m endpoint_ids       = [
      [32m+[0m[0m (known after apply),
      [32m+[0m[0m (known after apply),
    ]
  [32m+[0m[0m route_table_ids    = [
      [32m+[0m[0m (known after apply),
    ]
  [32m+[0m[0m subnets            = [
      [32m+[0m[0m (known after apply),
      [32m+[0m[0m (known after apply),
    ]
[0m[1maws_secretsmanager_secret.zfw_secret_pt: Creating...[0m[0m
[0m[1mmodule.vpc1.aws_vpc.this[0]: Creating...[0m[0m
[0m[1maws_iam_role.secret_manager_zfw_ec2_role: Creating...[0m[0m
[0m[1maws_iam_role.secret_manager_zfw_ec2_role: Creation complete after 1s [id=glb_test_zfw_ec2_role_us-west-2][0m
[0m[1maws_iam_instance_profile.secret_manager_zfw_ec2_profile: Creating...[0m[0m
[0m[1maws_secretsmanager_secret.zfw_secret_pt: Creation complete after 1s [id=arn:aws:secretsmanager:us-west-2:925908137963:secret:glb_test_zfw_repo-LSQ2o3][0m
[0m[1maws_secretsmanager_secret_version.zfw_secret_pt: Creating...[0m[0m
[0m[1maws_iam_instance_profile.secret_manager_zfw_ec2_profile: Creation complete after 0s [id=glb_test_zfw_ec2_profile_us-west-2][0m
[0m[1maws_secretsmanager_secret_version.zfw_secret_pt: Creation complete after 1s [id=arn:aws:secretsmanager:us-west-2:925908137963:secret:glb_test_zfw_repo-LSQ2o3|terraform-20240805194928161300000002][0m
[0m[1maws_iam_policy.secret_manager_zfw_policy: Creating...[0m[0m
[0m[1maws_iam_policy.secret_manager_zfw_policy: Creation complete after 0s [id=arn:aws:iam::925908137963:policy/glb_test_zfw_secret_read_policy_us-west-2][0m
[0m[1maws_iam_role_policy_attachment.secret_manager_zfw_policy_attachment: Creating...[0m[0m
[0m[1maws_iam_role_policy_attachment.secret_manager_zfw_policy_attachment: Creation complete after 0s [id=glb_test_zfw_ec2_role_us-west-2-20240805194928934500000003][0m
[0m[1mmodule.vpc1.aws_vpc.this[0]: Still creating... [10s elapsed][0m[0m
[0m[1mmodule.vpc1.aws_vpc.this[0]: Creation complete after 13s [id=vpc-066c6e7500011a2c2][0m
[0m[1mmodule.vpc1.aws_vpn_gateway.this[0]: Creating...[0m[0m
[0m[1mmodule.vpc1.aws_subnet.public[1]: Creating...[0m[0m
[0m[1mmodule.vpc1.aws_internet_gateway.this[0]: Creating...[0m[0m
[0m[1mmodule.vpc1.aws_default_route_table.default[0]: Creating...[0m[0m
[0m[1mmodule.sg_be.aws_security_group.this_name_prefix[0]: Creating...[0m[0m
[0m[1mmodule.vpc1.aws_subnet.public[0]: Creating...[0m[0m
[0m[1mmodule.vpc1.aws_route_table.public[0]: Creating...[0m[0m
[0m[1mmodule.vpc1.aws_default_security_group.this[0]: Creating...[0m[0m
[0m[1mmodule.vpc1.aws_default_network_acl.this[0]: Creating...[0m[0m
[0m[1mmodule.gwlb1.aws_lb_target_group.glb_tg: Creating...[0m[0m
[0m[1mmodule.vpc1.aws_default_route_table.default[0]: Creation complete after 1s [id=rtb-0056fba6e48b93e3b][0m
[0m[1mmodule.sg_client.aws_security_group.this_name_prefix[0]: Creating...[0m[0m
[0m[1mmodule.vpc1.aws_route_table.public[0]: Creation complete after 1s [id=rtb-03aa46c6144166992][0m
[0m[1mmodule.vpc1.aws_internet_gateway.this[0]: Creation complete after 2s [id=igw-03eb8dff4c19b68c4][0m
[0m[1mmodule.vpc1.aws_route.public_internet_gateway[0]: Creating...[0m[0m
[0m[1mmodule.gwlb1.aws_lb_target_group.glb_tg: Creation complete after 2s [id=arn:aws:elasticloadbalancing:us-west-2:925908137963:targetgroup/nf-lb-tg/00e30dea8528da39a5][0m
[0m[1mmodule.vpc1.aws_route.public_internet_gateway[0]: Creation complete after 1s [id=r-rtb-03aa46c61441669921080289494][0m
[0m[1mmodule.vpc1.aws_default_network_acl.this[0]: Creation complete after 3s [id=acl-06dd2844ca43632ff][0m
[0m[1mmodule.vpc1.aws_default_security_group.this[0]: Creation complete after 3s [id=sg-0d8725b07485f9eeb][0m
[0m[1mmodule.sg_be.aws_security_group.this_name_prefix[0]: Creation complete after 3s [id=sg-025059d598ab49c4b][0m
[0m[1mmodule.sg_be.aws_security_group_rule.egress_with_cidr_blocks[0]: Creating...[0m[0m
[0m[1mmodule.sg_be.aws_security_group_rule.ingress_with_cidr_blocks[0]: Creating...[0m[0m
[0m[1mmodule.sg_be.aws_security_group_rule.ingress_with_cidr_blocks[1]: Creating...[0m[0m
[0m[1mmodule.sg_client.aws_security_group.this_name_prefix[0]: Creation complete after 3s [id=sg-0985ee67bc46f0afd][0m
[0m[1mmodule.sg_client.aws_security_group_rule.ingress_with_cidr_blocks[1]: Creating...[0m[0m
[0m[1mmodule.sg_client.aws_security_group_rule.ingress_with_cidr_blocks[0]: Creating...[0m[0m
[0m[1mmodule.sg_client.aws_security_group_rule.egress_with_cidr_blocks[0]: Creating...[0m[0m
[0m[1mmodule.sg_be.aws_security_group_rule.ingress_with_cidr_blocks[0]: Creation complete after 1s [id=sgrule-865137923][0m
[0m[1mmodule.sg_client.aws_security_group_rule.ingress_with_cidr_blocks[1]: Creation complete after 0s [id=sgrule-3841416360][0m
[0m[1mmodule.sg_be.aws_security_group_rule.egress_with_cidr_blocks[0]: Creation complete after 2s [id=sgrule-3368840699][0m
[0m[1mmodule.sg_client.aws_security_group_rule.ingress_with_cidr_blocks[0]: Creation complete after 1s [id=sgrule-273664541][0m
[0m[1mmodule.sg_be.aws_security_group_rule.ingress_with_cidr_blocks[1]: Creation complete after 3s [id=sgrule-3127263586][0m
[0m[1mmodule.sg_client.aws_security_group_rule.egress_with_cidr_blocks[0]: Creation complete after 2s [id=sgrule-651724222][0m
[0m[1mmodule.vpc1.aws_vpn_gateway.this[0]: Still creating... [10s elapsed][0m[0m
[0m[1mmodule.vpc1.aws_subnet.public[1]: Still creating... [10s elapsed][0m[0m
[0m[1mmodule.vpc1.aws_subnet.public[0]: Still creating... [10s elapsed][0m[0m
[0m[1mmodule.vpc1.aws_subnet.public[1]: Creation complete after 12s [id=subnet-03d368b0a64e9c0fb][0m
[0m[1mmodule.vpc1.aws_subnet.public[0]: Creation complete after 12s [id=subnet-07d272d70d13dd39c][0m
[0m[1mmodule.vpc1.aws_route_table_association.public[0]: Creating...[0m[0m
[0m[1mmodule.vpc1.aws_route_table_association.public[1]: Creating...[0m[0m
[0m[1mmodule.compute_backend[1].aws_instance.this[0]: Creating...[0m[0m
[0m[1mmodule.gwlb1.aws_lb.glb: Creating...[0m[0m
[0m[1mmodule.compute_backend[0].aws_instance.this[0]: Creating...[0m[0m
[0m[1mmodule.compute_client[0].aws_instance.this[0]: Creating...[0m[0m
[0m[1mmodule.compute_client[1].aws_instance.this[0]: Creating...[0m[0m
[0m[1mmodule.vpc1.aws_route_table_association.public[1]: Creation complete after 1s [id=rtbassoc-09ef024b76eac63ee][0m
[0m[1mmodule.vpc1.aws_route_table_association.public[0]: Creation complete after 1s [id=rtbassoc-0ebb6880be26d9831][0m
[0m[1mmodule.vpc1.aws_vpn_gateway.this[0]: Still creating... [20s elapsed][0m[0m
[0m[1mmodule.gwlb1.aws_lb.glb: Still creating... [10s elapsed][0m[0m
[0m[1mmodule.compute_backend[1].aws_instance.this[0]: Still creating... [10s elapsed][0m[0m
[0m[1mmodule.compute_backend[0].aws_instance.this[0]: Still creating... [10s elapsed][0m[0m
[0m[1mmodule.compute_client[0].aws_instance.this[0]: Still creating... [10s elapsed][0m[0m
[0m[1mmodule.compute_client[1].aws_instance.this[0]: Still creating... [10s elapsed][0m[0m
[0m[1mmodule.compute_client[0].aws_instance.this[0]: Creation complete after 15s [id=i-0bc87b00c1b79106a][0m
[0m[1mmodule.compute_backend[0].aws_instance.this[0]: Creation complete after 15s [id=i-073d4cfb4d2cdf008][0m
[0m[1mmodule.compute_backend[1].aws_instance.this[0]: Creation complete after 15s [id=i-047ea1fa42377a3af][0m
[0m[1mmodule.compute_client[1].aws_instance.this[0]: Creation complete after 15s [id=i-0af4232dd530e8b85][0m
[0m[1mmodule.gwlb1.aws_lb_target_group_attachment.glb_tg_attach[1]: Creating...[0m[0m
[0m[1maws_route.be_resolver_routes[0]: Creating...[0m[0m
[0m[1mmodule.gwlb1.aws_lb_target_group_attachment.glb_tg_attach[0]: Creating...[0m[0m
[0m[1maws_route.be_resolver_routes[1]: Creating...[0m[0m
[0m[1mmodule.gwlb1.aws_lb_target_group_attachment.glb_tg_attach[1]: Creation complete after 0s [id=arn:aws:elasticloadbalancing:us-west-2:925908137963:targetgroup/nf-lb-tg/00e30dea8528da39a5-2024080519500749350000000b][0m
[0m[1mmodule.gwlb1.aws_lb_target_group_attachment.glb_tg_attach[0]: Creation complete after 1s [id=arn:aws:elasticloadbalancing:us-west-2:925908137963:targetgroup/nf-lb-tg/00e30dea8528da39a5-2024080519500773960000000c][0m
[0m[1maws_route.be_resolver_routes[0]: Creation complete after 1s [id=r-rtb-03aa46c61441669923143537501][0m
[0m[1maws_route.be_resolver_routes[1]: Creation complete after 1s [id=r-rtb-03aa46c61441669921783271065][0m
[0m[1mmodule.vpc1.aws_vpn_gateway.this[0]: Still creating... [30s elapsed][0m[0m
[0m[1mmodule.gwlb1.aws_lb.glb: Still creating... [20s elapsed][0m[0m
[0m[1mmodule.vpc1.aws_vpn_gateway.this[0]: Still creating... [40s elapsed][0m[0m
[0m[1mmodule.gwlb1.aws_lb.glb: Still creating... [30s elapsed][0m[0m
[0m[1mmodule.vpc1.aws_vpn_gateway.this[0]: Still creating... [50s elapsed][0m[0m
[0m[1mmodule.gwlb1.aws_lb.glb: Still creating... [40s elapsed][0m[0m
[0m[1mmodule.vpc1.aws_vpn_gateway.this[0]: Creation complete after 55s [id=vgw-02fe78854d362db56][0m
[0m[1mmodule.gwlb1.aws_lb.glb: Still creating... [50s elapsed][0m[0m
[0m[1mmodule.gwlb1.aws_lb.glb: Still creating... [1m0s elapsed][0m[0m
[0m[1mmodule.gwlb1.aws_lb.glb: Still creating... [1m10s elapsed][0m[0m
[0m[1mmodule.gwlb1.aws_lb.glb: Still creating... [1m20s elapsed][0m[0m
[0m[1mmodule.gwlb1.aws_lb.glb: Still creating... [1m30s elapsed][0m[0m
[0m[1mmodule.gwlb1.aws_lb.glb: Still creating... [1m40s elapsed][0m[0m
[0m[1mmodule.gwlb1.aws_lb.glb: Still creating... [1m50s elapsed][0m[0m
[0m[1mmodule.gwlb1.aws_lb.glb: Still creating... [2m0s elapsed][0m[0m
[0m[1mmodule.gwlb1.aws_lb.glb: Still creating... [2m10s elapsed][0m[0m
[0m[1mmodule.gwlb1.aws_lb.glb: Still creating... [2m20s elapsed][0m[0m
[0m[1mmodule.gwlb1.aws_lb.glb: Still creating... [2m30s elapsed][0m[0m
[0m[1mmodule.gwlb1.aws_lb.glb: Creation complete after 2m34s [id=arn:aws:elasticloadbalancing:us-west-2:925908137963:loadbalancer/gwy/nf-lb-01/7e2a5eb1a589d642][0m
[0m[1mmodule.gwlb1.aws_vpc_endpoint_service.glb_es: Creating...[0m[0m
[0m[1mmodule.gwlb1.aws_lb_listener.glb_fe: Creating...[0m[0m
[0m[1mmodule.gwlb1.aws_lb_listener.glb_fe: Creation complete after 0s [id=arn:aws:elasticloadbalancing:us-west-2:925908137963:listener/gwy/nf-lb-01/7e2a5eb1a589d642/e84d8a2b5f58f8d9][0m
[0m[1mmodule.gwlb1.aws_vpc_endpoint_service.glb_es: Creation complete after 6s [id=vpce-svc-0a3fafa1bc1ea6733][0m
[0m[1mmodule.gwlb1.aws_vpc_endpoint.ep[0]: Creating...[0m[0m
[0m[1mmodule.gwlb1.aws_vpc_endpoint.ep[1]: Creating...[0m[0m
[0m[1mmodule.gwlb1.aws_vpc_endpoint.ep[1]: Still creating... [10s elapsed][0m[0m
[0m[1mmodule.gwlb1.aws_vpc_endpoint.ep[0]: Still creating... [10s elapsed][0m[0m
[0m[1mmodule.gwlb1.aws_vpc_endpoint.ep[0]: Still creating... [20s elapsed][0m[0m
[0m[1mmodule.gwlb1.aws_vpc_endpoint.ep[1]: Still creating... [20s elapsed][0m[0m
[0m[1mmodule.gwlb1.aws_vpc_endpoint.ep[1]: Still creating... [30s elapsed][0m[0m
[0m[1mmodule.gwlb1.aws_vpc_endpoint.ep[0]: Still creating... [30s elapsed][0m[0m
[0m[1mmodule.gwlb1.aws_vpc_endpoint.ep[1]: Still creating... [40s elapsed][0m[0m
[0m[1mmodule.gwlb1.aws_vpc_endpoint.ep[0]: Still creating... [40s elapsed][0m[0m
[0m[1mmodule.gwlb1.aws_vpc_endpoint.ep[0]: Still creating... [50s elapsed][0m[0m
[0m[1mmodule.gwlb1.aws_vpc_endpoint.ep[1]: Still creating... [50s elapsed][0m[0m
[0m[1mmodule.gwlb1.aws_vpc_endpoint.ep[0]: Still creating... [1m0s elapsed][0m[0m
[0m[1mmodule.gwlb1.aws_vpc_endpoint.ep[1]: Still creating... [1m0s elapsed][0m[0m
[0m[1mmodule.gwlb1.aws_vpc_endpoint.ep[1]: Still creating... [1m10s elapsed][0m[0m
[0m[1mmodule.gwlb1.aws_vpc_endpoint.ep[0]: Still creating... [1m10s elapsed][0m[0m
[0m[1mmodule.gwlb1.aws_vpc_endpoint.ep[1]: Still creating... [1m20s elapsed][0m[0m
[0m[1mmodule.gwlb1.aws_vpc_endpoint.ep[0]: Still creating... [1m20s elapsed][0m[0m
[0m[1mmodule.gwlb1.aws_vpc_endpoint.ep[0]: Still creating... [1m30s elapsed][0m[0m
[0m[1mmodule.gwlb1.aws_vpc_endpoint.ep[1]: Still creating... [1m30s elapsed][0m[0m
[0m[1mmodule.gwlb1.aws_vpc_endpoint.ep[1]: Still creating... [1m40s elapsed][0m[0m
[0m[1mmodule.gwlb1.aws_vpc_endpoint.ep[0]: Still creating... [1m40s elapsed][0m[0m
[0m[1mmodule.gwlb1.aws_vpc_endpoint.ep[1]: Creation complete after 1m43s [id=vpce-0fc84fe373186d07e][0m
[0m[1mmodule.gwlb1.aws_vpc_endpoint.ep[0]: Creation complete after 1m43s [id=vpce-031e039e6b127cd53][0m
[0m[1mmodule.gwlb1.aws_route.glb_routes[0]: Creating...[0m[0m
[0m[1mmodule.gwlb1.aws_route.glb_routes[1]: Creating...[0m[0m
[0m[1mmodule.gwlb1.aws_route.glb_routes[1]: Creation complete after 1s [id=r-rtb-0056fba6e48b93e3b3117404284][0m
[0m[1mmodule.gwlb1.aws_route.glb_routes[0]: Creation complete after 2s [id=r-rtb-03aa46c61441669923117404284][0m
[0m[1m[32m
Apply complete! Resources: 42 added, 0 changed, 0 destroyed.
[0m[0m[1m[32m
Outputs:

[0mbackend_public_ips = [
  "52.40.95.248",
  "34.221.94.162",
]
client_public_ips = [
  "54.202.18.120",
  "34.220.237.86",
]
endpoint_ids = [
  "vpce-031e039e6b127cd53",
  "vpce-0fc84fe373186d07e",
]
route_table_ids = [
  "rtb-03aa46c6144166992",
]
subnets = [
  "subnet-07d272d70d13dd39c",
  "subnet-03d368b0a64e9c0fb",
]
[0m[32m[1mCreated and switched to workspace "us-east-2"![0m[32m

You're now on a new, empty workspace. Workspaces isolate their state,
so if you run "terraform plan" Terraform will not see any existing state
for this configuration.[0m
{"id":"109b4294-70a8-4cc3-9457-c7b917a2123d","ownerIdentityId":"09d7c14a-a1ee-4552-a0fd-63c236648b00","createdBy":"09d7c14a-a1ee-4552-a0fd-63c236648b00","createdAt":"2024-08-05T19:54:25.737408Z","updatedAt":"2024-08-05T19:54:25.737408Z","deletedBy":null,"deletedAt":null,"networkId":"3d22b880-31df-4b5d-949f-e34fec3cd068","zitiId":"bW1WA7FCE","name":"nf-be-er01-useast2","typeId":"Router","appId":null,"appVersion":null,"branch":null,"revision":null,"type":null,"version":null,"arch":null,"os":null,"osRelease":null,"osVersion":null,"externalId":null,"authPolicyId":"8cce46f6-bfb4-4688-9486-fbc8a78de1c6","disabled":false,"disabledAt":null,"disabledUntil":null,"hasApiSession":false,"hasEdgeRouterConnection":false,"lastOnlineAt":null,"syncId":null,"syncResourceId":null,"attributes":["#novis"],"interceptConflicts":[],"loopbackConflicts":[],"jwtExpiresAt":null,"managedBy":"Router","online":false,"mfaEnabled":false,"jwt":null,"_links":{"network":{"href":"https://gateway.production.netfoundry.io/core/v2/networks/3d22b880-31df-4b5d-949f-e34fec3cd068","title":"dariuszdev","profile":"parent"},"self":{"href":"https://gateway.production.netfoundry.io/core/v2/endpoints/109b4294-70a8-4cc3-9457-c7b917a2123d","title":"nf-be-er01-useast2"},"auth-policy":{"href":"https://gateway.production.netfoundry.io/core/v2/auth-policies/8cce46f6-bfb4-4688-9486-fbc8a78de1c6","title":"Default"}}}{"id":"8d74e4c3-6efa-4058-b67e-544562752b62","ownerIdentityId":"09d7c14a-a1ee-4552-a0fd-63c236648b00","createdBy":"09d7c14a-a1ee-4552-a0fd-63c236648b00","createdAt":"2024-08-05T19:54:32.925744Z","updatedAt":"2024-08-05T19:54:32.925744Z","deletedBy":null,"deletedAt":null,"networkId":"3d22b880-31df-4b5d-949f-e34fec3cd068","zitiId":"ulaWM7BC1X","name":"nf-be-er02-useast2","typeId":"Router","appId":null,"appVersion":null,"branch":null,"revision":null,"type":null,"version":null,"arch":null,"os":null,"osRelease":null,"osVersion":null,"externalId":null,"authPolicyId":"8cce46f6-bfb4-4688-9486-fbc8a78de1c6","disabled":false,"disabledAt":null,"disabledUntil":null,"hasApiSession":false,"hasEdgeRouterConnection":false,"lastOnlineAt":null,"syncId":null,"syncResourceId":null,"attributes":["#novis"],"interceptConflicts":[],"loopbackConflicts":[],"jwtExpiresAt":null,"mfaEnabled":false,"jwt":null,"managedBy":"Router","online":false,"_links":{"auth-policy":{"href":"https://gateway.production.netfoundry.io/core/v2/auth-policies/8cce46f6-bfb4-4688-9486-fbc8a78de1c6","title":"Default"},"self":{"href":"https://gateway.production.netfoundry.io/core/v2/endpoints/8d74e4c3-6efa-4058-b67e-544562752b62","title":"nf-be-er02-useast2"},"network":{"href":"https://gateway.production.netfoundry.io/core/v2/networks/3d22b880-31df-4b5d-949f-e34fec3cd068","title":"dariuszdev","profile":"parent"}}}[0m[1mdata.template_cloudinit_config.config-client[0]: Reading...[0m[0m
[0m[1mdata.template_cloudinit_config.config-be[1]: Reading...[0m[0m
[0m[1mdata.template_cloudinit_config.config-client[1]: Reading...[0m[0m
[0m[1mdata.template_cloudinit_config.config-be[0]: Reading...[0m[0m
[0m[1mdata.template_cloudinit_config.config-client[1]: Read complete after 0s [id=44391035][0m
[0m[1mdata.template_cloudinit_config.config-be[1]: Read complete after 0s [id=951460296][0m
[0m[1mdata.template_cloudinit_config.config-client[0]: Read complete after 0s [id=44391035][0m
[0m[1mdata.template_cloudinit_config.config-be[0]: Read complete after 0s [id=1240307706][0m

Terraform used the selected providers to generate the following execution
plan. Resource actions are indicated with the following symbols:
  [32m+[0m create[0m

Terraform will perform the following actions:

[1m  # aws_iam_instance_profile.secret_manager_zfw_ec2_profile[0m will be created
[0m  [32m+[0m[0m resource "aws_iam_instance_profile" "secret_manager_zfw_ec2_profile" {
      [32m+[0m[0m arn         = (known after apply)
      [32m+[0m[0m create_date = (known after apply)
      [32m+[0m[0m id          = (known after apply)
      [32m+[0m[0m name        = "glb_test_zfw_ec2_profile_us-east-2"
      [32m+[0m[0m name_prefix = (known after apply)
      [32m+[0m[0m path        = "/"
      [32m+[0m[0m role        = "glb_test_zfw_ec2_role_us-east-2"
      [32m+[0m[0m tags_all    = (known after apply)
      [32m+[0m[0m unique_id   = (known after apply)
    }

[1m  # aws_iam_policy.secret_manager_zfw_policy[0m will be created
[0m  [32m+[0m[0m resource "aws_iam_policy" "secret_manager_zfw_policy" {
      [32m+[0m[0m arn              = (known after apply)
      [32m+[0m[0m attachment_count = (known after apply)
      [32m+[0m[0m description      = "Policy to read secret stored in AWS Secrets Store"
      [32m+[0m[0m id               = (known after apply)
      [32m+[0m[0m name             = "glb_test_zfw_secret_read_policy_us-east-2"
      [32m+[0m[0m name_prefix      = (known after apply)
      [32m+[0m[0m path             = "/"
      [32m+[0m[0m policy           = (known after apply)
      [32m+[0m[0m policy_id        = (known after apply)
      [32m+[0m[0m tags_all         = (known after apply)
    }

[1m  # aws_iam_role.secret_manager_zfw_ec2_role[0m will be created
[0m  [32m+[0m[0m resource "aws_iam_role" "secret_manager_zfw_ec2_role" {
      [32m+[0m[0m arn                   = (known after apply)
      [32m+[0m[0m assume_role_policy    = jsonencode(
            {
              [32m+[0m[0m Statement = [
                  [32m+[0m[0m {
                      [32m+[0m[0m Action    = "sts:AssumeRole"
                      [32m+[0m[0m Effect    = "Allow"
                      [32m+[0m[0m Principal = {
                          [32m+[0m[0m Service = "ec2.amazonaws.com"
                        }
                      [32m+[0m[0m Sid       = ""
                    },
                ]
              [32m+[0m[0m Version   = "2012-10-17"
            }
        )
      [32m+[0m[0m create_date           = (known after apply)
      [32m+[0m[0m force_detach_policies = false
      [32m+[0m[0m id                    = (known after apply)
      [32m+[0m[0m managed_policy_arns   = (known after apply)
      [32m+[0m[0m max_session_duration  = 3600
      [32m+[0m[0m name                  = "glb_test_zfw_ec2_role_us-east-2"
      [32m+[0m[0m name_prefix           = (known after apply)
      [32m+[0m[0m path                  = "/"
      [32m+[0m[0m tags_all              = (known after apply)
      [32m+[0m[0m unique_id             = (known after apply)
    }

[1m  # aws_iam_role_policy_attachment.secret_manager_zfw_policy_attachment[0m will be created
[0m  [32m+[0m[0m resource "aws_iam_role_policy_attachment" "secret_manager_zfw_policy_attachment" {
      [32m+[0m[0m id         = (known after apply)
      [32m+[0m[0m policy_arn = (known after apply)
      [32m+[0m[0m role       = "glb_test_zfw_ec2_role_us-east-2"
    }

[1m  # aws_route.be_resolver_routes[0][0m will be created
[0m  [32m+[0m[0m resource "aws_route" "be_resolver_routes" {
      [32m+[0m[0m destination_cidr_block = "100.64.0.0/13"
      [32m+[0m[0m id                     = (known after apply)
      [32m+[0m[0m instance_id            = (known after apply)
      [32m+[0m[0m instance_owner_id      = (known after apply)
      [32m+[0m[0m network_interface_id   = (known after apply)
      [32m+[0m[0m origin                 = (known after apply)
      [32m+[0m[0m route_table_id         = (known after apply)
      [32m+[0m[0m state                  = (known after apply)
    }

[1m  # aws_route.be_resolver_routes[1][0m will be created
[0m  [32m+[0m[0m resource "aws_route" "be_resolver_routes" {
      [32m+[0m[0m destination_cidr_block = "100.72.0.0/13"
      [32m+[0m[0m id                     = (known after apply)
      [32m+[0m[0m instance_id            = (known after apply)
      [32m+[0m[0m instance_owner_id      = (known after apply)
      [32m+[0m[0m network_interface_id   = (known after apply)
      [32m+[0m[0m origin                 = (known after apply)
      [32m+[0m[0m route_table_id         = (known after apply)
      [32m+[0m[0m state                  = (known after apply)
    }

[1m  # aws_secretsmanager_secret.zfw_secret_pt[0m will be created
[0m  [32m+[0m[0m resource "aws_secretsmanager_secret" "zfw_secret_pt" {
      [32m+[0m[0m arn                            = (known after apply)
      [32m+[0m[0m force_overwrite_replica_secret = false
      [32m+[0m[0m id                             = (known after apply)
      [32m+[0m[0m name                           = "glb_test_zfw_repo"
      [32m+[0m[0m name_prefix                    = (known after apply)
      [32m+[0m[0m policy                         = (known after apply)
      [32m+[0m[0m recovery_window_in_days        = 0
      [32m+[0m[0m tags_all                       = (known after apply)
    }

[1m  # aws_secretsmanager_secret_version.zfw_secret_pt[0m will be created
[0m  [32m+[0m[0m resource "aws_secretsmanager_secret_version" "zfw_secret_pt" {
      [32m+[0m[0m arn            = (known after apply)
      [32m+[0m[0m id             = (known after apply)
      [32m+[0m[0m secret_id      = (known after apply)
      [32m+[0m[0m secret_string  = (sensitive value)
      [32m+[0m[0m version_id     = (known after apply)
      [32m+[0m[0m version_stages = (known after apply)
    }

[1m  # module.compute_backend[0].aws_instance.this[0][0m will be created
[0m  [32m+[0m[0m resource "aws_instance" "this" {
      [32m+[0m[0m ami                                  = "ami-0b30ef8bf8f331e78"
      [32m+[0m[0m arn                                  = (known after apply)
      [32m+[0m[0m associate_public_ip_address          = true
      [32m+[0m[0m availability_zone                    = "us-east-2a"
      [32m+[0m[0m cpu_core_count                       = (known after apply)
      [32m+[0m[0m cpu_threads_per_core                 = (known after apply)
      [32m+[0m[0m disable_api_stop                     = (known after apply)
      [32m+[0m[0m disable_api_termination              = (known after apply)
      [32m+[0m[0m ebs_optimized                        = (known after apply)
      [32m+[0m[0m get_password_data                    = false
      [32m+[0m[0m host_id                              = (known after apply)
      [32m+[0m[0m host_resource_group_arn              = (known after apply)
      [32m+[0m[0m iam_instance_profile                 = "glb_test_zfw_ec2_profile_us-east-2"
      [32m+[0m[0m id                                   = (known after apply)
      [32m+[0m[0m instance_initiated_shutdown_behavior = (known after apply)
      [32m+[0m[0m instance_lifecycle                   = (known after apply)
      [32m+[0m[0m instance_state                       = (known after apply)
      [32m+[0m[0m instance_type                        = "t3.medium"
      [32m+[0m[0m ipv6_address_count                   = (known after apply)
      [32m+[0m[0m ipv6_addresses                       = (known after apply)
      [32m+[0m[0m key_name                             = "dariuszKey"
      [32m+[0m[0m monitoring                           = true
      [32m+[0m[0m outpost_arn                          = (known after apply)
      [32m+[0m[0m password_data                        = (known after apply)
      [32m+[0m[0m placement_group                      = (known after apply)
      [32m+[0m[0m placement_partition_number           = (known after apply)
      [32m+[0m[0m primary_network_interface_id         = (known after apply)
      [32m+[0m[0m private_dns                          = (known after apply)
      [32m+[0m[0m private_ip                           = (known after apply)
      [32m+[0m[0m public_dns                           = (known after apply)
      [32m+[0m[0m public_ip                            = (known after apply)
      [32m+[0m[0m secondary_private_ips                = (known after apply)
      [32m+[0m[0m security_groups                      = (known after apply)
      [32m+[0m[0m source_dest_check                    = false
      [32m+[0m[0m spot_instance_request_id             = (known after apply)
      [32m+[0m[0m subnet_id                            = (known after apply)
      [32m+[0m[0m tags                                 = {
          [32m+[0m[0m "Environment" = "dariusz"
          [32m+[0m[0m "Name"        = "nf-be-er-us-east-2a"
          [32m+[0m[0m "Terraform"   = "true"
        }
      [32m+[0m[0m tags_all                             = {
          [32m+[0m[0m "Environment" = "dariusz"
          [32m+[0m[0m "Name"        = "nf-be-er-us-east-2a"
          [32m+[0m[0m "Terraform"   = "true"
        }
      [32m+[0m[0m tenancy                              = (known after apply)
      [32m+[0m[0m user_data                            = (known after apply)
      [32m+[0m[0m user_data_base64                     = "H4sIAAAAAAAA/7RaW5ObyJJ+74j5D4TPRMw5sSE3l5ZtfMIPQLdQIUS3oMWlNjYcUIVKiOKy4iKhnf3vGwWoW3LbnjOzuw9tSVCVlZWVmd+XWdaKvI7zevLclfFnLmtonZThvr7NkmOM/8lFRZPjcN99ebcEywf1cW3dK3bw7ob9mrjxvkqK/DMnvOd/ufnlZjK5HPTLzYvsfZhXm3g/echRgZOcfOY+Rkl9MaBfvI6P9S2iRYMnqMg3CfnlZplk8Ztl/nY55qYMURqS+GtT4rBmUvZNfH5Yfb7huAmXxnEZ0qSNcf+TbLn+s+zqbZFLkzIpbw77pI6/bhLK5ky4+EXR6MPdDcehQdHP3DvQPbRBRhtTNLZIJAsttyjWlBquisWzSw17x6cLTT4NY+gBaEIL9GMZZRVB4rbFnSqg+XGLxYoY3Wr69MwnrqskYF4fUEYbrCnpclfLhnQsoDdLgcYfF6vS8tZ09eSsClOyktC7a0NfIYFnp2BuFZGECEjsj/36yfrDxjE+BT7eAw2ly2deBhltoL96u0aXLrSMZmBWEZCsjiBR5CdHSSJvdsK624FExY+dyoe622iJQoCmfoA5IuY6Jaa3JIa2pYG4bYFm9/qBcV/mOsjNDhFDuljP5/OFo9SRo5yWiVJHnXIwd0qz1O6YjRpwrxDTO5DHe+Vu6Sh1qCl3y3tyBJrA9+98hWDdOmiZW4VeQLxOSYz7hwTc8zLQjCTwrD32lQTM+I9gbhfQu1sATSFgXma4U2pbU+qgU9KF7u5C/RMxHgTouArZ6DMpZO8T1BqdkseS2oXelAfa6rhxUAk0oQb3y64/x/tBX3PHdL0jS02po1c9C3BPDo/3D8T0V/07pKl8ICkL6B1PcFUQpg/0rCLqlCTKPhGczarQW5HAN3LsCTTKVwTpsxMS3RSQMgtXxZd3NxxXHPJ4/5nbF0X9mf1zw3FlWG8/c7dFWd/mcb1hUbrvbtv9vvyaF3Wy6d5XWzYs3mdJxaKn+sz9xn+cTn/7qXdD8dgG2azyRZvCfEniw6D1YElrhzJ6wDNZQKLbgXlZQhFPz5+DhyjjLqfbIDtSX3qZc4KeJaCM8vGqlLUcdihXN0i0utBXeTDH24jKu5CdTqd+vJT1MkYDbSSpvClOKdZhi71pivK0hb5RBCLzxJqiZHqI/SK5nM9OE/qGGHgHsrzaj1EicU2W5OKZDreRfrh+NndP0AckzmgOpfT8udisShHlxsEXaYMkextlFgUzaPinh2u76bRh0QSz2Q46Ko1y5YBO68XLe00VQ9/gsTerfMlosW9TROUSaoqwXF3KsQroWXtfcpvQs7ZIsjdIMnaXe8VzYxuI9YVdq4t1Lv4u7X1lE/5SryaS7BLmdPOSEX5wBjg3OjSTx/Fpg0RCLrJIF4kyD+ZGG0mr78qH2UyI5isCErlF81UbZS4PM1mIMruLHXm087TFOs1iZ3oKNfU14ge5BGVyi5VS/nnExDW6fcWDi6/vGZ68DZkPd3c/D5k3gJAsiZvNutCbJZHunrTUWj4L7oMvlIb7QDfOg2zZz3xiivIBa3IDfTuLJLeBc2MKSPm0fnAffzC2RbrbxBnlQwcsvJSuHVcGz7wwe3JAGvPfWcfn22/G3z8/pDIDi8v5G0f+EPp2CUg5W1FV93nDeN7xiTGv3+rj8/1+ASkWoFMfQh9SlNsUJaqAdHuL9TWBudsEkl1G4h3B+ieC9S0F+nGLdfeENVWEvnEKPbnRMrvEmdsxN/El9wD1GQ8dUg5uq5YwUSOPJW3tRd/75wcqA42v2Twk0jZK1E9At4QehDVDBIlSw0TpFo7yb0ADB3MHJHMHEjATvgWzLcqs4slThSib1ZCBk6csxpDtQdHQZ10gEvL0zBOQkzuLfhItDRD/uer3FL2kiVGWY2wjb8XGjHJgOa6VoEyWWNr0RbvF4rSKxFnqS24X3QskYJ8MMDq1wHP7gE5Fa4qzQ+hM89C3C+yBJhDl2pQMinT59G34xRmU2LtId7dIdE+m+GLrT0Avj8xeDGTAuJ/zvkwfEKObbpFkUTy3It9RP4G5xeTssEYKM5tuI29NNprKQ9/iF5rRRZLLQx8kCyclgTdNgUaawX5srk2RtCpG+eXCSZsgN1osWSylpZGEm0iXt5BBSHbIA2Ww38v++QMxdLYGPkHf2EBdlqLs2AaevcG+UYH7O2JKdo00mRGRBurumOrVE/bsFuj2IRQRMb30R+O6yFFarAsHU2LEYJpCbzyruSVA/RNhtgSaYF/JnVtTJNk08iw+0tSO2SLwDZ5BH9bTGmWywHyYzfke2Dvrqf58Kgj0jANM1F3gTRuWsoJszeDphPVZFeluamrMP6+fjWuQC38vUaf285faXWd1dyegyx3QtyUUtxQld/1eYcYgqtiBh9cYA7rbBJ5RQUfNsDfdYZ22ESnTlximMo0ylrfWxcIZYJhBG567pydPTZFe50ATTgOpEs6+QJa7uxbqrmiKUyHSj4TN60maUJHgTLjmzGa2gDp1JKeCbgh19Jhbh8Cz6CMV8EI6yN+QMH7jYDKSvDLKLT7wjhUjpr6jZMaQH1i8p/baWNlU1pz1Xct0Rrm96e1N5bOeDZqnxHe/JYjDuRsPrrZ+gJtVSh9NaThfX3QTpMPN+XzNXJ3+Gb94Jc14E+ly7ov05IszZncRPgsESZRBZB1IdgV0ejK98Z3TE+2azYEibWA3ZfEghp5FzzHD/NQXjy0U5BIJ53Nz0ydPPcW+xUNP2GH9QEJ/WZ/pGNT+WO753EBif19vBwz5MKNN4Fk8853+PN7mxO/ZiPl1h3+ix2gzRn7/QJ/Rl73VuQhIQ98a9wnenjOjkpKbRt21fc62GX26ikSch940N3OLohyWgbi+yuV9fDtnnBh9m6ePdvrpA9CZvwQkymSe0b6eFupMnwNBudsA/TUWTf+Mdyofdeqrb+uUNxO0GGxQyoxPOLq7jeZ2AR4GCshibv1C8V7kvMZ00svsc0nE3vkWD+Ysxi2GyYsrykzlM26/xPzZ5oZG0njE/hV/NDaOUpv+ixyGCzvsr4jprRKcAGJ6AVkmKXlKlITlpkdW3H3HNwLf2IX3AsHegC+mJ5Dx3HvMB5rd4+l4rneP93Bj7VZvi7sXWXwSeELKxnzrPz/BHznQWUlyIKa/JOHc5tF8+cHs5C3S0waKlA/nbmJmVhs5cgd9tUXdNV8zRTeF4vol/5velgbekQ81YaDWotv9P+DyT/B2+mOeoeGzjXc9lmrC6VlT0p/Yh53jgJWi24X6i+81LIbNDH+4zoX2FiXqXZwFZ+ylKNu+2iFn76d5nCj1qlPSFX98ctf25pKHvsHon6z7U5y9KgnVUyAZJZqvSCDOmiE2DfptfA4c9fKZOnDi17hhuXSI7XulWe5Is3TUFiVqEXq4YPoB5t8sT+Q8qwN2oFOtwKPf57mr7+Luj2Jz8fOypg33tzSJhvbZLU7aeF/H+581AV4qmN9vOI7j/ma9tBE4BeMYc5uExv2rf7fjqqBt/B/9r3vL+SLw/HtB/PhenE7fi9O7P6EZL0xe+xX/m5IL+1ZnikYZJfIh9u0iEu9OGinLiIVpzqiVzEen5QLmRhs5ahJJdhuIcgedKY11i6I5K0+mJ6DTGukyg6T7SKc0yu0Zyo0WXcryjRzpsw6J64WW2RQmag59e4NEd4cyl1/osw5Ky/JxTG/n5744pLcnh5UH+MQgJZAMimdyE3jCGeo66GGmy2YsQ2QwyGtQ5uasTBrlLM7hBn2rL5/APX/eZ8PSy0APp8/n9wstHWHKqkLPbbCmyCyNIKl35yYQjyX0pvxCueryjLDnDvo88/l5P0gUtlE2y6EPcvNqjkEhW5sO+3ryr3+fxy5WxUi57C5+Li47AVf29CW4jeYu9Vm5I6ltlFu03+uor5lhOnaUOjYPZ7MKe+vishPS/81Gez/Q9Mn/nu2Vs15DGvG3O8gg9WG014PboYxR69kJ6OsP112lgEBnyijfgfkRdKvc9lnpAnLfrfKVKKfQwXiAMOxA32qxb+zgetrih6F0s8f12FkZp+JNpwbNGeVdFYDaBXQYvZwJsKcuqxcfAxogi059scXoQ3v2HItM72mLNXWALA2U1126I4NbauavdvY6PPh/grHX4ftItKkh8D3lM3jaDD1L2znr8lf3AOZ4i3raA7eRTlOg20JPhU5FYmoqXVx1voae75+wt3GWu2bQ6AmUpd6/rKu+3ULtQtc5i+dZjf5vdH1gZxePetnZrIzmbgcd9OGNP8+HsmihGWtG7VDmHrHnshIiZXHb+7fGysu7HGtqAh01PctmPoN9q4wyNEDdXO0iCZaQzX2orXWn7qGffgDJgUAnvYxNGuk0A/qa5aMT0mWWayKDH2LDEITI4K0W6uvcd/r7g9wZOq5N4B2fz7T+vP/Hy87qIH+8IyDJyrtj0M3GkUi0GE3pmN4MehmlwRndQUc9hZ5NHxNQAX19bq/QaG7Ra9lLsj7nrR6Gp1soshLYZnaaorl96qmkc46dFRnzyLWd+n68vAu9WW9DhxeewYNlOYfrtWzdPUBvmrLSAehyA+aMEtiMFoz2fjkfKfCXJHDUE2b+liHC9huwcso3pqamtlF2nDIZ0FFbmPQtqxOj96HnVnC+JFikVTSc7yGSVKGn+N5VZ7WEiZKf97+WbOY3ucHiLfnjXPudM2K5RUDZHYEim/OSS8XAOwrQla98/c26An/tT2/O6q+vsRrtxta4jJfhXkse8qErb8ZY2/iisA296cbvzvGlHgLf6Dv8I04Pv52pijIsRAwHZuoWsXIw2abQH280WJm145M186+MUpyt+zM9+9LIO1RX+IEfJmOMzc+yp1uo25uLu6ACJHx9PidzKJVYvunzUsgw9l5Yo9ylpqYW0DsenpwhL4zlweg761es+FfXHHnHxZop9OAWe0f+yTEE1Ak08C3efAbJt2uvXPz8wgcSpYC6mwW+W+H7guC+FTE7YY3vFs4ZiwZuxPB94Fh9m6XXzxd7HlSc8+s5P1/5h7bt5y+c9M/dlZG4/hoeqq9VjPZx/b7s/sJ12dvevywgCYzPcAH0mYB1QiJdzkPvjpiOIIW+XZi+3Yai24D7w6cnbXXUsv7Sjx8ueN0TSuT+kheKhAS+WgLtB/Vn38OUt0OvfXoyxVmHdZoFnsWjTqlNj9WYgAUIH3qQjTt53arzHaXp62aditB9U/cli1VxSbDP9eISdQoBiT3UpRroD8VcEwLS2S4Q3QM75MBXD5FOd4Hf9/9bnE1TM8Ml1rdCkEzFZVf/JxLlBgzBWjuakqx8lw91uQv9cjsEVkFWmbtFmdsBrb+YZrZrsW8f+n7Dd+5OLvdu5mWJlKs9CBF7xvT1fjC/U757tfVqu1UTZ/RwfcYX/ebvyZQu+6TGZkHl8X6g7zv/OYfF9Gu4r5NNiOrq62lz+HFxt29ylOHPN5O+tiuTkkvyqg4p5aKiLqQbjjMVC8y+vPv177dVlOS3SclNCo4mecpV2+LANeXv4SHlfvtV/vLl3frpHfdf5T7Ja+5X8Z///dvv2zjE3ET4vd5zE8y9+/zuH2wft021vx2FhRjv46pin9w3teKtJHI4bjlacBUqypjbFhXb87e73RdNHe8n+5gkVb0P66TIuckE5xV4ssOcxL3cD3fv+ff8rSBxk0nd5HlMvybltytykwkNc7Dhfu13zSnLj87Tx6kuqGzZnxXO/8IJcL/+/Q8TCzeZDN8neZjFHKHR1zquaibh6z4uC27Sb7PIh/dNNYnDqp6I/+CES7tWXVXHGaopt4+rOtzX3Cmpk8lgqPdVvG8TFP98wsVt53n8t/9rZzL55eZ/AgAA//9wWDyKFCQAAA=="
      [32m+[0m[0m user_data_replace_on_change          = false
      [32m+[0m[0m volume_tags                          = {
          [32m+[0m[0m "Name" = "nf-be-er-us-east-2a"
        }
      [32m+[0m[0m vpc_security_group_ids               = (known after apply)

      [32m+[0m[0m credit_specification {}

      [32m+[0m[0m enclave_options {
          [32m+[0m[0m enabled = (known after apply)
        }

      [32m+[0m[0m metadata_options {
          [32m+[0m[0m http_endpoint               = "enabled"
          [32m+[0m[0m http_protocol_ipv6          = "disabled"
          [32m+[0m[0m http_put_response_hop_limit = 1
          [32m+[0m[0m http_tokens                 = "optional"
          [32m+[0m[0m instance_metadata_tags      = (known after apply)
        }

      [32m+[0m[0m timeouts {}
    }

[1m  # module.compute_backend[1].aws_instance.this[0][0m will be created
[0m  [32m+[0m[0m resource "aws_instance" "this" {
      [32m+[0m[0m ami                                  = "ami-0b30ef8bf8f331e78"
      [32m+[0m[0m arn                                  = (known after apply)
      [32m+[0m[0m associate_public_ip_address          = true
      [32m+[0m[0m availability_zone                    = "us-east-2b"
      [32m+[0m[0m cpu_core_count                       = (known after apply)
      [32m+[0m[0m cpu_threads_per_core                 = (known after apply)
      [32m+[0m[0m disable_api_stop                     = (known after apply)
      [32m+[0m[0m disable_api_termination              = (known after apply)
      [32m+[0m[0m ebs_optimized                        = (known after apply)
      [32m+[0m[0m get_password_data                    = false
      [32m+[0m[0m host_id                              = (known after apply)
      [32m+[0m[0m host_resource_group_arn              = (known after apply)
      [32m+[0m[0m iam_instance_profile                 = "glb_test_zfw_ec2_profile_us-east-2"
      [32m+[0m[0m id                                   = (known after apply)
      [32m+[0m[0m instance_initiated_shutdown_behavior = (known after apply)
      [32m+[0m[0m instance_lifecycle                   = (known after apply)
      [32m+[0m[0m instance_state                       = (known after apply)
      [32m+[0m[0m instance_type                        = "t3.medium"
      [32m+[0m[0m ipv6_address_count                   = (known after apply)
      [32m+[0m[0m ipv6_addresses                       = (known after apply)
      [32m+[0m[0m key_name                             = "dariuszKey"
      [32m+[0m[0m monitoring                           = true
      [32m+[0m[0m outpost_arn                          = (known after apply)
      [32m+[0m[0m password_data                        = (known after apply)
      [32m+[0m[0m placement_group                      = (known after apply)
      [32m+[0m[0m placement_partition_number           = (known after apply)
      [32m+[0m[0m primary_network_interface_id         = (known after apply)
      [32m+[0m[0m private_dns                          = (known after apply)
      [32m+[0m[0m private_ip                           = (known after apply)
      [32m+[0m[0m public_dns                           = (known after apply)
      [32m+[0m[0m public_ip                            = (known after apply)
      [32m+[0m[0m secondary_private_ips                = (known after apply)
      [32m+[0m[0m security_groups                      = (known after apply)
      [32m+[0m[0m source_dest_check                    = false
      [32m+[0m[0m spot_instance_request_id             = (known after apply)
      [32m+[0m[0m subnet_id                            = (known after apply)
      [32m+[0m[0m tags                                 = {
          [32m+[0m[0m "Environment" = "dariusz"
          [32m+[0m[0m "Name"        = "nf-be-er-us-east-2b"
          [32m+[0m[0m "Terraform"   = "true"
        }
      [32m+[0m[0m tags_all                             = {
          [32m+[0m[0m "Environment" = "dariusz"
          [32m+[0m[0m "Name"        = "nf-be-er-us-east-2b"
          [32m+[0m[0m "Terraform"   = "true"
        }
      [32m+[0m[0m tenancy                              = (known after apply)
      [32m+[0m[0m user_data                            = (known after apply)
      [32m+[0m[0m user_data_base64                     = "H4sIAAAAAAAA/7RaW5OjuJJ+r4j5D0SfiZhzYsNdXMo9TZ+YB8A2FsZUGcpctLHRARKWMeKyNmDjnf3vGwJcZXd115yZ3X2otg1SKpXKzO/LVGtFXsV5NXpuy/gLl9W0SspwX91nySnG/+Sios5xuG9/+7AEy6n6uLYmih18uGO/Rm68PyRF/oUTPvI/3f10NxpdD/rp7kX2PswPm3g/muaowElOvnC/Rkl1NaBbvIpP1T2iRY1HqMg3Cfnpbplk8Ztl/nY95q4MURqS+Gtd4rBiUvZ1fHl4+HLHcSMujeMypEkT4+4n2XLdZ9lW2yKXRmVS3h33SRV/3SSUzRlx8Yui0aeHO45DvaJfuA+gnTZBRmtTNLZIJAsttyjWlAquisWzSw17x6cLTT73Y+gRaEID9FMZZQeCxG2DW1VA89MWiwditKvx0zOfuK6SgHl1RBmtsaaky10lG9KpgN4sBRp/WqxKy1vT1ZOzKkzJSkLvoQl9hQSenYK5VUQSIiCxf+3WT9afNo7xOfDxHmgoXT7zMshoDf3V2zXadKFlNAOzAwHJ6gQSRX5ylCTyZmesuy1IVPzYqnyou7WWKARo6ieYI2KuU2J6S2JoWxqI2wZodqcfGPZlroPcbBExpKv1fD5fOEoVOcp5mShV1CpHc6fUS+2B2agGE4WY3pE8TpSHpaNUoaY8LCfkBDSB7975CsG6ddQy9xB6AfFaJTEm0wRMeBloRhJ41h77SgJm/K9gbhfQe1gATSFgXma4VSpbU6qgVdKF7u5C/TMxpgJ0XIVs9JkUsvcJaoxWyWNJbUNvzANtddo4qASaUIHJsu3OcdLra+6Yrg9kqSlV9KpnASbk+DiZEtNfde+QpvKBpCygdzrDVUGYPtCziqhVkij7THA2O4TeigS+kWNPoFG+IkifnZHopoCUWbgqfvtwx3HFMY/3X7h9UVRf2D93HFeG1fYLd1+U1X0eVxsWpfv2vtnvy695USWb9uNhy4bF+yw5sOg5fOF+4X8dj39517uheGqCbHbwRZvCfEniY691b0lrhzJ6xDNZQKLbgnlZQhGPL5+9hyjDLsfbIDtRX3qZc4aeJaCM8vGqlLUctihXN0i02tBXeTDH24jKu5CdTqv+ei3rZYwGmkhSeVMcU6zDBnvjFOVpA32jCETmiRVFyfgY+0VyPZ+dJvQNMfCOZHmzH6NE4posydUzHW4j/Xj7bO6eoQ9InNEcSunlc7FZlSLKjaMv0hpJ9jbKLApm0PDP01u76bRm0QSz2Q46Ko1y5YjO68XLe00VQ9/gsTc7+JLRYN+miMol1BRhubqWYxXQs/a+5NahZ22RZG+QZOyu94rnxjYQqyu7Hq7Wufq7tveNTfhrvepIskuY081LRvjBGeDcaNFMHsanNRIJucoibSTKPJgbTSStvisfZjMhmq8ISOQGzVdNlLk8zGQhyuw2duTBzuMG6zSLnfE51NTXiO/lEpTJDVZK+f2IiSt0/4oHV18/Mjx5GzKfHh7eD5k3gJAsiZvN2tCbJZHunrXUWj4L7tQXSsOd0o0zlS37mU9MUT5iTa6hb2eR5NZwbowBKZ/WU/fxB2MbpLt1nFE+dMDCS+nacWXwzAuzJwekMf+ddXy++Wb85HmaygwsrudvHPlT6NslIOVsRVXd5w3jeccnxrx6q4/Pd/sFpFiAVp2GPqQotylKVAHp9hbrawJztw4ku4zEB4L1zwTrWwr00xbr7hlrqgh94xx6cq1ldokzt2Vu4kvuEeozHjqk7N1WLWGiRh5L2tqLvpPnKZWBxldsHhJpEyXqZ6BbQgfCmiGCRKlgorQLR/k3oIGjuQOSuQMJmAnfgtkWZVbx5KlClM0qyMDJUxZDyHagaOizNhAJeXrmCcjJg0U/i5YGiP986PYUvaSJQZZjbCNvxcYMcmA5rJWgTJZY2vRFu8Hi+BCJs9SX3DaaCCRgnwwwWrXAc/uIzkVjirNj6Izz0LcL7IE6EOXKlAyKdPn8bfjFGZTYu0h3t0h0z6b4YuvPQC9PzF4MZMCwn8u+TB8Qox1vkWRRPLci31E/g7nF5OywRgozG28jb002mspD3+IXmtFGkstDHyQLJyWBN06BRurefmyuTZG0Kgb55cJJ6yA3GixZLKWlkYTrSJe3kEFIdswDpbffy/75IzF0tgY+Q9/YQF2WouzUBJ69wb5xAJMHYkp2hTSZEZEa6u6Q6tUz9uwG6PYxFBExvfRH49rIURqsC0dTYsRgnEJvOKu5JUD9M2G2BJpg38idW2Mk2TTyLD7S1JbZIvANnkEf1tMKZbLAfJjN+R7YO+ux/nwuCPSMI0zUXeCNa5aygmzN4OmM9dkh0t3U1Jh/3j4b1iBX/l6iVu3mL7WH1mofzkCXW6BvSyhuKUoeur3CjEFUsQPT1xgDulsHnnGAjpphb7zDOm0iUqYvMUxlGmUsb62LhdPDMIM2PHfPT56aIr3KgSace1IlXHyBLHcPDdRd0RTHQqSfCJvXkTThQIIL4Zozm9kCatWBnAq6IVTRY24dA8+ij1TAC+kof0PC+I2DyUDyyii3+MA7HRgx9R0lM/r8wOI9tdfGyqay5qwfGqYzyu1NZ28qX/Ss0TwlvvstQezP3Zi62noKN6uUPppSf76+6CZIh5vL+Zq5Ov4zfvFKmvEm0uXcF+nZF2fM7iJ8FgiSKIPIKpDsA9Dp2fSGd05HtCs2B4q0hu2YxYMYeha9xAzzU188NVCQSyRczs1Nnzz1HPsWDz1hh/UjCf1ldaFjUPtjuZdzA4n9fb0d0OfDjNaBZ/HMd7rzeJsTv2cj5tctfkePwWaM/P6BPoMve6tLEZCGvjXsE7w9Z0YlJTeN2lv7XGwz+PQhEnEeeuPczC2KclgG4voml3fx7VxwYvBtnj7a6edPQGf+EpAok3lG+zpaqDN9jgTlbg3011g0/QveqXzUqq++rVPeTNCit0EpMz7h6O42mtsFmPYUkMXc+oXivch5jemkk9nlkoi98y0ezFmMWwyTFzeUmcoX3H6J+YvNDY2k8YD9K/5kbBylMv0XOQwXdthfEdNbJTgBxPQCskxS8pQoCctNj6y4+45vBL6xCycCwV6PL6YnkOHcO8wHmt3h6XCuD48TuLF2q7fF3YssPgk8IWVjvvWfd/BHDnRWkhyJ6S9JOLd5NF9+Mlt5i/S0hiLlw7mbmJnVRI7cQl9tUHvL10zRTaG4fsn/prelgXfiQ03oqbXotv8PuPwO3o5/zDM0fLHxrsNSTTg/a0r6jn3YOfZYKbptqL/4Xs1i2Mzwp9tcaG9Roj7EWXDBXoqy7asdcvZ+nMeJUq1aJV3xpyd3bW+ueegbjH5n3Xdx9qYkVM+BZJRoviKBOKv72DTot/HZc9TrZ2rPiV/jhuXSPrYnSr3ckXrpqA1K1CL0cMH0A8y/WZ7IeVYH7ECrWoFHv89zV9/F3R/F5uL9sqYJ9/c0ifr22T1Omnhfxfv3mgAvFczvdxzHcX+zXtoInIJxjLlNQuPu1b/b8aGgTfwf3a+J5fwm8PxHQfz1ozgefxTHD39CM14YvfYr/jclF/at1hSNMkrkY+zbRSQ+nDVSlhEL05xRK5mPzssFzI0mctQkkuwmEOUWOmMa6xZFc1aejM9ApxXSZQZJk0inNMrtGcqNBl3L8o0c6bMWieuFltkUJmoOfXuDRHeHMpdf6LMWSsvycUhvl+e+2Ke3J4eVB/jMICWQDIpnch14wgXqWuhhpstmKENk0MurUebmrEwa5Cwu4QZ9qyufwIS/7LNm6aWnh+Pny/uFlg4wZR1Cz62xpsgsjSCpc+c6EE8l9Mb8Qrnp8gyw5/b6PPP5ZT9IFLZRNsuhD3LzZo5BIVub9vt68m9/X8YuVsVAuew2fi6uOwE39vQluI3mLvVZuSOpTZRbtNvroK+ZYTp0lFo2D2ezA/bWxXUnpPubDfae0vTJ/57tlYtefRrxtzvIIHU62Gvqtihj1Hp2Bvr6021XKSDQGTPKd2R+BN1DbvusdAG57x7ylSin0MG4hzDsQN9qsG/s4Hrc4GlfutnDeuysjHPxplOD5ozyrgpA7QI6jF7OBNhRl9WLjwENkEWrvthi8KE9e45Fpve4wZraQ5YGytsu3YnBLTXzVzt7Le79P8HYa/EkEm1qCHxH+Qye1n3P0nYuuvzVPYA53qKO9sBtpNMU6LbQUaFzkZiaShc3na++5/sn7G1c5K4ZNHoCZan3L+uqb7dQu9J1zuJ5VqH/G12n7OziQS87m5XR3G2hgz698ed5XxYtNGPNqB3K3BP2XFZCpCxuO//WWHn5kGNNTaCjphfZzGewb5VRhnqom6ttJMESsrnTylq36h766SeQHAl00uvYpJFOM6CvWT46I11muSYy+D42DEGIDN5qoL7Ofae7P8idvuNaB97p+ULrL/t/vO6s9vKHOwKSrLwHBt1sHIlEi9GUlunNoJdRGpzRHXTUc+jZ9DEBB6CvL+0VGs0teit7SdaXvNXB8HgLRVYC28xOYzS3zx2VdC6xsyJDHrm1U9ePl3ehN+ts6PDCM5halnO8XcvW3SP0xikrHYAu12DOKIHNaMFg75fzkQJ/SQJHPWPmbxkibL8BK6d8Y2xqahNlpzGTAR21gUnXsjozeh967gHOlwSL9BD153uMJFXoKL5301ktYaLkl/2vJZv5TW6weEv+ONd+54xYbhFQ9kCgyOa85FIx8E4CdOUbX3+zrsDf+tObs/rra6wGu7E1ruOlv9eS+3zoypsh1ja+KGxDb7zx20t8qcfAN7oO/4DT/W9nrKIMCxHDgZm6RawcTLYp9IcbDVZm7fhkzfwroxRn6+5ML7408A7VFX7gh8kQY/OL7PEW6vbm6i6oAAlfXc7J7Esllm+6vBQyjJ0Ia5S71NTUAnqn45PT54WhPBh8Z/2KFf/qmgPvuFozhR7cYu/EPzmGgFqBBr7Fm88g+XbtlYufX/hAohRQd7PAdw94UhDctSJmZ6zx7cK5YFHPjRi+9xyra7N0+vlix4OKS3695Ocb/9C23fyFk/65uzISV1/D4+HrIUb7uPpYtn/huuxt718WkASGZ7gA+kzAOiGRLueh90BMR5BC3y5M325C0a3B5Pj5SVudtKy79OP7C173jBK5u+SFIiGBr5ZA+0H92fUw5W3fax+fTXHWYp1mgWfxqFUq02M1JmABwoceZOPOXrtqfUepu7pZpyJ039R9yWJVXBPsS724RK1CQGL3dakGukMx14SAdLYLRPfIDjnw1WOk013gd/3/Bmfj1MxwifWtECRjcdlW/4lEuQZ9sFaOpiQr3+VDXW5Dv9z2gVWQVeZuUea2QOsuppntGuzbx67f8J27k+u9m3lZIuVmD0LEnjF9vR/Mb5XvXm292m5Vxxk93p7xVb/5ezKl6z6psVlQebgf6PrOf85hMf0a7qtkE6Lq8PW8Of64uNvXOcrwl7tRV9uVSckl+aEKKeWioiqkO44zFQvMfvvw89/vD1GS3yclNyo4muQpd9gWR64ufw+PKffLz/Jvv31YP33g/qvcJ3nF/Sz+879/+X0bh5gbCb9Xe26EuQ9fPvyD7eO+PuzvB2Ehxvv4cGCf3De14r0kcjhuOFpwB1SUMbctDmzP3+52X9RVvB/tY5Icqn1YJUXOjUY4P4AnO8xJ3Mn9VfzIf+TvBYkbjao6z2P6NSm/XZEbjWiYgw33c7dr7vPk01RfTGxjwpZ9r3D+F06A+/nvf5hYuNGo/z7KwyzmCI2+VvGhYhK+7uOy4EbdNou8f18fRnF4qEbiPzjh2q6H9lDFGaoot48PVbivuHNSJaPeUB8P8b5JUPz+hKvbzsv4b//Xzmj0093/BAAA///c+af1FCQAAA=="
      [32m+[0m[0m user_data_replace_on_change          = false
      [32m+[0m[0m volume_tags                          = {
          [32m+[0m[0m "Name" = "nf-be-er-us-east-2b"
        }
      [32m+[0m[0m vpc_security_group_ids               = (known after apply)

      [32m+[0m[0m credit_specification {}

      [32m+[0m[0m enclave_options {
          [32m+[0m[0m enabled = (known after apply)
        }

      [32m+[0m[0m metadata_options {
          [32m+[0m[0m http_endpoint               = "enabled"
          [32m+[0m[0m http_protocol_ipv6          = "disabled"
          [32m+[0m[0m http_put_response_hop_limit = 1
          [32m+[0m[0m http_tokens                 = "optional"
          [32m+[0m[0m instance_metadata_tags      = (known after apply)
        }

      [32m+[0m[0m timeouts {}
    }

[1m  # module.compute_client[0].aws_instance.this[0][0m will be created
[0m  [32m+[0m[0m resource "aws_instance" "this" {
      [32m+[0m[0m ami                                  = "ami-0b30ef8bf8f331e78"
      [32m+[0m[0m arn                                  = (known after apply)
      [32m+[0m[0m associate_public_ip_address          = true
      [32m+[0m[0m availability_zone                    = "us-east-2a"
      [32m+[0m[0m cpu_core_count                       = (known after apply)
      [32m+[0m[0m cpu_threads_per_core                 = (known after apply)
      [32m+[0m[0m disable_api_stop                     = (known after apply)
      [32m+[0m[0m disable_api_termination              = (known after apply)
      [32m+[0m[0m ebs_optimized                        = (known after apply)
      [32m+[0m[0m get_password_data                    = false
      [32m+[0m[0m host_id                              = (known after apply)
      [32m+[0m[0m host_resource_group_arn              = (known after apply)
      [32m+[0m[0m iam_instance_profile                 = (known after apply)
      [32m+[0m[0m id                                   = (known after apply)
      [32m+[0m[0m instance_initiated_shutdown_behavior = (known after apply)
      [32m+[0m[0m instance_lifecycle                   = (known after apply)
      [32m+[0m[0m instance_state                       = (known after apply)
      [32m+[0m[0m instance_type                        = "t3.medium"
      [32m+[0m[0m ipv6_address_count                   = (known after apply)
      [32m+[0m[0m ipv6_addresses                       = (known after apply)
      [32m+[0m[0m key_name                             = "dariuszKey"
      [32m+[0m[0m monitoring                           = true
      [32m+[0m[0m outpost_arn                          = (known after apply)
      [32m+[0m[0m password_data                        = (known after apply)
      [32m+[0m[0m placement_group                      = (known after apply)
      [32m+[0m[0m placement_partition_number           = (known after apply)
      [32m+[0m[0m primary_network_interface_id         = (known after apply)
      [32m+[0m[0m private_dns                          = (known after apply)
      [32m+[0m[0m private_ip                           = (known after apply)
      [32m+[0m[0m public_dns                           = (known after apply)
      [32m+[0m[0m public_ip                            = (known after apply)
      [32m+[0m[0m secondary_private_ips                = (known after apply)
      [32m+[0m[0m security_groups                      = (known after apply)
      [32m+[0m[0m source_dest_check                    = false
      [32m+[0m[0m spot_instance_request_id             = (known after apply)
      [32m+[0m[0m subnet_id                            = (known after apply)
      [32m+[0m[0m tags                                 = {
          [32m+[0m[0m "Environment" = "dariusz"
          [32m+[0m[0m "Name"        = "test_client-us-east-2a"
          [32m+[0m[0m "Terraform"   = "true"
        }
      [32m+[0m[0m tags_all                             = {
          [32m+[0m[0m "Environment" = "dariusz"
          [32m+[0m[0m "Name"        = "test_client-us-east-2a"
          [32m+[0m[0m "Terraform"   = "true"
        }
      [32m+[0m[0m tenancy                              = (known after apply)
      [32m+[0m[0m user_data                            = (known after apply)
      [32m+[0m[0m user_data_base64                     = "H4sIAAAAAAAA/6x6W3OjSrLuuyPWf1CsOTHr4YRtBKa75RM9EQKJmwRuIYtLvUxQVWpAUMASIC5xfvyOAiTLbbfx7L0f2m2jrMyszC+/zCokpkmxT4rb5ybbP05IGRdh5h2LexLWe/z/JjAtE+wdm+9/6qq+FJ52xmJuun/e0L9urf0xD9PkcTK9Y/64+ePm9vZa6I+bi+6jl+Q/98fbZYJSHCb+4+QrDIsrgc54sa+LexSnJb5FafIz9P+40UOyf2PmH9cyN5mHIs/f/7vMsFfsHyc31TEs9v/+Gcb7/PHmdrK/2IRfHm4mE9TbfJz8iWTp4LFSArZC4dpxKfpZBh3hhJKNv5qnmkqMZu8IDGxmDFT0UPSjENj8AbJmBgk6eYlxgqG6Ercagc6m+xzKs0T16dppgGW/f0YsZs0GDFbm/d9crwvLcQG26qrTy8aMp1jhmhgnuJ21SHZrvZkdIKs17lZdrTbpChOpUUV/JTpGjBIQo7j3VV0w/tNi/qBvUs1zzBgRiQHbua+Kc9+zeUb0YwZyZgClWQaJGe/F+UxdzFeiY56wLOVOq1a6OO/06PN0Jdpx6Tlm5tr1Eth1sN9e9GSQxIxnS7nDmjGUJV5VzAzau9JUrMZ1zAyyDyvRsRqo6J39878fWwE6jsEgEpeAy1fiJgoRK1VIllp9sSxdxzysSVxi2WogkXI1rDoZKEsFkqXKdYwGLZYlXbMmdQDtWetuaS6YcD1PNXGr5a5tRUDWK33Lt64zL+layBlBH1M1F/2I5oVBnMAh2eh04WRZX+TJjPUcvXTZ6qyzde1pBRWhAYoRoMW8XidGgES+dW2p6Hy149K16/aVjcQ6QEfIXc6ofrWBbaNYE+OyP5zM2dEYOEYOFBy7rNm6jsDixbJeJ2YMiVRi6hPhT5jE7bVel93Un4ht7JKi0j+Oa+txRoRZM9ZpDBRQ68/qIP/WLmbTZsyul+Bo3Lcgh47xN5SnkUvSj/yr0EKrXKfLe4BlvaRYBY5WunZ1hY2scp15pdtmM+Qwd+3pCbHL0mVnxUuszQYp+ODZfIKS+WB3GmNFO72KLzFSKGsV5M4y2gHYPIOIlF/LUQyCAb/gwzh/O6milkPZKpA8qz3SxwewRicPaE1xQjysKaHjv2DUEcb237isSX0gnjP4kGgHIAcnLFs5an6to2ntOkKAOK3+uJbqACpC5LbzGijqSI6k0RxBedoi1mi9ZFQfxWSFOaH5DCahXBeIEyL3oP09xiGdD3IduI7xt3vJ7buyocsGEVSMA+KEExD7OLnEiGFiNq5dXfNIDAmmNXTQuc5fRn9ejvmbu45xgMqFc97FK2LVS731/GXkrq2179WUy26YsbqjuEZ2TbFSu44+gu3eTyRLAXA+9hNzy1Fe2ESGulvW0i4WnjfWvDLsqtwx0mYdaQtzx+92kaSvI0N/L68uNxanokUOZlArdByKnpdnHighB7KuBsQLrin3VD0GhAiFH9WAdvAUGoNljeRZNegMXdYqsaIFUHyjt+Nljxgf11akLbaSoJuWtqExeOHo3+Wi48sWytPqJW/v4rbESc/nLmfUsMOtUOJEf6//UdkKs0YGE6Fxmw9lY2hrFZSDg8uda/Lss1W4ZFZCTr2Wf1VrY3Xp0VyzGd3jATUjnCSbHSd9iAdidD0IKMJpkKMcmULOjKGiv+4JA86Bo7Vj9YjZtP1M30W2eRjpuwVWujwdYPJrPN/pu0TqMAtlo9IPH/sIE0Br4dBxsN1jhT57n4ukwyd8TXFrjPE75cv6zJdo+yFf/jpzjPCldEAy9VH6uFbpXGabOc352Fx2wYescWP4oGuRXdP6P3PLOf5Tl2Ve7QspZg1lWk9ScMYxYqUAdnP7NKM4edOPHTw+13YYMU7wah6EshSihs9gQnXzwQsPWYWbCLknG9mvcQD2NIQsf0LhK95Kaa16pKazePsxz0o0FhRbL/0jMQLXfhWHArF1hVnrgK7yi2WrdG2eeellr/gldZ/xGMYobmrMme1ncENnb7fnk9/qG/h0fG6huGazwwiP0RqooLysDNlq0MczA+vJWgET2o+vZ0EtgGTWYHn3Pp+ROBrnM4n7RE1XsB2dK/v+wHW98oqjrAaT+ODZ397vEwTT2e1TsxDl05EcURxSHw6Iy0bOfjzbnf044e9r3ANHYz3byGDz+1kAyvSsOqafni0lDn/ubDn0P6lCi+X0Q77u+0+AlHltiL+3v26++dRfYE+J5wjBkLuEzrG052BHOyHZGtbwxf68x0Q4PdF5n/ZMIjHuu5zRzznu85zGa2zOCbxEuD4v/54r5I4rKkQ2v+MK1rXP/Xd+1QN/dwdQV+N3ADyLWJNz2bgEsnXofJR5Fr2bf8BA2cz72jIf1kTiUMMT4GiMZ/P9vl/Zz6LunPkhV3dnr8glZoyHfkXr15NnDHhzl4Aj/VO5kTof6dnxEzNoBRUh6PjqAzypiUFAInBI0doez5taP/dXzsxczjgBMiNdDi5Y0lpITA7I1vGqBhhAY5VsaFzexphyiGLkQz7Yz92xaAdA98CZLRbHYmgQ0Pv0so/tyD5IxgFZal1O//09xkGKRrjpfO6OgOOOnbtf+F4e5/ueE6TIJVKMRmriPGcjdnTO/sxdQoplMNyJCZcZxpOpjzFBicW8PSPSOBp/Y245OpN7shl+Zua6nsm95H989jytmznVGUNHonPTUG/40Ou0pojMKmD3etdk+nA9SwMF09hG47P04LOsBWPniFec/+FMS3VMK0Rm0fpZH7lT6PPgjuRh6Estlq0PZz2K//GzzrAPzgj3H3ENCRiQCDlStIjuQV+c9xKcUGJmINGm+C2PDfsZO6NPW6hIHLCN+qr+Rzhp4OjkE/zycgfQjN4BUH5M6IzwH/HjsZtbFLV6w1/v31m33Rnjur/QM8YrfrNK0M0q+ltOfKuT8w4axXj72x505nDHOHyWw6/mlQqx9efnlaGHdXeFxBjptbjWubH++YI96v/gewo52uNBg53NVSxe7mmBg2vX/vQ9bc/DTtd3uRHO7u9SFKNCb87+796ltICAGnMSrbNfZuoZ49lGC1lwAmR5veaHLUmmNTUXlmQIu5dZ7bSX4xrb8avz8IYBP3YS3mwY/LyxBNtaLM/ccICcRuAFr/FM9FMNyHy7I1YL2ZoFjqbtXr0Lmof687xaH5aN0Tw0xvOu1A875umwa9W3azeIzBjYvKzFtlm9I7fz7GkMOYt5dnQqN9UX80r04xgS4wRkq7l+H9X/o+eAWbmOLMprEXCu3rMp2gly5gLaG6qLuOwsRGRZbthZAW2pBEq+Ei2rBc8p1RV6ismgfv/PXS9cpL4aLX3ExnTGjVW5e//nU07FonCAchzDZNPl4lmelaClejRBVYwMOkIOtkKKFbNSFTNG3MZ32ToDNs/QfPx88XEKI6MA4nymimB4V8gvIDstXJuP9lWqWY4RP4V0r1qD7YfO3o6lnLr5MjzrfVL0X31589kuscpOF7Ubd37lYsKsRAKmkOi+Z/MZFv1MpbFxLvErN7YZXeImBg22efo8E/34/Htp0trh9HS15TWYmLbrqKlGYjp7BFje5aqoZZRHXMeM1bDy9W3lq4SfQluLUSicQCgwwDEYVT6viU8w0cPVJtVQYpUbdhqtI5C7Nm5XYlRubZ6xiNSsRHB5p2nKVu46UWfr/GxtD+85w8o3Opvnd6OVD3p5H8vffMSZAUo2PpaD+Jwzz37wEWsdIMtHqFGz61i5rJS7HF1vxitF9wGpT66zYQ2x8rEoECjPArxwmbUoVKoMcshKjHHYZFe/+zS/OJx/+bGdp1THuhGY1Xb+t7pYVroYrURH9Z8OjA9tifFEfgM5lOrP8/xKR4rEqMsDcMwpIg9n2S3kLJordpWomSp+85GfzUQ/I9jmD1f5T112Gqli9gZ7a1EIEMGtKhUYcWbj2Xyy2gpfKTd0OJHjAEqzaHi/PHvnPXJ6kVv2OaC57N+Z889QtmIkBm/fR4upf5YBtnGChOIs1br6XBq5Z1slFruYkb5m+UVfi+ZX2gss2q8To6Lc/xReZHaISGV3bznIiZap75gggMRsPVk6Aov6b52ws/lC4/+OH/nLusGPJX0Osr7eaI0Chs65G3ZWAhIneyYuKX6wo8U7tsiQBGJEYrJ/Tn2saFPgMJ3On1vK0fGF/57C+fR9+wM3kzgHlhBg2e/woYYz1nXUE5RnSf89BeFnz1N8x4/qec228oGjNeoinanyrF1HdCbmZc+u45UMMihbG9cx07UonFDD/3CmePvM8Lrt1P3fjLE1d9LOPP89NbfWjl+sxXllHDYMza9nu70NcTlTZT6DotDFu/MtFpruPBL6oeloDeRUn/ZaSOISNAKhfjyFaq7KVoPCiMbkjOuV6DAr0TZjQKxG7XzdlRu2PiF2l1LOF21wQqGQdXtbzL+qcuT/WDD+5fsUz7nvbfNjx21+pAEya1Q5zVXFamCHJ6FxbT4BW2GKSN2e5URHi5FjxYgzrV1UdfEGZMqsY6NC3bzspnT+wIrQPoXfTpqjf9HszcmTrQAqZrq2jRTYxhE16mCr8vv7NavZ0T5D63wTaYhY9VoUYpT0NT/g9gk4eAscaUq5cdX3oPLZthhPnkUma1F+ac6fW5amr0Wh9Owq63y3Y9LHch782HbPO86h9n7Nx7k/PYXCAXJWDkShhLRvcVrccbZyjgPtO1bryA/h4G9vaxNTnmQ8m5+CDbVBsTrEj/KKPGtBzxMNtncvseXmQ767HHQ9czP4so7M04ra3fYx+h22xE2cQxaVO0WjsyFZidq5P3/pdHe5ngYe2+Fs6Mv/nf10/0fABrRnNcAxqnWknYASXWORyrz9vo6c+qtmXqsixWGWA/shxY6Wo6bf2/C9pBiFdBbIhrmGjzFzmW3SvoZ/leelfj7apVieMa5d//RsPgKOP2Dgsr40hzVdTLl5uePMACtWu6Gff6AXEatFIq8CW4qAo0E1MmlPD53xNRfsrmNr+yzyKuQMZohRBs4xjA3GpXXOdGv9H8+Mrx/mVVeDG4qT6+855cceO8zqnJOfXf1LrGvHuWtrGZRjZr/t8HRw7fqA7Zr6m7706GDIz7dGX8yz9VW/XimDrf4u62G1rXyd5qirpTc2/q+6iPj1IZrqAxbfi8Ubvuh7r7+TpRaxVqQqOKNc7jog8Ow6cEmce47Jq0o3O/mQdX1t+9CCUKiA078/pvPMr/Irmg+H8en5Fmz/c39MItEe8L/tz+p6boK2lMFwmDH9DgMXzkNkdsJLOg/z0l6mfdOMV2L09V0Os0GBRX7T76EuVy89g/YmaS/HzGqxzPqeSWef79//vJlM0irZHx8nxzQtHumPm8kk84rgcXKfZsV9si9+pmWCj819UBTZnZ/Sz/dHEuZ5mCb54+Qv5ivP/3VzLBNE8OPN7eT/30wm+R5PbsPJX/n9PxbG9vs9/TFlmLsp+/WO5fk7ln+49/+a3O8LdJ83ebEn+P64z9P4tMd3KE1+3kwm92V+vIdhMgigIp4c93nhHYvJsOT2siTfH08h2t9MJqg8xpPb9YR6mz/e3/vpHd6f7nF876fTO5a94+/iMCnrW4/gLw93hXe889vJbTq5L0j2kczNZFJ4x8mt2DsWp8iLJ7d1+/MzK4/kM1L7OkuPxeTH/Fn5/n/oz8cXU/d+SoPxIiU/iXNRWX7/69c83SEPBft7P72FZRjjv66XdKrfrPDTV0Lm09Pz979emaafI/wGEucsXXt476cTkuJJmIRFl4WPhIoQN7/7vPP+ZjJJ0qDM3kXj5Fgmk9tbain04lu8j71m8oVh6LNif/SK/YRlmMm/Jvcnj+r3ewzHqT9h//XP6eSfb77he3v7x81/BQAA///96vh5QCwAAA=="
      [32m+[0m[0m user_data_replace_on_change          = false
      [32m+[0m[0m volume_tags                          = {
          [32m+[0m[0m "Name" = "test_client-us-east-2a"
        }
      [32m+[0m[0m vpc_security_group_ids               = (known after apply)

      [32m+[0m[0m credit_specification {}

      [32m+[0m[0m enclave_options {
          [32m+[0m[0m enabled = (known after apply)
        }

      [32m+[0m[0m metadata_options {
          [32m+[0m[0m http_endpoint               = "enabled"
          [32m+[0m[0m http_protocol_ipv6          = "disabled"
          [32m+[0m[0m http_put_response_hop_limit = 1
          [32m+[0m[0m http_tokens                 = "optional"
          [32m+[0m[0m instance_metadata_tags      = (known after apply)
        }

      [32m+[0m[0m timeouts {}
    }

[1m  # module.compute_client[1].aws_instance.this[0][0m will be created
[0m  [32m+[0m[0m resource "aws_instance" "this" {
      [32m+[0m[0m ami                                  = "ami-0b30ef8bf8f331e78"
      [32m+[0m[0m arn                                  = (known after apply)
      [32m+[0m[0m associate_public_ip_address          = true
      [32m+[0m[0m availability_zone                    = "us-east-2b"
      [32m+[0m[0m cpu_core_count                       = (known after apply)
      [32m+[0m[0m cpu_threads_per_core                 = (known after apply)
      [32m+[0m[0m disable_api_stop                     = (known after apply)
      [32m+[0m[0m disable_api_termination              = (known after apply)
      [32m+[0m[0m ebs_optimized                        = (known after apply)
      [32m+[0m[0m get_password_data                    = false
      [32m+[0m[0m host_id                              = (known after apply)
      [32m+[0m[0m host_resource_group_arn              = (known after apply)
      [32m+[0m[0m iam_instance_profile                 = (known after apply)
      [32m+[0m[0m id                                   = (known after apply)
      [32m+[0m[0m instance_initiated_shutdown_behavior = (known after apply)
      [32m+[0m[0m instance_lifecycle                   = (known after apply)
      [32m+[0m[0m instance_state                       = (known after apply)
      [32m+[0m[0m instance_type                        = "t3.medium"
      [32m+[0m[0m ipv6_address_count                   = (known after apply)
      [32m+[0m[0m ipv6_addresses                       = (known after apply)
      [32m+[0m[0m key_name                             = "dariuszKey"
      [32m+[0m[0m monitoring                           = true
      [32m+[0m[0m outpost_arn                          = (known after apply)
      [32m+[0m[0m password_data                        = (known after apply)
      [32m+[0m[0m placement_group                      = (known after apply)
      [32m+[0m[0m placement_partition_number           = (known after apply)
      [32m+[0m[0m primary_network_interface_id         = (known after apply)
      [32m+[0m[0m private_dns                          = (known after apply)
      [32m+[0m[0m private_ip                           = (known after apply)
      [32m+[0m[0m public_dns                           = (known after apply)
      [32m+[0m[0m public_ip                            = (known after apply)
      [32m+[0m[0m secondary_private_ips                = (known after apply)
      [32m+[0m[0m security_groups                      = (known after apply)
      [32m+[0m[0m source_dest_check                    = false
      [32m+[0m[0m spot_instance_request_id             = (known after apply)
      [32m+[0m[0m subnet_id                            = (known after apply)
      [32m+[0m[0m tags                                 = {
          [32m+[0m[0m "Environment" = "dariusz"
          [32m+[0m[0m "Name"        = "test_client-us-east-2b"
          [32m+[0m[0m "Terraform"   = "true"
        }
      [32m+[0m[0m tags_all                             = {
          [32m+[0m[0m "Environment" = "dariusz"
          [32m+[0m[0m "Name"        = "test_client-us-east-2b"
          [32m+[0m[0m "Terraform"   = "true"
        }
      [32m+[0m[0m tenancy                              = (known after apply)
      [32m+[0m[0m user_data                            = (known after apply)
      [32m+[0m[0m user_data_base64                     = "H4sIAAAAAAAA/6x6W3OjSrLuuyPWf1CsOTHr4YRtBKa75RM9EQKJmwRuIYtLvUxQVWpAUMASIC5xfvyOAiTLbbfx7L0f2m2jrMyszC+/zCokpkmxT4rb5ybbP05IGRdh5h2LexLWe/z/JjAtE+wdm+9/6qq+FJ52xmJuun/e0L9urf0xD9PkcTK9Y/64+ePm9vZa6I+bi+6jl+Q/98fbZYJSHCb+4+QrDIsrgc54sa+LexSnJb5FafIz9P+40UOyf2PmH9cyN5mHIs/f/7vMsFfsHyc31TEs9v/+Gcb7/PHmdrK/2IRfHm4mE9TbfJz8iWTp4LFSArZC4dpxKfpZBh3hhJKNv5qnmkqMZu8IDGxmDFT0UPSjENj8AbJmBgk6eYlxgqG6Ercagc6m+xzKs0T16dppgGW/f0YsZs0GDFbm/d9crwvLcQG26qrTy8aMp1jhmhgnuJ21SHZrvZkdIKs17lZdrTbpChOpUUV/JTpGjBIQo7j3VV0w/tNi/qBvUs1zzBgRiQHbua+Kc9+zeUb0YwZyZgClWQaJGe/F+UxdzFeiY56wLOVOq1a6OO/06PN0Jdpx6Tlm5tr1Eth1sN9e9GSQxIxnS7nDmjGUJV5VzAzau9JUrMZ1zAyyDyvRsRqo6J39878fWwE6jsEgEpeAy1fiJgoRK1VIllp9sSxdxzysSVxi2WogkXI1rDoZKEsFkqXKdYwGLZYlXbMmdQDtWetuaS6YcD1PNXGr5a5tRUDWK33Lt64zL+layBlBH1M1F/2I5oVBnMAh2eh04WRZX+TJjPUcvXTZ6qyzde1pBRWhAYoRoMW8XidGgES+dW2p6Hy149K16/aVjcQ6QEfIXc6ofrWBbaNYE+OyP5zM2dEYOEYOFBy7rNm6jsDixbJeJ2YMiVRi6hPhT5jE7bVel93Un4ht7JKi0j+Oa+txRoRZM9ZpDBRQ68/qIP/WLmbTZsyul+Bo3Lcgh47xN5SnkUvSj/yr0EKrXKfLe4BlvaRYBY5WunZ1hY2scp15pdtmM+Qwd+3pCbHL0mVnxUuszQYp+ODZfIKS+WB3GmNFO72KLzFSKGsV5M4y2gHYPIOIlF/LUQyCAb/gwzh/O6milkPZKpA8qz3SxwewRicPaE1xQjysKaHjv2DUEcb237isSX0gnjP4kGgHIAcnLFs5an6to2ntOkKAOK3+uJbqACpC5LbzGijqSI6k0RxBedoi1mi9ZFQfxWSFOaH5DCahXBeIEyL3oP09xiGdD3IduI7xt3vJ7buyocsGEVSMA+KEExD7OLnEiGFiNq5dXfNIDAmmNXTQuc5fRn9ejvmbu45xgMqFc97FK2LVS731/GXkrq2179WUy26YsbqjuEZ2TbFSu44+gu3eTyRLAXA+9hNzy1Fe2ESGulvW0i4WnjfWvDLsqtwx0mYdaQtzx+92kaSvI0N/L68uNxanokUOZlArdByKnpdnHighB7KuBsQLrin3VD0GhAiFH9WAdvAUGoNljeRZNegMXdYqsaIFUHyjt+Nljxgf11akLbaSoJuWtqExeOHo3+Wi48sWytPqJW/v4rbESc/nLmfUsMOtUOJEf6//UdkKs0YGE6Fxmw9lY2hrFZSDg8uda/Lss1W4ZFZCTr2Wf1VrY3Xp0VyzGd3jATUjnCSbHSd9iAdidD0IKMJpkKMcmULOjKGiv+4JA86Bo7Vj9YjZtP1M30W2eRjpuwVWujwdYPJrPN/pu0TqMAtlo9IPH/sIE0Br4dBxsN1jhT57n4ukwyd8TXFrjPE75cv6zJdo+yFf/jpzjPCldEAy9VH6uFbpXGabOc352Fx2wYescWP4oGuRXdP6P3PLOf5Tl2Ve7QspZg1lWk9ScMYxYqUAdnP7NKM4edOPHTw+13YYMU7wah6EshSihs9gQnXzwQsPWYWbCLknG9mvcQD2NIQsf0LhK95Kaa16pKazePsxz0o0FhRbL/0jMQLXfhWHArF1hVnrgK7yi2WrdG2eeellr/gldZ/xGMYobmrMme1ncENnb7fnk9/qG/h0fG6huGazwwiP0RqooLysDNlq0MczA+vJWgET2o+vZ0EtgGTWYHn3Pp+ROBrnM4n7RE1XsB2dK/v+wHW98oqjrAaT+ODZ397vEwTT2e1TsxDl05EcURxSHw6Iy0bOfjzbnf044e9r3ANHYz3byGDz+1kAyvSsOqafni0lDn/ubDn0P6lCi+X0Q77u+0+AlHltiL+3v26++dRfYE+J5wjBkLuEzrG052BHOyHZGtbwxf68x0Q4PdF5n/ZMIjHuu5zRzznu85zGa2zOCbxEuD4v/54r5I4rKkQ2v+MK1rXP/Xd+1QN/dwdQV+N3ADyLWJNz2bgEsnXofJR5Fr2bf8BA2cz72jIf1kTiUMMT4GiMZ/P9vl/Zz6LunPkhV3dnr8glZoyHfkXr15NnDHhzl4Aj/VO5kTof6dnxEzNoBRUh6PjqAzypiUFAInBI0doez5taP/dXzsxczjgBMiNdDi5Y0lpITA7I1vGqBhhAY5VsaFzexphyiGLkQz7Yz92xaAdA98CZLRbHYmgQ0Pv0so/tyD5IxgFZal1O//09xkGKRrjpfO6OgOOOnbtf+F4e5/ueE6TIJVKMRmriPGcjdnTO/sxdQoplMNyJCZcZxpOpjzFBicW8PSPSOBp/Y245OpN7shl+Zua6nsm95H989jytmznVGUNHonPTUG/40Ou0pojMKmD3etdk+nA9SwMF09hG47P04LOsBWPniFec/+FMS3VMK0Rm0fpZH7lT6PPgjuRh6Estlq0PZz2K//GzzrAPzgj3H3ENCRiQCDlStIjuQV+c9xKcUGJmINGm+C2PDfsZO6NPW6hIHLCN+qr+Rzhp4OjkE/zycgfQjN4BUH5M6IzwH/HjsZtbFLV6w1/v31m33Rnjur/QM8YrfrNK0M0q+ltOfKuT8w4axXj72x505nDHOHyWw6/mlQqx9efnlaGHdXeFxBjptbjWubH++YI96v/gewo52uNBg53NVSxe7mmBg2vX/vQ9bc/DTtd3uRHO7u9SFKNCb87+796ltICAGnMSrbNfZuoZ49lGC1lwAmR5veaHLUmmNTUXlmQIu5dZ7bSX4xrb8avz8IYBP3YS3mwY/LyxBNtaLM/ccICcRuAFr/FM9FMNyHy7I1YL2ZoFjqbtXr0Lmof687xaH5aN0Tw0xvOu1A875umwa9W3azeIzBjYvKzFtlm9I7fz7GkMOYt5dnQqN9UX80r04xgS4wRkq7l+H9X/o+eAWbmOLMprEXCu3rMp2gly5gLaG6qLuOwsRGRZbthZAW2pBEq+Ei2rBc8p1RV6ismgfv/PXS9cpL4aLX3ExnTGjVW5e//nU07FonCAchzDZNPl4lmelaClejRBVYwMOkIOtkKKFbNSFTNG3MZ32ToDNs/QfPx88XEKI6MA4nymimB4V8gvIDstXJuP9lWqWY4RP4V0r1qD7YfO3o6lnLr5MjzrfVL0X31589kuscpOF7Ubd37lYsKsRAKmkOi+Z/MZFv1MpbFxLvErN7YZXeImBg22efo8E/34/Htp0trh9HS15TWYmLbrqKlGYjp7BFje5aqoZZRHXMeM1bDy9W3lq4SfQluLUSicQCgwwDEYVT6viU8w0cPVJtVQYpUbdhqtI5C7Nm5XYlRubZ6xiNSsRHB5p2nKVu46UWfr/GxtD+85w8o3Opvnd6OVD3p5H8vffMSZAUo2PpaD+Jwzz37wEWsdIMtHqFGz61i5rJS7HF1vxitF9wGpT66zYQ2x8rEoECjPArxwmbUoVKoMcshKjHHYZFe/+zS/OJx/+bGdp1THuhGY1Xb+t7pYVroYrURH9Z8OjA9tifFEfgM5lOrP8/xKR4rEqMsDcMwpIg9n2S3kLJordpWomSp+85GfzUQ/I9jmD1f5T112Gqli9gZ7a1EIEMGtKhUYcWbj2Xyy2gpfKTd0OJHjAEqzaHi/PHvnPXJ6kVv2OaC57N+Z889QtmIkBm/fR4upf5YBtnGChOIs1br6XBq5Z1slFruYkb5m+UVfi+ZX2gss2q8To6Lc/xReZHaISGV3bznIiZap75gggMRsPVk6Aov6b52ws/lC4/+OH/nLusGPJX0Osr7eaI0Chs65G3ZWAhIneyYuKX6wo8U7tsiQBGJEYrJ/Tn2saFPgMJ3On1vK0fGF/57C+fR9+wM3kzgHlhBg2e/woYYz1nXUE5RnSf89BeFnz1N8x4/qec228oGjNeoinanyrF1HdCbmZc+u45UMMihbG9cx07UonFDD/3CmePvM8Lrt1P3fjLE1d9LOPP89NbfWjl+sxXllHDYMza9nu70NcTlTZT6DotDFu/MtFpruPBL6oeloDeRUn/ZaSOISNAKhfjyFaq7KVoPCiMbkjOuV6DAr0TZjQKxG7XzdlRu2PiF2l1LOF21wQqGQdXtbzL+qcuT/WDD+5fsUz7nvbfNjx21+pAEya1Q5zVXFamCHJ6FxbT4BW2GKSN2e5URHi5FjxYgzrV1UdfEGZMqsY6NC3bzspnT+wIrQPoXfTpqjf9HszcmTrQAqZrq2jRTYxhE16mCr8vv7NavZ0T5D63wTaYhY9VoUYpT0NT/g9gk4eAscaUq5cdX3oPLZthhPnkUma1F+ac6fW5amr0Wh9Owq63y3Y9LHch782HbPO86h9n7Nx7k/PYXCAXJWDkShhLRvcVrccbZyjgPtO1bryA/h4G9vaxNTnmQ8m5+CDbVBsTrEj/KKPGtBzxMNtncvseXmQ767HHQ9czP4so7M04ra3fYx+h22xE2cQxaVO0WjsyFZidq5P3/pdHe5ngYe2+Fs6Mv/nf10/0fABrRnNcAxqnWknYASXWORyrz9vo6c+qtmXqsixWGWA/shxY6Wo6bf2/C9pBiFdBbIhrmGjzFzmW3SvoZ/leelfj7apVieMa5d//RsPgKOP2Dgsr40hzVdTLl5uePMACtWu6Gff6AXEatFIq8CW4qAo0E1MmlPD53xNRfsrmNr+yzyKuQMZohRBs4xjA3GpXXOdGv9H8+Mrx/mVVeDG4qT6+855cceO8zqnJOfXf1LrGvHuWtrGZRjZr/t8HRw7fqA7Zr6m7706GDIz7dGX8yz9VW/XimDrf4u62G1rXyd5qirpTc2/q+6iPj1IZrqAxbfi8Ubvuh7r7+TpRaxVqQqOKNc7jog8Ow6cEmce47Jq0o3O/mQdX1t+9CCUKiA078/pvPMr/Irmg+H8en5Fmz/c39MItEe8L/tz+p6boK2lMFwmDH9DgMXzkNkdsJLOg/z0l6mfdOMV2L09V0Os0GBRX7T76EuVy89g/YmaS/HzGqxzPqeSWef79//vJlM0irZHx8nxzQtHumPm8kk84rgcXKfZsV9si9+pmWCj819UBTZnZ/Sz/dHEuZ5mCb54+Qv5ivP/3VzLBNE8OPN7eT/30wm+R5PbsPJX/n9PxbG9vs9/TFlmLsp+/WO5fk7ln+49/+a3O8LdJ83ebEn+P64z9P4tMd3KE1+3kwm92V+vIdhMgigIp4c93nhHYvJsOT2siTfH08h2t9MJqg8xpPb9YR6mz/e3/vpHd6f7nF876fTO5a94+/iMCnrW4/gLw93hXe889vJbTq5L0j2kczNZFJ4x8mt2DsWp8iLJ7d1+/MzK4/kM1L7OkuPxeTH/Fn5/n/oz8cXU/d+SoPxIiU/iXNRWX7/69c83SEPBft7P72FZRjjv66XdKrfrPDTV0Lm09Pz979emaafI/wGEucsXXt476cTkuJJmIRFl4WPhIoQN7/7vPP+ZjJJ0qDM3kXj5Fgmk9tbain04lu8j71m8oVh6LNif/SK/YRlmMm/Jvcnj+r3ewzHqT9h//XP6eSfb77he3v7x81/BQAA///96vh5QCwAAA=="
      [32m+[0m[0m user_data_replace_on_change          = false
      [32m+[0m[0m volume_tags                          = {
          [32m+[0m[0m "Name" = "test_client-us-east-2b"
        }
      [32m+[0m[0m vpc_security_group_ids               = (known after apply)

      [32m+[0m[0m credit_specification {}

      [32m+[0m[0m enclave_options {
          [32m+[0m[0m enabled = (known after apply)
        }

      [32m+[0m[0m metadata_options {
          [32m+[0m[0m http_endpoint               = "enabled"
          [32m+[0m[0m http_protocol_ipv6          = "disabled"
          [32m+[0m[0m http_put_response_hop_limit = 1
          [32m+[0m[0m http_tokens                 = "optional"
          [32m+[0m[0m instance_metadata_tags      = (known after apply)
        }

      [32m+[0m[0m timeouts {}
    }

[1m  # module.gwlb1.aws_lb.glb[0m will be created
[0m  [32m+[0m[0m resource "aws_lb" "glb" {
      [32m+[0m[0m arn                                                          = (known after apply)
      [32m+[0m[0m arn_suffix                                                   = (known after apply)
      [32m+[0m[0m dns_name                                                     = (known after apply)
      [32m+[0m[0m enable_cross_zone_load_balancing                             = true
      [32m+[0m[0m enable_deletion_protection                                   = false
      [32m+[0m[0m enforce_security_group_inbound_rules_on_private_link_traffic = (known after apply)
      [32m+[0m[0m id                                                           = (known after apply)
      [32m+[0m[0m internal                                                     = (known after apply)
      [32m+[0m[0m ip_address_type                                              = (known after apply)
      [32m+[0m[0m load_balancer_type                                           = "gateway"
      [32m+[0m[0m name                                                         = "nf-lb-01"
      [32m+[0m[0m name_prefix                                                  = (known after apply)
      [32m+[0m[0m security_groups                                              = (known after apply)
      [32m+[0m[0m subnets                                                      = (known after apply)
      [32m+[0m[0m tags_all                                                     = (known after apply)
      [32m+[0m[0m vpc_id                                                       = (known after apply)
      [32m+[0m[0m zone_id                                                      = (known after apply)

      [32m+[0m[0m subnet_mapping {
          [32m+[0m[0m outpost_id           = (known after apply)
          [32m+[0m[0m subnet_id            = (known after apply)
            [90m# (3 unchanged attributes hidden)[0m[0m
        }
      [32m+[0m[0m subnet_mapping {
          [32m+[0m[0m outpost_id           = (known after apply)
          [32m+[0m[0m subnet_id            = (known after apply)
            [90m# (3 unchanged attributes hidden)[0m[0m
        }
    }

[1m  # module.gwlb1.aws_lb_listener.glb_fe[0m will be created
[0m  [32m+[0m[0m resource "aws_lb_listener" "glb_fe" {
      [32m+[0m[0m arn               = (known after apply)
      [32m+[0m[0m id                = (known after apply)
      [32m+[0m[0m load_balancer_arn = (known after apply)
      [32m+[0m[0m protocol          = (known after apply)
      [32m+[0m[0m ssl_policy        = (known after apply)
      [32m+[0m[0m tags_all          = (known after apply)

      [32m+[0m[0m default_action {
          [32m+[0m[0m order            = (known after apply)
          [32m+[0m[0m target_group_arn = (known after apply)
          [32m+[0m[0m type             = "forward"
        }
    }

[1m  # module.gwlb1.aws_lb_target_group.glb_tg[0m will be created
[0m  [32m+[0m[0m resource "aws_lb_target_group" "glb_tg" {
      [32m+[0m[0m arn                                = (known after apply)
      [32m+[0m[0m arn_suffix                         = (known after apply)
      [32m+[0m[0m connection_termination             = (known after apply)
      [32m+[0m[0m deregistration_delay               = "300"
      [32m+[0m[0m id                                 = (known after apply)
      [32m+[0m[0m ip_address_type                    = (known after apply)
      [32m+[0m[0m lambda_multi_value_headers_enabled = false
      [32m+[0m[0m load_balancer_arns                 = (known after apply)
      [32m+[0m[0m load_balancing_algorithm_type      = (known after apply)
      [32m+[0m[0m load_balancing_anomaly_mitigation  = (known after apply)
      [32m+[0m[0m load_balancing_cross_zone_enabled  = (known after apply)
      [32m+[0m[0m name                               = "nf-lb-tg"
      [32m+[0m[0m name_prefix                        = (known after apply)
      [32m+[0m[0m port                               = 6081
      [32m+[0m[0m preserve_client_ip                 = (known after apply)
      [32m+[0m[0m protocol                           = "GENEVE"
      [32m+[0m[0m protocol_version                   = (known after apply)
      [32m+[0m[0m proxy_protocol_v2                  = false
      [32m+[0m[0m slow_start                         = 0
      [32m+[0m[0m tags_all                           = (known after apply)
      [32m+[0m[0m target_type                        = "instance"
      [32m+[0m[0m vpc_id                             = (known after apply)

      [32m+[0m[0m health_check {
          [32m+[0m[0m enabled             = true
          [32m+[0m[0m healthy_threshold   = 2
          [32m+[0m[0m interval            = 5
          [32m+[0m[0m matcher             = "200-399"
          [32m+[0m[0m path                = "/health-checks"
          [32m+[0m[0m port                = "8081"
          [32m+[0m[0m protocol            = "HTTPS"
          [32m+[0m[0m timeout             = 2
          [32m+[0m[0m unhealthy_threshold = 2
        }
    }

[1m  # module.gwlb1.aws_lb_target_group_attachment.glb_tg_attach[0][0m will be created
[0m  [32m+[0m[0m resource "aws_lb_target_group_attachment" "glb_tg_attach" {
      [32m+[0m[0m id               = (known after apply)
      [32m+[0m[0m target_group_arn = (known after apply)
      [32m+[0m[0m target_id        = (known after apply)
    }

[1m  # module.gwlb1.aws_lb_target_group_attachment.glb_tg_attach[1][0m will be created
[0m  [32m+[0m[0m resource "aws_lb_target_group_attachment" "glb_tg_attach" {
      [32m+[0m[0m id               = (known after apply)
      [32m+[0m[0m target_group_arn = (known after apply)
      [32m+[0m[0m target_id        = (known after apply)
    }

[1m  # module.gwlb1.aws_route.glb_routes[0][0m will be created
[0m  [32m+[0m[0m resource "aws_route" "glb_routes" {
      [32m+[0m[0m destination_cidr_block = "100.127.255.254/32"
      [32m+[0m[0m id                     = (known after apply)
      [32m+[0m[0m instance_id            = (known after apply)
      [32m+[0m[0m instance_owner_id      = (known after apply)
      [32m+[0m[0m network_interface_id   = (known after apply)
      [32m+[0m[0m origin                 = (known after apply)
      [32m+[0m[0m route_table_id         = (known after apply)
      [32m+[0m[0m state                  = (known after apply)
      [32m+[0m[0m vpc_endpoint_id        = (known after apply)
    }

[1m  # module.gwlb1.aws_route.glb_routes[1][0m will be created
[0m  [32m+[0m[0m resource "aws_route" "glb_routes" {
      [32m+[0m[0m destination_cidr_block = "100.127.255.254/32"
      [32m+[0m[0m id                     = (known after apply)
      [32m+[0m[0m instance_id            = (known after apply)
      [32m+[0m[0m instance_owner_id      = (known after apply)
      [32m+[0m[0m network_interface_id   = (known after apply)
      [32m+[0m[0m origin                 = (known after apply)
      [32m+[0m[0m route_table_id         = (known after apply)
      [32m+[0m[0m state                  = (known after apply)
      [32m+[0m[0m vpc_endpoint_id        = (known after apply)
    }

[1m  # module.gwlb1.aws_vpc_endpoint.ep[0][0m will be created
[0m  [32m+[0m[0m resource "aws_vpc_endpoint" "ep" {
      [32m+[0m[0m arn                   = (known after apply)
      [32m+[0m[0m cidr_blocks           = (known after apply)
      [32m+[0m[0m dns_entry             = (known after apply)
      [32m+[0m[0m id                    = (known after apply)
      [32m+[0m[0m ip_address_type       = (known after apply)
      [32m+[0m[0m network_interface_ids = (known after apply)
      [32m+[0m[0m owner_id              = (known after apply)
      [32m+[0m[0m policy                = (known after apply)
      [32m+[0m[0m prefix_list_id        = (known after apply)
      [32m+[0m[0m private_dns_enabled   = (known after apply)
      [32m+[0m[0m requester_managed     = (known after apply)
      [32m+[0m[0m route_table_ids       = (known after apply)
      [32m+[0m[0m security_group_ids    = (known after apply)
      [32m+[0m[0m service_name          = (known after apply)
      [32m+[0m[0m state                 = (known after apply)
      [32m+[0m[0m subnet_ids            = (known after apply)
      [32m+[0m[0m tags_all              = (known after apply)
      [32m+[0m[0m vpc_endpoint_type     = (known after apply)
      [32m+[0m[0m vpc_id                = (known after apply)
    }

[1m  # module.gwlb1.aws_vpc_endpoint.ep[1][0m will be created
[0m  [32m+[0m[0m resource "aws_vpc_endpoint" "ep" {
      [32m+[0m[0m arn                   = (known after apply)
      [32m+[0m[0m cidr_blocks           = (known after apply)
      [32m+[0m[0m dns_entry             = (known after apply)
      [32m+[0m[0m id                    = (known after apply)
      [32m+[0m[0m ip_address_type       = (known after apply)
      [32m+[0m[0m network_interface_ids = (known after apply)
      [32m+[0m[0m owner_id              = (known after apply)
      [32m+[0m[0m policy                = (known after apply)
      [32m+[0m[0m prefix_list_id        = (known after apply)
      [32m+[0m[0m private_dns_enabled   = (known after apply)
      [32m+[0m[0m requester_managed     = (known after apply)
      [32m+[0m[0m route_table_ids       = (known after apply)
      [32m+[0m[0m security_group_ids    = (known after apply)
      [32m+[0m[0m service_name          = (known after apply)
      [32m+[0m[0m state                 = (known after apply)
      [32m+[0m[0m subnet_ids            = (known after apply)
      [32m+[0m[0m tags_all              = (known after apply)
      [32m+[0m[0m vpc_endpoint_type     = (known after apply)
      [32m+[0m[0m vpc_id                = (known after apply)
    }

[1m  # module.gwlb1.aws_vpc_endpoint_service.glb_es[0m will be created
[0m  [32m+[0m[0m resource "aws_vpc_endpoint_service" "glb_es" {
      [32m+[0m[0m acceptance_required            = false
      [32m+[0m[0m allowed_principals             = [
          [32m+[0m[0m "arn:aws:iam::aws-account-id:user/*",
        ]
      [32m+[0m[0m arn                            = (known after apply)
      [32m+[0m[0m availability_zones             = (known after apply)
      [32m+[0m[0m base_endpoint_dns_names        = (known after apply)
      [32m+[0m[0m gateway_load_balancer_arns     = (known after apply)
      [32m+[0m[0m id                             = (known after apply)
      [32m+[0m[0m manages_vpc_endpoints          = (known after apply)
      [32m+[0m[0m private_dns_name               = (known after apply)
      [32m+[0m[0m private_dns_name_configuration = (known after apply)
      [32m+[0m[0m service_name                   = (known after apply)
      [32m+[0m[0m service_type                   = (known after apply)
      [32m+[0m[0m state                          = (known after apply)
      [32m+[0m[0m supported_ip_address_types     = (known after apply)
      [32m+[0m[0m tags_all                       = (known after apply)
    }

[1m  # module.sg_be.aws_security_group.this_name_prefix[0][0m will be created
[0m  [32m+[0m[0m resource "aws_security_group" "this_name_prefix" {
      [32m+[0m[0m arn                    = (known after apply)
      [32m+[0m[0m description            = "Security group for backend er of glb with custom ports open within VPC"
      [32m+[0m[0m egress                 = (known after apply)
      [32m+[0m[0m id                     = (known after apply)
      [32m+[0m[0m ingress                = (known after apply)
      [32m+[0m[0m name                   = (known after apply)
      [32m+[0m[0m name_prefix            = "nf-be-er-sg-"
      [32m+[0m[0m owner_id               = (known after apply)
      [32m+[0m[0m revoke_rules_on_delete = false
      [32m+[0m[0m tags                   = {
          [32m+[0m[0m "Environment" = "dariusz"
          [32m+[0m[0m "Name"        = "nf-be-er-sg"
          [32m+[0m[0m "Terraform"   = "true"
        }
      [32m+[0m[0m tags_all               = {
          [32m+[0m[0m "Environment" = "dariusz"
          [32m+[0m[0m "Name"        = "nf-be-er-sg"
          [32m+[0m[0m "Terraform"   = "true"
        }
      [32m+[0m[0m vpc_id                 = (known after apply)

      [32m+[0m[0m timeouts {
          [32m+[0m[0m create = "10m"
          [32m+[0m[0m delete = "15m"
        }
    }

[1m  # module.sg_be.aws_security_group_rule.egress_with_cidr_blocks[0][0m will be created
[0m  [32m+[0m[0m resource "aws_security_group_rule" "egress_with_cidr_blocks" {
      [32m+[0m[0m cidr_blocks              = [
          [32m+[0m[0m "0.0.0.0/0",
        ]
      [32m+[0m[0m description              = "Egress Rule"
      [32m+[0m[0m from_port                = -1
      [32m+[0m[0m id                       = (known after apply)
      [32m+[0m[0m prefix_list_ids          = []
      [32m+[0m[0m protocol                 = "-1"
      [32m+[0m[0m security_group_id        = (known after apply)
      [32m+[0m[0m security_group_rule_id   = (known after apply)
      [32m+[0m[0m self                     = false
      [32m+[0m[0m source_security_group_id = (known after apply)
      [32m+[0m[0m to_port                  = -1
      [32m+[0m[0m type                     = "egress"
    }

[1m  # module.sg_be.aws_security_group_rule.ingress_with_cidr_blocks[0][0m will be created
[0m  [32m+[0m[0m resource "aws_security_group_rule" "ingress_with_cidr_blocks" {
      [32m+[0m[0m cidr_blocks              = [
          [32m+[0m[0m "10.0.0.0/8",
        ]
      [32m+[0m[0m description              = "Ingress Rule"
      [32m+[0m[0m from_port                = -1
      [32m+[0m[0m id                       = (known after apply)
      [32m+[0m[0m prefix_list_ids          = []
      [32m+[0m[0m protocol                 = "-1"
      [32m+[0m[0m security_group_id        = (known after apply)
      [32m+[0m[0m security_group_rule_id   = (known after apply)
      [32m+[0m[0m self                     = false
      [32m+[0m[0m source_security_group_id = (known after apply)
      [32m+[0m[0m to_port                  = -1
      [32m+[0m[0m type                     = "ingress"
    }

[1m  # module.sg_be.aws_security_group_rule.ingress_with_cidr_blocks[1][0m will be created
[0m  [32m+[0m[0m resource "aws_security_group_rule" "ingress_with_cidr_blocks" {
      [32m+[0m[0m cidr_blocks              = [
          [32m+[0m[0m "0.0.0.0/0",
        ]
      [32m+[0m[0m description              = "Ingress Rule"
      [32m+[0m[0m from_port                = 22
      [32m+[0m[0m id                       = (known after apply)
      [32m+[0m[0m prefix_list_ids          = []
      [32m+[0m[0m protocol                 = "tcp"
      [32m+[0m[0m security_group_id        = (known after apply)
      [32m+[0m[0m security_group_rule_id   = (known after apply)
      [32m+[0m[0m self                     = false
      [32m+[0m[0m source_security_group_id = (known after apply)
      [32m+[0m[0m to_port                  = 22
      [32m+[0m[0m type                     = "ingress"
    }

[1m  # module.sg_client.aws_security_group.this_name_prefix[0][0m will be created
[0m  [32m+[0m[0m resource "aws_security_group" "this_name_prefix" {
      [32m+[0m[0m arn                    = (known after apply)
      [32m+[0m[0m description            = "Security group for clients with custom ports open within VPC"
      [32m+[0m[0m egress                 = (known after apply)
      [32m+[0m[0m id                     = (known after apply)
      [32m+[0m[0m ingress                = (known after apply)
      [32m+[0m[0m name                   = (known after apply)
      [32m+[0m[0m name_prefix            = "test_client-sg-"
      [32m+[0m[0m owner_id               = (known after apply)
      [32m+[0m[0m revoke_rules_on_delete = false
      [32m+[0m[0m tags                   = {
          [32m+[0m[0m "Environment" = "dariusz"
          [32m+[0m[0m "Name"        = "test_client-sg"
          [32m+[0m[0m "Terraform"   = "true"
        }
      [32m+[0m[0m tags_all               = {
          [32m+[0m[0m "Environment" = "dariusz"
          [32m+[0m[0m "Name"        = "test_client-sg"
          [32m+[0m[0m "Terraform"   = "true"
        }
      [32m+[0m[0m vpc_id                 = (known after apply)

      [32m+[0m[0m timeouts {
          [32m+[0m[0m create = "10m"
          [32m+[0m[0m delete = "15m"
        }
    }

[1m  # module.sg_client.aws_security_group_rule.egress_with_cidr_blocks[0][0m will be created
[0m  [32m+[0m[0m resource "aws_security_group_rule" "egress_with_cidr_blocks" {
      [32m+[0m[0m cidr_blocks              = [
          [32m+[0m[0m "0.0.0.0/0",
        ]
      [32m+[0m[0m description              = "Egress Rule"
      [32m+[0m[0m from_port                = -1
      [32m+[0m[0m id                       = (known after apply)
      [32m+[0m[0m prefix_list_ids          = []
      [32m+[0m[0m protocol                 = "-1"
      [32m+[0m[0m security_group_id        = (known after apply)
      [32m+[0m[0m security_group_rule_id   = (known after apply)
      [32m+[0m[0m self                     = false
      [32m+[0m[0m source_security_group_id = (known after apply)
      [32m+[0m[0m to_port                  = -1
      [32m+[0m[0m type                     = "egress"
    }

[1m  # module.sg_client.aws_security_group_rule.ingress_with_cidr_blocks[0][0m will be created
[0m  [32m+[0m[0m resource "aws_security_group_rule" "ingress_with_cidr_blocks" {
      [32m+[0m[0m cidr_blocks              = [
          [32m+[0m[0m "10.0.0.0/8",
        ]
      [32m+[0m[0m description              = "Ingress Rule"
      [32m+[0m[0m from_port                = -1
      [32m+[0m[0m id                       = (known after apply)
      [32m+[0m[0m prefix_list_ids          = []
      [32m+[0m[0m protocol                 = "-1"
      [32m+[0m[0m security_group_id        = (known after apply)
      [32m+[0m[0m security_group_rule_id   = (known after apply)
      [32m+[0m[0m self                     = false
      [32m+[0m[0m source_security_group_id = (known after apply)
      [32m+[0m[0m to_port                  = -1
      [32m+[0m[0m type                     = "ingress"
    }

[1m  # module.sg_client.aws_security_group_rule.ingress_with_cidr_blocks[1][0m will be created
[0m  [32m+[0m[0m resource "aws_security_group_rule" "ingress_with_cidr_blocks" {
      [32m+[0m[0m cidr_blocks              = [
          [32m+[0m[0m "0.0.0.0/0",
        ]
      [32m+[0m[0m description              = "Ingress Rule"
      [32m+[0m[0m from_port                = 22
      [32m+[0m[0m id                       = (known after apply)
      [32m+[0m[0m prefix_list_ids          = []
      [32m+[0m[0m protocol                 = "tcp"
      [32m+[0m[0m security_group_id        = (known after apply)
      [32m+[0m[0m security_group_rule_id   = (known after apply)
      [32m+[0m[0m self                     = false
      [32m+[0m[0m source_security_group_id = (known after apply)
      [32m+[0m[0m to_port                  = 22
      [32m+[0m[0m type                     = "ingress"
    }

[1m  # module.vpc1.aws_default_network_acl.this[0][0m will be created
[0m  [32m+[0m[0m resource "aws_default_network_acl" "this" {
      [32m+[0m[0m arn                    = (known after apply)
      [32m+[0m[0m default_network_acl_id = (known after apply)
      [32m+[0m[0m id                     = (known after apply)
      [32m+[0m[0m owner_id               = (known after apply)
      [32m+[0m[0m tags                   = {
          [32m+[0m[0m "Environment" = "dariusz"
          [32m+[0m[0m "Name"        = "nf-lb-vpc-default"
          [32m+[0m[0m "Terraform"   = "true"
        }
      [32m+[0m[0m tags_all               = {
          [32m+[0m[0m "Environment" = "dariusz"
          [32m+[0m[0m "Name"        = "nf-lb-vpc-default"
          [32m+[0m[0m "Terraform"   = "true"
        }
      [32m+[0m[0m vpc_id                 = (known after apply)

      [32m+[0m[0m egress {
          [32m+[0m[0m action          = "allow"
          [32m+[0m[0m from_port       = 0
          [32m+[0m[0m ipv6_cidr_block = "::/0"
          [32m+[0m[0m protocol        = "-1"
          [32m+[0m[0m rule_no         = 101
          [32m+[0m[0m to_port         = 0
            [90m# (1 unchanged attribute hidden)[0m[0m
        }
      [32m+[0m[0m egress {
          [32m+[0m[0m action          = "allow"
          [32m+[0m[0m cidr_block      = "0.0.0.0/0"
          [32m+[0m[0m from_port       = 0
          [32m+[0m[0m protocol        = "-1"
          [32m+[0m[0m rule_no         = 100
          [32m+[0m[0m to_port         = 0
            [90m# (1 unchanged attribute hidden)[0m[0m
        }

      [32m+[0m[0m ingress {
          [32m+[0m[0m action          = "allow"
          [32m+[0m[0m from_port       = 0
          [32m+[0m[0m ipv6_cidr_block = "::/0"
          [32m+[0m[0m protocol        = "-1"
          [32m+[0m[0m rule_no         = 101
          [32m+[0m[0m to_port         = 0
            [90m# (1 unchanged attribute hidden)[0m[0m
        }
      [32m+[0m[0m ingress {
          [32m+[0m[0m action          = "allow"
          [32m+[0m[0m cidr_block      = "0.0.0.0/0"
          [32m+[0m[0m from_port       = 0
          [32m+[0m[0m protocol        = "-1"
          [32m+[0m[0m rule_no         = 100
          [32m+[0m[0m to_port         = 0
            [90m# (1 unchanged attribute hidden)[0m[0m
        }
    }

[1m  # module.vpc1.aws_default_route_table.default[0][0m will be created
[0m  [32m+[0m[0m resource "aws_default_route_table" "default" {
      [32m+[0m[0m arn                    = (known after apply)
      [32m+[0m[0m default_route_table_id = (known after apply)
      [32m+[0m[0m id                     = (known after apply)
      [32m+[0m[0m owner_id               = (known after apply)
      [32m+[0m[0m route                  = (known after apply)
      [32m+[0m[0m tags                   = {
          [32m+[0m[0m "Environment" = "dariusz"
          [32m+[0m[0m "Name"        = "nf-lb-vpc-default"
          [32m+[0m[0m "Terraform"   = "true"
        }
      [32m+[0m[0m tags_all               = {
          [32m+[0m[0m "Environment" = "dariusz"
          [32m+[0m[0m "Name"        = "nf-lb-vpc-default"
          [32m+[0m[0m "Terraform"   = "true"
        }
      [32m+[0m[0m vpc_id                 = (known after apply)

      [32m+[0m[0m timeouts {
          [32m+[0m[0m create = "5m"
          [32m+[0m[0m update = "5m"
        }
    }

[1m  # module.vpc1.aws_default_security_group.this[0][0m will be created
[0m  [32m+[0m[0m resource "aws_default_security_group" "this" {
      [32m+[0m[0m arn                    = (known after apply)
      [32m+[0m[0m description            = (known after apply)
      [32m+[0m[0m egress                 = (known after apply)
      [32m+[0m[0m id                     = (known after apply)
      [32m+[0m[0m ingress                = (known after apply)
      [32m+[0m[0m name                   = (known after apply)
      [32m+[0m[0m name_prefix            = (known after apply)
      [32m+[0m[0m owner_id               = (known after apply)
      [32m+[0m[0m revoke_rules_on_delete = false
      [32m+[0m[0m tags                   = {
          [32m+[0m[0m "Environment" = "dariusz"
          [32m+[0m[0m "Name"        = "nf-lb-vpc-default"
          [32m+[0m[0m "Terraform"   = "true"
        }
      [32m+[0m[0m tags_all               = {
          [32m+[0m[0m "Environment" = "dariusz"
          [32m+[0m[0m "Name"        = "nf-lb-vpc-default"
          [32m+[0m[0m "Terraform"   = "true"
        }
      [32m+[0m[0m vpc_id                 = (known after apply)
    }

[1m  # module.vpc1.aws_internet_gateway.this[0][0m will be created
[0m  [32m+[0m[0m resource "aws_internet_gateway" "this" {
      [32m+[0m[0m arn      = (known after apply)
      [32m+[0m[0m id       = (known after apply)
      [32m+[0m[0m owner_id = (known after apply)
      [32m+[0m[0m tags     = {
          [32m+[0m[0m "Environment" = "dariusz"
          [32m+[0m[0m "Name"        = "nf-lb-vpc"
          [32m+[0m[0m "Terraform"   = "true"
        }
      [32m+[0m[0m tags_all = {
          [32m+[0m[0m "Environment" = "dariusz"
          [32m+[0m[0m "Name"        = "nf-lb-vpc"
          [32m+[0m[0m "Terraform"   = "true"
        }
      [32m+[0m[0m vpc_id   = (known after apply)
    }

[1m  # module.vpc1.aws_route.public_internet_gateway[0][0m will be created
[0m  [32m+[0m[0m resource "aws_route" "public_internet_gateway" {
      [32m+[0m[0m destination_cidr_block = "0.0.0.0/0"
      [32m+[0m[0m gateway_id             = (known after apply)
      [32m+[0m[0m id                     = (known after apply)
      [32m+[0m[0m instance_id            = (known after apply)
      [32m+[0m[0m instance_owner_id      = (known after apply)
      [32m+[0m[0m network_interface_id   = (known after apply)
      [32m+[0m[0m origin                 = (known after apply)
      [32m+[0m[0m route_table_id         = (known after apply)
      [32m+[0m[0m state                  = (known after apply)

      [32m+[0m[0m timeouts {
          [32m+[0m[0m create = "5m"
        }
    }

[1m  # module.vpc1.aws_route_table.public[0][0m will be created
[0m  [32m+[0m[0m resource "aws_route_table" "public" {
      [32m+[0m[0m arn              = (known after apply)
      [32m+[0m[0m id               = (known after apply)
      [32m+[0m[0m owner_id         = (known after apply)
      [32m+[0m[0m propagating_vgws = (known after apply)
      [32m+[0m[0m route            = (known after apply)
      [32m+[0m[0m tags             = {
          [32m+[0m[0m "Environment" = "dariusz"
          [32m+[0m[0m "Name"        = "nf-lb-vpc-public"
          [32m+[0m[0m "Terraform"   = "true"
        }
      [32m+[0m[0m tags_all         = {
          [32m+[0m[0m "Environment" = "dariusz"
          [32m+[0m[0m "Name"        = "nf-lb-vpc-public"
          [32m+[0m[0m "Terraform"   = "true"
        }
      [32m+[0m[0m vpc_id           = (known after apply)
    }

[1m  # module.vpc1.aws_route_table_association.public[0][0m will be created
[0m  [32m+[0m[0m resource "aws_route_table_association" "public" {
      [32m+[0m[0m id             = (known after apply)
      [32m+[0m[0m route_table_id = (known after apply)
      [32m+[0m[0m subnet_id      = (known after apply)
    }

[1m  # module.vpc1.aws_route_table_association.public[1][0m will be created
[0m  [32m+[0m[0m resource "aws_route_table_association" "public" {
      [32m+[0m[0m id             = (known after apply)
      [32m+[0m[0m route_table_id = (known after apply)
      [32m+[0m[0m subnet_id      = (known after apply)
    }

[1m  # module.vpc1.aws_subnet.public[0][0m will be created
[0m  [32m+[0m[0m resource "aws_subnet" "public" {
      [32m+[0m[0m arn                                            = (known after apply)
      [32m+[0m[0m assign_ipv6_address_on_creation                = false
      [32m+[0m[0m availability_zone                              = "us-east-2a"
      [32m+[0m[0m availability_zone_id                           = (known after apply)
      [32m+[0m[0m cidr_block                                     = "10.40.101.0/24"
      [32m+[0m[0m enable_dns64                                   = false
      [32m+[0m[0m enable_resource_name_dns_a_record_on_launch    = false
      [32m+[0m[0m enable_resource_name_dns_aaaa_record_on_launch = false
      [32m+[0m[0m id                                             = (known after apply)
      [32m+[0m[0m ipv6_cidr_block_association_id                 = (known after apply)
      [32m+[0m[0m ipv6_native                                    = false
      [32m+[0m[0m map_public_ip_on_launch                        = true
      [32m+[0m[0m owner_id                                       = (known after apply)
      [32m+[0m[0m private_dns_hostname_type_on_launch            = (known after apply)
      [32m+[0m[0m tags                                           = {
          [32m+[0m[0m "Environment" = "dariusz"
          [32m+[0m[0m "Name"        = "nf-lb-vpc-public-us-east-2a"
          [32m+[0m[0m "Terraform"   = "true"
        }
      [32m+[0m[0m tags_all                                       = {
          [32m+[0m[0m "Environment" = "dariusz"
          [32m+[0m[0m "Name"        = "nf-lb-vpc-public-us-east-2a"
          [32m+[0m[0m "Terraform"   = "true"
        }
      [32m+[0m[0m vpc_id                                         = (known after apply)
    }

[1m  # module.vpc1.aws_subnet.public[1][0m will be created
[0m  [32m+[0m[0m resource "aws_subnet" "public" {
      [32m+[0m[0m arn                                            = (known after apply)
      [32m+[0m[0m assign_ipv6_address_on_creation                = false
      [32m+[0m[0m availability_zone                              = "us-east-2b"
      [32m+[0m[0m availability_zone_id                           = (known after apply)
      [32m+[0m[0m cidr_block                                     = "10.40.102.0/24"
      [32m+[0m[0m enable_dns64                                   = false
      [32m+[0m[0m enable_resource_name_dns_a_record_on_launch    = false
      [32m+[0m[0m enable_resource_name_dns_aaaa_record_on_launch = false
      [32m+[0m[0m id                                             = (known after apply)
      [32m+[0m[0m ipv6_cidr_block_association_id                 = (known after apply)
      [32m+[0m[0m ipv6_native                                    = false
      [32m+[0m[0m map_public_ip_on_launch                        = true
      [32m+[0m[0m owner_id                                       = (known after apply)
      [32m+[0m[0m private_dns_hostname_type_on_launch            = (known after apply)
      [32m+[0m[0m tags                                           = {
          [32m+[0m[0m "Environment" = "dariusz"
          [32m+[0m[0m "Name"        = "nf-lb-vpc-public-us-east-2b"
          [32m+[0m[0m "Terraform"   = "true"
        }
      [32m+[0m[0m tags_all                                       = {
          [32m+[0m[0m "Environment" = "dariusz"
          [32m+[0m[0m "Name"        = "nf-lb-vpc-public-us-east-2b"
          [32m+[0m[0m "Terraform"   = "true"
        }
      [32m+[0m[0m vpc_id                                         = (known after apply)
    }

[1m  # module.vpc1.aws_vpc.this[0][0m will be created
[0m  [32m+[0m[0m resource "aws_vpc" "this" {
      [32m+[0m[0m arn                                  = (known after apply)
      [32m+[0m[0m cidr_block                           = "10.40.0.0/16"
      [32m+[0m[0m default_network_acl_id               = (known after apply)
      [32m+[0m[0m default_route_table_id               = (known after apply)
      [32m+[0m[0m default_security_group_id            = (known after apply)
      [32m+[0m[0m dhcp_options_id                      = (known after apply)
      [32m+[0m[0m enable_dns_hostnames                 = true
      [32m+[0m[0m enable_dns_support                   = true
      [32m+[0m[0m enable_network_address_usage_metrics = (known after apply)
      [32m+[0m[0m id                                   = (known after apply)
      [32m+[0m[0m instance_tenancy                     = "default"
      [32m+[0m[0m ipv6_association_id                  = (known after apply)
      [32m+[0m[0m ipv6_cidr_block                      = (known after apply)
      [32m+[0m[0m ipv6_cidr_block_network_border_group = (known after apply)
      [32m+[0m[0m main_route_table_id                  = (known after apply)
      [32m+[0m[0m owner_id                             = (known after apply)
      [32m+[0m[0m tags                                 = {
          [32m+[0m[0m "Environment" = "dariusz"
          [32m+[0m[0m "Name"        = "nf-lb-vpc"
          [32m+[0m[0m "Terraform"   = "true"
        }
      [32m+[0m[0m tags_all                             = {
          [32m+[0m[0m "Environment" = "dariusz"
          [32m+[0m[0m "Name"        = "nf-lb-vpc"
          [32m+[0m[0m "Terraform"   = "true"
        }
    }

[1m  # module.vpc1.aws_vpn_gateway.this[0][0m will be created
[0m  [32m+[0m[0m resource "aws_vpn_gateway" "this" {
      [32m+[0m[0m amazon_side_asn = "64512"
      [32m+[0m[0m arn             = (known after apply)
      [32m+[0m[0m id              = (known after apply)
      [32m+[0m[0m tags            = {
          [32m+[0m[0m "Environment" = "dariusz"
          [32m+[0m[0m "Name"        = "nf-lb-vpc"
          [32m+[0m[0m "Terraform"   = "true"
        }
      [32m+[0m[0m tags_all        = {
          [32m+[0m[0m "Environment" = "dariusz"
          [32m+[0m[0m "Name"        = "nf-lb-vpc"
          [32m+[0m[0m "Terraform"   = "true"
        }
      [32m+[0m[0m vpc_id          = (known after apply)
    }

[1mPlan:[0m 42 to add, 0 to change, 0 to destroy.
[0m
Changes to Outputs:
  [32m+[0m[0m backend_public_ips = [
      [32m+[0m[0m (known after apply),
      [32m+[0m[0m (known after apply),
    ]
  [32m+[0m[0m client_public_ips  = [
      [32m+[0m[0m (known after apply),
      [32m+[0m[0m (known after apply),
    ]
  [32m+[0m[0m endpoint_ids       = [
      [32m+[0m[0m (known after apply),
      [32m+[0m[0m (known after apply),
    ]
  [32m+[0m[0m route_table_ids    = [
      [32m+[0m[0m (known after apply),
    ]
  [32m+[0m[0m subnets            = [
      [32m+[0m[0m (known after apply),
      [32m+[0m[0m (known after apply),
    ]
[0m[1maws_iam_role.secret_manager_zfw_ec2_role: Creating...[0m[0m
[0m[1maws_secretsmanager_secret.zfw_secret_pt: Creating...[0m[0m
[0m[1mmodule.vpc1.aws_vpc.this[0]: Creating...[0m[0m
[0m[1maws_iam_role.secret_manager_zfw_ec2_role: Creation complete after 0s [id=glb_test_zfw_ec2_role_us-east-2][0m
[0m[1maws_iam_instance_profile.secret_manager_zfw_ec2_profile: Creating...[0m[0m
[0m[1maws_secretsmanager_secret.zfw_secret_pt: Creation complete after 0s [id=arn:aws:secretsmanager:us-east-2:925908137963:secret:glb_test_zfw_repo-OuWuth][0m
[0m[1maws_secretsmanager_secret_version.zfw_secret_pt: Creating...[0m[0m
[0m[1maws_secretsmanager_secret_version.zfw_secret_pt: Creation complete after 1s [id=arn:aws:secretsmanager:us-east-2:925908137963:secret:glb_test_zfw_repo-OuWuth|terraform-20240805195451275800000002][0m
[0m[1maws_iam_instance_profile.secret_manager_zfw_ec2_profile: Creation complete after 1s [id=glb_test_zfw_ec2_profile_us-east-2][0m
[0m[1maws_iam_policy.secret_manager_zfw_policy: Creating...[0m[0m
[0m[1maws_iam_policy.secret_manager_zfw_policy: Creation complete after 0s [id=arn:aws:iam::925908137963:policy/glb_test_zfw_secret_read_policy_us-east-2][0m
[0m[1maws_iam_role_policy_attachment.secret_manager_zfw_policy_attachment: Creating...[0m[0m
[0m[1maws_iam_role_policy_attachment.secret_manager_zfw_policy_attachment: Creation complete after 0s [id=glb_test_zfw_ec2_role_us-east-2-20240805195451850500000003][0m
[0m[1mmodule.vpc1.aws_vpc.this[0]: Still creating... [10s elapsed][0m[0m
[0m[1mmodule.vpc1.aws_vpc.this[0]: Creation complete after 12s [id=vpc-09167d66b46c60bf0][0m
[0m[1mmodule.sg_client.aws_security_group.this_name_prefix[0]: Creating...[0m[0m
[0m[1mmodule.vpc1.aws_route_table.public[0]: Creating...[0m[0m
[0m[1mmodule.vpc1.aws_subnet.public[1]: Creating...[0m[0m
[0m[1mmodule.vpc1.aws_subnet.public[0]: Creating...[0m[0m
[0m[1mmodule.vpc1.aws_default_security_group.this[0]: Creating...[0m[0m
[0m[1mmodule.vpc1.aws_default_route_table.default[0]: Creating...[0m[0m
[0m[1mmodule.vpc1.aws_internet_gateway.this[0]: Creating...[0m[0m
[0m[1mmodule.vpc1.aws_vpn_gateway.this[0]: Creating...[0m[0m
[0m[1mmodule.gwlb1.aws_lb_target_group.glb_tg: Creating...[0m[0m
[0m[1mmodule.vpc1.aws_default_network_acl.this[0]: Creating...[0m[0m
[0m[1mmodule.vpc1.aws_default_route_table.default[0]: Creation complete after 1s [id=rtb-0deac4dbb70a15d29][0m
[0m[1mmodule.sg_be.aws_security_group.this_name_prefix[0]: Creating...[0m[0m
[0m[1mmodule.vpc1.aws_route_table.public[0]: Creation complete after 1s [id=rtb-0a81efc34df4014a9][0m
[0m[1mmodule.vpc1.aws_internet_gateway.this[0]: Creation complete after 1s [id=igw-0d08d7768e31fe2c9][0m
[0m[1mmodule.vpc1.aws_route.public_internet_gateway[0]: Creating...[0m[0m
[0m[1mmodule.vpc1.aws_default_network_acl.this[0]: Creation complete after 2s [id=acl-07e65eba282eb92c5][0m
[0m[1mmodule.vpc1.aws_route.public_internet_gateway[0]: Creation complete after 1s [id=r-rtb-0a81efc34df4014a91080289494][0m
[0m[1mmodule.gwlb1.aws_lb_target_group.glb_tg: Creation complete after 2s [id=arn:aws:elasticloadbalancing:us-east-2:925908137963:targetgroup/nf-lb-tg/002223fcc9a99f64f7][0m
[0m[1mmodule.vpc1.aws_default_security_group.this[0]: Creation complete after 2s [id=sg-0ae09d84790a4e680][0m
[0m[1mmodule.sg_client.aws_security_group.this_name_prefix[0]: Creation complete after 2s [id=sg-03065d5749171c47c][0m
[0m[1mmodule.sg_client.aws_security_group_rule.ingress_with_cidr_blocks[0]: Creating...[0m[0m
[0m[1mmodule.sg_client.aws_security_group_rule.egress_with_cidr_blocks[0]: Creating...[0m[0m
[0m[1mmodule.sg_client.aws_security_group_rule.ingress_with_cidr_blocks[1]: Creating...[0m[0m
[0m[1mmodule.sg_be.aws_security_group.this_name_prefix[0]: Creation complete after 2s [id=sg-0cac1283774b9006e][0m
[0m[1mmodule.sg_be.aws_security_group_rule.egress_with_cidr_blocks[0]: Creating...[0m[0m
[0m[1mmodule.sg_be.aws_security_group_rule.ingress_with_cidr_blocks[0]: Creating...[0m[0m
[0m[1mmodule.sg_be.aws_security_group_rule.ingress_with_cidr_blocks[1]: Creating...[0m[0m
[0m[1mmodule.sg_client.aws_security_group_rule.egress_with_cidr_blocks[0]: Creation complete after 1s [id=sgrule-2888713761][0m
[0m[1mmodule.sg_be.aws_security_group_rule.egress_with_cidr_blocks[0]: Creation complete after 0s [id=sgrule-3468993977][0m
[0m[1mmodule.sg_be.aws_security_group_rule.ingress_with_cidr_blocks[0]: Creation complete after 1s [id=sgrule-1684050958][0m
[0m[1mmodule.sg_client.aws_security_group_rule.ingress_with_cidr_blocks[0]: Creation complete after 2s [id=sgrule-3841672500][0m
[0m[1mmodule.sg_client.aws_security_group_rule.ingress_with_cidr_blocks[1]: Creation complete after 2s [id=sgrule-3611241940][0m
[0m[1mmodule.sg_be.aws_security_group_rule.ingress_with_cidr_blocks[1]: Creation complete after 1s [id=sgrule-1295983315][0m
[0m[1mmodule.vpc1.aws_subnet.public[1]: Still creating... [10s elapsed][0m[0m
[0m[1mmodule.vpc1.aws_subnet.public[0]: Still creating... [10s elapsed][0m[0m
[0m[1mmodule.vpc1.aws_vpn_gateway.this[0]: Still creating... [10s elapsed][0m[0m
[0m[1mmodule.vpc1.aws_subnet.public[1]: Creation complete after 11s [id=subnet-0e8817478a278ec93][0m
[0m[1mmodule.vpc1.aws_subnet.public[0]: Creation complete after 11s [id=subnet-0a9bdc7cd5b5c10d1][0m
[0m[1mmodule.vpc1.aws_route_table_association.public[1]: Creating...[0m[0m
[0m[1mmodule.vpc1.aws_route_table_association.public[0]: Creating...[0m[0m
[0m[1mmodule.gwlb1.aws_lb.glb: Creating...[0m[0m
[0m[1mmodule.compute_backend[0].aws_instance.this[0]: Creating...[0m[0m
[0m[1mmodule.compute_client[0].aws_instance.this[0]: Creating...[0m[0m
[0m[1mmodule.compute_backend[1].aws_instance.this[0]: Creating...[0m[0m
[0m[1mmodule.compute_client[1].aws_instance.this[0]: Creating...[0m[0m
[0m[1mmodule.vpc1.aws_route_table_association.public[1]: Creation complete after 1s [id=rtbassoc-0e5be666c8de9c5fb][0m
[0m[1mmodule.vpc1.aws_route_table_association.public[0]: Creation complete after 1s [id=rtbassoc-0030dd7545fd61e24][0m
[0m[1mmodule.vpc1.aws_vpn_gateway.this[0]: Still creating... [20s elapsed][0m[0m
[0m[1mmodule.gwlb1.aws_lb.glb: Still creating... [10s elapsed][0m[0m
[0m[1mmodule.compute_backend[0].aws_instance.this[0]: Still creating... [10s elapsed][0m[0m
[0m[1mmodule.compute_client[0].aws_instance.this[0]: Still creating... [10s elapsed][0m[0m
[0m[1mmodule.compute_backend[1].aws_instance.this[0]: Still creating... [10s elapsed][0m[0m
[0m[1mmodule.compute_client[1].aws_instance.this[0]: Still creating... [10s elapsed][0m[0m
[0m[1mmodule.vpc1.aws_vpn_gateway.this[0]: Creation complete after 24s [id=vgw-0846dc947cd250a62][0m
[0m[1mmodule.compute_backend[1].aws_instance.this[0]: Creation complete after 14s [id=i-027d1627ee4d6399d][0m
[0m[1mmodule.compute_backend[0].aws_instance.this[0]: Creation complete after 14s [id=i-06918279c9b0d6eb1][0m
[0m[1mmodule.gwlb1.aws_lb_target_group_attachment.glb_tg_attach[1]: Creating...[0m[0m
[0m[1maws_route.be_resolver_routes[0]: Creating...[0m[0m
[0m[1maws_route.be_resolver_routes[1]: Creating...[0m[0m
[0m[1mmodule.gwlb1.aws_lb_target_group_attachment.glb_tg_attach[0]: Creating...[0m[0m
[0m[1mmodule.compute_client[0].aws_instance.this[0]: Creation complete after 14s [id=i-0a64122a0418b5f31][0m
[0m[1mmodule.compute_client[1].aws_instance.this[0]: Creation complete after 14s [id=i-04314d59a997c3601][0m
[0m[1mmodule.gwlb1.aws_lb_target_group_attachment.glb_tg_attach[0]: Creation complete after 0s [id=arn:aws:elasticloadbalancing:us-east-2:925908137963:targetgroup/nf-lb-tg/002223fcc9a99f64f7-2024080519552837550000000b][0m
[0m[1mmodule.gwlb1.aws_lb_target_group_attachment.glb_tg_attach[1]: Creation complete after 1s [id=arn:aws:elasticloadbalancing:us-east-2:925908137963:targetgroup/nf-lb-tg/002223fcc9a99f64f7-2024080519552858090000000c][0m
[0m[1maws_route.be_resolver_routes[1]: Creation complete after 1s [id=r-rtb-0a81efc34df4014a91783271065][0m
[0m[1maws_route.be_resolver_routes[0]: Creation complete after 1s [id=r-rtb-0a81efc34df4014a93143537501][0m
[0m[1mmodule.gwlb1.aws_lb.glb: Still creating... [20s elapsed][0m[0m
[0m[1mmodule.gwlb1.aws_lb.glb: Still creating... [30s elapsed][0m[0m
[0m[1mmodule.gwlb1.aws_lb.glb: Still creating... [40s elapsed][0m[0m
[0m[1mmodule.gwlb1.aws_lb.glb: Still creating... [50s elapsed][0m[0m
[0m[1mmodule.gwlb1.aws_lb.glb: Still creating... [1m0s elapsed][0m[0m
[0m[1mmodule.gwlb1.aws_lb.glb: Still creating... [1m10s elapsed][0m[0m
[0m[1mmodule.gwlb1.aws_lb.glb: Still creating... [1m20s elapsed][0m[0m
[0m[1mmodule.gwlb1.aws_lb.glb: Still creating... [1m30s elapsed][0m[0m
[0m[1mmodule.gwlb1.aws_lb.glb: Still creating... [1m40s elapsed][0m[0m
[0m[1mmodule.gwlb1.aws_lb.glb: Still creating... [1m50s elapsed][0m[0m
[0m[1mmodule.gwlb1.aws_lb.glb: Still creating... [2m0s elapsed][0m[0m
[0m[1mmodule.gwlb1.aws_lb.glb: Still creating... [2m10s elapsed][0m[0m
[0m[1mmodule.gwlb1.aws_lb.glb: Still creating... [2m20s elapsed][0m[0m
[0m[1mmodule.gwlb1.aws_lb.glb: Still creating... [2m30s elapsed][0m[0m
[0m[1mmodule.gwlb1.aws_lb.glb: Creation complete after 2m33s [id=arn:aws:elasticloadbalancing:us-east-2:925908137963:loadbalancer/gwy/nf-lb-01/9a0e80684b4641cf][0m
[0m[1mmodule.gwlb1.aws_vpc_endpoint_service.glb_es: Creating...[0m[0m
[0m[1mmodule.gwlb1.aws_lb_listener.glb_fe: Creating...[0m[0m
[0m[1mmodule.gwlb1.aws_lb_listener.glb_fe: Creation complete after 0s [id=arn:aws:elasticloadbalancing:us-east-2:925908137963:listener/gwy/nf-lb-01/9a0e80684b4641cf/39aa8bcb557a8bb1][0m
[0m[1mmodule.gwlb1.aws_vpc_endpoint_service.glb_es: Creation complete after 6s [id=vpce-svc-012a1b28dfe8c66ea][0m
[0m[1mmodule.gwlb1.aws_vpc_endpoint.ep[1]: Creating...[0m[0m
[0m[1mmodule.gwlb1.aws_vpc_endpoint.ep[0]: Creating...[0m[0m
[0m[1mmodule.gwlb1.aws_vpc_endpoint.ep[1]: Still creating... [10s elapsed][0m[0m
[0m[1mmodule.gwlb1.aws_vpc_endpoint.ep[0]: Still creating... [10s elapsed][0m[0m
[0m[1mmodule.gwlb1.aws_vpc_endpoint.ep[1]: Still creating... [20s elapsed][0m[0m
[0m[1mmodule.gwlb1.aws_vpc_endpoint.ep[0]: Still creating... [20s elapsed][0m[0m
[0m[1mmodule.gwlb1.aws_vpc_endpoint.ep[1]: Still creating... [30s elapsed][0m[0m
[0m[1mmodule.gwlb1.aws_vpc_endpoint.ep[0]: Still creating... [30s elapsed][0m[0m
[0m[1mmodule.gwlb1.aws_vpc_endpoint.ep[0]: Still creating... [40s elapsed][0m[0m
[0m[1mmodule.gwlb1.aws_vpc_endpoint.ep[1]: Still creating... [40s elapsed][0m[0m
[0m[1mmodule.gwlb1.aws_vpc_endpoint.ep[1]: Still creating... [50s elapsed][0m[0m
[0m[1mmodule.gwlb1.aws_vpc_endpoint.ep[0]: Still creating... [50s elapsed][0m[0m
[0m[1mmodule.gwlb1.aws_vpc_endpoint.ep[0]: Still creating... [1m0s elapsed][0m[0m
[0m[1mmodule.gwlb1.aws_vpc_endpoint.ep[1]: Still creating... [1m0s elapsed][0m[0m
[0m[1mmodule.gwlb1.aws_vpc_endpoint.ep[0]: Still creating... [1m10s elapsed][0m[0m
[0m[1mmodule.gwlb1.aws_vpc_endpoint.ep[1]: Still creating... [1m10s elapsed][0m[0m
[0m[1mmodule.gwlb1.aws_vpc_endpoint.ep[0]: Still creating... [1m20s elapsed][0m[0m
[0m[1mmodule.gwlb1.aws_vpc_endpoint.ep[1]: Still creating... [1m20s elapsed][0m[0m
[0m[1mmodule.gwlb1.aws_vpc_endpoint.ep[0]: Still creating... [1m30s elapsed][0m[0m
[0m[1mmodule.gwlb1.aws_vpc_endpoint.ep[1]: Still creating... [1m30s elapsed][0m[0m
[0m[1mmodule.gwlb1.aws_vpc_endpoint.ep[1]: Still creating... [1m40s elapsed][0m[0m
[0m[1mmodule.gwlb1.aws_vpc_endpoint.ep[0]: Still creating... [1m40s elapsed][0m[0m
[0m[1mmodule.gwlb1.aws_vpc_endpoint.ep[1]: Still creating... [1m50s elapsed][0m[0m
[0m[1mmodule.gwlb1.aws_vpc_endpoint.ep[0]: Still creating... [1m50s elapsed][0m[0m
[0m[1mmodule.gwlb1.aws_vpc_endpoint.ep[0]: Still creating... [2m0s elapsed][0m[0m
[0m[1mmodule.gwlb1.aws_vpc_endpoint.ep[1]: Still creating... [2m0s elapsed][0m[0m
[0m[1mmodule.gwlb1.aws_vpc_endpoint.ep[1]: Creation complete after 2m2s [id=vpce-06b5aa50e5ae94e1c][0m
[0m[1mmodule.gwlb1.aws_vpc_endpoint.ep[0]: Creation complete after 2m2s [id=vpce-025a2462f1125e51e][0m
[0m[1mmodule.gwlb1.aws_route.glb_routes[0]: Creating...[0m[0m
[0m[1mmodule.gwlb1.aws_route.glb_routes[1]: Creating...[0m[0m
[0m[1mmodule.gwlb1.aws_route.glb_routes[1]: Creation complete after 1s [id=r-rtb-0deac4dbb70a15d293117404284][0m
[0m[1mmodule.gwlb1.aws_route.glb_routes[0]: Creation complete after 1s [id=r-rtb-0a81efc34df4014a93117404284][0m
[0m[1m[32m
Apply complete! Resources: 42 added, 0 changed, 0 destroyed.
[0m[0m[1m[32m
Outputs:

[0mbackend_public_ips = [
  "3.145.107.202",
  "3.23.112.93",
]
client_public_ips = [
  "3.12.120.221",
  "3.145.185.28",
]
endpoint_ids = [
  "vpce-025a2462f1125e51e",
  "vpce-06b5aa50e5ae94e1c",
]
route_table_ids = [
  "rtb-0a81efc34df4014a9",
]
subnets = [
  "subnet-0a9bdc7cd5b5c10d1",
  "subnet-0e8817478a278ec93",
]
